{
  "version": 4,
  "terraform_version": "0.13.5",
  "serial": 679,
  "lineage": "603c4258-a869-09a7-01c2-c2bb7888b2b7",
  "outputs": {
    "lb_addresses_eu-west-3": {
      "value": {
        "consul_ui": "http://terraform-545j4bommr8kop-consul-171030207.eu-west-3.elb.amazonaws.com:8500",
        "fabio_lb": "http://terraform-545j4bommr8kop-fabio-6a1395762308b970.elb.eu-west-3.amazonaws.com:9999",
        "fabio_ui": "http://terraform-545j4bommr8kop-fabio-6a1395762308b970.elb.eu-west-3.amazonaws.com:9998",
        "nomad_ui": "http://terraform-545j4bommr8kop-nomad-1743236414.eu-west-3.elb.amazonaws.com:4646",
        "vault_lb": "http://terraform-545j4bommr8kop-vault-1077930290.eu-west-3.elb.amazonaws.com:8200"
      },
      "type": [
        "object",
        {
          "consul_ui": "string",
          "fabio_lb": "string",
          "fabio_ui": "string",
          "nomad_ui": "string",
          "vault_lb": "string"
        }
      ]
    },
    "public_ips": {
      "value": {
        "consul_servers_1": null,
        "nomad_servers_1": null,
        "vault_servers_1": null
      },
      "type": [
        "object",
        {
          "consul_servers_1": "dynamic",
          "nomad_servers_1": "dynamic",
          "vault_servers_1": "dynamic"
        }
      ]
    },
    "uuids": {
      "value": [
        "b353fe0a-2b06-3d9e-7b61-2410acfdd196",
        "a0f4be9e-7fde-f716-fd10-290d97187364",
        "e5a65877-2747-5e3f-7eed-2ef187fea925"
      ],
      "type": [
        "tuple",
        [
          "string",
          "string",
          "string"
        ]
      ]
    }
  },
  "resources": [
    {
      "mode": "managed",
      "type": "random_id",
      "name": "encrypt_id",
      "provider": "provider[\"registry.terraform.io/hashicorp/random\"]",
      "instances": [
        {
          "schema_version": 0,
          "attributes": {
            "b64_std": "5KZoKJKAHOuu3Z9oW3X1BA==",
            "b64_url": "5KZoKJKAHOuu3Z9oW3X1BA",
            "byte_length": 16,
            "dec": "303928016902542571265375499233464284420",
            "hex": "e4a6682892801cebaedd9f685b75f504",
            "id": "5KZoKJKAHOuu3Z9oW3X1BA",
            "keepers": null,
            "prefix": null
          },
          "private": "bnVsbA=="
        }
      ]
    },
    {
      "mode": "managed",
      "type": "random_uuid",
      "name": "role_id_consul",
      "provider": "provider[\"registry.terraform.io/hashicorp/random\"]",
      "instances": [
        {
          "schema_version": 0,
          "attributes": {
            "id": "b353fe0a-2b06-3d9e-7b61-2410acfdd196",
            "keepers": null,
            "result": "b353fe0a-2b06-3d9e-7b61-2410acfdd196"
          },
          "private": "bnVsbA=="
        }
      ]
    },
    {
      "mode": "managed",
      "type": "random_uuid",
      "name": "role_id_nomad_cluster",
      "provider": "provider[\"registry.terraform.io/hashicorp/random\"]",
      "instances": [
        {
          "schema_version": 0,
          "attributes": {
            "id": "e5a65877-2747-5e3f-7eed-2ef187fea925",
            "keepers": null,
            "result": "e5a65877-2747-5e3f-7eed-2ef187fea925"
          },
          "private": "bnVsbA=="
        }
      ]
    },
    {
      "mode": "managed",
      "type": "random_uuid",
      "name": "role_id_nomad_server",
      "provider": "provider[\"registry.terraform.io/hashicorp/random\"]",
      "instances": [
        {
          "schema_version": 0,
          "attributes": {
            "id": "a0f4be9e-7fde-f716-fd10-290d97187364",
            "keepers": null,
            "result": "a0f4be9e-7fde-f716-fd10-290d97187364"
          },
          "private": "bnVsbA=="
        }
      ]
    },
    {
      "mode": "managed",
      "type": "random_uuid",
      "name": "secret_id_consul",
      "provider": "provider[\"registry.terraform.io/hashicorp/random\"]",
      "instances": [
        {
          "schema_version": 0,
          "attributes": {
            "id": "710bce52-837a-2e5a-27be-a903def51246",
            "keepers": null,
            "result": "710bce52-837a-2e5a-27be-a903def51246"
          },
          "private": "bnVsbA=="
        }
      ]
    },
    {
      "mode": "managed",
      "type": "random_uuid",
      "name": "secret_id_nomad_cluster",
      "provider": "provider[\"registry.terraform.io/hashicorp/random\"]",
      "instances": [
        {
          "schema_version": 0,
          "attributes": {
            "id": "6b4ae265-9058-2777-fb72-0071e8d6c661",
            "keepers": null,
            "result": "6b4ae265-9058-2777-fb72-0071e8d6c661"
          },
          "private": "bnVsbA=="
        }
      ]
    },
    {
      "mode": "managed",
      "type": "random_uuid",
      "name": "secret_id_nomad_server",
      "provider": "provider[\"registry.terraform.io/hashicorp/random\"]",
      "instances": [
        {
          "schema_version": 0,
          "attributes": {
            "id": "db2d1f1f-261f-a91e-c7f8-9b26073e712a",
            "keepers": null,
            "result": "db2d1f1f-261f-a91e-c7f8-9b26073e712a"
          },
          "private": "bnVsbA=="
        }
      ]
    },
    {
      "module": "module.eu-west-3.module.consul_servers",
      "mode": "data",
      "type": "aws_ami",
      "name": "hashistacc",
      "provider": "module.eu-west-3.provider[\"registry.terraform.io/hashicorp/aws\"]",
      "instances": [
        {
          "schema_version": 0,
          "attributes": {
            "architecture": "x86_64",
            "arn": "arn:aws:ec2:eu-west-3::image/ami-008eaf6ebe71245d0",
            "block_device_mappings": [
              {
                "device_name": "/dev/sda1",
                "ebs": {
                  "delete_on_termination": "true",
                  "encrypted": "false",
                  "iops": "0",
                  "snapshot_id": "snap-016e30e209118e349",
                  "volume_size": "8",
                  "volume_type": "gp2"
                },
                "no_device": "",
                "virtual_name": ""
              },
              {
                "device_name": "/dev/sdb",
                "ebs": {},
                "no_device": "",
                "virtual_name": "ephemeral0"
              },
              {
                "device_name": "/dev/sdc",
                "ebs": {},
                "no_device": "",
                "virtual_name": "ephemeral1"
              }
            ],
            "creation_date": "2020-11-16T16:05:49.000Z",
            "description": "Ubuntu 20.04 AMI that has Nomad, Consul and Vault installed",
            "executable_users": null,
            "filter": [
              {
                "name": "name",
                "values": [
                  "hashistacc-ubuntu20-*"
                ]
              }
            ],
            "hypervisor": "xen",
            "id": "ami-008eaf6ebe71245d0",
            "image_id": "ami-008eaf6ebe71245d0",
            "image_location": "837089879979/hashistacc-ubuntu20-1605542591",
            "image_owner_alias": null,
            "image_type": "machine",
            "kernel_id": null,
            "most_recent": true,
            "name": "hashistacc-ubuntu20-1605542591",
            "name_regex": null,
            "owner_id": "837089879979",
            "owners": [
              "837089879979"
            ],
            "platform": null,
            "product_codes": [],
            "public": false,
            "ramdisk_id": null,
            "root_device_name": "/dev/sda1",
            "root_device_type": "ebs",
            "root_snapshot_id": "snap-016e30e209118e349",
            "sriov_net_support": "simple",
            "state": "available",
            "state_reason": {
              "code": "UNSET",
              "message": "UNSET"
            },
            "tags": {},
            "virtualization_type": "hvm"
          }
        }
      ]
    },
    {
      "module": "module.eu-west-3.module.consul_servers",
      "mode": "data",
      "type": "aws_instances",
      "name": "instances",
      "provider": "module.eu-west-3.provider[\"registry.terraform.io/hashicorp/aws\"]",
      "instances": []
    },
    {
      "module": "module.eu-west-3.module.consul_servers",
      "mode": "data",
      "type": "aws_region",
      "name": "current",
      "provider": "module.eu-west-3.provider[\"registry.terraform.io/hashicorp/aws\"]",
      "instances": [
        {
          "schema_version": 0,
          "attributes": {
            "description": "Europe (Paris)",
            "endpoint": "ec2.eu-west-3.amazonaws.com",
            "id": "eu-west-3",
            "name": "eu-west-3"
          }
        }
      ]
    },
    {
      "module": "module.eu-west-3.module.consul_servers",
      "mode": "managed",
      "type": "aws_kms_key",
      "name": "vault",
      "provider": "module.eu-west-3.provider[\"registry.terraform.io/hashicorp/aws\"]",
      "instances": [
        {
          "schema_version": 0,
          "attributes": {
            "arn": "arn:aws:kms:eu-west-3:837089879979:key/7b173ef3-94ac-4f3a-99a7-eab1f4e300d1",
            "customer_master_key_spec": "SYMMETRIC_DEFAULT",
            "deletion_window_in_days": 10,
            "description": "Vault unseal key",
            "enable_key_rotation": false,
            "id": "7b173ef3-94ac-4f3a-99a7-eab1f4e300d1",
            "is_enabled": true,
            "key_id": "7b173ef3-94ac-4f3a-99a7-eab1f4e300d1",
            "key_usage": "ENCRYPT_DECRYPT",
            "policy": "{\"Id\":\"key-default-1\",\"Statement\":[{\"Action\":\"kms:*\",\"Effect\":\"Allow\",\"Principal\":{\"AWS\":\"arn:aws:iam::837089879979:root\"},\"Resource\":\"*\",\"Sid\":\"Enable IAM User Permissions\"}],\"Version\":\"2012-10-17\"}",
            "tags": {}
          },
          "private": "bnVsbA=="
        }
      ]
    },
    {
      "module": "module.eu-west-3.module.consul_servers",
      "mode": "managed",
      "type": "aws_launch_template",
      "name": "server",
      "provider": "module.eu-west-3.provider[\"registry.terraform.io/hashicorp/aws\"]",
      "instances": [
        {
          "schema_version": 0,
          "attributes": {
            "arn": "arn:aws:ec2:eu-west-3:837089879979:launch-template/lt-0a76df8d54c866373",
            "block_device_mappings": [],
            "capacity_reservation_specification": [],
            "cpu_options": [],
            "credit_specification": [],
            "default_version": 1,
            "description": "",
            "disable_api_termination": false,
            "ebs_optimized": "",
            "elastic_gpu_specifications": [],
            "elastic_inference_accelerator": [],
            "hibernation_options": [],
            "iam_instance_profile": [
              {
                "arn": "",
                "name": "terraform-20201116072355558300000014"
              }
            ],
            "id": "lt-0a76df8d54c866373",
            "image_id": "",
            "instance_initiated_shutdown_behavior": "",
            "instance_market_options": [],
            "instance_type": "t4g.nano",
            "kernel_id": "",
            "key_name": "TMP-proj",
            "latest_version": 2,
            "license_specification": [],
            "metadata_options": [],
            "monitoring": [],
            "name": "terraform-545j4bommr8kop_Vagent_Ndisabled_Cserver20201116161237985200000001",
            "name_prefix": "terraform-545j4bommr8kop_Vagent_Ndisabled_Cserver",
            "network_interfaces": [
              {
                "associate_public_ip_address": "true",
                "delete_on_termination": "true",
                "description": "",
                "device_index": 0,
                "ipv4_address_count": 0,
                "ipv4_addresses": [],
                "ipv6_address_count": 0,
                "ipv6_addresses": [],
                "network_interface_id": "",
                "private_ip_address": "",
                "security_groups": [
                  "sg-05a81cc0a384b87df"
                ],
                "subnet_id": ""
              }
            ],
            "placement": [],
            "ram_disk_id": "",
            "security_group_names": [],
            "tag_specifications": [],
            "tags": {
              "ResourceGroup": "terraform-545j4bommr8kop"
            },
            "update_default_version": null,
            "user_data": "IyEvdXNyL2Jpbi9lbnYgYmFzaApzZXQgLWUKCmZ1bmN0aW9uIGNvbmZpZ0NvbnN1bCgpIHsKICBzdWRvIG1rZGlyIC1wIC9tbnQvY29uc3VsCiAgc3VkbyBta2RpciAtcCAvZXRjL2NvbnN1bC5kCiAgc3VkbyB0ZWUgL2V0Yy9jb25zdWwuZC9jb25maWcuanNvbiA+IC9kZXYvbnVsbCA8PEVPRgogIHsKICAiZGF0YWNlbnRlciI6ImRjMSIsCiAgImJpbmRfYWRkciI6ICIkUFJJVkFURV9JUCIsCiAgImFkdmVydGlzZV9hZGRyIjogIiRQUklWQVRFX0lQIiwKICAiYWR2ZXJ0aXNlX2FkZHJfd2FuIjogIiRQVUJMSUNfSVAiLAogICJ0cmFuc2xhdGVfd2FuX2FkZHJzIjogdHJ1ZSwKICAiZGF0YV9kaXIiOiAiL21udC9jb25zdWwiLAogICJkaXNhYmxlX3JlbW90ZV9leGVjIjogdHJ1ZSwKICAiZGlzYWJsZV91cGRhdGVfY2hlY2siOiB0cnVlLAogICJib290c3RyYXBfZXhwZWN0IjogMiwKICAibGVhdmVfb25fdGVybWluYXRlIjogdHJ1ZSwKICAicmV0cnlfam9pbiI6IFsgInByb3ZpZGVyPWF3cyB0YWdfa2V5PVJlc291cmNlR3JvdXAgdGFnX3ZhbHVlPXRlcnJhZm9ybS01NDVqNGJvbW1yOGtvcCIgXSwKICAicmV0cnlfam9pbl93YW4iIDogWyBdLAogICJzZXJ2ZXIiOiB0cnVlLAogICJyYWZ0X3Byb3RvY29sIjogMywKICAidWkiOiB0cnVlLAogICJhdXRvcGlsb3QiOiB7CiAgICAiY2xlYW51cF9kZWFkX3NlcnZlcnMiOiB0cnVlLAogICAgImxhc3RfY29udGFjdF90aHJlc2hvbGQiOiAiMjAwbXMiLAogICAgIm1heF90cmFpbGluZ19sb2dzIjogMjUwLAogICAgInNlcnZlcl9zdGFiaWxpemF0aW9uX3RpbWUiOiAiMTBzIgogIH0sCiAgImFkZHJlc3NlcyI6IHsKICAgICJodHRwIjogIjAuMC4wLjAiCiAgfSwKICAibG9nX2xldmVsIiA6ICJERUJVRyIsCiAgImVuYWJsZV9zeXNsb2ciIDogdHJ1ZSwKICAiZW5jcnlwdCI6ICI1S1pvS0pLQUhPdXUzWjlvVzNYMUJBPT0iLCAgCiAgImNhX2ZpbGUiOiAiL21udC9jb25zdWwvY2VydHMvY2EuY3J0IiwKICAiY2VydF9maWxlIjogIi9tbnQvY29uc3VsL2NlcnRzL2FnZW50LmNydCIsCiAgImtleV9maWxlIjogIi9tbnQvY29uc3VsL2NlcnRzL2FnZW50LmtleSIsCiAgInZlcmlmeV9pbmNvbWluZyI6IHRydWUsCiAgInZlcmlmeV9vdXRnb2luZyI6IHRydWUsCiAgImF1dG9fZW5jcnlwdCI6IHsKICAgICJhbGxvd190bHMiOiB0cnVlCiAgfSwKICAicG9ydHMiOiB7CiAgICAiZ3JwYyI6IDg1MDIKICB9LAogICJjb25uZWN0IjogewogICAgImVuYWJsZWQiOiB0cnVlCiAgfQp9CgpFT0YKfQoKZnVuY3Rpb24gY29uZmlnTm9tYWQoKSB7CiAgc3VkbyBta2RpciAtcCAvbW50L25vbWFkCiAgc3VkbyBta2RpciAtcCAvZXRjL25vbWFkLmQKICBzdWRvIHRlZSAvZXRjL25vbWFkLmQvY29uZmlnLmhjbCA+IC9kZXYvbnVsbCA8PEVPRgogIApFT0YKfQoKZnVuY3Rpb24gaW5zdGFsbENsb3Vkd2F0Y2hOb21hZE1ldHJpY3MoKSB7CiAgc3VkbyB0ZWUgL29wdC9jbG91ZHdhdGNoLW5vbWFkLW1ldHJpY3MucHkgPiAvZGV2L251bGwgPDwiRU9GIgojIS91c3IvYmluL2VudiBweXRob24zCgppbXBvcnQgY29sbGVjdGlvbnMKaW1wb3J0IGRhdGV0aW1lCmltcG9ydCBzY2hlZAppbXBvcnQgdGltZQppbXBvcnQgcHByaW50CmltcG9ydCBub21hZAppbXBvcnQgYm90bzMKCmNsaWVudF9jbG91ZHdhdGNoID0gYm90bzMuY2xpZW50KCdjbG91ZHdhdGNoJywgcmVnaW9uX25hbWU9J2V1LXdlc3QtMycpCmNsaWVudF9ub21hZCA9IG5vbWFkLk5vbWFkKCkKc3VtbWFyeV9zdGF0dXMgPSBmcm96ZW5zZXQoWydRdWV1ZWQnLCAnU3RhcnRpbmcnLCAnUnVubmluZycsICdGYWlsZWQnLCAnQ29tcGxldGUnLCAnTG9zdCddKQoKZGVmIHB1dF9tZXRyaWNzKG5vdyk6CiAgICBqb2JzID0gY2xpZW50X25vbWFkLmpvYnMuZ2V0X2pvYnMoKQogICAgc3VtbSA9IGNvbGxlY3Rpb25zLkNvdW50ZXIoe3M6IDAgZm9yIHMgaW4gc3VtbWFyeV9zdGF0dXN9KQogICAgZm9yIGogaW4gam9iczoKICAgICAgICBzdW1tLnVwZGF0ZShsaXN0KGpbIkpvYlN1bW1hcnkiXVsiU3VtbWFyeSJdLnZhbHVlcygpKVswXSkKCiAgICBtZXRyaWNfZGF0YSA9IFsKICAgICAgICB7CiAgICAgICAgICAgICdNZXRyaWNOYW1lJzogJ0pvYiBzdW1tYXJ5JywKICAgICAgICAgICAgJ1RpbWVzdGFtcCc6IG5vdywKICAgICAgICAgICAgJ1ZhbHVlJzogY291bnQsCiAgICAgICAgICAgICdVbml0JzogJ0NvdW50JywKICAgICAgICAgICAgJ0RpbWVuc2lvbnMnOiBbCiAgICAgICAgICAgICAgICB7ICdOYW1lJzogJ1N0YXR1cycsICdWYWx1ZSc6IHN0YXR1cyB9LAogICAgICAgICAgICBdLAogICAgICAgIH0KICAgICAgICBmb3Igc3RhdHVzLCBjb3VudCBpbiBzdW1tLml0ZW1zKCkKICAgIF0KICAgIHBwcmludC5wcHJpbnQobWV0cmljX2RhdGEpCiAgICBjbGllbnRfY2xvdWR3YXRjaC5wdXRfbWV0cmljX2RhdGEoCiAgICAgICAgTmFtZXNwYWNlPSdOb21hZCcsCiAgICAgICAgTWV0cmljRGF0YT1tZXRyaWNfZGF0YSwKICAgICkKICAgIGVudGVyX25leHQocywgcHV0X21ldHJpY3MpCgpkZWYgZW50ZXJfbmV4dChzLCBmdW5jdGlvbik6CiAgICBub3cgPSBkYXRldGltZS5kYXRldGltZS51dGNub3coKQogICAgbm93X25leHQgPSBub3cucmVwbGFjZSgpICsgZGF0ZXRpbWUudGltZWRlbHRhKHNlY29uZHM9NSkKICAgIHMuZW50ZXJhYnMoCiAgICAgICAgdGltZT1ub3dfbmV4dC50aW1lc3RhbXAoKSwKICAgICAgICBwcmlvcml0eT0xLAogICAgICAgIGFjdGlvbj1mdW5jdGlvbiwKICAgICAgICBhcmd1bWVudD0obm93X25leHQsKSwKICAgICkKCmlmIF9fbmFtZV9fID09ICdfX21haW5fXyc6CiAgICBzID0gc2NoZWQuc2NoZWR1bGVyKGxhbWJkYTogZGF0ZXRpbWUuZGF0ZXRpbWUudXRjbm93KCkudGltZXN0YW1wKCksIHRpbWUuc2xlZXApCiAgICBlbnRlcl9uZXh0KHMsIHB1dF9tZXRyaWNzKQogICAgcHV0X21ldHJpY3MKICAgIHdoaWxlIFRydWU6CiAgICAgICAgcy5ydW4oKQpFT0YKCiAgc3VkbyB0ZWUgL2V0Yy9zeXN0ZW1kL3N5c3RlbS9jbG91ZHdhdGNoLW5vbWFkLW1ldHJpY3Muc2VydmljZSA+IC9kZXYvbnVsbCA8PCJFT0YiCltVbml0XQpEZXNjcmlwdGlvbj1DbG91ZHdhdGNoIE5vbWFkIE1ldHJpY3MKV2FudHM9bmV0d29yay1vbmxpbmUudGFyZ2V0CkFmdGVyPW5ldHdvcmstb25saW5lLnRhcmdldApXYW50cz1ub21hZC5zZXJ2aWNlCkFmdGVyPW5vbWFkLnNlcnZpY2UKCltTZXJ2aWNlXQpFeGVjUmVsb2FkPS9iaW4va2lsbCAtSFVQICRNQUlOUElECkV4ZWNTdGFydD0vYmluL2Jhc2ggLWMgImV4cG9ydCBOT01BRF9UT0tFTj0kJChleHBvcnQgVkFVTFRfQUREUj1odHRwOi8vMTI3LjAuMC4xOjgyMDAgJiYgdmF1bHQga3YgZ2V0IC1maWVsZD12YWx1ZSBhY2x0b2tlbi9ib290c3RyYXApOy9vcHQvY2xvdWR3YXRjaC1ub21hZC1tZXRyaWNzLnB5IgpLaWxsTW9kZT1wcm9jZXNzCktpbGxTaWduYWw9U0lHSU5UCkxpbWl0Tk9GSUxFPWluZmluaXR5CkxpbWl0TlBST0M9aW5maW5pdHkKUmVzdGFydD1vbi1mYWlsdXJlClJlc3RhcnRTZWM9NjAKU3RhcnRMaW1pdEludGVydmFsU2VjPTYwClN0YXJ0TGltaXRCdXJzdD0xCgpbSW5zdGFsbF0KV2FudGVkQnk9bXVsdGktdXNlci50YXJnZXQKRU9GCgogIHN1ZG8gY2htb2QgK3ggL29wdC9jbG91ZHdhdGNoLW5vbWFkLW1ldHJpY3MucHkKfQoKZnVuY3Rpb24gY29uZmlnVmF1bHQoKSB7CiAgZWNobyAiQ3JlYXRpbmcgVmF1bHQgdXNlci4uLiIKICBzdWRvIGdyb3VwYWRkIHZhdWx0ICYmIHVzZXJhZGQgLXIgLWcgdmF1bHQgLWQgL3Vzci9sb2NhbC92YXVsdCAtbSAtcyAvc2Jpbi9ub2xvZ2luIC1jICJWYXVsdCB1c2VyIiB2YXVsdCAKCiAgc3VkbyBta2RpciAtcCAvbW50L3ZhdWx0CiAgc3VkbyBta2RpciAtcCAvZXRjL3ZhdWx0LmQKICBzdWRvIG1rZGlyIC1wIC9ldGMvdmF1bHQuZC9wbHVnaW5zCgogIGNkIC90bXAgJiYgY3VybCAtTCAtbyB2YXVsdC1zZWNyZXRzLWdlbi50Z3ogaHR0cHM6Ly9naXRodWIuY29tL3NldGh2YXJnby92YXVsdC1zZWNyZXRzLWdlbi9yZWxlYXNlcy9kb3dubG9hZC92MC4wLjYvdmF1bHQtc2VjcmV0cy1nZW5fMC4wLjZfbGludXhfYW1kNjQudGd6CiAgc3VkbyB0YXIgLXh6ZiB2YXVsdC1zZWNyZXRzLWdlbi50Z3ogJiYgc3VkbyBtdiB2YXVsdC1zZWNyZXRzLWdlbiAvZXRjL3ZhdWx0LmQvcGx1Z2lucy8gJiYgc3VkbyBjaG1vZCAreCAvZXRjL3ZhdWx0LmQvcGx1Z2lucy92YXVsdC1zZWNyZXRzLWdlbiAKICBzdWRvIHNldGNhcCBjYXBfaXBjX2xvY2s9K2VwIC9ldGMvdmF1bHQuZC9wbHVnaW5zL3ZhdWx0LXNlY3JldHMtZ2VuCgogIHN1ZG8gdGVlIC9ldGMvdmF1bHQuZC92YXVsdF9hZ2VudC5oY2wgPiAvZGV2L251bGwgPDxFT0YKICBwaWRfZmlsZSA9ICIvZXRjL3ZhdWx0LmQvLnBpZGZpbGUiCgp2YXVsdCB7CiAgICAgICAgYWRkcmVzcyA9ICJodHRwOi8vdGVycmFmb3JtLTU0NWo0Ym9tbXI4a29wLXZhdWx0LTEwNzc5MzAyOTAuZXUtd2VzdC0zLmVsYi5hbWF6b25hd3MuY29tOjgyMDAiCn0KCmF1dG9fYXV0aCB7CiAgbWV0aG9kIHsKICAgIHR5cGUgPSAiYXBwcm9sZSIKCiAgICBjb25maWcgPSB7CiAgICAgIHJvbGVfaWRfZmlsZV9wYXRoID0gIi9tbnQvdmF1bHQvcm9sZV9pZCIKICAgICAgc2VjcmV0X2lkX2ZpbGVfcGF0aCA9ICIvbW50L3ZhdWx0L3NlY3JldF9pZCIKICAgICAgcmVtb3ZlX3NlY3JldF9pZF9maWxlX2FmdGVyX3JlYWRpbmcgPSBmYWxzZQogICAgfQogIH0KCiAgc2luayB7CiAgICB0eXBlID0gImZpbGUiCgogICAgY29uZmlnID0gewogICAgICBwYXRoID0gIi9ldGMvdmF1bHQuZC9zaW5rIgogICAgfQogIH0KfQoKY2FjaGUgewogICAgICAgIHVzZV9hdXRvX2F1dGhfdG9rZW4gPSB0cnVlCn0KCmxpc3RlbmVyICJ0Y3AiIHsKICAgYWRkcmVzcyA9ICIxMjcuMC4wLjE6ODIwMCIKICAgdGxzX2Rpc2FibGUgPSB0cnVlCn0KCgp0ZW1wbGF0ZSB7CiAgc291cmNlICAgICAgPSAiL21udC9jb25zdWwvdGVtcGxhdGVzL2FnZW50LmNydC50cGwiCiAgZGVzdGluYXRpb24gPSAiL21udC9jb25zdWwvY2VydHMvYWdlbnQuY3J0IgogIHdhaXQgewogICAgbWluID0gIjVzIgogICAgbWF4ID0gIjEwcyIKICB9Cn0KCgp0ZW1wbGF0ZSB7CiAgc291cmNlICAgICAgPSAiL21udC9jb25zdWwvdGVtcGxhdGVzL2FnZW50LmtleS50cGwiCiAgZGVzdGluYXRpb24gPSAiL21udC9jb25zdWwvY2VydHMvYWdlbnQua2V5IgogIHdhaXQgewogICAgbWluID0gIjVzIgogICAgbWF4ID0gIjEwcyIKICB9Cn0KCnRlbXBsYXRlIHsKICBzb3VyY2UgICAgICA9ICIvbW50L2NvbnN1bC90ZW1wbGF0ZXMvY2EuY3J0LnRwbCIKICBkZXN0aW5hdGlvbiA9ICIvbW50L2NvbnN1bC9jZXJ0cy9jYS5jcnQiCiAgd2FpdCB7CiAgICBtaW4gPSAiNXMiCiAgICBtYXggPSAiMTBzIgogIH0KfQoKdGVtcGxhdGUgewogIHNvdXJjZSAgICAgID0gIi9tbnQvY29uc3VsL3RlbXBsYXRlcy9jbGkuY3J0LnRwbCIKICBkZXN0aW5hdGlvbiA9ICIvbW50L2NvbnN1bC9jZXJ0cy9jbGkuY3J0IgogIHdhaXQgewogICAgbWluID0gIjVzIgogICAgbWF4ID0gIjEwcyIKICB9Cn0KCnRlbXBsYXRlIHsKICBzb3VyY2UgICAgICA9ICIvbW50L2NvbnN1bC90ZW1wbGF0ZXMvY2xpLmtleS50cGwiCiAgZGVzdGluYXRpb24gPSAiL21udC9jb25zdWwvY2VydHMvY2xpLmtleSIKICB3YWl0IHsKICAgIG1pbiA9ICI1cyIKICAgIG1heCA9ICIxMHMiCiAgfQp9CgoKCgoKRU9GCgogIHN1ZG8gdGVlIC9ldGMvc3lzdGVtZC9zeXN0ZW0vdmF1bHQuc2VydmljZSA+IC9kZXYvbnVsbCA8PCJFT0YiCltVbml0XQpEZXNjcmlwdGlvbj1WYXVsdCBhZ2VudApSZXF1aXJlcz1uZXR3b3JrLW9ubGluZS50YXJnZXQKQWZ0ZXI9bmV0d29yay1vbmxpbmUudGFyZ2V0CgpbU2VydmljZV0KUmVzdGFydD1vbi1mYWlsdXJlClJlc3RhcnRTZWM9NDJzClBJREZpbGU9L3Zhci9ydW4vdmF1bHQvdmF1bHQucGlkCkV4ZWNTdGFydD0vdXNyL2xvY2FsL2Jpbi92YXVsdCBhZ2VudCAtY29uZmlnPS9ldGMvdmF1bHQuZC92YXVsdF9hZ2VudC5oY2wgLWxvZy1sZXZlbD1kZWJ1ZwpFeGVjUmVsb2FkPS9iaW4va2lsbCAtSFVQICRNQUlOUElECktpbGxNb2RlPXByb2Nlc3MKS2lsbFNpZ25hbD1TSUdURVJNCkxpbWl0TUVNTE9DSz1pbmZpbml0eQpVc2VyPXZhdWx0Ckdyb3VwPXZhdWx0CgpbSW5zdGFsbF0KV2FudGVkQnk9bXVsdGktdXNlci50YXJnZXQKRU9GCn0KCmZ1bmN0aW9uIHNldFNlY3JldHNHZW5QbHVnaW4oKSB7CiAgZXhwb3J0IFNIQTI1Nj0kKHNoYXN1bSAtYSAyNTYgIi9ldGMvdmF1bHQuZC9wbHVnaW5zL3ZhdWx0LXNlY3JldHMtZ2VuIiB8IGN1dCAtZCcgJyAtZjEpCiAgdmF1bHQgcGx1Z2luIHJlZ2lzdGVyIC1zaGEyNTY9IiR7U0hBMjU2fSIgLWNvbW1hbmQ9InZhdWx0LXNlY3JldHMtZ2VuIiBzZWNyZXQgc2VjcmV0cy1nZW4KICB2YXVsdCBzZWNyZXRzIGVuYWJsZSAtcGF0aD0iZ2VuIiAtcGx1Z2luLW5hbWU9InNlY3JldHMtZ2VuIiBwbHVnaW4KfQoKZnVuY3Rpb24gY3JlYXRlVGVtcGxhdGVzKCkgewogIHRvdWNoIC90bXAvJDEKICB0b3VjaCAvdG1wLyQyIAogIHN1ZG8gbWtkaXIgLXAgL21udC8kMS90ZW1wbGF0ZXMKICBzdWRvIG1rZGlyIC1wIC9tbnQvJDEvY2VydHMKICBzdWRvIHRlZSAvbW50LyQxL3RlbXBsYXRlcy9hZ2VudC5jcnQudHBsID4gL2Rldi9udWxsIDw8RU9GCnt7IHdpdGggc2VjcmV0ICIkMS1pbnRlcm1lZGlhdGUtcGtpL2lzc3VlLyQxLWNsdXN0ZXIiICJjb21tb25fbmFtZT0kMiIgInR0bD0yNGgiICJhbHRfbmFtZXM9bG9jYWxob3N0IiAiaXBfc2Fucz0kUFVCTElDX0lQLDEyNy4wLjAuMSJ9fQp7eyAuRGF0YS5jZXJ0aWZpY2F0ZSB9fQp7eyBlbmQgfX0KRU9GCiAgc3VkbyB0ZWUgL21udC8kMS90ZW1wbGF0ZXMvYWdlbnQua2V5LnRwbCA+IC9kZXYvbnVsbCA8PEVPRgp7eyB3aXRoIHNlY3JldCAiJDEtaW50ZXJtZWRpYXRlLXBraS9pc3N1ZS8kMS1jbHVzdGVyIiAiY29tbW9uX25hbWU9JDIiICJ0dGw9MjRoIiAiYWx0X25hbWVzPWxvY2FsaG9zdCIgImlwX3NhbnM9JFBVQkxJQ19JUCwxMjcuMC4wLjEifX0Ke3sgLkRhdGEucHJpdmF0ZV9rZXkgfX0Ke3sgZW5kIH19CkVPRgogIHN1ZG8gdGVlIC9tbnQvJDEvdGVtcGxhdGVzL2NhLmNydC50cGwgPiAvZGV2L251bGwgPDxFT0YKe3sgd2l0aCBzZWNyZXQgIiQxLWludGVybWVkaWF0ZS1wa2kvaXNzdWUvJDEtY2x1c3RlciIgImNvbW1vbl9uYW1lPSQyIiAidHRsPTI0aCJ9fQp7eyAuRGF0YS5pc3N1aW5nX2NhIH19Cnt7IGVuZCB9fQpFT0YKICBzdWRvIHRlZSAvbW50LyQxL3RlbXBsYXRlcy9jbGkuY3J0LnRwbCA+IC9kZXYvbnVsbCA8PEVPRgp7eyB3aXRoIHNlY3JldCAiJDEtaW50ZXJtZWRpYXRlLXBraS9pc3N1ZS8kMS1jbHVzdGVyIiAidHRsPTI0aCIgfX0Ke3sgLkRhdGEuY2VydGlmaWNhdGUgfX0Ke3sgZW5kIH19CkVPRgogIHN1ZG8gdGVlIC9tbnQvJDEvdGVtcGxhdGVzL2NsaS5rZXkudHBsID4gL2Rldi9udWxsIDw8RU9GCnt7IHdpdGggc2VjcmV0ICIkMS1pbnRlcm1lZGlhdGUtcGtpL2lzc3VlLyQxLWNsdXN0ZXIiICJ0dGw9MjRoIiB9fQp7eyAuRGF0YS5wcml2YXRlX2tleSB9fQp7eyBlbmQgfX0KRU9GCn0KCmZ1bmN0aW9uIHNldFBLSSgpIHsKICB2YXVsdCBsb2dpbiAkKGNhdCAvbW50L3ZhdWx0L3ZhdWx0LnRva2VuKQogIHZhdWx0IHNlY3JldHMgZW5hYmxlIC1wYXRoPSQxLXJvb3QtcGtpIHBraQogIHZhdWx0IHNlY3JldHMgdHVuZSAtbWF4LWxlYXNlLXR0bD04NzYwMGggJDEtcm9vdC1wa2kKICB2YXVsdCB3cml0ZSAtZmllbGQ9Y2VydGlmaWNhdGUgJDEtcm9vdC1wa2kvcm9vdC9nZW5lcmF0ZS9pbnRlcm5hbCBcCiAgICAgIGNvbW1vbl9uYW1lPSIkMiIgdHRsPTg3NjAwaCA+IENBX2NlcnQuY3J0CiAgdmF1bHQgc2VjcmV0cyBlbmFibGUgLXBhdGg9JDEtaW50ZXJtZWRpYXRlLXBraSBwa2kKICB2YXVsdCBzZWNyZXRzIHR1bmUgLW1heC1sZWFzZS10dGw9NDM4MDBoICQxLWludGVybWVkaWF0ZS1wa2kKICB2YXVsdCB3cml0ZSAtZm9ybWF0PWpzb24gJDEtaW50ZXJtZWRpYXRlLXBraS9pbnRlcm1lZGlhdGUvZ2VuZXJhdGUvaW50ZXJuYWwgXAogICAgICBjb21tb25fbmFtZT0iJDIgSW50ZXJtZWRpYXRlIEF1dGhvcml0eSIgXAogICAgICB0dGw9IjQzODAwaCIgfCBqcSAtciAnLmRhdGEuY3NyJyA+ICQxLWludGVybWVkaWF0ZS1wa2kuY3NyCiAgdmF1bHQgd3JpdGUgLWZvcm1hdD1qc29uICQxLXJvb3QtcGtpL3Jvb3Qvc2lnbi1pbnRlcm1lZGlhdGUgXAogICAgICBjc3I9QCQxLWludGVybWVkaWF0ZS1wa2kuY3NyIGZvcm1hdD1wZW1fYnVuZGxlIFwKICAgICAgdHRsPSI0MzgwMGgiIHwganEgLXIgJy5kYXRhLmNlcnRpZmljYXRlJyA+ICQxLWludGVybWVkaWF0ZS5jZXJ0LnBlbQogIHZhdWx0IHdyaXRlICQxLWludGVybWVkaWF0ZS1wa2kvaW50ZXJtZWRpYXRlL3NldC1zaWduZWQgY2VydGlmaWNhdGU9QCQxLWludGVybWVkaWF0ZS5jZXJ0LnBlbQogIHZhdWx0IHdyaXRlICQxLWludGVybWVkaWF0ZS1wa2kvcm9sZXMvJDEtY2x1c3RlciBhbGxvd2VkX2RvbWFpbnM9JDIgXAogICAgICBhbGxvd19zdWJkb21haW5zPXRydWUgbWF4X3R0bD04NjQwMHMgcmVxdWlyZV9jbj1mYWxzZSBnZW5lcmF0ZV9sZWFzZT10cnVlCiAgc3VkbyBta2RpciAtcCAvbW50L3ZhdWx0L3BvbGljaWVzCiAgc3VkbyB0ZWUgL21udC92YXVsdC9wb2xpY2llcy8kMS10bHMtcG9saWN5LmhjbCA+IC9kZXYvbnVsbCA8PEVPRgpwYXRoICIkMS1pbnRlcm1lZGlhdGUtcGtpL2lzc3VlLyQxLWNsdXN0ZXIiIHsKICBjYXBhYmlsaXRpZXMgPSBbInVwZGF0ZSJdCn0KRU9GCiAgdmF1bHQgcG9saWN5IHdyaXRlICQxLXRscy1wb2xpY3kgL21udC92YXVsdC9wb2xpY2llcy8kMS10bHMtcG9saWN5LmhjbAp9CgpmdW5jdGlvbiBjb25maWd1cmVBcHBSb2xlRW5naW5lVmF1bHQoKSB7CiAgdmF1bHQgd3JpdGUgYXV0aC9hcHByb2xlL3JvbGUvJDEgdG9rZW5fbnVtX3VzZXM9MTAgdG9rZW5fdHRsPTIwbSB0b2tlbl9tYXhfdHRsPTMwbSB0b2tlbl9wb2xpY2llcz0kNAogIHZhdWx0IHdyaXRlIGF1dGgvYXBwcm9sZS9yb2xlLyQxL3JvbGUtaWQgcm9sZV9pZD0kMgogIHZhdWx0IHdyaXRlIGF1dGgvYXBwcm9sZS9yb2xlLyQxL2N1c3RvbS1zZWNyZXQtaWQgc2VjcmV0X2lkPSQzCn0KCmZ1bmN0aW9uIHNldE5vbWFkVmF1bHRJbnRlZ3JhdGlvbigpIHsKICBzdWRvIGN1cmwgaHR0cHM6Ly9ub21hZHByb2plY3QuaW8vZGF0YS92YXVsdC9ub21hZC1zZXJ2ZXItcG9saWN5LmhjbCAtc0xvIC9tbnQvdmF1bHQvcG9saWNpZXMvbm9tYWQtc2VydmVyLXBvbGljeS5oY2wKICBzdWRvIGN1cmwgaHR0cHM6Ly9ub21hZHByb2plY3QuaW8vZGF0YS92YXVsdC9ub21hZC1jbHVzdGVyLXJvbGUuanNvbiAtc0xvIC9tbnQvdmF1bHQvcG9saWNpZXMvbm9tYWQtY2x1c3Rlci1yb2xlLmpzb24KICBzdWRvIHRlZSAtYSAvbW50L3ZhdWx0L3BvbGljaWVzL25vbWFkLXNlcnZlci1wb2xpY3kuaGNsID4gL2Rldi9udWxsIDw8IkVPRiIKcGF0aCAiYWNsdG9rZW4vKiIKewogIGNhcGFiaWxpdGllcyA9IFsiY3JlYXRlIiwgInJlYWQiLCAidXBkYXRlIl0KfQpFT0YKICB2YXVsdCBwb2xpY3kgd3JpdGUgbm9tYWQtc2VydmVyIC9tbnQvdmF1bHQvcG9saWNpZXMvbm9tYWQtc2VydmVyLXBvbGljeS5oY2wKICB2YXVsdCB3cml0ZSAvYXV0aC90b2tlbi9yb2xlcy9ub21hZC1jbHVzdGVyIEAvbW50L3ZhdWx0L3BvbGljaWVzL25vbWFkLWNsdXN0ZXItcm9sZS5qc29uCiAgc3VkbyB0ZWUgL21udC92YXVsdC9wb2xpY2llcy9ub21hZC1jbHVzdGVyLmhjbCA+IC9kZXYvbnVsbCA8PCJFT0YiCnBhdGggInNlY3JldC8qIgp7CiAgY2FwYWJpbGl0aWVzID0gWyJyZWFkIl0KfQoKcGF0aCAiZ2VuL3Bhc3N3b3JkIgp7CiAgY2FwYWJpbGl0aWVzID0gWyJ1cGRhdGUiXQp9CkVPRgogIHZhdWx0IHBvbGljeSB3cml0ZSBub21hZC1jbHVzdGVyIC9tbnQvdmF1bHQvcG9saWNpZXMvbm9tYWQtY2x1c3Rlci5oY2wKICB2YXVsdCB3cml0ZSBhdXRoL2FwcHJvbGUvcm9sZS9ub21hZC1zZXJ2ZXIgdG9rZW5fcG9saWNpZXM9Im5vbWFkLXRscy1wb2xpY3ksY29uc3VsLXRscy1wb2xpY3ksbm9tYWQtc2VydmVyIgp9CgplY2hvICJHcmFiYmluZyBJUHMuLi4iClBSSVZBVEVfSVA9JChjdXJsIGh0dHA6Ly8xNjkuMjU0LjE2OS4yNTQvbGF0ZXN0L21ldGEtZGF0YS9sb2NhbC1pcHY0KQpQVUJMSUNfSVA9JChjdXJsIGh0dHA6Ly8xNjkuMjU0LjE2OS4yNTQvbGF0ZXN0L21ldGEtZGF0YS9wdWJsaWMtaXB2NCkKCmlmIFtbICBzZXJ2ZXIgIT0gImRpc2FibGVkIiBdXTsgdGhlbgogIGNvbmZpZ0NvbnN1bAogIGNyZWF0ZVRlbXBsYXRlcyAiY29uc3VsIiAic2VydmVyLnNlcnZpY2UuY29uc3VsIgogIGlmIFtbIHNlcnZlciA9PSAic2VydmVyIiBdXTsgdGhlbgogICAgc3VkbyB0ZWUgL21udC9jb25zdWwvcmVmcmVzaHRva2VuLnNoID4gL2Rldi9udWxsIDw8IkVPRiIKanEgLS1hcmcgdG9rZW4gJChzdWRvIGNhdCAvZXRjL3ZhdWx0LmQvc2luaykgJy5jb25uZWN0LmNhX2NvbmZpZy50b2tlbiA9ICR0b2tlbicgL2V0Yy9jb25zdWwuZC9jb25maWcuanNvbiA+IC90bXAvdG1wLmpzb24gJiYgbXYgL3RtcC90bXAuanNvbiAvZXRjL2NvbnN1bC5kL2NvbmZpZy5qc29uCkVPRgogICAgc3VkbyBjaG1vZCAreCAvbW50L2NvbnN1bC9yZWZyZXNodG9rZW4uc2gKICAgIChzdWRvIGNyb250YWIgLWwgMj4vZGV2L251bGw7IGVjaG8gIiovNSAqICogKiAqIC9tbnQvY29uc3VsL3JlZnJlc2h0b2tlbi5zaCIpIHwgc3VkbyBjcm9udGFiIC0KICBmaQpmaQoKaWYgW1sgIGRpc2FibGVkICE9ICJkaXNhYmxlZCIgXV07IHRoZW4KICBjb25maWdOb21hZAogIGNyZWF0ZVRlbXBsYXRlcyAibm9tYWQiICJkaXNhYmxlZC5nbG9iYWwubm9tYWQiCiAgaWYgW1sgZGlzYWJsZWQgPT0gInNlcnZlciIgXV07IHRoZW4KICAgIGluc3RhbGxDbG91ZHdhdGNoTm9tYWRNZXRyaWNzICAKICBmaQpmaQoKaWYgW1sgIGFnZW50ICE9ICJkaXNhYmxlZCIgXV07IHRoZW4KICBjb25maWdWYXVsdAogIGlmIFtbIGFnZW50ID09ICJhZ2VudCIgXV07IHRoZW4KICAgIGlmIFtbIHNlcnZlciA9PSAic2VydmVyIiBdXTsgdGhlbgogICAgICBlY2hvICJiMzUzZmUwYS0yYjA2LTNkOWUtN2I2MS0yNDEwYWNmZGQxOTYiID4gL21udC92YXVsdC9yb2xlX2lkCiAgICAgIGVjaG8gImIzNTNmZTBhLTJiMDYtM2Q5ZS03YjYxLTI0MTBhY2ZkZDE5NiIgPiAvbW50L3ZhdWx0L3NlY3JldF9pZAogICAgZWxpZiBbWyBkaXNhYmxlZCA9PSAic2VydmVyIiBdXTsgdGhlbgogICAgICBlY2hvICJhMGY0YmU5ZS03ZmRlLWY3MTYtZmQxMC0yOTBkOTcxODczNjQiID4gL21udC92YXVsdC9yb2xlX2lkCiAgICAgIGVjaG8gImRiMmQxZjFmLTI2MWYtYTkxZS1jN2Y4LTliMjYwNzNlNzEyYSIgPiAvbW50L3ZhdWx0L3NlY3JldF9pZAogICAgZWxzZQogICAgICBlY2hvICJlNWE2NTg3Ny0yNzQ3LTVlM2YtN2VlZC0yZWYxODdmZWE5MjUiID4gL21udC92YXVsdC9yb2xlX2lkCiAgICAgIGVjaG8gIjZiNGFlMjY1LTkwNTgtMjc3Ny1mYjcyLTAwNzFlOGQ2YzY2MSIgPiAvbW50L3ZhdWx0L3NlY3JldF9pZAogICAgZmkKICAgIHN1ZG8gY2hvd24gdmF1bHQ6cm9vdCAvbW50L2NvbnN1bC9jZXJ0cwogICAgaWYgW1sgZGlzYWJsZWQgIT0gImRpc2FibGVkIiBdXTsgdGhlbgogICAgICBzdWRvIGNob3duIHZhdWx0OnJvb3QgL21udC9ub21hZC9jZXJ0cwogICAgZmkKICBmaQpmaQoKZWNobyAiU3RhcnRpbmcgc2VydmljZXMuLi4iCgpzdWRvIHN5c3RlbWN0bCBkYWVtb24tcmVsb2FkCiAgCmlmIFtbICBhZ2VudCAhPSAiZGlzYWJsZWQiIF1dOyB0aGVuCiAgc3VkbyBjaG93biAtUiB2YXVsdDp2YXVsdCAvZXRjL3ZhdWx0LmQKICBzdWRvIGNobW9kIC1SIDA3NTUgL2V0Yy92YXVsdC5kLwogIHN1ZG8gY2hvd24gLVIgdmF1bHQ6dmF1bHQgL21udC92YXVsdAogIHN1ZG8gY2htb2QgLVIgMDc1NSAvbW50L3ZhdWx0CiAgc3VkbyBzeXN0ZW1jdGwgZW5hYmxlIHZhdWx0LnNlcnZpY2UKICBpZiBbWyBhZ2VudCA9PSAic2VydmVyIiBdXTsgdGhlbgogICAgc3VkbyBzeXN0ZW1jdGwgc3RhcnQgdmF1bHQuc2VydmljZQogICAgc2xlZXAgMTAKICAgIGV4cG9ydCBWQVVMVF9BRERSPWh0dHA6Ly8xMjcuMC4wLjE6ODIwMAogICAgdmF1bHQgb3BlcmF0b3IgaW5pdCAtcmVjb3Zlcnktc2hhcmVzPTEgLXJlY292ZXJ5LXRocmVzaG9sZD0xIHwgZ3JlcCBUb2tlbiB8IGN1dCAtZCcgJyAtZiA0IHwgc3VkbyB0ZWUgL21udC92YXVsdC92YXVsdC50b2tlbgogICAgdmF1bHQgbG9naW4gJChjYXQgL21udC92YXVsdC92YXVsdC50b2tlbikKICAgIHZhdWx0IGF1dGggZW5hYmxlIGFwcHJvbGUKICAgIHNldFBLSSAibm9tYWQiICJnbG9iYWwubm9tYWQiCiAgICBzZXRQS0kgImNvbnN1bCIgInNlcnZpY2UuY29uc3VsIgogICAgY29uZmlndXJlQXBwUm9sZUVuZ2luZVZhdWx0ICJub21hZC1zZXJ2ZXIiICJhMGY0YmU5ZS03ZmRlLWY3MTYtZmQxMC0yOTBkOTcxODczNjQiICJkYjJkMWYxZi0yNjFmLWE5MWUtYzdmOC05YjI2MDczZTcxMmEiICJjb25zdWwtdGxzLXBvbGljeSxub21hZC10bHMtcG9saWN5IgogICAgY29uZmlndXJlQXBwUm9sZUVuZ2luZVZhdWx0ICJub21hZC1jbHVzdGVyIiAiZTVhNjU4NzctMjc0Ny01ZTNmLTdlZWQtMmVmMTg3ZmVhOTI1IiAiNmI0YWUyNjUtOTA1OC0yNzc3LWZiNzItMDA3MWU4ZDZjNjYxIiAiY29uc3VsLXRscy1wb2xpY3ksbm9tYWQtdGxzLXBvbGljeSIKICAgIGNvbmZpZ3VyZUFwcFJvbGVFbmdpbmVWYXVsdCAiY29uc3VsIiAiYjM1M2ZlMGEtMmIwNi0zZDllLTdiNjEtMjQxMGFjZmRkMTk2IiAiYjM1M2ZlMGEtMmIwNi0zZDllLTdiNjEtMjQxMGFjZmRkMTk2IiAiY29uc3VsLXRscy1wb2xpY3kiCiAgICBzZXRTZWNyZXRzR2VuUGx1Z2luCiAgICBzZXROb21hZFZhdWx0SW50ZWdyYXRpb24KICAgIHZhdWx0IHNlY3JldHMgZW5hYmxlIC12ZXJzaW9uPTIgLXBhdGg9c2VjcmV0IGt2CiAgICB2YXVsdCBzZWNyZXRzIGVuYWJsZSAtdmVyc2lvbj0yIC1wYXRoPWFjbHRva2VuIGt2CiAgZWxzZQogICAgc2xlZXAgMzAKICAgIHN1ZG8gc3lzdGVtY3RsIHN0YXJ0IHZhdWx0LnNlcnZpY2UKICAgIGV4cG9ydCBWQVVMVF9UT0tFTj0kKGNhdCAvZXRjL3ZhdWx0LmQvc2luaykKICBmaQpmaQoKaWYgW1sgIHNlcnZlciAhPSAiZGlzYWJsZWQiIF1dOyB0aGVuCiAgc2xlZXAgMzAKIyAgc3VkbyAvbW50L2NvbnN1bC9yZWZyZXNodG9rZW4uc2gKICBzdWRvIHN5c3RlbWN0bCBlbmFibGUgY29uc3VsLnNlcnZpY2UKICBzdWRvIHN5c3RlbWN0bCBzdGFydCBjb25zdWwuc2VydmljZQogIGlmIFtbIHNlcnZlciA9PSAic2VydmVyIiBdXTsgdGhlbgogICAgc2xlZXAgMTAKICAgIGN1cmwgaHR0cDovLzEyNy4wLjAuMTo4NTAwL3YxL3F1ZXJ5IFwKICAgICAgLS1yZXF1ZXN0IFBPU1QgXAogICAgICAtLWRhdGEgXAonewogICJOYW1lIjogIiIsCiAgIlRlbXBsYXRlIjogewogICAgIlR5cGUiOiAibmFtZV9wcmVmaXhfbWF0Y2giCiAgfSwKICAiU2VydmljZSI6IHsKICAgICJTZXJ2aWNlIjogIiR7bmFtZS5mdWxsfSIsCiAgICAiRmFpbG92ZXIiOiB7CiAgICAgICJOZWFyZXN0TiI6IDIKICAgIH0KICB9Cn0nCiAgZmkgIApmaQoKaWYgW1sgIGRpc2FibGVkICE9ICJkaXNhYmxlZCIgXV07IHRoZW4KICBzdWRvIHN5c3RlbWN0bCBlbmFibGUgbm9tYWQuc2VydmljZQogIHN1ZG8gc3lzdGVtY3RsIHN0YXJ0IG5vbWFkLnNlcnZpY2UKICBpZiBbWyBkaXNhYmxlZCA9PSAic2VydmVyIiBdXTsgdGhlbgogICAgc3VkbyBzeXN0ZW1jdGwgZW5hYmxlIGNsb3Vkd2F0Y2gtbm9tYWQtbWV0cmljcy5zZXJ2aWNlCiAgICBzdWRvIHN5c3RlbWN0bCBzdGFydCBjbG91ZHdhdGNoLW5vbWFkLW1ldHJpY3Muc2VydmljZQogICAgc2xlZXAgODAKICAgIEFDTF9UT0tFTj0kKG5vbWFkIGFjbCBib290c3RyYXAgfCBncmVwICJTZWNyZXQiIHwgdHIgLXMgJyAnIHwgY3V0IC1kJyAnIC1mIDQgfCBzdWRvIHRlZSAvbW50L25vbWFkL2FjbC50b2tlbikKICAgIGlmIFtbICEgLXogIiRBQ0xfVE9LRU4iIF1dOyB0aGVuIGV4cG9ydCBWQVVMVF9BRERSPWh0dHA6Ly8xMjcuMC4wLjE6ODIwMCAmJiB2YXVsdCBrdiBwdXQgYWNsdG9rZW4vYm9vdHN0cmFwIHZhbHVlPSIkQUNMX1RPS0VOIjsgZmkKICBlbHNlCiAgICBzdWRvIHN5c3RlbWN0bCBlbmFibGUgYXV0b3NodXRkb3duLnNlcnZpY2UKICAgIHN1ZG8gc3lzdGVtY3RsIHN0YXJ0IGF1dG9zaHV0ZG93bi5zZXJ2aWNlCiAgZmkKZmk=",
            "vpc_security_group_ids": []
          },
          "private": "bnVsbA==",
          "dependencies": [
            "module.eu-west-3.module.consul_servers.aws_kms_key.vault",
            "module.eu-west-3.module.consul_servers.data.aws_region.current",
            "module.eu-west-3.module.consul_servers.module.ami.data.external.ami",
            "module.eu-west-3.module.consul_servers.module.iam_instance_profile.aws_iam_instance_profile.iam_instance_profile",
            "module.eu-west-3.module.consul_servers.module.iam_instance_profile_vault_server.aws_iam_instance_profile.iam_instance_profile",
            "module.eu-west-3.module.loadbalancing.aws_lb.consul_lb",
            "module.eu-west-3.module.loadbalancing.aws_lb.fabio_lb",
            "module.eu-west-3.module.loadbalancing.aws_lb.nomad_lb",
            "module.eu-west-3.module.loadbalancing.aws_lb.vault_lb",
            "module.eu-west-3.module.networking.module.consul_lb_sg.aws_security_group.security_group",
            "module.eu-west-3.module.networking.module.consul_server_sg.aws_security_group.security_group",
            "module.eu-west-3.module.networking.module.fabio_lb_sg.aws_security_group.security_group",
            "module.eu-west-3.module.networking.module.nomad_client_sg.aws_security_group.security_group",
            "module.eu-west-3.module.networking.module.nomad_lb_sg.aws_security_group.security_group",
            "module.eu-west-3.module.networking.module.nomad_server_sg.aws_security_group.security_group",
            "module.eu-west-3.module.networking.module.vault_lb_sg.aws_security_group.security_group",
            "module.eu-west-3.module.networking.module.vault_server_sg.aws_security_group.security_group",
            "module.eu-west-3.module.resourcegroup.random_string.rand",
            "random_id.encrypt_id",
            "random_uuid.role_id_consul",
            "random_uuid.role_id_nomad_cluster",
            "random_uuid.role_id_nomad_server",
            "random_uuid.secret_id_nomad_cluster",
            "random_uuid.secret_id_nomad_server"
          ]
        }
      ]
    },
    {
      "module": "module.eu-west-3.module.consul_servers.module.ami",
      "mode": "data",
      "type": "external",
      "name": "ami",
      "provider": "provider[\"registry.terraform.io/hashicorp/external\"]",
      "instances": [
        {
          "schema_version": 0,
          "attributes": {
            "id": "-",
            "program": [
              "/bin/bash",
              "-c",
              "#!/bin/bash\n\ntee /tmp/packer-config.json \u003e /dev/null \u003c\u003cEOF\n  {\n  \"min_packer_version\": \"0.12.0\",\n  \"variables\": {\n    \"aws_region\": \"eu-west-3\",\n    \"nomad_version\": \"n/a\",\n    \"consul_version\": \"1.8.5\",\n    \"vault_version\": \"\"\n  },\n  \"builders\": [\n    {\n      \"name\": \"ubuntu20-ami\",\n      \"ami_name\": \"hashistacc-ubuntu20-{{timestamp}}\",\n      \"ami_description\": \"Ubuntu 20.04 AMI that has Nomad, Consul and Vault installed\",\n      \"instance_type\": \"t2.micro\",\n      \"region\": \"{{user \\`aws_region\\`}}\",\n      \"ami_regions\": [\"{{user \\`aws_region\\`}}\"],\n      \"type\": \"amazon-ebs\",\n      \"source_ami_filter\": {\n       \"filters\": {\n         \"virtualization-type\": \"hvm\",\n         \"architecture\": \"x86_64\",\n         \"name\": \"ubuntu/images/hvm-ssd/ubuntu-focal-20.04-amd64-server-*\",\n         \"block-device-mapping.volume-type\": \"gp2\",\n         \"root-device-type\": \"ebs\"\n       },\n       \"owners\": [\n         \"099720109477\"\n       ],\n       \"most_recent\": true\n      },\n      \"ssh_username\": \"ubuntu\"\n    }\n  ],\n  \"provisioners\": [\n    {\n      \"type\": \"shell\",\n      \"script\": \"/opt/my-project/hashistacc/templates/packer/shutdown-apt-services.sh\"\n    },\n    {\n      \"type\": \"shell\",\n      \"environment_vars\": [\n        \"NOMAD_VERSION={{user \\`nomad_version\\`}}\",\n        \"CONSUL_VERSION={{user \\`consul_version\\`}}\",\n        \"VAULT_VERSION={{user \\`vault_version\\`}}\"\n      ],\n      \"script\": \"/opt/my-project/hashistacc/templates/packer/setup.sh\"\n    },\n    {\n      \"type\": \"shell\",\n      \"inline\": [\n        \"sudo systemctl enable apt-daily.timer\",\n        \"sudo systemctl enable apt-daily-upgrade.timer\"\n        ]\n    }\n  ]\n}\n\nEOF\n\nAMI_ID=$(packer build /tmp/packer-config.json | grep eu-west-3 | grep ami- | cut -d ' ' -f 2)\njq -n --arg id \"$AMI_ID\" '{\"ami_id\":$id}'"
            ],
            "query": null,
            "result": {
              "ami_id": ""
            },
            "working_dir": null
          }
        }
      ]
    },
    {
      "module": "module.eu-west-3.module.consul_servers.module.iam_instance_profile",
      "mode": "data",
      "type": "aws_iam_policy_document",
      "name": "iam_policy_document",
      "provider": "module.eu-west-3.provider[\"registry.terraform.io/hashicorp/aws\"]",
      "instances": [
        {
          "schema_version": 0,
          "attributes": {
            "id": "674507034",
            "json": "{\n  \"Version\": \"2012-10-17\",\n  \"Statement\": [\n    {\n      \"Sid\": \"\",\n      \"Effect\": \"Allow\",\n      \"Action\": [\n        \"logs:*\",\n        \"ec2:DescribeInstances\",\n        \"cloudwatch:PutMetricData\"\n      ],\n      \"Resource\": \"*\"\n    }\n  ]\n}",
            "override_json": null,
            "policy_id": null,
            "source_json": null,
            "statement": [
              {
                "actions": [
                  "cloudwatch:PutMetricData",
                  "ec2:DescribeInstances",
                  "logs:*"
                ],
                "condition": [],
                "effect": "Allow",
                "not_actions": [],
                "not_principals": [],
                "not_resources": [],
                "principals": [],
                "resources": [
                  "*"
                ],
                "sid": ""
              }
            ],
            "version": "2012-10-17"
          }
        }
      ]
    },
    {
      "module": "module.eu-west-3.module.consul_servers.module.iam_instance_profile",
      "mode": "managed",
      "type": "aws_iam_instance_profile",
      "name": "iam_instance_profile",
      "provider": "module.eu-west-3.provider[\"registry.terraform.io/hashicorp/aws\"]",
      "instances": [
        {
          "schema_version": 0,
          "attributes": {
            "arn": "arn:aws:iam::837089879979:instance-profile/terraform-20201116072355558300000014",
            "create_date": "2020-11-16T07:23:56Z",
            "id": "terraform-20201116072355558300000014",
            "name": "terraform-20201116072355558300000014",
            "name_prefix": null,
            "path": "/",
            "role": "terraform-20201116072348903200000002",
            "unique_id": "AIPA4FZTR46V75Z67KNGY"
          },
          "private": "bnVsbA==",
          "dependencies": [
            "module.eu-west-3.module.consul_servers.module.iam_instance_profile.aws_iam_role.iam_role"
          ]
        }
      ]
    },
    {
      "module": "module.eu-west-3.module.consul_servers.module.iam_instance_profile",
      "mode": "managed",
      "type": "aws_iam_role",
      "name": "iam_role",
      "provider": "module.eu-west-3.provider[\"registry.terraform.io/hashicorp/aws\"]",
      "instances": [
        {
          "schema_version": 0,
          "attributes": {
            "arn": "arn:aws:iam::837089879979:role/terraform-20201116072348903200000002",
            "assume_role_policy": "{\"Version\":\"2012-10-17\",\"Statement\":[{\"Effect\":\"Allow\",\"Principal\":{\"Service\":\"ec2.amazonaws.com\"},\"Action\":\"sts:AssumeRole\"}]}",
            "create_date": "2020-11-16T07:23:50Z",
            "description": "",
            "force_detach_policies": false,
            "id": "terraform-20201116072348903200000002",
            "max_session_duration": 3600,
            "name": "terraform-20201116072348903200000002",
            "name_prefix": null,
            "path": "/",
            "permissions_boundary": null,
            "tags": {},
            "unique_id": "AROA4FZTR46V2N3JEAX2Q"
          },
          "private": "bnVsbA=="
        }
      ]
    },
    {
      "module": "module.eu-west-3.module.consul_servers.module.iam_instance_profile",
      "mode": "managed",
      "type": "aws_iam_role_policy",
      "name": "iam_role_policy",
      "provider": "module.eu-west-3.provider[\"registry.terraform.io/hashicorp/aws\"]",
      "instances": [
        {
          "schema_version": 0,
          "attributes": {
            "id": "terraform-20201116072348903200000002:terraform-20201116072355002000000013",
            "name": "terraform-20201116072355002000000013",
            "name_prefix": null,
            "policy": "{\n  \"Version\": \"2012-10-17\",\n  \"Statement\": [\n    {\n      \"Sid\": \"\",\n      \"Effect\": \"Allow\",\n      \"Action\": [\n        \"logs:*\",\n        \"ec2:DescribeInstances\",\n        \"cloudwatch:PutMetricData\"\n      ],\n      \"Resource\": \"*\"\n    }\n  ]\n}",
            "role": "terraform-20201116072348903200000002"
          },
          "private": "bnVsbA==",
          "dependencies": [
            "module.eu-west-3.module.consul_servers.module.iam_instance_profile.aws_iam_role.iam_role",
            "module.eu-west-3.module.consul_servers.module.iam_instance_profile.data.aws_iam_policy_document.iam_policy_document"
          ]
        }
      ]
    },
    {
      "module": "module.eu-west-3.module.consul_servers.module.iam_instance_profile_vault_server",
      "mode": "data",
      "type": "aws_iam_policy_document",
      "name": "iam_policy_document",
      "provider": "module.eu-west-3.provider[\"registry.terraform.io/hashicorp/aws\"]",
      "instances": [
        {
          "schema_version": 0,
          "attributes": {
            "id": "1203239955",
            "json": "{\n  \"Version\": \"2012-10-17\",\n  \"Statement\": [\n    {\n      \"Sid\": \"\",\n      \"Effect\": \"Allow\",\n      \"Action\": [\n        \"logs:*\",\n        \"kms:Encrypt\",\n        \"kms:DescribeKey\",\n        \"kms:Decrypt\",\n        \"ec2:DescribeInstances\"\n      ],\n      \"Resource\": \"*\"\n    }\n  ]\n}",
            "override_json": null,
            "policy_id": null,
            "source_json": null,
            "statement": [
              {
                "actions": [
                  "ec2:DescribeInstances",
                  "kms:Decrypt",
                  "kms:DescribeKey",
                  "kms:Encrypt",
                  "logs:*"
                ],
                "condition": [],
                "effect": "Allow",
                "not_actions": [],
                "not_principals": [],
                "not_resources": [],
                "principals": [],
                "resources": [
                  "*"
                ],
                "sid": ""
              }
            ],
            "version": "2012-10-17"
          }
        }
      ]
    },
    {
      "module": "module.eu-west-3.module.consul_servers.module.iam_instance_profile_vault_server",
      "mode": "managed",
      "type": "aws_iam_instance_profile",
      "name": "iam_instance_profile",
      "provider": "module.eu-west-3.provider[\"registry.terraform.io/hashicorp/aws\"]",
      "instances": [
        {
          "schema_version": 0,
          "attributes": {
            "arn": "arn:aws:iam::837089879979:instance-profile/terraform-20201116072354773400000010",
            "create_date": "2020-11-16T07:23:55Z",
            "id": "terraform-20201116072354773400000010",
            "name": "terraform-20201116072354773400000010",
            "name_prefix": null,
            "path": "/",
            "role": "terraform-20201116072348913300000006",
            "unique_id": "AIPA4FZTR46VZQ7ALGTAF"
          },
          "private": "bnVsbA==",
          "dependencies": [
            "module.eu-west-3.module.consul_servers.module.iam_instance_profile_vault_server.aws_iam_role.iam_role"
          ]
        }
      ]
    },
    {
      "module": "module.eu-west-3.module.consul_servers.module.iam_instance_profile_vault_server",
      "mode": "managed",
      "type": "aws_iam_role",
      "name": "iam_role",
      "provider": "module.eu-west-3.provider[\"registry.terraform.io/hashicorp/aws\"]",
      "instances": [
        {
          "schema_version": 0,
          "attributes": {
            "arn": "arn:aws:iam::837089879979:role/terraform-20201116072348913300000006",
            "assume_role_policy": "{\"Version\":\"2012-10-17\",\"Statement\":[{\"Effect\":\"Allow\",\"Principal\":{\"Service\":\"ec2.amazonaws.com\"},\"Action\":\"sts:AssumeRole\"}]}",
            "create_date": "2020-11-16T07:23:50Z",
            "description": "",
            "force_detach_policies": false,
            "id": "terraform-20201116072348913300000006",
            "max_session_duration": 3600,
            "name": "terraform-20201116072348913300000006",
            "name_prefix": null,
            "path": "/",
            "permissions_boundary": null,
            "tags": {},
            "unique_id": "AROA4FZTR46VVPGDDDAKA"
          },
          "private": "bnVsbA=="
        }
      ]
    },
    {
      "module": "module.eu-west-3.module.consul_servers.module.iam_instance_profile_vault_server",
      "mode": "managed",
      "type": "aws_iam_role_policy",
      "name": "iam_role_policy",
      "provider": "module.eu-west-3.provider[\"registry.terraform.io/hashicorp/aws\"]",
      "instances": [
        {
          "schema_version": 0,
          "attributes": {
            "id": "terraform-20201116072348913300000006:terraform-2020111607235418670000000f",
            "name": "terraform-2020111607235418670000000f",
            "name_prefix": null,
            "policy": "{\n  \"Version\": \"2012-10-17\",\n  \"Statement\": [\n    {\n      \"Sid\": \"\",\n      \"Effect\": \"Allow\",\n      \"Action\": [\n        \"logs:*\",\n        \"kms:Encrypt\",\n        \"kms:DescribeKey\",\n        \"kms:Decrypt\",\n        \"ec2:DescribeInstances\"\n      ],\n      \"Resource\": \"*\"\n    }\n  ]\n}",
            "role": "terraform-20201116072348913300000006"
          },
          "private": "bnVsbA==",
          "dependencies": [
            "module.eu-west-3.module.consul_servers.module.iam_instance_profile_vault_server.aws_iam_role.iam_role",
            "module.eu-west-3.module.consul_servers.module.iam_instance_profile_vault_server.data.aws_iam_policy_document.iam_policy_document"
          ]
        }
      ]
    },
    {
      "module": "module.eu-west-3.module.loadbalancing",
      "mode": "managed",
      "type": "aws_lb",
      "name": "consul_lb",
      "provider": "module.eu-west-3.provider[\"registry.terraform.io/hashicorp/aws\"]",
      "instances": [
        {
          "schema_version": 0,
          "attributes": {
            "access_logs": [
              {
                "bucket": "",
                "enabled": false,
                "prefix": ""
              }
            ],
            "arn": "arn:aws:elasticloadbalancing:eu-west-3:837089879979:loadbalancer/app/terraform-545j4bommr8kop-consul/4e7e710929c25546",
            "arn_suffix": "app/terraform-545j4bommr8kop-consul/4e7e710929c25546",
            "customer_owned_ipv4_pool": "",
            "dns_name": "terraform-545j4bommr8kop-consul-171030207.eu-west-3.elb.amazonaws.com",
            "drop_invalid_header_fields": false,
            "enable_cross_zone_load_balancing": null,
            "enable_deletion_protection": false,
            "enable_http2": true,
            "id": "arn:aws:elasticloadbalancing:eu-west-3:837089879979:loadbalancer/app/terraform-545j4bommr8kop-consul/4e7e710929c25546",
            "idle_timeout": 60,
            "internal": false,
            "ip_address_type": "ipv4",
            "load_balancer_type": "application",
            "name": "terraform-545j4bommr8kop-consul",
            "name_prefix": null,
            "security_groups": [
              "sg-05926d81beb80780d"
            ],
            "subnet_mapping": [
              {
                "allocation_id": "",
                "outpost_id": "",
                "private_ipv4_address": "",
                "subnet_id": "subnet-04865bd86497276d6"
              },
              {
                "allocation_id": "",
                "outpost_id": "",
                "private_ipv4_address": "",
                "subnet_id": "subnet-0b65d5b4383da95c1"
              },
              {
                "allocation_id": "",
                "outpost_id": "",
                "private_ipv4_address": "",
                "subnet_id": "subnet-0e3ffc0b3a7408684"
              }
            ],
            "subnets": [
              "subnet-04865bd86497276d6",
              "subnet-0b65d5b4383da95c1",
              "subnet-0e3ffc0b3a7408684"
            ],
            "tags": {},
            "timeouts": null,
            "vpc_id": "vpc-0759d5a7d216160d3",
            "zone_id": "Z3Q77PNBQS71R4"
          },
          "private": "eyJlMmJmYjczMC1lY2FhLTExZTYtOGY4OC0zNDM2M2JjN2M0YzAiOnsiY3JlYXRlIjo2MDAwMDAwMDAwMDAsImRlbGV0ZSI6NjAwMDAwMDAwMDAwLCJ1cGRhdGUiOjYwMDAwMDAwMDAwMH19",
          "dependencies": [
            "module.eu-west-3.module.networking.data.aws_availability_zones.available",
            "module.eu-west-3.module.networking.module.consul_lb_sg.aws_security_group.security_group",
            "module.eu-west-3.module.networking.module.consul_server_sg.aws_security_group.security_group",
            "module.eu-west-3.module.networking.module.fabio_lb_sg.aws_security_group.security_group",
            "module.eu-west-3.module.networking.module.nomad_client_sg.aws_security_group.security_group",
            "module.eu-west-3.module.networking.module.nomad_lb_sg.aws_security_group.security_group",
            "module.eu-west-3.module.networking.module.nomad_server_sg.aws_security_group.security_group",
            "module.eu-west-3.module.networking.module.vault_lb_sg.aws_security_group.security_group",
            "module.eu-west-3.module.networking.module.vault_server_sg.aws_security_group.security_group",
            "module.eu-west-3.module.networking.module.vpc.aws_cloudwatch_log_group.flow_log",
            "module.eu-west-3.module.networking.module.vpc.aws_customer_gateway.this",
            "module.eu-west-3.module.networking.module.vpc.aws_db_subnet_group.database",
            "module.eu-west-3.module.networking.module.vpc.aws_default_network_acl.this",
            "module.eu-west-3.module.networking.module.vpc.aws_default_security_group.this",
            "module.eu-west-3.module.networking.module.vpc.aws_default_vpc.this",
            "module.eu-west-3.module.networking.module.vpc.aws_egress_only_internet_gateway.this",
            "module.eu-west-3.module.networking.module.vpc.aws_eip.nat",
            "module.eu-west-3.module.networking.module.vpc.aws_elasticache_subnet_group.elasticache",
            "module.eu-west-3.module.networking.module.vpc.aws_flow_log.this",
            "module.eu-west-3.module.networking.module.vpc.aws_iam_policy.vpc_flow_log_cloudwatch",
            "module.eu-west-3.module.networking.module.vpc.aws_iam_role.vpc_flow_log_cloudwatch",
            "module.eu-west-3.module.networking.module.vpc.aws_iam_role_policy_attachment.vpc_flow_log_cloudwatch",
            "module.eu-west-3.module.networking.module.vpc.aws_internet_gateway.this",
            "module.eu-west-3.module.networking.module.vpc.aws_nat_gateway.this",
            "module.eu-west-3.module.networking.module.vpc.aws_network_acl.database",
            "module.eu-west-3.module.networking.module.vpc.aws_network_acl.elasticache",
            "module.eu-west-3.module.networking.module.vpc.aws_network_acl.intra",
            "module.eu-west-3.module.networking.module.vpc.aws_network_acl.private",
            "module.eu-west-3.module.networking.module.vpc.aws_network_acl.public",
            "module.eu-west-3.module.networking.module.vpc.aws_network_acl.redshift",
            "module.eu-west-3.module.networking.module.vpc.aws_network_acl_rule.database_inbound",
            "module.eu-west-3.module.networking.module.vpc.aws_network_acl_rule.database_outbound",
            "module.eu-west-3.module.networking.module.vpc.aws_network_acl_rule.elasticache_inbound",
            "module.eu-west-3.module.networking.module.vpc.aws_network_acl_rule.elasticache_outbound",
            "module.eu-west-3.module.networking.module.vpc.aws_network_acl_rule.intra_inbound",
            "module.eu-west-3.module.networking.module.vpc.aws_network_acl_rule.intra_outbound",
            "module.eu-west-3.module.networking.module.vpc.aws_network_acl_rule.private_inbound",
            "module.eu-west-3.module.networking.module.vpc.aws_network_acl_rule.private_outbound",
            "module.eu-west-3.module.networking.module.vpc.aws_network_acl_rule.public_inbound",
            "module.eu-west-3.module.networking.module.vpc.aws_network_acl_rule.public_outbound",
            "module.eu-west-3.module.networking.module.vpc.aws_network_acl_rule.redshift_inbound",
            "module.eu-west-3.module.networking.module.vpc.aws_network_acl_rule.redshift_outbound",
            "module.eu-west-3.module.networking.module.vpc.aws_redshift_subnet_group.redshift",
            "module.eu-west-3.module.networking.module.vpc.aws_route.database_internet_gateway",
            "module.eu-west-3.module.networking.module.vpc.aws_route.database_ipv6_egress",
            "module.eu-west-3.module.networking.module.vpc.aws_route.database_nat_gateway",
            "module.eu-west-3.module.networking.module.vpc.aws_route.private_ipv6_egress",
            "module.eu-west-3.module.networking.module.vpc.aws_route.private_nat_gateway",
            "module.eu-west-3.module.networking.module.vpc.aws_route.public_internet_gateway",
            "module.eu-west-3.module.networking.module.vpc.aws_route.public_internet_gateway_ipv6",
            "module.eu-west-3.module.networking.module.vpc.aws_route_table.database",
            "module.eu-west-3.module.networking.module.vpc.aws_route_table.elasticache",
            "module.eu-west-3.module.networking.module.vpc.aws_route_table.intra",
            "module.eu-west-3.module.networking.module.vpc.aws_route_table.private",
            "module.eu-west-3.module.networking.module.vpc.aws_route_table.public",
            "module.eu-west-3.module.networking.module.vpc.aws_route_table.redshift",
            "module.eu-west-3.module.networking.module.vpc.aws_route_table_association.database",
            "module.eu-west-3.module.networking.module.vpc.aws_route_table_association.elasticache",
            "module.eu-west-3.module.networking.module.vpc.aws_route_table_association.intra",
            "module.eu-west-3.module.networking.module.vpc.aws_route_table_association.private",
            "module.eu-west-3.module.networking.module.vpc.aws_route_table_association.public",
            "module.eu-west-3.module.networking.module.vpc.aws_route_table_association.redshift",
            "module.eu-west-3.module.networking.module.vpc.aws_route_table_association.redshift_public",
            "module.eu-west-3.module.networking.module.vpc.aws_subnet.database",
            "module.eu-west-3.module.networking.module.vpc.aws_subnet.elasticache",
            "module.eu-west-3.module.networking.module.vpc.aws_subnet.intra",
            "module.eu-west-3.module.networking.module.vpc.aws_subnet.private",
            "module.eu-west-3.module.networking.module.vpc.aws_subnet.public",
            "module.eu-west-3.module.networking.module.vpc.aws_subnet.redshift",
            "module.eu-west-3.module.networking.module.vpc.aws_vpc.this",
            "module.eu-west-3.module.networking.module.vpc.aws_vpc_dhcp_options.this",
            "module.eu-west-3.module.networking.module.vpc.aws_vpc_dhcp_options_association.this",
            "module.eu-west-3.module.networking.module.vpc.aws_vpc_endpoint.access_analyzer",
            "module.eu-west-3.module.networking.module.vpc.aws_vpc_endpoint.acm_pca",
            "module.eu-west-3.module.networking.module.vpc.aws_vpc_endpoint.apigw",
            "module.eu-west-3.module.networking.module.vpc.aws_vpc_endpoint.appmesh_envoy_management",
            "module.eu-west-3.module.networking.module.vpc.aws_vpc_endpoint.appstream_api",
            "module.eu-west-3.module.networking.module.vpc.aws_vpc_endpoint.appstream_streaming",
            "module.eu-west-3.module.networking.module.vpc.aws_vpc_endpoint.athena",
            "module.eu-west-3.module.networking.module.vpc.aws_vpc_endpoint.auto_scaling_plans",
            "module.eu-west-3.module.networking.module.vpc.aws_vpc_endpoint.cloud_directory",
            "module.eu-west-3.module.networking.module.vpc.aws_vpc_endpoint.cloudformation",
            "module.eu-west-3.module.networking.module.vpc.aws_vpc_endpoint.cloudtrail",
            "module.eu-west-3.module.networking.module.vpc.aws_vpc_endpoint.codeartifact_api",
            "module.eu-west-3.module.networking.module.vpc.aws_vpc_endpoint.codeartifact_repositories",
            "module.eu-west-3.module.networking.module.vpc.aws_vpc_endpoint.codebuild",
            "module.eu-west-3.module.networking.module.vpc.aws_vpc_endpoint.codecommit",
            "module.eu-west-3.module.networking.module.vpc.aws_vpc_endpoint.codedeploy",
            "module.eu-west-3.module.networking.module.vpc.aws_vpc_endpoint.codedeploy_commands_secure",
            "module.eu-west-3.module.networking.module.vpc.aws_vpc_endpoint.codepipeline",
            "module.eu-west-3.module.networking.module.vpc.aws_vpc_endpoint.config",
            "module.eu-west-3.module.networking.module.vpc.aws_vpc_endpoint.datasync",
            "module.eu-west-3.module.networking.module.vpc.aws_vpc_endpoint.dynamodb",
            "module.eu-west-3.module.networking.module.vpc.aws_vpc_endpoint.ebs",
            "module.eu-west-3.module.networking.module.vpc.aws_vpc_endpoint.ec2",
            "module.eu-west-3.module.networking.module.vpc.aws_vpc_endpoint.ec2_autoscaling",
            "module.eu-west-3.module.networking.module.vpc.aws_vpc_endpoint.ec2messages",
            "module.eu-west-3.module.networking.module.vpc.aws_vpc_endpoint.ecr_api",
            "module.eu-west-3.module.networking.module.vpc.aws_vpc_endpoint.ecr_dkr",
            "module.eu-west-3.module.networking.module.vpc.aws_vpc_endpoint.ecs",
            "module.eu-west-3.module.networking.module.vpc.aws_vpc_endpoint.ecs_agent",
            "module.eu-west-3.module.networking.module.vpc.aws_vpc_endpoint.ecs_telemetry",
            "module.eu-west-3.module.networking.module.vpc.aws_vpc_endpoint.efs",
            "module.eu-west-3.module.networking.module.vpc.aws_vpc_endpoint.elastic_inference_runtime",
            "module.eu-west-3.module.networking.module.vpc.aws_vpc_endpoint.elasticbeanstalk",
            "module.eu-west-3.module.networking.module.vpc.aws_vpc_endpoint.elasticbeanstalk_health",
            "module.eu-west-3.module.networking.module.vpc.aws_vpc_endpoint.elasticloadbalancing",
            "module.eu-west-3.module.networking.module.vpc.aws_vpc_endpoint.emr",
            "module.eu-west-3.module.networking.module.vpc.aws_vpc_endpoint.events",
            "module.eu-west-3.module.networking.module.vpc.aws_vpc_endpoint.git_codecommit",
            "module.eu-west-3.module.networking.module.vpc.aws_vpc_endpoint.glue",
            "module.eu-west-3.module.networking.module.vpc.aws_vpc_endpoint.kinesis_firehose",
            "module.eu-west-3.module.networking.module.vpc.aws_vpc_endpoint.kinesis_streams",
            "module.eu-west-3.module.networking.module.vpc.aws_vpc_endpoint.kms",
            "module.eu-west-3.module.networking.module.vpc.aws_vpc_endpoint.lambda",
            "module.eu-west-3.module.networking.module.vpc.aws_vpc_endpoint.logs",
            "module.eu-west-3.module.networking.module.vpc.aws_vpc_endpoint.monitoring",
            "module.eu-west-3.module.networking.module.vpc.aws_vpc_endpoint.qldb_session",
            "module.eu-west-3.module.networking.module.vpc.aws_vpc_endpoint.rds",
            "module.eu-west-3.module.networking.module.vpc.aws_vpc_endpoint.rekognition",
            "module.eu-west-3.module.networking.module.vpc.aws_vpc_endpoint.s3",
            "module.eu-west-3.module.networking.module.vpc.aws_vpc_endpoint.sagemaker_api",
            "module.eu-west-3.module.networking.module.vpc.aws_vpc_endpoint.sagemaker_notebook",
            "module.eu-west-3.module.networking.module.vpc.aws_vpc_endpoint.sagemaker_runtime",
            "module.eu-west-3.module.networking.module.vpc.aws_vpc_endpoint.secretsmanager",
            "module.eu-west-3.module.networking.module.vpc.aws_vpc_endpoint.servicecatalog",
            "module.eu-west-3.module.networking.module.vpc.aws_vpc_endpoint.ses",
            "module.eu-west-3.module.networking.module.vpc.aws_vpc_endpoint.sms",
            "module.eu-west-3.module.networking.module.vpc.aws_vpc_endpoint.sns",
            "module.eu-west-3.module.networking.module.vpc.aws_vpc_endpoint.sqs",
            "module.eu-west-3.module.networking.module.vpc.aws_vpc_endpoint.ssm",
            "module.eu-west-3.module.networking.module.vpc.aws_vpc_endpoint.ssmmessages",
            "module.eu-west-3.module.networking.module.vpc.aws_vpc_endpoint.states",
            "module.eu-west-3.module.networking.module.vpc.aws_vpc_endpoint.storagegateway",
            "module.eu-west-3.module.networking.module.vpc.aws_vpc_endpoint.sts",
            "module.eu-west-3.module.networking.module.vpc.aws_vpc_endpoint.textract",
            "module.eu-west-3.module.networking.module.vpc.aws_vpc_endpoint.transfer",
            "module.eu-west-3.module.networking.module.vpc.aws_vpc_endpoint.transferserver",
            "module.eu-west-3.module.networking.module.vpc.aws_vpc_endpoint.workspaces",
            "module.eu-west-3.module.networking.module.vpc.aws_vpc_endpoint_route_table_association.intra_dynamodb",
            "module.eu-west-3.module.networking.module.vpc.aws_vpc_endpoint_route_table_association.intra_s3",
            "module.eu-west-3.module.networking.module.vpc.aws_vpc_endpoint_route_table_association.private_dynamodb",
            "module.eu-west-3.module.networking.module.vpc.aws_vpc_endpoint_route_table_association.private_s3",
            "module.eu-west-3.module.networking.module.vpc.aws_vpc_endpoint_route_table_association.public_dynamodb",
            "module.eu-west-3.module.networking.module.vpc.aws_vpc_endpoint_route_table_association.public_s3",
            "module.eu-west-3.module.networking.module.vpc.aws_vpc_ipv4_cidr_block_association.this",
            "module.eu-west-3.module.networking.module.vpc.aws_vpn_gateway.this",
            "module.eu-west-3.module.networking.module.vpc.aws_vpn_gateway_attachment.this",
            "module.eu-west-3.module.networking.module.vpc.aws_vpn_gateway_route_propagation.intra",
            "module.eu-west-3.module.networking.module.vpc.aws_vpn_gateway_route_propagation.private",
            "module.eu-west-3.module.networking.module.vpc.aws_vpn_gateway_route_propagation.public",
            "module.eu-west-3.module.networking.module.vpc.data.aws_iam_policy_document.flow_log_cloudwatch_assume_role",
            "module.eu-west-3.module.networking.module.vpc.data.aws_iam_policy_document.vpc_flow_log_cloudwatch",
            "module.eu-west-3.module.networking.module.vpc.data.aws_vpc_endpoint_service.access_analyzer",
            "module.eu-west-3.module.networking.module.vpc.data.aws_vpc_endpoint_service.acm_pca",
            "module.eu-west-3.module.networking.module.vpc.data.aws_vpc_endpoint_service.apigw",
            "module.eu-west-3.module.networking.module.vpc.data.aws_vpc_endpoint_service.appmesh_envoy_management",
            "module.eu-west-3.module.networking.module.vpc.data.aws_vpc_endpoint_service.appstream_api",
            "module.eu-west-3.module.networking.module.vpc.data.aws_vpc_endpoint_service.appstream_streaming",
            "module.eu-west-3.module.networking.module.vpc.data.aws_vpc_endpoint_service.athena",
            "module.eu-west-3.module.networking.module.vpc.data.aws_vpc_endpoint_service.auto_scaling_plans",
            "module.eu-west-3.module.networking.module.vpc.data.aws_vpc_endpoint_service.cloud_directory",
            "module.eu-west-3.module.networking.module.vpc.data.aws_vpc_endpoint_service.cloudformation",
            "module.eu-west-3.module.networking.module.vpc.data.aws_vpc_endpoint_service.cloudtrail",
            "module.eu-west-3.module.networking.module.vpc.data.aws_vpc_endpoint_service.codeartifact_api",
            "module.eu-west-3.module.networking.module.vpc.data.aws_vpc_endpoint_service.codeartifact_repositories",
            "module.eu-west-3.module.networking.module.vpc.data.aws_vpc_endpoint_service.codebuild",
            "module.eu-west-3.module.networking.module.vpc.data.aws_vpc_endpoint_service.codecommit",
            "module.eu-west-3.module.networking.module.vpc.data.aws_vpc_endpoint_service.codedeploy",
            "module.eu-west-3.module.networking.module.vpc.data.aws_vpc_endpoint_service.codedeploy_commands_secure",
            "module.eu-west-3.module.networking.module.vpc.data.aws_vpc_endpoint_service.codepipeline",
            "module.eu-west-3.module.networking.module.vpc.data.aws_vpc_endpoint_service.config",
            "module.eu-west-3.module.networking.module.vpc.data.aws_vpc_endpoint_service.datasync",
            "module.eu-west-3.module.networking.module.vpc.data.aws_vpc_endpoint_service.dynamodb",
            "module.eu-west-3.module.networking.module.vpc.data.aws_vpc_endpoint_service.ebs",
            "module.eu-west-3.module.networking.module.vpc.data.aws_vpc_endpoint_service.ec2",
            "module.eu-west-3.module.networking.module.vpc.data.aws_vpc_endpoint_service.ec2_autoscaling",
            "module.eu-west-3.module.networking.module.vpc.data.aws_vpc_endpoint_service.ec2messages",
            "module.eu-west-3.module.networking.module.vpc.data.aws_vpc_endpoint_service.ecr_api",
            "module.eu-west-3.module.networking.module.vpc.data.aws_vpc_endpoint_service.ecr_dkr",
            "module.eu-west-3.module.networking.module.vpc.data.aws_vpc_endpoint_service.ecs",
            "module.eu-west-3.module.networking.module.vpc.data.aws_vpc_endpoint_service.ecs_agent",
            "module.eu-west-3.module.networking.module.vpc.data.aws_vpc_endpoint_service.ecs_telemetry",
            "module.eu-west-3.module.networking.module.vpc.data.aws_vpc_endpoint_service.efs",
            "module.eu-west-3.module.networking.module.vpc.data.aws_vpc_endpoint_service.elastic_inference_runtime",
            "module.eu-west-3.module.networking.module.vpc.data.aws_vpc_endpoint_service.elasticbeanstalk",
            "module.eu-west-3.module.networking.module.vpc.data.aws_vpc_endpoint_service.elasticbeanstalk_health",
            "module.eu-west-3.module.networking.module.vpc.data.aws_vpc_endpoint_service.elasticloadbalancing",
            "module.eu-west-3.module.networking.module.vpc.data.aws_vpc_endpoint_service.emr",
            "module.eu-west-3.module.networking.module.vpc.data.aws_vpc_endpoint_service.events",
            "module.eu-west-3.module.networking.module.vpc.data.aws_vpc_endpoint_service.git_codecommit",
            "module.eu-west-3.module.networking.module.vpc.data.aws_vpc_endpoint_service.glue",
            "module.eu-west-3.module.networking.module.vpc.data.aws_vpc_endpoint_service.kinesis_firehose",
            "module.eu-west-3.module.networking.module.vpc.data.aws_vpc_endpoint_service.kinesis_streams",
            "module.eu-west-3.module.networking.module.vpc.data.aws_vpc_endpoint_service.kms",
            "module.eu-west-3.module.networking.module.vpc.data.aws_vpc_endpoint_service.lambda",
            "module.eu-west-3.module.networking.module.vpc.data.aws_vpc_endpoint_service.logs",
            "module.eu-west-3.module.networking.module.vpc.data.aws_vpc_endpoint_service.monitoring",
            "module.eu-west-3.module.networking.module.vpc.data.aws_vpc_endpoint_service.qldb_session",
            "module.eu-west-3.module.networking.module.vpc.data.aws_vpc_endpoint_service.rds",
            "module.eu-west-3.module.networking.module.vpc.data.aws_vpc_endpoint_service.rekognition",
            "module.eu-west-3.module.networking.module.vpc.data.aws_vpc_endpoint_service.s3",
            "module.eu-west-3.module.networking.module.vpc.data.aws_vpc_endpoint_service.sagemaker_api",
            "module.eu-west-3.module.networking.module.vpc.data.aws_vpc_endpoint_service.sagemaker_notebook",
            "module.eu-west-3.module.networking.module.vpc.data.aws_vpc_endpoint_service.sagemaker_runtime",
            "module.eu-west-3.module.networking.module.vpc.data.aws_vpc_endpoint_service.secretsmanager",
            "module.eu-west-3.module.networking.module.vpc.data.aws_vpc_endpoint_service.servicecatalog",
            "module.eu-west-3.module.networking.module.vpc.data.aws_vpc_endpoint_service.ses",
            "module.eu-west-3.module.networking.module.vpc.data.aws_vpc_endpoint_service.sms",
            "module.eu-west-3.module.networking.module.vpc.data.aws_vpc_endpoint_service.sns",
            "module.eu-west-3.module.networking.module.vpc.data.aws_vpc_endpoint_service.sqs",
            "module.eu-west-3.module.networking.module.vpc.data.aws_vpc_endpoint_service.ssm",
            "module.eu-west-3.module.networking.module.vpc.data.aws_vpc_endpoint_service.ssmmessages",
            "module.eu-west-3.module.networking.module.vpc.data.aws_vpc_endpoint_service.states",
            "module.eu-west-3.module.networking.module.vpc.data.aws_vpc_endpoint_service.storagegateway",
            "module.eu-west-3.module.networking.module.vpc.data.aws_vpc_endpoint_service.sts",
            "module.eu-west-3.module.networking.module.vpc.data.aws_vpc_endpoint_service.textract",
            "module.eu-west-3.module.networking.module.vpc.data.aws_vpc_endpoint_service.transfer",
            "module.eu-west-3.module.networking.module.vpc.data.aws_vpc_endpoint_service.transferserver",
            "module.eu-west-3.module.networking.module.vpc.data.aws_vpc_endpoint_service.workspaces",
            "module.eu-west-3.module.resourcegroup.random_string.rand"
          ]
        }
      ]
    },
    {
      "module": "module.eu-west-3.module.loadbalancing",
      "mode": "managed",
      "type": "aws_lb",
      "name": "fabio_lb",
      "provider": "module.eu-west-3.provider[\"registry.terraform.io/hashicorp/aws\"]",
      "instances": [
        {
          "schema_version": 0,
          "attributes": {
            "access_logs": [
              {
                "bucket": "",
                "enabled": false,
                "prefix": ""
              }
            ],
            "arn": "arn:aws:elasticloadbalancing:eu-west-3:837089879979:loadbalancer/net/terraform-545j4bommr8kop-fabio/6a1395762308b970",
            "arn_suffix": "net/terraform-545j4bommr8kop-fabio/6a1395762308b970",
            "customer_owned_ipv4_pool": "",
            "dns_name": "terraform-545j4bommr8kop-fabio-6a1395762308b970.elb.eu-west-3.amazonaws.com",
            "drop_invalid_header_fields": null,
            "enable_cross_zone_load_balancing": false,
            "enable_deletion_protection": false,
            "enable_http2": null,
            "id": "arn:aws:elasticloadbalancing:eu-west-3:837089879979:loadbalancer/net/terraform-545j4bommr8kop-fabio/6a1395762308b970",
            "idle_timeout": null,
            "internal": false,
            "ip_address_type": "ipv4",
            "load_balancer_type": "network",
            "name": "terraform-545j4bommr8kop-fabio",
            "name_prefix": null,
            "security_groups": [],
            "subnet_mapping": [
              {
                "allocation_id": "",
                "outpost_id": "",
                "private_ipv4_address": "",
                "subnet_id": "subnet-04865bd86497276d6"
              },
              {
                "allocation_id": "",
                "outpost_id": "",
                "private_ipv4_address": "",
                "subnet_id": "subnet-0b65d5b4383da95c1"
              },
              {
                "allocation_id": "",
                "outpost_id": "",
                "private_ipv4_address": "",
                "subnet_id": "subnet-0e3ffc0b3a7408684"
              }
            ],
            "subnets": [
              "subnet-04865bd86497276d6",
              "subnet-0b65d5b4383da95c1",
              "subnet-0e3ffc0b3a7408684"
            ],
            "tags": {},
            "timeouts": null,
            "vpc_id": "vpc-0759d5a7d216160d3",
            "zone_id": "Z1CMS0P5QUZ6D5"
          },
          "private": "eyJlMmJmYjczMC1lY2FhLTExZTYtOGY4OC0zNDM2M2JjN2M0YzAiOnsiY3JlYXRlIjo2MDAwMDAwMDAwMDAsImRlbGV0ZSI6NjAwMDAwMDAwMDAwLCJ1cGRhdGUiOjYwMDAwMDAwMDAwMH19",
          "dependencies": [
            "module.eu-west-3.module.networking.data.aws_availability_zones.available",
            "module.eu-west-3.module.networking.module.vpc.aws_cloudwatch_log_group.flow_log",
            "module.eu-west-3.module.networking.module.vpc.aws_customer_gateway.this",
            "module.eu-west-3.module.networking.module.vpc.aws_db_subnet_group.database",
            "module.eu-west-3.module.networking.module.vpc.aws_default_network_acl.this",
            "module.eu-west-3.module.networking.module.vpc.aws_default_security_group.this",
            "module.eu-west-3.module.networking.module.vpc.aws_default_vpc.this",
            "module.eu-west-3.module.networking.module.vpc.aws_egress_only_internet_gateway.this",
            "module.eu-west-3.module.networking.module.vpc.aws_eip.nat",
            "module.eu-west-3.module.networking.module.vpc.aws_elasticache_subnet_group.elasticache",
            "module.eu-west-3.module.networking.module.vpc.aws_flow_log.this",
            "module.eu-west-3.module.networking.module.vpc.aws_iam_policy.vpc_flow_log_cloudwatch",
            "module.eu-west-3.module.networking.module.vpc.aws_iam_role.vpc_flow_log_cloudwatch",
            "module.eu-west-3.module.networking.module.vpc.aws_iam_role_policy_attachment.vpc_flow_log_cloudwatch",
            "module.eu-west-3.module.networking.module.vpc.aws_internet_gateway.this",
            "module.eu-west-3.module.networking.module.vpc.aws_nat_gateway.this",
            "module.eu-west-3.module.networking.module.vpc.aws_network_acl.database",
            "module.eu-west-3.module.networking.module.vpc.aws_network_acl.elasticache",
            "module.eu-west-3.module.networking.module.vpc.aws_network_acl.intra",
            "module.eu-west-3.module.networking.module.vpc.aws_network_acl.private",
            "module.eu-west-3.module.networking.module.vpc.aws_network_acl.public",
            "module.eu-west-3.module.networking.module.vpc.aws_network_acl.redshift",
            "module.eu-west-3.module.networking.module.vpc.aws_network_acl_rule.database_inbound",
            "module.eu-west-3.module.networking.module.vpc.aws_network_acl_rule.database_outbound",
            "module.eu-west-3.module.networking.module.vpc.aws_network_acl_rule.elasticache_inbound",
            "module.eu-west-3.module.networking.module.vpc.aws_network_acl_rule.elasticache_outbound",
            "module.eu-west-3.module.networking.module.vpc.aws_network_acl_rule.intra_inbound",
            "module.eu-west-3.module.networking.module.vpc.aws_network_acl_rule.intra_outbound",
            "module.eu-west-3.module.networking.module.vpc.aws_network_acl_rule.private_inbound",
            "module.eu-west-3.module.networking.module.vpc.aws_network_acl_rule.private_outbound",
            "module.eu-west-3.module.networking.module.vpc.aws_network_acl_rule.public_inbound",
            "module.eu-west-3.module.networking.module.vpc.aws_network_acl_rule.public_outbound",
            "module.eu-west-3.module.networking.module.vpc.aws_network_acl_rule.redshift_inbound",
            "module.eu-west-3.module.networking.module.vpc.aws_network_acl_rule.redshift_outbound",
            "module.eu-west-3.module.networking.module.vpc.aws_redshift_subnet_group.redshift",
            "module.eu-west-3.module.networking.module.vpc.aws_route.database_internet_gateway",
            "module.eu-west-3.module.networking.module.vpc.aws_route.database_ipv6_egress",
            "module.eu-west-3.module.networking.module.vpc.aws_route.database_nat_gateway",
            "module.eu-west-3.module.networking.module.vpc.aws_route.private_ipv6_egress",
            "module.eu-west-3.module.networking.module.vpc.aws_route.private_nat_gateway",
            "module.eu-west-3.module.networking.module.vpc.aws_route.public_internet_gateway",
            "module.eu-west-3.module.networking.module.vpc.aws_route.public_internet_gateway_ipv6",
            "module.eu-west-3.module.networking.module.vpc.aws_route_table.database",
            "module.eu-west-3.module.networking.module.vpc.aws_route_table.elasticache",
            "module.eu-west-3.module.networking.module.vpc.aws_route_table.intra",
            "module.eu-west-3.module.networking.module.vpc.aws_route_table.private",
            "module.eu-west-3.module.networking.module.vpc.aws_route_table.public",
            "module.eu-west-3.module.networking.module.vpc.aws_route_table.redshift",
            "module.eu-west-3.module.networking.module.vpc.aws_route_table_association.database",
            "module.eu-west-3.module.networking.module.vpc.aws_route_table_association.elasticache",
            "module.eu-west-3.module.networking.module.vpc.aws_route_table_association.intra",
            "module.eu-west-3.module.networking.module.vpc.aws_route_table_association.private",
            "module.eu-west-3.module.networking.module.vpc.aws_route_table_association.public",
            "module.eu-west-3.module.networking.module.vpc.aws_route_table_association.redshift",
            "module.eu-west-3.module.networking.module.vpc.aws_route_table_association.redshift_public",
            "module.eu-west-3.module.networking.module.vpc.aws_subnet.database",
            "module.eu-west-3.module.networking.module.vpc.aws_subnet.elasticache",
            "module.eu-west-3.module.networking.module.vpc.aws_subnet.intra",
            "module.eu-west-3.module.networking.module.vpc.aws_subnet.private",
            "module.eu-west-3.module.networking.module.vpc.aws_subnet.public",
            "module.eu-west-3.module.networking.module.vpc.aws_subnet.redshift",
            "module.eu-west-3.module.networking.module.vpc.aws_vpc.this",
            "module.eu-west-3.module.networking.module.vpc.aws_vpc_dhcp_options.this",
            "module.eu-west-3.module.networking.module.vpc.aws_vpc_dhcp_options_association.this",
            "module.eu-west-3.module.networking.module.vpc.aws_vpc_endpoint.access_analyzer",
            "module.eu-west-3.module.networking.module.vpc.aws_vpc_endpoint.acm_pca",
            "module.eu-west-3.module.networking.module.vpc.aws_vpc_endpoint.apigw",
            "module.eu-west-3.module.networking.module.vpc.aws_vpc_endpoint.appmesh_envoy_management",
            "module.eu-west-3.module.networking.module.vpc.aws_vpc_endpoint.appstream_api",
            "module.eu-west-3.module.networking.module.vpc.aws_vpc_endpoint.appstream_streaming",
            "module.eu-west-3.module.networking.module.vpc.aws_vpc_endpoint.athena",
            "module.eu-west-3.module.networking.module.vpc.aws_vpc_endpoint.auto_scaling_plans",
            "module.eu-west-3.module.networking.module.vpc.aws_vpc_endpoint.cloud_directory",
            "module.eu-west-3.module.networking.module.vpc.aws_vpc_endpoint.cloudformation",
            "module.eu-west-3.module.networking.module.vpc.aws_vpc_endpoint.cloudtrail",
            "module.eu-west-3.module.networking.module.vpc.aws_vpc_endpoint.codeartifact_api",
            "module.eu-west-3.module.networking.module.vpc.aws_vpc_endpoint.codeartifact_repositories",
            "module.eu-west-3.module.networking.module.vpc.aws_vpc_endpoint.codebuild",
            "module.eu-west-3.module.networking.module.vpc.aws_vpc_endpoint.codecommit",
            "module.eu-west-3.module.networking.module.vpc.aws_vpc_endpoint.codedeploy",
            "module.eu-west-3.module.networking.module.vpc.aws_vpc_endpoint.codedeploy_commands_secure",
            "module.eu-west-3.module.networking.module.vpc.aws_vpc_endpoint.codepipeline",
            "module.eu-west-3.module.networking.module.vpc.aws_vpc_endpoint.config",
            "module.eu-west-3.module.networking.module.vpc.aws_vpc_endpoint.datasync",
            "module.eu-west-3.module.networking.module.vpc.aws_vpc_endpoint.dynamodb",
            "module.eu-west-3.module.networking.module.vpc.aws_vpc_endpoint.ebs",
            "module.eu-west-3.module.networking.module.vpc.aws_vpc_endpoint.ec2",
            "module.eu-west-3.module.networking.module.vpc.aws_vpc_endpoint.ec2_autoscaling",
            "module.eu-west-3.module.networking.module.vpc.aws_vpc_endpoint.ec2messages",
            "module.eu-west-3.module.networking.module.vpc.aws_vpc_endpoint.ecr_api",
            "module.eu-west-3.module.networking.module.vpc.aws_vpc_endpoint.ecr_dkr",
            "module.eu-west-3.module.networking.module.vpc.aws_vpc_endpoint.ecs",
            "module.eu-west-3.module.networking.module.vpc.aws_vpc_endpoint.ecs_agent",
            "module.eu-west-3.module.networking.module.vpc.aws_vpc_endpoint.ecs_telemetry",
            "module.eu-west-3.module.networking.module.vpc.aws_vpc_endpoint.efs",
            "module.eu-west-3.module.networking.module.vpc.aws_vpc_endpoint.elastic_inference_runtime",
            "module.eu-west-3.module.networking.module.vpc.aws_vpc_endpoint.elasticbeanstalk",
            "module.eu-west-3.module.networking.module.vpc.aws_vpc_endpoint.elasticbeanstalk_health",
            "module.eu-west-3.module.networking.module.vpc.aws_vpc_endpoint.elasticloadbalancing",
            "module.eu-west-3.module.networking.module.vpc.aws_vpc_endpoint.emr",
            "module.eu-west-3.module.networking.module.vpc.aws_vpc_endpoint.events",
            "module.eu-west-3.module.networking.module.vpc.aws_vpc_endpoint.git_codecommit",
            "module.eu-west-3.module.networking.module.vpc.aws_vpc_endpoint.glue",
            "module.eu-west-3.module.networking.module.vpc.aws_vpc_endpoint.kinesis_firehose",
            "module.eu-west-3.module.networking.module.vpc.aws_vpc_endpoint.kinesis_streams",
            "module.eu-west-3.module.networking.module.vpc.aws_vpc_endpoint.kms",
            "module.eu-west-3.module.networking.module.vpc.aws_vpc_endpoint.lambda",
            "module.eu-west-3.module.networking.module.vpc.aws_vpc_endpoint.logs",
            "module.eu-west-3.module.networking.module.vpc.aws_vpc_endpoint.monitoring",
            "module.eu-west-3.module.networking.module.vpc.aws_vpc_endpoint.qldb_session",
            "module.eu-west-3.module.networking.module.vpc.aws_vpc_endpoint.rds",
            "module.eu-west-3.module.networking.module.vpc.aws_vpc_endpoint.rekognition",
            "module.eu-west-3.module.networking.module.vpc.aws_vpc_endpoint.s3",
            "module.eu-west-3.module.networking.module.vpc.aws_vpc_endpoint.sagemaker_api",
            "module.eu-west-3.module.networking.module.vpc.aws_vpc_endpoint.sagemaker_notebook",
            "module.eu-west-3.module.networking.module.vpc.aws_vpc_endpoint.sagemaker_runtime",
            "module.eu-west-3.module.networking.module.vpc.aws_vpc_endpoint.secretsmanager",
            "module.eu-west-3.module.networking.module.vpc.aws_vpc_endpoint.servicecatalog",
            "module.eu-west-3.module.networking.module.vpc.aws_vpc_endpoint.ses",
            "module.eu-west-3.module.networking.module.vpc.aws_vpc_endpoint.sms",
            "module.eu-west-3.module.networking.module.vpc.aws_vpc_endpoint.sns",
            "module.eu-west-3.module.networking.module.vpc.aws_vpc_endpoint.sqs",
            "module.eu-west-3.module.networking.module.vpc.aws_vpc_endpoint.ssm",
            "module.eu-west-3.module.networking.module.vpc.aws_vpc_endpoint.ssmmessages",
            "module.eu-west-3.module.networking.module.vpc.aws_vpc_endpoint.states",
            "module.eu-west-3.module.networking.module.vpc.aws_vpc_endpoint.storagegateway",
            "module.eu-west-3.module.networking.module.vpc.aws_vpc_endpoint.sts",
            "module.eu-west-3.module.networking.module.vpc.aws_vpc_endpoint.textract",
            "module.eu-west-3.module.networking.module.vpc.aws_vpc_endpoint.transfer",
            "module.eu-west-3.module.networking.module.vpc.aws_vpc_endpoint.transferserver",
            "module.eu-west-3.module.networking.module.vpc.aws_vpc_endpoint.workspaces",
            "module.eu-west-3.module.networking.module.vpc.aws_vpc_endpoint_route_table_association.intra_dynamodb",
            "module.eu-west-3.module.networking.module.vpc.aws_vpc_endpoint_route_table_association.intra_s3",
            "module.eu-west-3.module.networking.module.vpc.aws_vpc_endpoint_route_table_association.private_dynamodb",
            "module.eu-west-3.module.networking.module.vpc.aws_vpc_endpoint_route_table_association.private_s3",
            "module.eu-west-3.module.networking.module.vpc.aws_vpc_endpoint_route_table_association.public_dynamodb",
            "module.eu-west-3.module.networking.module.vpc.aws_vpc_endpoint_route_table_association.public_s3",
            "module.eu-west-3.module.networking.module.vpc.aws_vpc_ipv4_cidr_block_association.this",
            "module.eu-west-3.module.networking.module.vpc.aws_vpn_gateway.this",
            "module.eu-west-3.module.networking.module.vpc.aws_vpn_gateway_attachment.this",
            "module.eu-west-3.module.networking.module.vpc.aws_vpn_gateway_route_propagation.intra",
            "module.eu-west-3.module.networking.module.vpc.aws_vpn_gateway_route_propagation.private",
            "module.eu-west-3.module.networking.module.vpc.aws_vpn_gateway_route_propagation.public",
            "module.eu-west-3.module.networking.module.vpc.data.aws_iam_policy_document.flow_log_cloudwatch_assume_role",
            "module.eu-west-3.module.networking.module.vpc.data.aws_iam_policy_document.vpc_flow_log_cloudwatch",
            "module.eu-west-3.module.networking.module.vpc.data.aws_vpc_endpoint_service.access_analyzer",
            "module.eu-west-3.module.networking.module.vpc.data.aws_vpc_endpoint_service.acm_pca",
            "module.eu-west-3.module.networking.module.vpc.data.aws_vpc_endpoint_service.apigw",
            "module.eu-west-3.module.networking.module.vpc.data.aws_vpc_endpoint_service.appmesh_envoy_management",
            "module.eu-west-3.module.networking.module.vpc.data.aws_vpc_endpoint_service.appstream_api",
            "module.eu-west-3.module.networking.module.vpc.data.aws_vpc_endpoint_service.appstream_streaming",
            "module.eu-west-3.module.networking.module.vpc.data.aws_vpc_endpoint_service.athena",
            "module.eu-west-3.module.networking.module.vpc.data.aws_vpc_endpoint_service.auto_scaling_plans",
            "module.eu-west-3.module.networking.module.vpc.data.aws_vpc_endpoint_service.cloud_directory",
            "module.eu-west-3.module.networking.module.vpc.data.aws_vpc_endpoint_service.cloudformation",
            "module.eu-west-3.module.networking.module.vpc.data.aws_vpc_endpoint_service.cloudtrail",
            "module.eu-west-3.module.networking.module.vpc.data.aws_vpc_endpoint_service.codeartifact_api",
            "module.eu-west-3.module.networking.module.vpc.data.aws_vpc_endpoint_service.codeartifact_repositories",
            "module.eu-west-3.module.networking.module.vpc.data.aws_vpc_endpoint_service.codebuild",
            "module.eu-west-3.module.networking.module.vpc.data.aws_vpc_endpoint_service.codecommit",
            "module.eu-west-3.module.networking.module.vpc.data.aws_vpc_endpoint_service.codedeploy",
            "module.eu-west-3.module.networking.module.vpc.data.aws_vpc_endpoint_service.codedeploy_commands_secure",
            "module.eu-west-3.module.networking.module.vpc.data.aws_vpc_endpoint_service.codepipeline",
            "module.eu-west-3.module.networking.module.vpc.data.aws_vpc_endpoint_service.config",
            "module.eu-west-3.module.networking.module.vpc.data.aws_vpc_endpoint_service.datasync",
            "module.eu-west-3.module.networking.module.vpc.data.aws_vpc_endpoint_service.dynamodb",
            "module.eu-west-3.module.networking.module.vpc.data.aws_vpc_endpoint_service.ebs",
            "module.eu-west-3.module.networking.module.vpc.data.aws_vpc_endpoint_service.ec2",
            "module.eu-west-3.module.networking.module.vpc.data.aws_vpc_endpoint_service.ec2_autoscaling",
            "module.eu-west-3.module.networking.module.vpc.data.aws_vpc_endpoint_service.ec2messages",
            "module.eu-west-3.module.networking.module.vpc.data.aws_vpc_endpoint_service.ecr_api",
            "module.eu-west-3.module.networking.module.vpc.data.aws_vpc_endpoint_service.ecr_dkr",
            "module.eu-west-3.module.networking.module.vpc.data.aws_vpc_endpoint_service.ecs",
            "module.eu-west-3.module.networking.module.vpc.data.aws_vpc_endpoint_service.ecs_agent",
            "module.eu-west-3.module.networking.module.vpc.data.aws_vpc_endpoint_service.ecs_telemetry",
            "module.eu-west-3.module.networking.module.vpc.data.aws_vpc_endpoint_service.efs",
            "module.eu-west-3.module.networking.module.vpc.data.aws_vpc_endpoint_service.elastic_inference_runtime",
            "module.eu-west-3.module.networking.module.vpc.data.aws_vpc_endpoint_service.elasticbeanstalk",
            "module.eu-west-3.module.networking.module.vpc.data.aws_vpc_endpoint_service.elasticbeanstalk_health",
            "module.eu-west-3.module.networking.module.vpc.data.aws_vpc_endpoint_service.elasticloadbalancing",
            "module.eu-west-3.module.networking.module.vpc.data.aws_vpc_endpoint_service.emr",
            "module.eu-west-3.module.networking.module.vpc.data.aws_vpc_endpoint_service.events",
            "module.eu-west-3.module.networking.module.vpc.data.aws_vpc_endpoint_service.git_codecommit",
            "module.eu-west-3.module.networking.module.vpc.data.aws_vpc_endpoint_service.glue",
            "module.eu-west-3.module.networking.module.vpc.data.aws_vpc_endpoint_service.kinesis_firehose",
            "module.eu-west-3.module.networking.module.vpc.data.aws_vpc_endpoint_service.kinesis_streams",
            "module.eu-west-3.module.networking.module.vpc.data.aws_vpc_endpoint_service.kms",
            "module.eu-west-3.module.networking.module.vpc.data.aws_vpc_endpoint_service.lambda",
            "module.eu-west-3.module.networking.module.vpc.data.aws_vpc_endpoint_service.logs",
            "module.eu-west-3.module.networking.module.vpc.data.aws_vpc_endpoint_service.monitoring",
            "module.eu-west-3.module.networking.module.vpc.data.aws_vpc_endpoint_service.qldb_session",
            "module.eu-west-3.module.networking.module.vpc.data.aws_vpc_endpoint_service.rds",
            "module.eu-west-3.module.networking.module.vpc.data.aws_vpc_endpoint_service.rekognition",
            "module.eu-west-3.module.networking.module.vpc.data.aws_vpc_endpoint_service.s3",
            "module.eu-west-3.module.networking.module.vpc.data.aws_vpc_endpoint_service.sagemaker_api",
            "module.eu-west-3.module.networking.module.vpc.data.aws_vpc_endpoint_service.sagemaker_notebook",
            "module.eu-west-3.module.networking.module.vpc.data.aws_vpc_endpoint_service.sagemaker_runtime",
            "module.eu-west-3.module.networking.module.vpc.data.aws_vpc_endpoint_service.secretsmanager",
            "module.eu-west-3.module.networking.module.vpc.data.aws_vpc_endpoint_service.servicecatalog",
            "module.eu-west-3.module.networking.module.vpc.data.aws_vpc_endpoint_service.ses",
            "module.eu-west-3.module.networking.module.vpc.data.aws_vpc_endpoint_service.sms",
            "module.eu-west-3.module.networking.module.vpc.data.aws_vpc_endpoint_service.sns",
            "module.eu-west-3.module.networking.module.vpc.data.aws_vpc_endpoint_service.sqs",
            "module.eu-west-3.module.networking.module.vpc.data.aws_vpc_endpoint_service.ssm",
            "module.eu-west-3.module.networking.module.vpc.data.aws_vpc_endpoint_service.ssmmessages",
            "module.eu-west-3.module.networking.module.vpc.data.aws_vpc_endpoint_service.states",
            "module.eu-west-3.module.networking.module.vpc.data.aws_vpc_endpoint_service.storagegateway",
            "module.eu-west-3.module.networking.module.vpc.data.aws_vpc_endpoint_service.sts",
            "module.eu-west-3.module.networking.module.vpc.data.aws_vpc_endpoint_service.textract",
            "module.eu-west-3.module.networking.module.vpc.data.aws_vpc_endpoint_service.transfer",
            "module.eu-west-3.module.networking.module.vpc.data.aws_vpc_endpoint_service.transferserver",
            "module.eu-west-3.module.networking.module.vpc.data.aws_vpc_endpoint_service.workspaces",
            "module.eu-west-3.module.resourcegroup.random_string.rand"
          ]
        }
      ]
    },
    {
      "module": "module.eu-west-3.module.loadbalancing",
      "mode": "managed",
      "type": "aws_lb",
      "name": "nomad_lb",
      "provider": "module.eu-west-3.provider[\"registry.terraform.io/hashicorp/aws\"]",
      "instances": [
        {
          "schema_version": 0,
          "attributes": {
            "access_logs": [
              {
                "bucket": "",
                "enabled": false,
                "prefix": ""
              }
            ],
            "arn": "arn:aws:elasticloadbalancing:eu-west-3:837089879979:loadbalancer/app/terraform-545j4bommr8kop-nomad/12c72ad2f8cfd359",
            "arn_suffix": "app/terraform-545j4bommr8kop-nomad/12c72ad2f8cfd359",
            "customer_owned_ipv4_pool": "",
            "dns_name": "terraform-545j4bommr8kop-nomad-1743236414.eu-west-3.elb.amazonaws.com",
            "drop_invalid_header_fields": false,
            "enable_cross_zone_load_balancing": null,
            "enable_deletion_protection": false,
            "enable_http2": true,
            "id": "arn:aws:elasticloadbalancing:eu-west-3:837089879979:loadbalancer/app/terraform-545j4bommr8kop-nomad/12c72ad2f8cfd359",
            "idle_timeout": 60,
            "internal": false,
            "ip_address_type": "ipv4",
            "load_balancer_type": "application",
            "name": "terraform-545j4bommr8kop-nomad",
            "name_prefix": null,
            "security_groups": [
              "sg-0f2bd3f40b1471d5b"
            ],
            "subnet_mapping": [
              {
                "allocation_id": "",
                "outpost_id": "",
                "private_ipv4_address": "",
                "subnet_id": "subnet-04865bd86497276d6"
              },
              {
                "allocation_id": "",
                "outpost_id": "",
                "private_ipv4_address": "",
                "subnet_id": "subnet-0b65d5b4383da95c1"
              },
              {
                "allocation_id": "",
                "outpost_id": "",
                "private_ipv4_address": "",
                "subnet_id": "subnet-0e3ffc0b3a7408684"
              }
            ],
            "subnets": [
              "subnet-04865bd86497276d6",
              "subnet-0b65d5b4383da95c1",
              "subnet-0e3ffc0b3a7408684"
            ],
            "tags": {},
            "timeouts": null,
            "vpc_id": "vpc-0759d5a7d216160d3",
            "zone_id": "Z3Q77PNBQS71R4"
          },
          "private": "eyJlMmJmYjczMC1lY2FhLTExZTYtOGY4OC0zNDM2M2JjN2M0YzAiOnsiY3JlYXRlIjo2MDAwMDAwMDAwMDAsImRlbGV0ZSI6NjAwMDAwMDAwMDAwLCJ1cGRhdGUiOjYwMDAwMDAwMDAwMH19",
          "dependencies": [
            "module.eu-west-3.module.networking.data.aws_availability_zones.available",
            "module.eu-west-3.module.networking.module.consul_lb_sg.aws_security_group.security_group",
            "module.eu-west-3.module.networking.module.consul_server_sg.aws_security_group.security_group",
            "module.eu-west-3.module.networking.module.fabio_lb_sg.aws_security_group.security_group",
            "module.eu-west-3.module.networking.module.nomad_client_sg.aws_security_group.security_group",
            "module.eu-west-3.module.networking.module.nomad_lb_sg.aws_security_group.security_group",
            "module.eu-west-3.module.networking.module.nomad_server_sg.aws_security_group.security_group",
            "module.eu-west-3.module.networking.module.vault_lb_sg.aws_security_group.security_group",
            "module.eu-west-3.module.networking.module.vault_server_sg.aws_security_group.security_group",
            "module.eu-west-3.module.networking.module.vpc.aws_cloudwatch_log_group.flow_log",
            "module.eu-west-3.module.networking.module.vpc.aws_customer_gateway.this",
            "module.eu-west-3.module.networking.module.vpc.aws_db_subnet_group.database",
            "module.eu-west-3.module.networking.module.vpc.aws_default_network_acl.this",
            "module.eu-west-3.module.networking.module.vpc.aws_default_security_group.this",
            "module.eu-west-3.module.networking.module.vpc.aws_default_vpc.this",
            "module.eu-west-3.module.networking.module.vpc.aws_egress_only_internet_gateway.this",
            "module.eu-west-3.module.networking.module.vpc.aws_eip.nat",
            "module.eu-west-3.module.networking.module.vpc.aws_elasticache_subnet_group.elasticache",
            "module.eu-west-3.module.networking.module.vpc.aws_flow_log.this",
            "module.eu-west-3.module.networking.module.vpc.aws_iam_policy.vpc_flow_log_cloudwatch",
            "module.eu-west-3.module.networking.module.vpc.aws_iam_role.vpc_flow_log_cloudwatch",
            "module.eu-west-3.module.networking.module.vpc.aws_iam_role_policy_attachment.vpc_flow_log_cloudwatch",
            "module.eu-west-3.module.networking.module.vpc.aws_internet_gateway.this",
            "module.eu-west-3.module.networking.module.vpc.aws_nat_gateway.this",
            "module.eu-west-3.module.networking.module.vpc.aws_network_acl.database",
            "module.eu-west-3.module.networking.module.vpc.aws_network_acl.elasticache",
            "module.eu-west-3.module.networking.module.vpc.aws_network_acl.intra",
            "module.eu-west-3.module.networking.module.vpc.aws_network_acl.private",
            "module.eu-west-3.module.networking.module.vpc.aws_network_acl.public",
            "module.eu-west-3.module.networking.module.vpc.aws_network_acl.redshift",
            "module.eu-west-3.module.networking.module.vpc.aws_network_acl_rule.database_inbound",
            "module.eu-west-3.module.networking.module.vpc.aws_network_acl_rule.database_outbound",
            "module.eu-west-3.module.networking.module.vpc.aws_network_acl_rule.elasticache_inbound",
            "module.eu-west-3.module.networking.module.vpc.aws_network_acl_rule.elasticache_outbound",
            "module.eu-west-3.module.networking.module.vpc.aws_network_acl_rule.intra_inbound",
            "module.eu-west-3.module.networking.module.vpc.aws_network_acl_rule.intra_outbound",
            "module.eu-west-3.module.networking.module.vpc.aws_network_acl_rule.private_inbound",
            "module.eu-west-3.module.networking.module.vpc.aws_network_acl_rule.private_outbound",
            "module.eu-west-3.module.networking.module.vpc.aws_network_acl_rule.public_inbound",
            "module.eu-west-3.module.networking.module.vpc.aws_network_acl_rule.public_outbound",
            "module.eu-west-3.module.networking.module.vpc.aws_network_acl_rule.redshift_inbound",
            "module.eu-west-3.module.networking.module.vpc.aws_network_acl_rule.redshift_outbound",
            "module.eu-west-3.module.networking.module.vpc.aws_redshift_subnet_group.redshift",
            "module.eu-west-3.module.networking.module.vpc.aws_route.database_internet_gateway",
            "module.eu-west-3.module.networking.module.vpc.aws_route.database_ipv6_egress",
            "module.eu-west-3.module.networking.module.vpc.aws_route.database_nat_gateway",
            "module.eu-west-3.module.networking.module.vpc.aws_route.private_ipv6_egress",
            "module.eu-west-3.module.networking.module.vpc.aws_route.private_nat_gateway",
            "module.eu-west-3.module.networking.module.vpc.aws_route.public_internet_gateway",
            "module.eu-west-3.module.networking.module.vpc.aws_route.public_internet_gateway_ipv6",
            "module.eu-west-3.module.networking.module.vpc.aws_route_table.database",
            "module.eu-west-3.module.networking.module.vpc.aws_route_table.elasticache",
            "module.eu-west-3.module.networking.module.vpc.aws_route_table.intra",
            "module.eu-west-3.module.networking.module.vpc.aws_route_table.private",
            "module.eu-west-3.module.networking.module.vpc.aws_route_table.public",
            "module.eu-west-3.module.networking.module.vpc.aws_route_table.redshift",
            "module.eu-west-3.module.networking.module.vpc.aws_route_table_association.database",
            "module.eu-west-3.module.networking.module.vpc.aws_route_table_association.elasticache",
            "module.eu-west-3.module.networking.module.vpc.aws_route_table_association.intra",
            "module.eu-west-3.module.networking.module.vpc.aws_route_table_association.private",
            "module.eu-west-3.module.networking.module.vpc.aws_route_table_association.public",
            "module.eu-west-3.module.networking.module.vpc.aws_route_table_association.redshift",
            "module.eu-west-3.module.networking.module.vpc.aws_route_table_association.redshift_public",
            "module.eu-west-3.module.networking.module.vpc.aws_subnet.database",
            "module.eu-west-3.module.networking.module.vpc.aws_subnet.elasticache",
            "module.eu-west-3.module.networking.module.vpc.aws_subnet.intra",
            "module.eu-west-3.module.networking.module.vpc.aws_subnet.private",
            "module.eu-west-3.module.networking.module.vpc.aws_subnet.public",
            "module.eu-west-3.module.networking.module.vpc.aws_subnet.redshift",
            "module.eu-west-3.module.networking.module.vpc.aws_vpc.this",
            "module.eu-west-3.module.networking.module.vpc.aws_vpc_dhcp_options.this",
            "module.eu-west-3.module.networking.module.vpc.aws_vpc_dhcp_options_association.this",
            "module.eu-west-3.module.networking.module.vpc.aws_vpc_endpoint.access_analyzer",
            "module.eu-west-3.module.networking.module.vpc.aws_vpc_endpoint.acm_pca",
            "module.eu-west-3.module.networking.module.vpc.aws_vpc_endpoint.apigw",
            "module.eu-west-3.module.networking.module.vpc.aws_vpc_endpoint.appmesh_envoy_management",
            "module.eu-west-3.module.networking.module.vpc.aws_vpc_endpoint.appstream_api",
            "module.eu-west-3.module.networking.module.vpc.aws_vpc_endpoint.appstream_streaming",
            "module.eu-west-3.module.networking.module.vpc.aws_vpc_endpoint.athena",
            "module.eu-west-3.module.networking.module.vpc.aws_vpc_endpoint.auto_scaling_plans",
            "module.eu-west-3.module.networking.module.vpc.aws_vpc_endpoint.cloud_directory",
            "module.eu-west-3.module.networking.module.vpc.aws_vpc_endpoint.cloudformation",
            "module.eu-west-3.module.networking.module.vpc.aws_vpc_endpoint.cloudtrail",
            "module.eu-west-3.module.networking.module.vpc.aws_vpc_endpoint.codeartifact_api",
            "module.eu-west-3.module.networking.module.vpc.aws_vpc_endpoint.codeartifact_repositories",
            "module.eu-west-3.module.networking.module.vpc.aws_vpc_endpoint.codebuild",
            "module.eu-west-3.module.networking.module.vpc.aws_vpc_endpoint.codecommit",
            "module.eu-west-3.module.networking.module.vpc.aws_vpc_endpoint.codedeploy",
            "module.eu-west-3.module.networking.module.vpc.aws_vpc_endpoint.codedeploy_commands_secure",
            "module.eu-west-3.module.networking.module.vpc.aws_vpc_endpoint.codepipeline",
            "module.eu-west-3.module.networking.module.vpc.aws_vpc_endpoint.config",
            "module.eu-west-3.module.networking.module.vpc.aws_vpc_endpoint.datasync",
            "module.eu-west-3.module.networking.module.vpc.aws_vpc_endpoint.dynamodb",
            "module.eu-west-3.module.networking.module.vpc.aws_vpc_endpoint.ebs",
            "module.eu-west-3.module.networking.module.vpc.aws_vpc_endpoint.ec2",
            "module.eu-west-3.module.networking.module.vpc.aws_vpc_endpoint.ec2_autoscaling",
            "module.eu-west-3.module.networking.module.vpc.aws_vpc_endpoint.ec2messages",
            "module.eu-west-3.module.networking.module.vpc.aws_vpc_endpoint.ecr_api",
            "module.eu-west-3.module.networking.module.vpc.aws_vpc_endpoint.ecr_dkr",
            "module.eu-west-3.module.networking.module.vpc.aws_vpc_endpoint.ecs",
            "module.eu-west-3.module.networking.module.vpc.aws_vpc_endpoint.ecs_agent",
            "module.eu-west-3.module.networking.module.vpc.aws_vpc_endpoint.ecs_telemetry",
            "module.eu-west-3.module.networking.module.vpc.aws_vpc_endpoint.efs",
            "module.eu-west-3.module.networking.module.vpc.aws_vpc_endpoint.elastic_inference_runtime",
            "module.eu-west-3.module.networking.module.vpc.aws_vpc_endpoint.elasticbeanstalk",
            "module.eu-west-3.module.networking.module.vpc.aws_vpc_endpoint.elasticbeanstalk_health",
            "module.eu-west-3.module.networking.module.vpc.aws_vpc_endpoint.elasticloadbalancing",
            "module.eu-west-3.module.networking.module.vpc.aws_vpc_endpoint.emr",
            "module.eu-west-3.module.networking.module.vpc.aws_vpc_endpoint.events",
            "module.eu-west-3.module.networking.module.vpc.aws_vpc_endpoint.git_codecommit",
            "module.eu-west-3.module.networking.module.vpc.aws_vpc_endpoint.glue",
            "module.eu-west-3.module.networking.module.vpc.aws_vpc_endpoint.kinesis_firehose",
            "module.eu-west-3.module.networking.module.vpc.aws_vpc_endpoint.kinesis_streams",
            "module.eu-west-3.module.networking.module.vpc.aws_vpc_endpoint.kms",
            "module.eu-west-3.module.networking.module.vpc.aws_vpc_endpoint.lambda",
            "module.eu-west-3.module.networking.module.vpc.aws_vpc_endpoint.logs",
            "module.eu-west-3.module.networking.module.vpc.aws_vpc_endpoint.monitoring",
            "module.eu-west-3.module.networking.module.vpc.aws_vpc_endpoint.qldb_session",
            "module.eu-west-3.module.networking.module.vpc.aws_vpc_endpoint.rds",
            "module.eu-west-3.module.networking.module.vpc.aws_vpc_endpoint.rekognition",
            "module.eu-west-3.module.networking.module.vpc.aws_vpc_endpoint.s3",
            "module.eu-west-3.module.networking.module.vpc.aws_vpc_endpoint.sagemaker_api",
            "module.eu-west-3.module.networking.module.vpc.aws_vpc_endpoint.sagemaker_notebook",
            "module.eu-west-3.module.networking.module.vpc.aws_vpc_endpoint.sagemaker_runtime",
            "module.eu-west-3.module.networking.module.vpc.aws_vpc_endpoint.secretsmanager",
            "module.eu-west-3.module.networking.module.vpc.aws_vpc_endpoint.servicecatalog",
            "module.eu-west-3.module.networking.module.vpc.aws_vpc_endpoint.ses",
            "module.eu-west-3.module.networking.module.vpc.aws_vpc_endpoint.sms",
            "module.eu-west-3.module.networking.module.vpc.aws_vpc_endpoint.sns",
            "module.eu-west-3.module.networking.module.vpc.aws_vpc_endpoint.sqs",
            "module.eu-west-3.module.networking.module.vpc.aws_vpc_endpoint.ssm",
            "module.eu-west-3.module.networking.module.vpc.aws_vpc_endpoint.ssmmessages",
            "module.eu-west-3.module.networking.module.vpc.aws_vpc_endpoint.states",
            "module.eu-west-3.module.networking.module.vpc.aws_vpc_endpoint.storagegateway",
            "module.eu-west-3.module.networking.module.vpc.aws_vpc_endpoint.sts",
            "module.eu-west-3.module.networking.module.vpc.aws_vpc_endpoint.textract",
            "module.eu-west-3.module.networking.module.vpc.aws_vpc_endpoint.transfer",
            "module.eu-west-3.module.networking.module.vpc.aws_vpc_endpoint.transferserver",
            "module.eu-west-3.module.networking.module.vpc.aws_vpc_endpoint.workspaces",
            "module.eu-west-3.module.networking.module.vpc.aws_vpc_endpoint_route_table_association.intra_dynamodb",
            "module.eu-west-3.module.networking.module.vpc.aws_vpc_endpoint_route_table_association.intra_s3",
            "module.eu-west-3.module.networking.module.vpc.aws_vpc_endpoint_route_table_association.private_dynamodb",
            "module.eu-west-3.module.networking.module.vpc.aws_vpc_endpoint_route_table_association.private_s3",
            "module.eu-west-3.module.networking.module.vpc.aws_vpc_endpoint_route_table_association.public_dynamodb",
            "module.eu-west-3.module.networking.module.vpc.aws_vpc_endpoint_route_table_association.public_s3",
            "module.eu-west-3.module.networking.module.vpc.aws_vpc_ipv4_cidr_block_association.this",
            "module.eu-west-3.module.networking.module.vpc.aws_vpn_gateway.this",
            "module.eu-west-3.module.networking.module.vpc.aws_vpn_gateway_attachment.this",
            "module.eu-west-3.module.networking.module.vpc.aws_vpn_gateway_route_propagation.intra",
            "module.eu-west-3.module.networking.module.vpc.aws_vpn_gateway_route_propagation.private",
            "module.eu-west-3.module.networking.module.vpc.aws_vpn_gateway_route_propagation.public",
            "module.eu-west-3.module.networking.module.vpc.data.aws_iam_policy_document.flow_log_cloudwatch_assume_role",
            "module.eu-west-3.module.networking.module.vpc.data.aws_iam_policy_document.vpc_flow_log_cloudwatch",
            "module.eu-west-3.module.networking.module.vpc.data.aws_vpc_endpoint_service.access_analyzer",
            "module.eu-west-3.module.networking.module.vpc.data.aws_vpc_endpoint_service.acm_pca",
            "module.eu-west-3.module.networking.module.vpc.data.aws_vpc_endpoint_service.apigw",
            "module.eu-west-3.module.networking.module.vpc.data.aws_vpc_endpoint_service.appmesh_envoy_management",
            "module.eu-west-3.module.networking.module.vpc.data.aws_vpc_endpoint_service.appstream_api",
            "module.eu-west-3.module.networking.module.vpc.data.aws_vpc_endpoint_service.appstream_streaming",
            "module.eu-west-3.module.networking.module.vpc.data.aws_vpc_endpoint_service.athena",
            "module.eu-west-3.module.networking.module.vpc.data.aws_vpc_endpoint_service.auto_scaling_plans",
            "module.eu-west-3.module.networking.module.vpc.data.aws_vpc_endpoint_service.cloud_directory",
            "module.eu-west-3.module.networking.module.vpc.data.aws_vpc_endpoint_service.cloudformation",
            "module.eu-west-3.module.networking.module.vpc.data.aws_vpc_endpoint_service.cloudtrail",
            "module.eu-west-3.module.networking.module.vpc.data.aws_vpc_endpoint_service.codeartifact_api",
            "module.eu-west-3.module.networking.module.vpc.data.aws_vpc_endpoint_service.codeartifact_repositories",
            "module.eu-west-3.module.networking.module.vpc.data.aws_vpc_endpoint_service.codebuild",
            "module.eu-west-3.module.networking.module.vpc.data.aws_vpc_endpoint_service.codecommit",
            "module.eu-west-3.module.networking.module.vpc.data.aws_vpc_endpoint_service.codedeploy",
            "module.eu-west-3.module.networking.module.vpc.data.aws_vpc_endpoint_service.codedeploy_commands_secure",
            "module.eu-west-3.module.networking.module.vpc.data.aws_vpc_endpoint_service.codepipeline",
            "module.eu-west-3.module.networking.module.vpc.data.aws_vpc_endpoint_service.config",
            "module.eu-west-3.module.networking.module.vpc.data.aws_vpc_endpoint_service.datasync",
            "module.eu-west-3.module.networking.module.vpc.data.aws_vpc_endpoint_service.dynamodb",
            "module.eu-west-3.module.networking.module.vpc.data.aws_vpc_endpoint_service.ebs",
            "module.eu-west-3.module.networking.module.vpc.data.aws_vpc_endpoint_service.ec2",
            "module.eu-west-3.module.networking.module.vpc.data.aws_vpc_endpoint_service.ec2_autoscaling",
            "module.eu-west-3.module.networking.module.vpc.data.aws_vpc_endpoint_service.ec2messages",
            "module.eu-west-3.module.networking.module.vpc.data.aws_vpc_endpoint_service.ecr_api",
            "module.eu-west-3.module.networking.module.vpc.data.aws_vpc_endpoint_service.ecr_dkr",
            "module.eu-west-3.module.networking.module.vpc.data.aws_vpc_endpoint_service.ecs",
            "module.eu-west-3.module.networking.module.vpc.data.aws_vpc_endpoint_service.ecs_agent",
            "module.eu-west-3.module.networking.module.vpc.data.aws_vpc_endpoint_service.ecs_telemetry",
            "module.eu-west-3.module.networking.module.vpc.data.aws_vpc_endpoint_service.efs",
            "module.eu-west-3.module.networking.module.vpc.data.aws_vpc_endpoint_service.elastic_inference_runtime",
            "module.eu-west-3.module.networking.module.vpc.data.aws_vpc_endpoint_service.elasticbeanstalk",
            "module.eu-west-3.module.networking.module.vpc.data.aws_vpc_endpoint_service.elasticbeanstalk_health",
            "module.eu-west-3.module.networking.module.vpc.data.aws_vpc_endpoint_service.elasticloadbalancing",
            "module.eu-west-3.module.networking.module.vpc.data.aws_vpc_endpoint_service.emr",
            "module.eu-west-3.module.networking.module.vpc.data.aws_vpc_endpoint_service.events",
            "module.eu-west-3.module.networking.module.vpc.data.aws_vpc_endpoint_service.git_codecommit",
            "module.eu-west-3.module.networking.module.vpc.data.aws_vpc_endpoint_service.glue",
            "module.eu-west-3.module.networking.module.vpc.data.aws_vpc_endpoint_service.kinesis_firehose",
            "module.eu-west-3.module.networking.module.vpc.data.aws_vpc_endpoint_service.kinesis_streams",
            "module.eu-west-3.module.networking.module.vpc.data.aws_vpc_endpoint_service.kms",
            "module.eu-west-3.module.networking.module.vpc.data.aws_vpc_endpoint_service.lambda",
            "module.eu-west-3.module.networking.module.vpc.data.aws_vpc_endpoint_service.logs",
            "module.eu-west-3.module.networking.module.vpc.data.aws_vpc_endpoint_service.monitoring",
            "module.eu-west-3.module.networking.module.vpc.data.aws_vpc_endpoint_service.qldb_session",
            "module.eu-west-3.module.networking.module.vpc.data.aws_vpc_endpoint_service.rds",
            "module.eu-west-3.module.networking.module.vpc.data.aws_vpc_endpoint_service.rekognition",
            "module.eu-west-3.module.networking.module.vpc.data.aws_vpc_endpoint_service.s3",
            "module.eu-west-3.module.networking.module.vpc.data.aws_vpc_endpoint_service.sagemaker_api",
            "module.eu-west-3.module.networking.module.vpc.data.aws_vpc_endpoint_service.sagemaker_notebook",
            "module.eu-west-3.module.networking.module.vpc.data.aws_vpc_endpoint_service.sagemaker_runtime",
            "module.eu-west-3.module.networking.module.vpc.data.aws_vpc_endpoint_service.secretsmanager",
            "module.eu-west-3.module.networking.module.vpc.data.aws_vpc_endpoint_service.servicecatalog",
            "module.eu-west-3.module.networking.module.vpc.data.aws_vpc_endpoint_service.ses",
            "module.eu-west-3.module.networking.module.vpc.data.aws_vpc_endpoint_service.sms",
            "module.eu-west-3.module.networking.module.vpc.data.aws_vpc_endpoint_service.sns",
            "module.eu-west-3.module.networking.module.vpc.data.aws_vpc_endpoint_service.sqs",
            "module.eu-west-3.module.networking.module.vpc.data.aws_vpc_endpoint_service.ssm",
            "module.eu-west-3.module.networking.module.vpc.data.aws_vpc_endpoint_service.ssmmessages",
            "module.eu-west-3.module.networking.module.vpc.data.aws_vpc_endpoint_service.states",
            "module.eu-west-3.module.networking.module.vpc.data.aws_vpc_endpoint_service.storagegateway",
            "module.eu-west-3.module.networking.module.vpc.data.aws_vpc_endpoint_service.sts",
            "module.eu-west-3.module.networking.module.vpc.data.aws_vpc_endpoint_service.textract",
            "module.eu-west-3.module.networking.module.vpc.data.aws_vpc_endpoint_service.transfer",
            "module.eu-west-3.module.networking.module.vpc.data.aws_vpc_endpoint_service.transferserver",
            "module.eu-west-3.module.networking.module.vpc.data.aws_vpc_endpoint_service.workspaces",
            "module.eu-west-3.module.resourcegroup.random_string.rand"
          ]
        }
      ]
    },
    {
      "module": "module.eu-west-3.module.loadbalancing",
      "mode": "managed",
      "type": "aws_lb",
      "name": "vault_lb",
      "provider": "module.eu-west-3.provider[\"registry.terraform.io/hashicorp/aws\"]",
      "instances": [
        {
          "schema_version": 0,
          "attributes": {
            "access_logs": [
              {
                "bucket": "",
                "enabled": false,
                "prefix": ""
              }
            ],
            "arn": "arn:aws:elasticloadbalancing:eu-west-3:837089879979:loadbalancer/app/terraform-545j4bommr8kop-vault/b80b55c3e409308a",
            "arn_suffix": "app/terraform-545j4bommr8kop-vault/b80b55c3e409308a",
            "customer_owned_ipv4_pool": "",
            "dns_name": "terraform-545j4bommr8kop-vault-1077930290.eu-west-3.elb.amazonaws.com",
            "drop_invalid_header_fields": false,
            "enable_cross_zone_load_balancing": null,
            "enable_deletion_protection": false,
            "enable_http2": true,
            "id": "arn:aws:elasticloadbalancing:eu-west-3:837089879979:loadbalancer/app/terraform-545j4bommr8kop-vault/b80b55c3e409308a",
            "idle_timeout": 60,
            "internal": false,
            "ip_address_type": "ipv4",
            "load_balancer_type": "application",
            "name": "terraform-545j4bommr8kop-vault",
            "name_prefix": null,
            "security_groups": [
              "sg-05ca6196cb96127f3"
            ],
            "subnet_mapping": [
              {
                "allocation_id": "",
                "outpost_id": "",
                "private_ipv4_address": "",
                "subnet_id": "subnet-04865bd86497276d6"
              },
              {
                "allocation_id": "",
                "outpost_id": "",
                "private_ipv4_address": "",
                "subnet_id": "subnet-0b65d5b4383da95c1"
              },
              {
                "allocation_id": "",
                "outpost_id": "",
                "private_ipv4_address": "",
                "subnet_id": "subnet-0e3ffc0b3a7408684"
              }
            ],
            "subnets": [
              "subnet-04865bd86497276d6",
              "subnet-0b65d5b4383da95c1",
              "subnet-0e3ffc0b3a7408684"
            ],
            "tags": {},
            "timeouts": null,
            "vpc_id": "vpc-0759d5a7d216160d3",
            "zone_id": "Z3Q77PNBQS71R4"
          },
          "private": "eyJlMmJmYjczMC1lY2FhLTExZTYtOGY4OC0zNDM2M2JjN2M0YzAiOnsiY3JlYXRlIjo2MDAwMDAwMDAwMDAsImRlbGV0ZSI6NjAwMDAwMDAwMDAwLCJ1cGRhdGUiOjYwMDAwMDAwMDAwMH19",
          "dependencies": [
            "module.eu-west-3.module.networking.data.aws_availability_zones.available",
            "module.eu-west-3.module.networking.module.consul_lb_sg.aws_security_group.security_group",
            "module.eu-west-3.module.networking.module.consul_server_sg.aws_security_group.security_group",
            "module.eu-west-3.module.networking.module.fabio_lb_sg.aws_security_group.security_group",
            "module.eu-west-3.module.networking.module.nomad_client_sg.aws_security_group.security_group",
            "module.eu-west-3.module.networking.module.nomad_lb_sg.aws_security_group.security_group",
            "module.eu-west-3.module.networking.module.nomad_server_sg.aws_security_group.security_group",
            "module.eu-west-3.module.networking.module.vault_lb_sg.aws_security_group.security_group",
            "module.eu-west-3.module.networking.module.vault_server_sg.aws_security_group.security_group",
            "module.eu-west-3.module.networking.module.vpc.aws_cloudwatch_log_group.flow_log",
            "module.eu-west-3.module.networking.module.vpc.aws_customer_gateway.this",
            "module.eu-west-3.module.networking.module.vpc.aws_db_subnet_group.database",
            "module.eu-west-3.module.networking.module.vpc.aws_default_network_acl.this",
            "module.eu-west-3.module.networking.module.vpc.aws_default_security_group.this",
            "module.eu-west-3.module.networking.module.vpc.aws_default_vpc.this",
            "module.eu-west-3.module.networking.module.vpc.aws_egress_only_internet_gateway.this",
            "module.eu-west-3.module.networking.module.vpc.aws_eip.nat",
            "module.eu-west-3.module.networking.module.vpc.aws_elasticache_subnet_group.elasticache",
            "module.eu-west-3.module.networking.module.vpc.aws_flow_log.this",
            "module.eu-west-3.module.networking.module.vpc.aws_iam_policy.vpc_flow_log_cloudwatch",
            "module.eu-west-3.module.networking.module.vpc.aws_iam_role.vpc_flow_log_cloudwatch",
            "module.eu-west-3.module.networking.module.vpc.aws_iam_role_policy_attachment.vpc_flow_log_cloudwatch",
            "module.eu-west-3.module.networking.module.vpc.aws_internet_gateway.this",
            "module.eu-west-3.module.networking.module.vpc.aws_nat_gateway.this",
            "module.eu-west-3.module.networking.module.vpc.aws_network_acl.database",
            "module.eu-west-3.module.networking.module.vpc.aws_network_acl.elasticache",
            "module.eu-west-3.module.networking.module.vpc.aws_network_acl.intra",
            "module.eu-west-3.module.networking.module.vpc.aws_network_acl.private",
            "module.eu-west-3.module.networking.module.vpc.aws_network_acl.public",
            "module.eu-west-3.module.networking.module.vpc.aws_network_acl.redshift",
            "module.eu-west-3.module.networking.module.vpc.aws_network_acl_rule.database_inbound",
            "module.eu-west-3.module.networking.module.vpc.aws_network_acl_rule.database_outbound",
            "module.eu-west-3.module.networking.module.vpc.aws_network_acl_rule.elasticache_inbound",
            "module.eu-west-3.module.networking.module.vpc.aws_network_acl_rule.elasticache_outbound",
            "module.eu-west-3.module.networking.module.vpc.aws_network_acl_rule.intra_inbound",
            "module.eu-west-3.module.networking.module.vpc.aws_network_acl_rule.intra_outbound",
            "module.eu-west-3.module.networking.module.vpc.aws_network_acl_rule.private_inbound",
            "module.eu-west-3.module.networking.module.vpc.aws_network_acl_rule.private_outbound",
            "module.eu-west-3.module.networking.module.vpc.aws_network_acl_rule.public_inbound",
            "module.eu-west-3.module.networking.module.vpc.aws_network_acl_rule.public_outbound",
            "module.eu-west-3.module.networking.module.vpc.aws_network_acl_rule.redshift_inbound",
            "module.eu-west-3.module.networking.module.vpc.aws_network_acl_rule.redshift_outbound",
            "module.eu-west-3.module.networking.module.vpc.aws_redshift_subnet_group.redshift",
            "module.eu-west-3.module.networking.module.vpc.aws_route.database_internet_gateway",
            "module.eu-west-3.module.networking.module.vpc.aws_route.database_ipv6_egress",
            "module.eu-west-3.module.networking.module.vpc.aws_route.database_nat_gateway",
            "module.eu-west-3.module.networking.module.vpc.aws_route.private_ipv6_egress",
            "module.eu-west-3.module.networking.module.vpc.aws_route.private_nat_gateway",
            "module.eu-west-3.module.networking.module.vpc.aws_route.public_internet_gateway",
            "module.eu-west-3.module.networking.module.vpc.aws_route.public_internet_gateway_ipv6",
            "module.eu-west-3.module.networking.module.vpc.aws_route_table.database",
            "module.eu-west-3.module.networking.module.vpc.aws_route_table.elasticache",
            "module.eu-west-3.module.networking.module.vpc.aws_route_table.intra",
            "module.eu-west-3.module.networking.module.vpc.aws_route_table.private",
            "module.eu-west-3.module.networking.module.vpc.aws_route_table.public",
            "module.eu-west-3.module.networking.module.vpc.aws_route_table.redshift",
            "module.eu-west-3.module.networking.module.vpc.aws_route_table_association.database",
            "module.eu-west-3.module.networking.module.vpc.aws_route_table_association.elasticache",
            "module.eu-west-3.module.networking.module.vpc.aws_route_table_association.intra",
            "module.eu-west-3.module.networking.module.vpc.aws_route_table_association.private",
            "module.eu-west-3.module.networking.module.vpc.aws_route_table_association.public",
            "module.eu-west-3.module.networking.module.vpc.aws_route_table_association.redshift",
            "module.eu-west-3.module.networking.module.vpc.aws_route_table_association.redshift_public",
            "module.eu-west-3.module.networking.module.vpc.aws_subnet.database",
            "module.eu-west-3.module.networking.module.vpc.aws_subnet.elasticache",
            "module.eu-west-3.module.networking.module.vpc.aws_subnet.intra",
            "module.eu-west-3.module.networking.module.vpc.aws_subnet.private",
            "module.eu-west-3.module.networking.module.vpc.aws_subnet.public",
            "module.eu-west-3.module.networking.module.vpc.aws_subnet.redshift",
            "module.eu-west-3.module.networking.module.vpc.aws_vpc.this",
            "module.eu-west-3.module.networking.module.vpc.aws_vpc_dhcp_options.this",
            "module.eu-west-3.module.networking.module.vpc.aws_vpc_dhcp_options_association.this",
            "module.eu-west-3.module.networking.module.vpc.aws_vpc_endpoint.access_analyzer",
            "module.eu-west-3.module.networking.module.vpc.aws_vpc_endpoint.acm_pca",
            "module.eu-west-3.module.networking.module.vpc.aws_vpc_endpoint.apigw",
            "module.eu-west-3.module.networking.module.vpc.aws_vpc_endpoint.appmesh_envoy_management",
            "module.eu-west-3.module.networking.module.vpc.aws_vpc_endpoint.appstream_api",
            "module.eu-west-3.module.networking.module.vpc.aws_vpc_endpoint.appstream_streaming",
            "module.eu-west-3.module.networking.module.vpc.aws_vpc_endpoint.athena",
            "module.eu-west-3.module.networking.module.vpc.aws_vpc_endpoint.auto_scaling_plans",
            "module.eu-west-3.module.networking.module.vpc.aws_vpc_endpoint.cloud_directory",
            "module.eu-west-3.module.networking.module.vpc.aws_vpc_endpoint.cloudformation",
            "module.eu-west-3.module.networking.module.vpc.aws_vpc_endpoint.cloudtrail",
            "module.eu-west-3.module.networking.module.vpc.aws_vpc_endpoint.codeartifact_api",
            "module.eu-west-3.module.networking.module.vpc.aws_vpc_endpoint.codeartifact_repositories",
            "module.eu-west-3.module.networking.module.vpc.aws_vpc_endpoint.codebuild",
            "module.eu-west-3.module.networking.module.vpc.aws_vpc_endpoint.codecommit",
            "module.eu-west-3.module.networking.module.vpc.aws_vpc_endpoint.codedeploy",
            "module.eu-west-3.module.networking.module.vpc.aws_vpc_endpoint.codedeploy_commands_secure",
            "module.eu-west-3.module.networking.module.vpc.aws_vpc_endpoint.codepipeline",
            "module.eu-west-3.module.networking.module.vpc.aws_vpc_endpoint.config",
            "module.eu-west-3.module.networking.module.vpc.aws_vpc_endpoint.datasync",
            "module.eu-west-3.module.networking.module.vpc.aws_vpc_endpoint.dynamodb",
            "module.eu-west-3.module.networking.module.vpc.aws_vpc_endpoint.ebs",
            "module.eu-west-3.module.networking.module.vpc.aws_vpc_endpoint.ec2",
            "module.eu-west-3.module.networking.module.vpc.aws_vpc_endpoint.ec2_autoscaling",
            "module.eu-west-3.module.networking.module.vpc.aws_vpc_endpoint.ec2messages",
            "module.eu-west-3.module.networking.module.vpc.aws_vpc_endpoint.ecr_api",
            "module.eu-west-3.module.networking.module.vpc.aws_vpc_endpoint.ecr_dkr",
            "module.eu-west-3.module.networking.module.vpc.aws_vpc_endpoint.ecs",
            "module.eu-west-3.module.networking.module.vpc.aws_vpc_endpoint.ecs_agent",
            "module.eu-west-3.module.networking.module.vpc.aws_vpc_endpoint.ecs_telemetry",
            "module.eu-west-3.module.networking.module.vpc.aws_vpc_endpoint.efs",
            "module.eu-west-3.module.networking.module.vpc.aws_vpc_endpoint.elastic_inference_runtime",
            "module.eu-west-3.module.networking.module.vpc.aws_vpc_endpoint.elasticbeanstalk",
            "module.eu-west-3.module.networking.module.vpc.aws_vpc_endpoint.elasticbeanstalk_health",
            "module.eu-west-3.module.networking.module.vpc.aws_vpc_endpoint.elasticloadbalancing",
            "module.eu-west-3.module.networking.module.vpc.aws_vpc_endpoint.emr",
            "module.eu-west-3.module.networking.module.vpc.aws_vpc_endpoint.events",
            "module.eu-west-3.module.networking.module.vpc.aws_vpc_endpoint.git_codecommit",
            "module.eu-west-3.module.networking.module.vpc.aws_vpc_endpoint.glue",
            "module.eu-west-3.module.networking.module.vpc.aws_vpc_endpoint.kinesis_firehose",
            "module.eu-west-3.module.networking.module.vpc.aws_vpc_endpoint.kinesis_streams",
            "module.eu-west-3.module.networking.module.vpc.aws_vpc_endpoint.kms",
            "module.eu-west-3.module.networking.module.vpc.aws_vpc_endpoint.lambda",
            "module.eu-west-3.module.networking.module.vpc.aws_vpc_endpoint.logs",
            "module.eu-west-3.module.networking.module.vpc.aws_vpc_endpoint.monitoring",
            "module.eu-west-3.module.networking.module.vpc.aws_vpc_endpoint.qldb_session",
            "module.eu-west-3.module.networking.module.vpc.aws_vpc_endpoint.rds",
            "module.eu-west-3.module.networking.module.vpc.aws_vpc_endpoint.rekognition",
            "module.eu-west-3.module.networking.module.vpc.aws_vpc_endpoint.s3",
            "module.eu-west-3.module.networking.module.vpc.aws_vpc_endpoint.sagemaker_api",
            "module.eu-west-3.module.networking.module.vpc.aws_vpc_endpoint.sagemaker_notebook",
            "module.eu-west-3.module.networking.module.vpc.aws_vpc_endpoint.sagemaker_runtime",
            "module.eu-west-3.module.networking.module.vpc.aws_vpc_endpoint.secretsmanager",
            "module.eu-west-3.module.networking.module.vpc.aws_vpc_endpoint.servicecatalog",
            "module.eu-west-3.module.networking.module.vpc.aws_vpc_endpoint.ses",
            "module.eu-west-3.module.networking.module.vpc.aws_vpc_endpoint.sms",
            "module.eu-west-3.module.networking.module.vpc.aws_vpc_endpoint.sns",
            "module.eu-west-3.module.networking.module.vpc.aws_vpc_endpoint.sqs",
            "module.eu-west-3.module.networking.module.vpc.aws_vpc_endpoint.ssm",
            "module.eu-west-3.module.networking.module.vpc.aws_vpc_endpoint.ssmmessages",
            "module.eu-west-3.module.networking.module.vpc.aws_vpc_endpoint.states",
            "module.eu-west-3.module.networking.module.vpc.aws_vpc_endpoint.storagegateway",
            "module.eu-west-3.module.networking.module.vpc.aws_vpc_endpoint.sts",
            "module.eu-west-3.module.networking.module.vpc.aws_vpc_endpoint.textract",
            "module.eu-west-3.module.networking.module.vpc.aws_vpc_endpoint.transfer",
            "module.eu-west-3.module.networking.module.vpc.aws_vpc_endpoint.transferserver",
            "module.eu-west-3.module.networking.module.vpc.aws_vpc_endpoint.workspaces",
            "module.eu-west-3.module.networking.module.vpc.aws_vpc_endpoint_route_table_association.intra_dynamodb",
            "module.eu-west-3.module.networking.module.vpc.aws_vpc_endpoint_route_table_association.intra_s3",
            "module.eu-west-3.module.networking.module.vpc.aws_vpc_endpoint_route_table_association.private_dynamodb",
            "module.eu-west-3.module.networking.module.vpc.aws_vpc_endpoint_route_table_association.private_s3",
            "module.eu-west-3.module.networking.module.vpc.aws_vpc_endpoint_route_table_association.public_dynamodb",
            "module.eu-west-3.module.networking.module.vpc.aws_vpc_endpoint_route_table_association.public_s3",
            "module.eu-west-3.module.networking.module.vpc.aws_vpc_ipv4_cidr_block_association.this",
            "module.eu-west-3.module.networking.module.vpc.aws_vpn_gateway.this",
            "module.eu-west-3.module.networking.module.vpc.aws_vpn_gateway_attachment.this",
            "module.eu-west-3.module.networking.module.vpc.aws_vpn_gateway_route_propagation.intra",
            "module.eu-west-3.module.networking.module.vpc.aws_vpn_gateway_route_propagation.private",
            "module.eu-west-3.module.networking.module.vpc.aws_vpn_gateway_route_propagation.public",
            "module.eu-west-3.module.networking.module.vpc.data.aws_iam_policy_document.flow_log_cloudwatch_assume_role",
            "module.eu-west-3.module.networking.module.vpc.data.aws_iam_policy_document.vpc_flow_log_cloudwatch",
            "module.eu-west-3.module.networking.module.vpc.data.aws_vpc_endpoint_service.access_analyzer",
            "module.eu-west-3.module.networking.module.vpc.data.aws_vpc_endpoint_service.acm_pca",
            "module.eu-west-3.module.networking.module.vpc.data.aws_vpc_endpoint_service.apigw",
            "module.eu-west-3.module.networking.module.vpc.data.aws_vpc_endpoint_service.appmesh_envoy_management",
            "module.eu-west-3.module.networking.module.vpc.data.aws_vpc_endpoint_service.appstream_api",
            "module.eu-west-3.module.networking.module.vpc.data.aws_vpc_endpoint_service.appstream_streaming",
            "module.eu-west-3.module.networking.module.vpc.data.aws_vpc_endpoint_service.athena",
            "module.eu-west-3.module.networking.module.vpc.data.aws_vpc_endpoint_service.auto_scaling_plans",
            "module.eu-west-3.module.networking.module.vpc.data.aws_vpc_endpoint_service.cloud_directory",
            "module.eu-west-3.module.networking.module.vpc.data.aws_vpc_endpoint_service.cloudformation",
            "module.eu-west-3.module.networking.module.vpc.data.aws_vpc_endpoint_service.cloudtrail",
            "module.eu-west-3.module.networking.module.vpc.data.aws_vpc_endpoint_service.codeartifact_api",
            "module.eu-west-3.module.networking.module.vpc.data.aws_vpc_endpoint_service.codeartifact_repositories",
            "module.eu-west-3.module.networking.module.vpc.data.aws_vpc_endpoint_service.codebuild",
            "module.eu-west-3.module.networking.module.vpc.data.aws_vpc_endpoint_service.codecommit",
            "module.eu-west-3.module.networking.module.vpc.data.aws_vpc_endpoint_service.codedeploy",
            "module.eu-west-3.module.networking.module.vpc.data.aws_vpc_endpoint_service.codedeploy_commands_secure",
            "module.eu-west-3.module.networking.module.vpc.data.aws_vpc_endpoint_service.codepipeline",
            "module.eu-west-3.module.networking.module.vpc.data.aws_vpc_endpoint_service.config",
            "module.eu-west-3.module.networking.module.vpc.data.aws_vpc_endpoint_service.datasync",
            "module.eu-west-3.module.networking.module.vpc.data.aws_vpc_endpoint_service.dynamodb",
            "module.eu-west-3.module.networking.module.vpc.data.aws_vpc_endpoint_service.ebs",
            "module.eu-west-3.module.networking.module.vpc.data.aws_vpc_endpoint_service.ec2",
            "module.eu-west-3.module.networking.module.vpc.data.aws_vpc_endpoint_service.ec2_autoscaling",
            "module.eu-west-3.module.networking.module.vpc.data.aws_vpc_endpoint_service.ec2messages",
            "module.eu-west-3.module.networking.module.vpc.data.aws_vpc_endpoint_service.ecr_api",
            "module.eu-west-3.module.networking.module.vpc.data.aws_vpc_endpoint_service.ecr_dkr",
            "module.eu-west-3.module.networking.module.vpc.data.aws_vpc_endpoint_service.ecs",
            "module.eu-west-3.module.networking.module.vpc.data.aws_vpc_endpoint_service.ecs_agent",
            "module.eu-west-3.module.networking.module.vpc.data.aws_vpc_endpoint_service.ecs_telemetry",
            "module.eu-west-3.module.networking.module.vpc.data.aws_vpc_endpoint_service.efs",
            "module.eu-west-3.module.networking.module.vpc.data.aws_vpc_endpoint_service.elastic_inference_runtime",
            "module.eu-west-3.module.networking.module.vpc.data.aws_vpc_endpoint_service.elasticbeanstalk",
            "module.eu-west-3.module.networking.module.vpc.data.aws_vpc_endpoint_service.elasticbeanstalk_health",
            "module.eu-west-3.module.networking.module.vpc.data.aws_vpc_endpoint_service.elasticloadbalancing",
            "module.eu-west-3.module.networking.module.vpc.data.aws_vpc_endpoint_service.emr",
            "module.eu-west-3.module.networking.module.vpc.data.aws_vpc_endpoint_service.events",
            "module.eu-west-3.module.networking.module.vpc.data.aws_vpc_endpoint_service.git_codecommit",
            "module.eu-west-3.module.networking.module.vpc.data.aws_vpc_endpoint_service.glue",
            "module.eu-west-3.module.networking.module.vpc.data.aws_vpc_endpoint_service.kinesis_firehose",
            "module.eu-west-3.module.networking.module.vpc.data.aws_vpc_endpoint_service.kinesis_streams",
            "module.eu-west-3.module.networking.module.vpc.data.aws_vpc_endpoint_service.kms",
            "module.eu-west-3.module.networking.module.vpc.data.aws_vpc_endpoint_service.lambda",
            "module.eu-west-3.module.networking.module.vpc.data.aws_vpc_endpoint_service.logs",
            "module.eu-west-3.module.networking.module.vpc.data.aws_vpc_endpoint_service.monitoring",
            "module.eu-west-3.module.networking.module.vpc.data.aws_vpc_endpoint_service.qldb_session",
            "module.eu-west-3.module.networking.module.vpc.data.aws_vpc_endpoint_service.rds",
            "module.eu-west-3.module.networking.module.vpc.data.aws_vpc_endpoint_service.rekognition",
            "module.eu-west-3.module.networking.module.vpc.data.aws_vpc_endpoint_service.s3",
            "module.eu-west-3.module.networking.module.vpc.data.aws_vpc_endpoint_service.sagemaker_api",
            "module.eu-west-3.module.networking.module.vpc.data.aws_vpc_endpoint_service.sagemaker_notebook",
            "module.eu-west-3.module.networking.module.vpc.data.aws_vpc_endpoint_service.sagemaker_runtime",
            "module.eu-west-3.module.networking.module.vpc.data.aws_vpc_endpoint_service.secretsmanager",
            "module.eu-west-3.module.networking.module.vpc.data.aws_vpc_endpoint_service.servicecatalog",
            "module.eu-west-3.module.networking.module.vpc.data.aws_vpc_endpoint_service.ses",
            "module.eu-west-3.module.networking.module.vpc.data.aws_vpc_endpoint_service.sms",
            "module.eu-west-3.module.networking.module.vpc.data.aws_vpc_endpoint_service.sns",
            "module.eu-west-3.module.networking.module.vpc.data.aws_vpc_endpoint_service.sqs",
            "module.eu-west-3.module.networking.module.vpc.data.aws_vpc_endpoint_service.ssm",
            "module.eu-west-3.module.networking.module.vpc.data.aws_vpc_endpoint_service.ssmmessages",
            "module.eu-west-3.module.networking.module.vpc.data.aws_vpc_endpoint_service.states",
            "module.eu-west-3.module.networking.module.vpc.data.aws_vpc_endpoint_service.storagegateway",
            "module.eu-west-3.module.networking.module.vpc.data.aws_vpc_endpoint_service.sts",
            "module.eu-west-3.module.networking.module.vpc.data.aws_vpc_endpoint_service.textract",
            "module.eu-west-3.module.networking.module.vpc.data.aws_vpc_endpoint_service.transfer",
            "module.eu-west-3.module.networking.module.vpc.data.aws_vpc_endpoint_service.transferserver",
            "module.eu-west-3.module.networking.module.vpc.data.aws_vpc_endpoint_service.workspaces",
            "module.eu-west-3.module.resourcegroup.random_string.rand"
          ]
        }
      ]
    },
    {
      "module": "module.eu-west-3.module.loadbalancing",
      "mode": "managed",
      "type": "aws_lb_listener",
      "name": "consul_ui",
      "provider": "module.eu-west-3.provider[\"registry.terraform.io/hashicorp/aws\"]",
      "instances": [
        {
          "schema_version": 0,
          "attributes": {
            "arn": "arn:aws:elasticloadbalancing:eu-west-3:837089879979:listener/app/terraform-545j4bommr8kop-consul/4e7e710929c25546/d3618dad2f037e43",
            "certificate_arn": null,
            "default_action": [
              {
                "authenticate_cognito": [],
                "authenticate_oidc": [],
                "fixed_response": [],
                "forward": [],
                "order": 1,
                "redirect": [],
                "target_group_arn": "arn:aws:elasticloadbalancing:eu-west-3:837089879979:targetgroup/uwfnerl9-consul-ui/1f33a1491aaa2e1a",
                "type": "forward"
              }
            ],
            "id": "arn:aws:elasticloadbalancing:eu-west-3:837089879979:listener/app/terraform-545j4bommr8kop-consul/4e7e710929c25546/d3618dad2f037e43",
            "load_balancer_arn": "arn:aws:elasticloadbalancing:eu-west-3:837089879979:loadbalancer/app/terraform-545j4bommr8kop-consul/4e7e710929c25546",
            "port": 8500,
            "protocol": "HTTP",
            "ssl_policy": "",
            "timeouts": null
          },
          "private": "eyJlMmJmYjczMC1lY2FhLTExZTYtOGY4OC0zNDM2M2JjN2M0YzAiOnsicmVhZCI6NjAwMDAwMDAwMDAwfX0=",
          "dependencies": [
            "module.eu-west-3.module.loadbalancing.aws_lb.consul_lb",
            "module.eu-west-3.module.loadbalancing.aws_lb_target_group.consul_ui",
            "module.eu-west-3.module.loadbalancing.random_string.rand",
            "module.eu-west-3.module.networking.data.aws_availability_zones.available",
            "module.eu-west-3.module.networking.module.consul_lb_sg.aws_security_group.security_group",
            "module.eu-west-3.module.networking.module.consul_server_sg.aws_security_group.security_group",
            "module.eu-west-3.module.networking.module.fabio_lb_sg.aws_security_group.security_group",
            "module.eu-west-3.module.networking.module.nomad_client_sg.aws_security_group.security_group",
            "module.eu-west-3.module.networking.module.nomad_lb_sg.aws_security_group.security_group",
            "module.eu-west-3.module.networking.module.nomad_server_sg.aws_security_group.security_group",
            "module.eu-west-3.module.networking.module.vault_lb_sg.aws_security_group.security_group",
            "module.eu-west-3.module.networking.module.vault_server_sg.aws_security_group.security_group",
            "module.eu-west-3.module.networking.module.vpc.aws_cloudwatch_log_group.flow_log",
            "module.eu-west-3.module.networking.module.vpc.aws_customer_gateway.this",
            "module.eu-west-3.module.networking.module.vpc.aws_db_subnet_group.database",
            "module.eu-west-3.module.networking.module.vpc.aws_default_network_acl.this",
            "module.eu-west-3.module.networking.module.vpc.aws_default_security_group.this",
            "module.eu-west-3.module.networking.module.vpc.aws_default_vpc.this",
            "module.eu-west-3.module.networking.module.vpc.aws_egress_only_internet_gateway.this",
            "module.eu-west-3.module.networking.module.vpc.aws_eip.nat",
            "module.eu-west-3.module.networking.module.vpc.aws_elasticache_subnet_group.elasticache",
            "module.eu-west-3.module.networking.module.vpc.aws_flow_log.this",
            "module.eu-west-3.module.networking.module.vpc.aws_iam_policy.vpc_flow_log_cloudwatch",
            "module.eu-west-3.module.networking.module.vpc.aws_iam_role.vpc_flow_log_cloudwatch",
            "module.eu-west-3.module.networking.module.vpc.aws_iam_role_policy_attachment.vpc_flow_log_cloudwatch",
            "module.eu-west-3.module.networking.module.vpc.aws_internet_gateway.this",
            "module.eu-west-3.module.networking.module.vpc.aws_nat_gateway.this",
            "module.eu-west-3.module.networking.module.vpc.aws_network_acl.database",
            "module.eu-west-3.module.networking.module.vpc.aws_network_acl.elasticache",
            "module.eu-west-3.module.networking.module.vpc.aws_network_acl.intra",
            "module.eu-west-3.module.networking.module.vpc.aws_network_acl.private",
            "module.eu-west-3.module.networking.module.vpc.aws_network_acl.public",
            "module.eu-west-3.module.networking.module.vpc.aws_network_acl.redshift",
            "module.eu-west-3.module.networking.module.vpc.aws_network_acl_rule.database_inbound",
            "module.eu-west-3.module.networking.module.vpc.aws_network_acl_rule.database_outbound",
            "module.eu-west-3.module.networking.module.vpc.aws_network_acl_rule.elasticache_inbound",
            "module.eu-west-3.module.networking.module.vpc.aws_network_acl_rule.elasticache_outbound",
            "module.eu-west-3.module.networking.module.vpc.aws_network_acl_rule.intra_inbound",
            "module.eu-west-3.module.networking.module.vpc.aws_network_acl_rule.intra_outbound",
            "module.eu-west-3.module.networking.module.vpc.aws_network_acl_rule.private_inbound",
            "module.eu-west-3.module.networking.module.vpc.aws_network_acl_rule.private_outbound",
            "module.eu-west-3.module.networking.module.vpc.aws_network_acl_rule.public_inbound",
            "module.eu-west-3.module.networking.module.vpc.aws_network_acl_rule.public_outbound",
            "module.eu-west-3.module.networking.module.vpc.aws_network_acl_rule.redshift_inbound",
            "module.eu-west-3.module.networking.module.vpc.aws_network_acl_rule.redshift_outbound",
            "module.eu-west-3.module.networking.module.vpc.aws_redshift_subnet_group.redshift",
            "module.eu-west-3.module.networking.module.vpc.aws_route.database_internet_gateway",
            "module.eu-west-3.module.networking.module.vpc.aws_route.database_ipv6_egress",
            "module.eu-west-3.module.networking.module.vpc.aws_route.database_nat_gateway",
            "module.eu-west-3.module.networking.module.vpc.aws_route.private_ipv6_egress",
            "module.eu-west-3.module.networking.module.vpc.aws_route.private_nat_gateway",
            "module.eu-west-3.module.networking.module.vpc.aws_route.public_internet_gateway",
            "module.eu-west-3.module.networking.module.vpc.aws_route.public_internet_gateway_ipv6",
            "module.eu-west-3.module.networking.module.vpc.aws_route_table.database",
            "module.eu-west-3.module.networking.module.vpc.aws_route_table.elasticache",
            "module.eu-west-3.module.networking.module.vpc.aws_route_table.intra",
            "module.eu-west-3.module.networking.module.vpc.aws_route_table.private",
            "module.eu-west-3.module.networking.module.vpc.aws_route_table.public",
            "module.eu-west-3.module.networking.module.vpc.aws_route_table.redshift",
            "module.eu-west-3.module.networking.module.vpc.aws_route_table_association.database",
            "module.eu-west-3.module.networking.module.vpc.aws_route_table_association.elasticache",
            "module.eu-west-3.module.networking.module.vpc.aws_route_table_association.intra",
            "module.eu-west-3.module.networking.module.vpc.aws_route_table_association.private",
            "module.eu-west-3.module.networking.module.vpc.aws_route_table_association.public",
            "module.eu-west-3.module.networking.module.vpc.aws_route_table_association.redshift",
            "module.eu-west-3.module.networking.module.vpc.aws_route_table_association.redshift_public",
            "module.eu-west-3.module.networking.module.vpc.aws_subnet.database",
            "module.eu-west-3.module.networking.module.vpc.aws_subnet.elasticache",
            "module.eu-west-3.module.networking.module.vpc.aws_subnet.intra",
            "module.eu-west-3.module.networking.module.vpc.aws_subnet.private",
            "module.eu-west-3.module.networking.module.vpc.aws_subnet.public",
            "module.eu-west-3.module.networking.module.vpc.aws_subnet.redshift",
            "module.eu-west-3.module.networking.module.vpc.aws_vpc.this",
            "module.eu-west-3.module.networking.module.vpc.aws_vpc_dhcp_options.this",
            "module.eu-west-3.module.networking.module.vpc.aws_vpc_dhcp_options_association.this",
            "module.eu-west-3.module.networking.module.vpc.aws_vpc_endpoint.access_analyzer",
            "module.eu-west-3.module.networking.module.vpc.aws_vpc_endpoint.acm_pca",
            "module.eu-west-3.module.networking.module.vpc.aws_vpc_endpoint.apigw",
            "module.eu-west-3.module.networking.module.vpc.aws_vpc_endpoint.appmesh_envoy_management",
            "module.eu-west-3.module.networking.module.vpc.aws_vpc_endpoint.appstream_api",
            "module.eu-west-3.module.networking.module.vpc.aws_vpc_endpoint.appstream_streaming",
            "module.eu-west-3.module.networking.module.vpc.aws_vpc_endpoint.athena",
            "module.eu-west-3.module.networking.module.vpc.aws_vpc_endpoint.auto_scaling_plans",
            "module.eu-west-3.module.networking.module.vpc.aws_vpc_endpoint.cloud_directory",
            "module.eu-west-3.module.networking.module.vpc.aws_vpc_endpoint.cloudformation",
            "module.eu-west-3.module.networking.module.vpc.aws_vpc_endpoint.cloudtrail",
            "module.eu-west-3.module.networking.module.vpc.aws_vpc_endpoint.codeartifact_api",
            "module.eu-west-3.module.networking.module.vpc.aws_vpc_endpoint.codeartifact_repositories",
            "module.eu-west-3.module.networking.module.vpc.aws_vpc_endpoint.codebuild",
            "module.eu-west-3.module.networking.module.vpc.aws_vpc_endpoint.codecommit",
            "module.eu-west-3.module.networking.module.vpc.aws_vpc_endpoint.codedeploy",
            "module.eu-west-3.module.networking.module.vpc.aws_vpc_endpoint.codedeploy_commands_secure",
            "module.eu-west-3.module.networking.module.vpc.aws_vpc_endpoint.codepipeline",
            "module.eu-west-3.module.networking.module.vpc.aws_vpc_endpoint.config",
            "module.eu-west-3.module.networking.module.vpc.aws_vpc_endpoint.datasync",
            "module.eu-west-3.module.networking.module.vpc.aws_vpc_endpoint.dynamodb",
            "module.eu-west-3.module.networking.module.vpc.aws_vpc_endpoint.ebs",
            "module.eu-west-3.module.networking.module.vpc.aws_vpc_endpoint.ec2",
            "module.eu-west-3.module.networking.module.vpc.aws_vpc_endpoint.ec2_autoscaling",
            "module.eu-west-3.module.networking.module.vpc.aws_vpc_endpoint.ec2messages",
            "module.eu-west-3.module.networking.module.vpc.aws_vpc_endpoint.ecr_api",
            "module.eu-west-3.module.networking.module.vpc.aws_vpc_endpoint.ecr_dkr",
            "module.eu-west-3.module.networking.module.vpc.aws_vpc_endpoint.ecs",
            "module.eu-west-3.module.networking.module.vpc.aws_vpc_endpoint.ecs_agent",
            "module.eu-west-3.module.networking.module.vpc.aws_vpc_endpoint.ecs_telemetry",
            "module.eu-west-3.module.networking.module.vpc.aws_vpc_endpoint.efs",
            "module.eu-west-3.module.networking.module.vpc.aws_vpc_endpoint.elastic_inference_runtime",
            "module.eu-west-3.module.networking.module.vpc.aws_vpc_endpoint.elasticbeanstalk",
            "module.eu-west-3.module.networking.module.vpc.aws_vpc_endpoint.elasticbeanstalk_health",
            "module.eu-west-3.module.networking.module.vpc.aws_vpc_endpoint.elasticloadbalancing",
            "module.eu-west-3.module.networking.module.vpc.aws_vpc_endpoint.emr",
            "module.eu-west-3.module.networking.module.vpc.aws_vpc_endpoint.events",
            "module.eu-west-3.module.networking.module.vpc.aws_vpc_endpoint.git_codecommit",
            "module.eu-west-3.module.networking.module.vpc.aws_vpc_endpoint.glue",
            "module.eu-west-3.module.networking.module.vpc.aws_vpc_endpoint.kinesis_firehose",
            "module.eu-west-3.module.networking.module.vpc.aws_vpc_endpoint.kinesis_streams",
            "module.eu-west-3.module.networking.module.vpc.aws_vpc_endpoint.kms",
            "module.eu-west-3.module.networking.module.vpc.aws_vpc_endpoint.lambda",
            "module.eu-west-3.module.networking.module.vpc.aws_vpc_endpoint.logs",
            "module.eu-west-3.module.networking.module.vpc.aws_vpc_endpoint.monitoring",
            "module.eu-west-3.module.networking.module.vpc.aws_vpc_endpoint.qldb_session",
            "module.eu-west-3.module.networking.module.vpc.aws_vpc_endpoint.rds",
            "module.eu-west-3.module.networking.module.vpc.aws_vpc_endpoint.rekognition",
            "module.eu-west-3.module.networking.module.vpc.aws_vpc_endpoint.s3",
            "module.eu-west-3.module.networking.module.vpc.aws_vpc_endpoint.sagemaker_api",
            "module.eu-west-3.module.networking.module.vpc.aws_vpc_endpoint.sagemaker_notebook",
            "module.eu-west-3.module.networking.module.vpc.aws_vpc_endpoint.sagemaker_runtime",
            "module.eu-west-3.module.networking.module.vpc.aws_vpc_endpoint.secretsmanager",
            "module.eu-west-3.module.networking.module.vpc.aws_vpc_endpoint.servicecatalog",
            "module.eu-west-3.module.networking.module.vpc.aws_vpc_endpoint.ses",
            "module.eu-west-3.module.networking.module.vpc.aws_vpc_endpoint.sms",
            "module.eu-west-3.module.networking.module.vpc.aws_vpc_endpoint.sns",
            "module.eu-west-3.module.networking.module.vpc.aws_vpc_endpoint.sqs",
            "module.eu-west-3.module.networking.module.vpc.aws_vpc_endpoint.ssm",
            "module.eu-west-3.module.networking.module.vpc.aws_vpc_endpoint.ssmmessages",
            "module.eu-west-3.module.networking.module.vpc.aws_vpc_endpoint.states",
            "module.eu-west-3.module.networking.module.vpc.aws_vpc_endpoint.storagegateway",
            "module.eu-west-3.module.networking.module.vpc.aws_vpc_endpoint.sts",
            "module.eu-west-3.module.networking.module.vpc.aws_vpc_endpoint.textract",
            "module.eu-west-3.module.networking.module.vpc.aws_vpc_endpoint.transfer",
            "module.eu-west-3.module.networking.module.vpc.aws_vpc_endpoint.transferserver",
            "module.eu-west-3.module.networking.module.vpc.aws_vpc_endpoint.workspaces",
            "module.eu-west-3.module.networking.module.vpc.aws_vpc_endpoint_route_table_association.intra_dynamodb",
            "module.eu-west-3.module.networking.module.vpc.aws_vpc_endpoint_route_table_association.intra_s3",
            "module.eu-west-3.module.networking.module.vpc.aws_vpc_endpoint_route_table_association.private_dynamodb",
            "module.eu-west-3.module.networking.module.vpc.aws_vpc_endpoint_route_table_association.private_s3",
            "module.eu-west-3.module.networking.module.vpc.aws_vpc_endpoint_route_table_association.public_dynamodb",
            "module.eu-west-3.module.networking.module.vpc.aws_vpc_endpoint_route_table_association.public_s3",
            "module.eu-west-3.module.networking.module.vpc.aws_vpc_ipv4_cidr_block_association.this",
            "module.eu-west-3.module.networking.module.vpc.aws_vpn_gateway.this",
            "module.eu-west-3.module.networking.module.vpc.aws_vpn_gateway_attachment.this",
            "module.eu-west-3.module.networking.module.vpc.aws_vpn_gateway_route_propagation.intra",
            "module.eu-west-3.module.networking.module.vpc.aws_vpn_gateway_route_propagation.private",
            "module.eu-west-3.module.networking.module.vpc.aws_vpn_gateway_route_propagation.public",
            "module.eu-west-3.module.networking.module.vpc.data.aws_iam_policy_document.flow_log_cloudwatch_assume_role",
            "module.eu-west-3.module.networking.module.vpc.data.aws_iam_policy_document.vpc_flow_log_cloudwatch",
            "module.eu-west-3.module.networking.module.vpc.data.aws_vpc_endpoint_service.access_analyzer",
            "module.eu-west-3.module.networking.module.vpc.data.aws_vpc_endpoint_service.acm_pca",
            "module.eu-west-3.module.networking.module.vpc.data.aws_vpc_endpoint_service.apigw",
            "module.eu-west-3.module.networking.module.vpc.data.aws_vpc_endpoint_service.appmesh_envoy_management",
            "module.eu-west-3.module.networking.module.vpc.data.aws_vpc_endpoint_service.appstream_api",
            "module.eu-west-3.module.networking.module.vpc.data.aws_vpc_endpoint_service.appstream_streaming",
            "module.eu-west-3.module.networking.module.vpc.data.aws_vpc_endpoint_service.athena",
            "module.eu-west-3.module.networking.module.vpc.data.aws_vpc_endpoint_service.auto_scaling_plans",
            "module.eu-west-3.module.networking.module.vpc.data.aws_vpc_endpoint_service.cloud_directory",
            "module.eu-west-3.module.networking.module.vpc.data.aws_vpc_endpoint_service.cloudformation",
            "module.eu-west-3.module.networking.module.vpc.data.aws_vpc_endpoint_service.cloudtrail",
            "module.eu-west-3.module.networking.module.vpc.data.aws_vpc_endpoint_service.codeartifact_api",
            "module.eu-west-3.module.networking.module.vpc.data.aws_vpc_endpoint_service.codeartifact_repositories",
            "module.eu-west-3.module.networking.module.vpc.data.aws_vpc_endpoint_service.codebuild",
            "module.eu-west-3.module.networking.module.vpc.data.aws_vpc_endpoint_service.codecommit",
            "module.eu-west-3.module.networking.module.vpc.data.aws_vpc_endpoint_service.codedeploy",
            "module.eu-west-3.module.networking.module.vpc.data.aws_vpc_endpoint_service.codedeploy_commands_secure",
            "module.eu-west-3.module.networking.module.vpc.data.aws_vpc_endpoint_service.codepipeline",
            "module.eu-west-3.module.networking.module.vpc.data.aws_vpc_endpoint_service.config",
            "module.eu-west-3.module.networking.module.vpc.data.aws_vpc_endpoint_service.datasync",
            "module.eu-west-3.module.networking.module.vpc.data.aws_vpc_endpoint_service.dynamodb",
            "module.eu-west-3.module.networking.module.vpc.data.aws_vpc_endpoint_service.ebs",
            "module.eu-west-3.module.networking.module.vpc.data.aws_vpc_endpoint_service.ec2",
            "module.eu-west-3.module.networking.module.vpc.data.aws_vpc_endpoint_service.ec2_autoscaling",
            "module.eu-west-3.module.networking.module.vpc.data.aws_vpc_endpoint_service.ec2messages",
            "module.eu-west-3.module.networking.module.vpc.data.aws_vpc_endpoint_service.ecr_api",
            "module.eu-west-3.module.networking.module.vpc.data.aws_vpc_endpoint_service.ecr_dkr",
            "module.eu-west-3.module.networking.module.vpc.data.aws_vpc_endpoint_service.ecs",
            "module.eu-west-3.module.networking.module.vpc.data.aws_vpc_endpoint_service.ecs_agent",
            "module.eu-west-3.module.networking.module.vpc.data.aws_vpc_endpoint_service.ecs_telemetry",
            "module.eu-west-3.module.networking.module.vpc.data.aws_vpc_endpoint_service.efs",
            "module.eu-west-3.module.networking.module.vpc.data.aws_vpc_endpoint_service.elastic_inference_runtime",
            "module.eu-west-3.module.networking.module.vpc.data.aws_vpc_endpoint_service.elasticbeanstalk",
            "module.eu-west-3.module.networking.module.vpc.data.aws_vpc_endpoint_service.elasticbeanstalk_health",
            "module.eu-west-3.module.networking.module.vpc.data.aws_vpc_endpoint_service.elasticloadbalancing",
            "module.eu-west-3.module.networking.module.vpc.data.aws_vpc_endpoint_service.emr",
            "module.eu-west-3.module.networking.module.vpc.data.aws_vpc_endpoint_service.events",
            "module.eu-west-3.module.networking.module.vpc.data.aws_vpc_endpoint_service.git_codecommit",
            "module.eu-west-3.module.networking.module.vpc.data.aws_vpc_endpoint_service.glue",
            "module.eu-west-3.module.networking.module.vpc.data.aws_vpc_endpoint_service.kinesis_firehose",
            "module.eu-west-3.module.networking.module.vpc.data.aws_vpc_endpoint_service.kinesis_streams",
            "module.eu-west-3.module.networking.module.vpc.data.aws_vpc_endpoint_service.kms",
            "module.eu-west-3.module.networking.module.vpc.data.aws_vpc_endpoint_service.lambda",
            "module.eu-west-3.module.networking.module.vpc.data.aws_vpc_endpoint_service.logs",
            "module.eu-west-3.module.networking.module.vpc.data.aws_vpc_endpoint_service.monitoring",
            "module.eu-west-3.module.networking.module.vpc.data.aws_vpc_endpoint_service.qldb_session",
            "module.eu-west-3.module.networking.module.vpc.data.aws_vpc_endpoint_service.rds",
            "module.eu-west-3.module.networking.module.vpc.data.aws_vpc_endpoint_service.rekognition",
            "module.eu-west-3.module.networking.module.vpc.data.aws_vpc_endpoint_service.s3",
            "module.eu-west-3.module.networking.module.vpc.data.aws_vpc_endpoint_service.sagemaker_api",
            "module.eu-west-3.module.networking.module.vpc.data.aws_vpc_endpoint_service.sagemaker_notebook",
            "module.eu-west-3.module.networking.module.vpc.data.aws_vpc_endpoint_service.sagemaker_runtime",
            "module.eu-west-3.module.networking.module.vpc.data.aws_vpc_endpoint_service.secretsmanager",
            "module.eu-west-3.module.networking.module.vpc.data.aws_vpc_endpoint_service.servicecatalog",
            "module.eu-west-3.module.networking.module.vpc.data.aws_vpc_endpoint_service.ses",
            "module.eu-west-3.module.networking.module.vpc.data.aws_vpc_endpoint_service.sms",
            "module.eu-west-3.module.networking.module.vpc.data.aws_vpc_endpoint_service.sns",
            "module.eu-west-3.module.networking.module.vpc.data.aws_vpc_endpoint_service.sqs",
            "module.eu-west-3.module.networking.module.vpc.data.aws_vpc_endpoint_service.ssm",
            "module.eu-west-3.module.networking.module.vpc.data.aws_vpc_endpoint_service.ssmmessages",
            "module.eu-west-3.module.networking.module.vpc.data.aws_vpc_endpoint_service.states",
            "module.eu-west-3.module.networking.module.vpc.data.aws_vpc_endpoint_service.storagegateway",
            "module.eu-west-3.module.networking.module.vpc.data.aws_vpc_endpoint_service.sts",
            "module.eu-west-3.module.networking.module.vpc.data.aws_vpc_endpoint_service.textract",
            "module.eu-west-3.module.networking.module.vpc.data.aws_vpc_endpoint_service.transfer",
            "module.eu-west-3.module.networking.module.vpc.data.aws_vpc_endpoint_service.transferserver",
            "module.eu-west-3.module.networking.module.vpc.data.aws_vpc_endpoint_service.workspaces",
            "module.eu-west-3.module.resourcegroup.random_string.rand"
          ]
        }
      ]
    },
    {
      "module": "module.eu-west-3.module.loadbalancing",
      "mode": "managed",
      "type": "aws_lb_listener",
      "name": "fabio_lb",
      "provider": "module.eu-west-3.provider[\"registry.terraform.io/hashicorp/aws\"]",
      "instances": [
        {
          "schema_version": 0,
          "attributes": {
            "arn": "arn:aws:elasticloadbalancing:eu-west-3:837089879979:listener/net/terraform-545j4bommr8kop-fabio/6a1395762308b970/5a0e14121b2ef3db",
            "certificate_arn": null,
            "default_action": [
              {
                "authenticate_cognito": [],
                "authenticate_oidc": [],
                "fixed_response": [],
                "forward": [],
                "order": 1,
                "redirect": [],
                "target_group_arn": "arn:aws:elasticloadbalancing:eu-west-3:837089879979:targetgroup/uwfnerl9-fabio-lb/b9e94bb1eb1df8ae",
                "type": "forward"
              }
            ],
            "id": "arn:aws:elasticloadbalancing:eu-west-3:837089879979:listener/net/terraform-545j4bommr8kop-fabio/6a1395762308b970/5a0e14121b2ef3db",
            "load_balancer_arn": "arn:aws:elasticloadbalancing:eu-west-3:837089879979:loadbalancer/net/terraform-545j4bommr8kop-fabio/6a1395762308b970",
            "port": 9999,
            "protocol": "TCP",
            "ssl_policy": "",
            "timeouts": null
          },
          "private": "eyJlMmJmYjczMC1lY2FhLTExZTYtOGY4OC0zNDM2M2JjN2M0YzAiOnsicmVhZCI6NjAwMDAwMDAwMDAwfX0=",
          "dependencies": [
            "module.eu-west-3.module.loadbalancing.aws_lb.fabio_lb",
            "module.eu-west-3.module.loadbalancing.aws_lb_target_group.fabio_lb",
            "module.eu-west-3.module.loadbalancing.random_string.rand",
            "module.eu-west-3.module.networking.data.aws_availability_zones.available",
            "module.eu-west-3.module.networking.module.vpc.aws_cloudwatch_log_group.flow_log",
            "module.eu-west-3.module.networking.module.vpc.aws_customer_gateway.this",
            "module.eu-west-3.module.networking.module.vpc.aws_db_subnet_group.database",
            "module.eu-west-3.module.networking.module.vpc.aws_default_network_acl.this",
            "module.eu-west-3.module.networking.module.vpc.aws_default_security_group.this",
            "module.eu-west-3.module.networking.module.vpc.aws_default_vpc.this",
            "module.eu-west-3.module.networking.module.vpc.aws_egress_only_internet_gateway.this",
            "module.eu-west-3.module.networking.module.vpc.aws_eip.nat",
            "module.eu-west-3.module.networking.module.vpc.aws_elasticache_subnet_group.elasticache",
            "module.eu-west-3.module.networking.module.vpc.aws_flow_log.this",
            "module.eu-west-3.module.networking.module.vpc.aws_iam_policy.vpc_flow_log_cloudwatch",
            "module.eu-west-3.module.networking.module.vpc.aws_iam_role.vpc_flow_log_cloudwatch",
            "module.eu-west-3.module.networking.module.vpc.aws_iam_role_policy_attachment.vpc_flow_log_cloudwatch",
            "module.eu-west-3.module.networking.module.vpc.aws_internet_gateway.this",
            "module.eu-west-3.module.networking.module.vpc.aws_nat_gateway.this",
            "module.eu-west-3.module.networking.module.vpc.aws_network_acl.database",
            "module.eu-west-3.module.networking.module.vpc.aws_network_acl.elasticache",
            "module.eu-west-3.module.networking.module.vpc.aws_network_acl.intra",
            "module.eu-west-3.module.networking.module.vpc.aws_network_acl.private",
            "module.eu-west-3.module.networking.module.vpc.aws_network_acl.public",
            "module.eu-west-3.module.networking.module.vpc.aws_network_acl.redshift",
            "module.eu-west-3.module.networking.module.vpc.aws_network_acl_rule.database_inbound",
            "module.eu-west-3.module.networking.module.vpc.aws_network_acl_rule.database_outbound",
            "module.eu-west-3.module.networking.module.vpc.aws_network_acl_rule.elasticache_inbound",
            "module.eu-west-3.module.networking.module.vpc.aws_network_acl_rule.elasticache_outbound",
            "module.eu-west-3.module.networking.module.vpc.aws_network_acl_rule.intra_inbound",
            "module.eu-west-3.module.networking.module.vpc.aws_network_acl_rule.intra_outbound",
            "module.eu-west-3.module.networking.module.vpc.aws_network_acl_rule.private_inbound",
            "module.eu-west-3.module.networking.module.vpc.aws_network_acl_rule.private_outbound",
            "module.eu-west-3.module.networking.module.vpc.aws_network_acl_rule.public_inbound",
            "module.eu-west-3.module.networking.module.vpc.aws_network_acl_rule.public_outbound",
            "module.eu-west-3.module.networking.module.vpc.aws_network_acl_rule.redshift_inbound",
            "module.eu-west-3.module.networking.module.vpc.aws_network_acl_rule.redshift_outbound",
            "module.eu-west-3.module.networking.module.vpc.aws_redshift_subnet_group.redshift",
            "module.eu-west-3.module.networking.module.vpc.aws_route.database_internet_gateway",
            "module.eu-west-3.module.networking.module.vpc.aws_route.database_ipv6_egress",
            "module.eu-west-3.module.networking.module.vpc.aws_route.database_nat_gateway",
            "module.eu-west-3.module.networking.module.vpc.aws_route.private_ipv6_egress",
            "module.eu-west-3.module.networking.module.vpc.aws_route.private_nat_gateway",
            "module.eu-west-3.module.networking.module.vpc.aws_route.public_internet_gateway",
            "module.eu-west-3.module.networking.module.vpc.aws_route.public_internet_gateway_ipv6",
            "module.eu-west-3.module.networking.module.vpc.aws_route_table.database",
            "module.eu-west-3.module.networking.module.vpc.aws_route_table.elasticache",
            "module.eu-west-3.module.networking.module.vpc.aws_route_table.intra",
            "module.eu-west-3.module.networking.module.vpc.aws_route_table.private",
            "module.eu-west-3.module.networking.module.vpc.aws_route_table.public",
            "module.eu-west-3.module.networking.module.vpc.aws_route_table.redshift",
            "module.eu-west-3.module.networking.module.vpc.aws_route_table_association.database",
            "module.eu-west-3.module.networking.module.vpc.aws_route_table_association.elasticache",
            "module.eu-west-3.module.networking.module.vpc.aws_route_table_association.intra",
            "module.eu-west-3.module.networking.module.vpc.aws_route_table_association.private",
            "module.eu-west-3.module.networking.module.vpc.aws_route_table_association.public",
            "module.eu-west-3.module.networking.module.vpc.aws_route_table_association.redshift",
            "module.eu-west-3.module.networking.module.vpc.aws_route_table_association.redshift_public",
            "module.eu-west-3.module.networking.module.vpc.aws_subnet.database",
            "module.eu-west-3.module.networking.module.vpc.aws_subnet.elasticache",
            "module.eu-west-3.module.networking.module.vpc.aws_subnet.intra",
            "module.eu-west-3.module.networking.module.vpc.aws_subnet.private",
            "module.eu-west-3.module.networking.module.vpc.aws_subnet.public",
            "module.eu-west-3.module.networking.module.vpc.aws_subnet.redshift",
            "module.eu-west-3.module.networking.module.vpc.aws_vpc.this",
            "module.eu-west-3.module.networking.module.vpc.aws_vpc_dhcp_options.this",
            "module.eu-west-3.module.networking.module.vpc.aws_vpc_dhcp_options_association.this",
            "module.eu-west-3.module.networking.module.vpc.aws_vpc_endpoint.access_analyzer",
            "module.eu-west-3.module.networking.module.vpc.aws_vpc_endpoint.acm_pca",
            "module.eu-west-3.module.networking.module.vpc.aws_vpc_endpoint.apigw",
            "module.eu-west-3.module.networking.module.vpc.aws_vpc_endpoint.appmesh_envoy_management",
            "module.eu-west-3.module.networking.module.vpc.aws_vpc_endpoint.appstream_api",
            "module.eu-west-3.module.networking.module.vpc.aws_vpc_endpoint.appstream_streaming",
            "module.eu-west-3.module.networking.module.vpc.aws_vpc_endpoint.athena",
            "module.eu-west-3.module.networking.module.vpc.aws_vpc_endpoint.auto_scaling_plans",
            "module.eu-west-3.module.networking.module.vpc.aws_vpc_endpoint.cloud_directory",
            "module.eu-west-3.module.networking.module.vpc.aws_vpc_endpoint.cloudformation",
            "module.eu-west-3.module.networking.module.vpc.aws_vpc_endpoint.cloudtrail",
            "module.eu-west-3.module.networking.module.vpc.aws_vpc_endpoint.codeartifact_api",
            "module.eu-west-3.module.networking.module.vpc.aws_vpc_endpoint.codeartifact_repositories",
            "module.eu-west-3.module.networking.module.vpc.aws_vpc_endpoint.codebuild",
            "module.eu-west-3.module.networking.module.vpc.aws_vpc_endpoint.codecommit",
            "module.eu-west-3.module.networking.module.vpc.aws_vpc_endpoint.codedeploy",
            "module.eu-west-3.module.networking.module.vpc.aws_vpc_endpoint.codedeploy_commands_secure",
            "module.eu-west-3.module.networking.module.vpc.aws_vpc_endpoint.codepipeline",
            "module.eu-west-3.module.networking.module.vpc.aws_vpc_endpoint.config",
            "module.eu-west-3.module.networking.module.vpc.aws_vpc_endpoint.datasync",
            "module.eu-west-3.module.networking.module.vpc.aws_vpc_endpoint.dynamodb",
            "module.eu-west-3.module.networking.module.vpc.aws_vpc_endpoint.ebs",
            "module.eu-west-3.module.networking.module.vpc.aws_vpc_endpoint.ec2",
            "module.eu-west-3.module.networking.module.vpc.aws_vpc_endpoint.ec2_autoscaling",
            "module.eu-west-3.module.networking.module.vpc.aws_vpc_endpoint.ec2messages",
            "module.eu-west-3.module.networking.module.vpc.aws_vpc_endpoint.ecr_api",
            "module.eu-west-3.module.networking.module.vpc.aws_vpc_endpoint.ecr_dkr",
            "module.eu-west-3.module.networking.module.vpc.aws_vpc_endpoint.ecs",
            "module.eu-west-3.module.networking.module.vpc.aws_vpc_endpoint.ecs_agent",
            "module.eu-west-3.module.networking.module.vpc.aws_vpc_endpoint.ecs_telemetry",
            "module.eu-west-3.module.networking.module.vpc.aws_vpc_endpoint.efs",
            "module.eu-west-3.module.networking.module.vpc.aws_vpc_endpoint.elastic_inference_runtime",
            "module.eu-west-3.module.networking.module.vpc.aws_vpc_endpoint.elasticbeanstalk",
            "module.eu-west-3.module.networking.module.vpc.aws_vpc_endpoint.elasticbeanstalk_health",
            "module.eu-west-3.module.networking.module.vpc.aws_vpc_endpoint.elasticloadbalancing",
            "module.eu-west-3.module.networking.module.vpc.aws_vpc_endpoint.emr",
            "module.eu-west-3.module.networking.module.vpc.aws_vpc_endpoint.events",
            "module.eu-west-3.module.networking.module.vpc.aws_vpc_endpoint.git_codecommit",
            "module.eu-west-3.module.networking.module.vpc.aws_vpc_endpoint.glue",
            "module.eu-west-3.module.networking.module.vpc.aws_vpc_endpoint.kinesis_firehose",
            "module.eu-west-3.module.networking.module.vpc.aws_vpc_endpoint.kinesis_streams",
            "module.eu-west-3.module.networking.module.vpc.aws_vpc_endpoint.kms",
            "module.eu-west-3.module.networking.module.vpc.aws_vpc_endpoint.lambda",
            "module.eu-west-3.module.networking.module.vpc.aws_vpc_endpoint.logs",
            "module.eu-west-3.module.networking.module.vpc.aws_vpc_endpoint.monitoring",
            "module.eu-west-3.module.networking.module.vpc.aws_vpc_endpoint.qldb_session",
            "module.eu-west-3.module.networking.module.vpc.aws_vpc_endpoint.rds",
            "module.eu-west-3.module.networking.module.vpc.aws_vpc_endpoint.rekognition",
            "module.eu-west-3.module.networking.module.vpc.aws_vpc_endpoint.s3",
            "module.eu-west-3.module.networking.module.vpc.aws_vpc_endpoint.sagemaker_api",
            "module.eu-west-3.module.networking.module.vpc.aws_vpc_endpoint.sagemaker_notebook",
            "module.eu-west-3.module.networking.module.vpc.aws_vpc_endpoint.sagemaker_runtime",
            "module.eu-west-3.module.networking.module.vpc.aws_vpc_endpoint.secretsmanager",
            "module.eu-west-3.module.networking.module.vpc.aws_vpc_endpoint.servicecatalog",
            "module.eu-west-3.module.networking.module.vpc.aws_vpc_endpoint.ses",
            "module.eu-west-3.module.networking.module.vpc.aws_vpc_endpoint.sms",
            "module.eu-west-3.module.networking.module.vpc.aws_vpc_endpoint.sns",
            "module.eu-west-3.module.networking.module.vpc.aws_vpc_endpoint.sqs",
            "module.eu-west-3.module.networking.module.vpc.aws_vpc_endpoint.ssm",
            "module.eu-west-3.module.networking.module.vpc.aws_vpc_endpoint.ssmmessages",
            "module.eu-west-3.module.networking.module.vpc.aws_vpc_endpoint.states",
            "module.eu-west-3.module.networking.module.vpc.aws_vpc_endpoint.storagegateway",
            "module.eu-west-3.module.networking.module.vpc.aws_vpc_endpoint.sts",
            "module.eu-west-3.module.networking.module.vpc.aws_vpc_endpoint.textract",
            "module.eu-west-3.module.networking.module.vpc.aws_vpc_endpoint.transfer",
            "module.eu-west-3.module.networking.module.vpc.aws_vpc_endpoint.transferserver",
            "module.eu-west-3.module.networking.module.vpc.aws_vpc_endpoint.workspaces",
            "module.eu-west-3.module.networking.module.vpc.aws_vpc_endpoint_route_table_association.intra_dynamodb",
            "module.eu-west-3.module.networking.module.vpc.aws_vpc_endpoint_route_table_association.intra_s3",
            "module.eu-west-3.module.networking.module.vpc.aws_vpc_endpoint_route_table_association.private_dynamodb",
            "module.eu-west-3.module.networking.module.vpc.aws_vpc_endpoint_route_table_association.private_s3",
            "module.eu-west-3.module.networking.module.vpc.aws_vpc_endpoint_route_table_association.public_dynamodb",
            "module.eu-west-3.module.networking.module.vpc.aws_vpc_endpoint_route_table_association.public_s3",
            "module.eu-west-3.module.networking.module.vpc.aws_vpc_ipv4_cidr_block_association.this",
            "module.eu-west-3.module.networking.module.vpc.aws_vpn_gateway.this",
            "module.eu-west-3.module.networking.module.vpc.aws_vpn_gateway_attachment.this",
            "module.eu-west-3.module.networking.module.vpc.aws_vpn_gateway_route_propagation.intra",
            "module.eu-west-3.module.networking.module.vpc.aws_vpn_gateway_route_propagation.private",
            "module.eu-west-3.module.networking.module.vpc.aws_vpn_gateway_route_propagation.public",
            "module.eu-west-3.module.networking.module.vpc.data.aws_iam_policy_document.flow_log_cloudwatch_assume_role",
            "module.eu-west-3.module.networking.module.vpc.data.aws_iam_policy_document.vpc_flow_log_cloudwatch",
            "module.eu-west-3.module.networking.module.vpc.data.aws_vpc_endpoint_service.access_analyzer",
            "module.eu-west-3.module.networking.module.vpc.data.aws_vpc_endpoint_service.acm_pca",
            "module.eu-west-3.module.networking.module.vpc.data.aws_vpc_endpoint_service.apigw",
            "module.eu-west-3.module.networking.module.vpc.data.aws_vpc_endpoint_service.appmesh_envoy_management",
            "module.eu-west-3.module.networking.module.vpc.data.aws_vpc_endpoint_service.appstream_api",
            "module.eu-west-3.module.networking.module.vpc.data.aws_vpc_endpoint_service.appstream_streaming",
            "module.eu-west-3.module.networking.module.vpc.data.aws_vpc_endpoint_service.athena",
            "module.eu-west-3.module.networking.module.vpc.data.aws_vpc_endpoint_service.auto_scaling_plans",
            "module.eu-west-3.module.networking.module.vpc.data.aws_vpc_endpoint_service.cloud_directory",
            "module.eu-west-3.module.networking.module.vpc.data.aws_vpc_endpoint_service.cloudformation",
            "module.eu-west-3.module.networking.module.vpc.data.aws_vpc_endpoint_service.cloudtrail",
            "module.eu-west-3.module.networking.module.vpc.data.aws_vpc_endpoint_service.codeartifact_api",
            "module.eu-west-3.module.networking.module.vpc.data.aws_vpc_endpoint_service.codeartifact_repositories",
            "module.eu-west-3.module.networking.module.vpc.data.aws_vpc_endpoint_service.codebuild",
            "module.eu-west-3.module.networking.module.vpc.data.aws_vpc_endpoint_service.codecommit",
            "module.eu-west-3.module.networking.module.vpc.data.aws_vpc_endpoint_service.codedeploy",
            "module.eu-west-3.module.networking.module.vpc.data.aws_vpc_endpoint_service.codedeploy_commands_secure",
            "module.eu-west-3.module.networking.module.vpc.data.aws_vpc_endpoint_service.codepipeline",
            "module.eu-west-3.module.networking.module.vpc.data.aws_vpc_endpoint_service.config",
            "module.eu-west-3.module.networking.module.vpc.data.aws_vpc_endpoint_service.datasync",
            "module.eu-west-3.module.networking.module.vpc.data.aws_vpc_endpoint_service.dynamodb",
            "module.eu-west-3.module.networking.module.vpc.data.aws_vpc_endpoint_service.ebs",
            "module.eu-west-3.module.networking.module.vpc.data.aws_vpc_endpoint_service.ec2",
            "module.eu-west-3.module.networking.module.vpc.data.aws_vpc_endpoint_service.ec2_autoscaling",
            "module.eu-west-3.module.networking.module.vpc.data.aws_vpc_endpoint_service.ec2messages",
            "module.eu-west-3.module.networking.module.vpc.data.aws_vpc_endpoint_service.ecr_api",
            "module.eu-west-3.module.networking.module.vpc.data.aws_vpc_endpoint_service.ecr_dkr",
            "module.eu-west-3.module.networking.module.vpc.data.aws_vpc_endpoint_service.ecs",
            "module.eu-west-3.module.networking.module.vpc.data.aws_vpc_endpoint_service.ecs_agent",
            "module.eu-west-3.module.networking.module.vpc.data.aws_vpc_endpoint_service.ecs_telemetry",
            "module.eu-west-3.module.networking.module.vpc.data.aws_vpc_endpoint_service.efs",
            "module.eu-west-3.module.networking.module.vpc.data.aws_vpc_endpoint_service.elastic_inference_runtime",
            "module.eu-west-3.module.networking.module.vpc.data.aws_vpc_endpoint_service.elasticbeanstalk",
            "module.eu-west-3.module.networking.module.vpc.data.aws_vpc_endpoint_service.elasticbeanstalk_health",
            "module.eu-west-3.module.networking.module.vpc.data.aws_vpc_endpoint_service.elasticloadbalancing",
            "module.eu-west-3.module.networking.module.vpc.data.aws_vpc_endpoint_service.emr",
            "module.eu-west-3.module.networking.module.vpc.data.aws_vpc_endpoint_service.events",
            "module.eu-west-3.module.networking.module.vpc.data.aws_vpc_endpoint_service.git_codecommit",
            "module.eu-west-3.module.networking.module.vpc.data.aws_vpc_endpoint_service.glue",
            "module.eu-west-3.module.networking.module.vpc.data.aws_vpc_endpoint_service.kinesis_firehose",
            "module.eu-west-3.module.networking.module.vpc.data.aws_vpc_endpoint_service.kinesis_streams",
            "module.eu-west-3.module.networking.module.vpc.data.aws_vpc_endpoint_service.kms",
            "module.eu-west-3.module.networking.module.vpc.data.aws_vpc_endpoint_service.lambda",
            "module.eu-west-3.module.networking.module.vpc.data.aws_vpc_endpoint_service.logs",
            "module.eu-west-3.module.networking.module.vpc.data.aws_vpc_endpoint_service.monitoring",
            "module.eu-west-3.module.networking.module.vpc.data.aws_vpc_endpoint_service.qldb_session",
            "module.eu-west-3.module.networking.module.vpc.data.aws_vpc_endpoint_service.rds",
            "module.eu-west-3.module.networking.module.vpc.data.aws_vpc_endpoint_service.rekognition",
            "module.eu-west-3.module.networking.module.vpc.data.aws_vpc_endpoint_service.s3",
            "module.eu-west-3.module.networking.module.vpc.data.aws_vpc_endpoint_service.sagemaker_api",
            "module.eu-west-3.module.networking.module.vpc.data.aws_vpc_endpoint_service.sagemaker_notebook",
            "module.eu-west-3.module.networking.module.vpc.data.aws_vpc_endpoint_service.sagemaker_runtime",
            "module.eu-west-3.module.networking.module.vpc.data.aws_vpc_endpoint_service.secretsmanager",
            "module.eu-west-3.module.networking.module.vpc.data.aws_vpc_endpoint_service.servicecatalog",
            "module.eu-west-3.module.networking.module.vpc.data.aws_vpc_endpoint_service.ses",
            "module.eu-west-3.module.networking.module.vpc.data.aws_vpc_endpoint_service.sms",
            "module.eu-west-3.module.networking.module.vpc.data.aws_vpc_endpoint_service.sns",
            "module.eu-west-3.module.networking.module.vpc.data.aws_vpc_endpoint_service.sqs",
            "module.eu-west-3.module.networking.module.vpc.data.aws_vpc_endpoint_service.ssm",
            "module.eu-west-3.module.networking.module.vpc.data.aws_vpc_endpoint_service.ssmmessages",
            "module.eu-west-3.module.networking.module.vpc.data.aws_vpc_endpoint_service.states",
            "module.eu-west-3.module.networking.module.vpc.data.aws_vpc_endpoint_service.storagegateway",
            "module.eu-west-3.module.networking.module.vpc.data.aws_vpc_endpoint_service.sts",
            "module.eu-west-3.module.networking.module.vpc.data.aws_vpc_endpoint_service.textract",
            "module.eu-west-3.module.networking.module.vpc.data.aws_vpc_endpoint_service.transfer",
            "module.eu-west-3.module.networking.module.vpc.data.aws_vpc_endpoint_service.transferserver",
            "module.eu-west-3.module.networking.module.vpc.data.aws_vpc_endpoint_service.workspaces",
            "module.eu-west-3.module.resourcegroup.random_string.rand"
          ]
        }
      ]
    },
    {
      "module": "module.eu-west-3.module.loadbalancing",
      "mode": "managed",
      "type": "aws_lb_listener",
      "name": "fabio_ui",
      "provider": "module.eu-west-3.provider[\"registry.terraform.io/hashicorp/aws\"]",
      "instances": [
        {
          "schema_version": 0,
          "attributes": {
            "arn": "arn:aws:elasticloadbalancing:eu-west-3:837089879979:listener/net/terraform-545j4bommr8kop-fabio/6a1395762308b970/40f7b7344bcc4ee4",
            "certificate_arn": null,
            "default_action": [
              {
                "authenticate_cognito": [],
                "authenticate_oidc": [],
                "fixed_response": [],
                "forward": [],
                "order": 1,
                "redirect": [],
                "target_group_arn": "arn:aws:elasticloadbalancing:eu-west-3:837089879979:targetgroup/uwfnerl9-fabio-ui/83d1a85b70f7019a",
                "type": "forward"
              }
            ],
            "id": "arn:aws:elasticloadbalancing:eu-west-3:837089879979:listener/net/terraform-545j4bommr8kop-fabio/6a1395762308b970/40f7b7344bcc4ee4",
            "load_balancer_arn": "arn:aws:elasticloadbalancing:eu-west-3:837089879979:loadbalancer/net/terraform-545j4bommr8kop-fabio/6a1395762308b970",
            "port": 9998,
            "protocol": "TCP",
            "ssl_policy": "",
            "timeouts": null
          },
          "private": "eyJlMmJmYjczMC1lY2FhLTExZTYtOGY4OC0zNDM2M2JjN2M0YzAiOnsicmVhZCI6NjAwMDAwMDAwMDAwfX0=",
          "dependencies": [
            "module.eu-west-3.module.loadbalancing.aws_lb.fabio_lb",
            "module.eu-west-3.module.loadbalancing.aws_lb_target_group.fabio_ui",
            "module.eu-west-3.module.loadbalancing.random_string.rand",
            "module.eu-west-3.module.networking.data.aws_availability_zones.available",
            "module.eu-west-3.module.networking.module.vpc.aws_cloudwatch_log_group.flow_log",
            "module.eu-west-3.module.networking.module.vpc.aws_customer_gateway.this",
            "module.eu-west-3.module.networking.module.vpc.aws_db_subnet_group.database",
            "module.eu-west-3.module.networking.module.vpc.aws_default_network_acl.this",
            "module.eu-west-3.module.networking.module.vpc.aws_default_security_group.this",
            "module.eu-west-3.module.networking.module.vpc.aws_default_vpc.this",
            "module.eu-west-3.module.networking.module.vpc.aws_egress_only_internet_gateway.this",
            "module.eu-west-3.module.networking.module.vpc.aws_eip.nat",
            "module.eu-west-3.module.networking.module.vpc.aws_elasticache_subnet_group.elasticache",
            "module.eu-west-3.module.networking.module.vpc.aws_flow_log.this",
            "module.eu-west-3.module.networking.module.vpc.aws_iam_policy.vpc_flow_log_cloudwatch",
            "module.eu-west-3.module.networking.module.vpc.aws_iam_role.vpc_flow_log_cloudwatch",
            "module.eu-west-3.module.networking.module.vpc.aws_iam_role_policy_attachment.vpc_flow_log_cloudwatch",
            "module.eu-west-3.module.networking.module.vpc.aws_internet_gateway.this",
            "module.eu-west-3.module.networking.module.vpc.aws_nat_gateway.this",
            "module.eu-west-3.module.networking.module.vpc.aws_network_acl.database",
            "module.eu-west-3.module.networking.module.vpc.aws_network_acl.elasticache",
            "module.eu-west-3.module.networking.module.vpc.aws_network_acl.intra",
            "module.eu-west-3.module.networking.module.vpc.aws_network_acl.private",
            "module.eu-west-3.module.networking.module.vpc.aws_network_acl.public",
            "module.eu-west-3.module.networking.module.vpc.aws_network_acl.redshift",
            "module.eu-west-3.module.networking.module.vpc.aws_network_acl_rule.database_inbound",
            "module.eu-west-3.module.networking.module.vpc.aws_network_acl_rule.database_outbound",
            "module.eu-west-3.module.networking.module.vpc.aws_network_acl_rule.elasticache_inbound",
            "module.eu-west-3.module.networking.module.vpc.aws_network_acl_rule.elasticache_outbound",
            "module.eu-west-3.module.networking.module.vpc.aws_network_acl_rule.intra_inbound",
            "module.eu-west-3.module.networking.module.vpc.aws_network_acl_rule.intra_outbound",
            "module.eu-west-3.module.networking.module.vpc.aws_network_acl_rule.private_inbound",
            "module.eu-west-3.module.networking.module.vpc.aws_network_acl_rule.private_outbound",
            "module.eu-west-3.module.networking.module.vpc.aws_network_acl_rule.public_inbound",
            "module.eu-west-3.module.networking.module.vpc.aws_network_acl_rule.public_outbound",
            "module.eu-west-3.module.networking.module.vpc.aws_network_acl_rule.redshift_inbound",
            "module.eu-west-3.module.networking.module.vpc.aws_network_acl_rule.redshift_outbound",
            "module.eu-west-3.module.networking.module.vpc.aws_redshift_subnet_group.redshift",
            "module.eu-west-3.module.networking.module.vpc.aws_route.database_internet_gateway",
            "module.eu-west-3.module.networking.module.vpc.aws_route.database_ipv6_egress",
            "module.eu-west-3.module.networking.module.vpc.aws_route.database_nat_gateway",
            "module.eu-west-3.module.networking.module.vpc.aws_route.private_ipv6_egress",
            "module.eu-west-3.module.networking.module.vpc.aws_route.private_nat_gateway",
            "module.eu-west-3.module.networking.module.vpc.aws_route.public_internet_gateway",
            "module.eu-west-3.module.networking.module.vpc.aws_route.public_internet_gateway_ipv6",
            "module.eu-west-3.module.networking.module.vpc.aws_route_table.database",
            "module.eu-west-3.module.networking.module.vpc.aws_route_table.elasticache",
            "module.eu-west-3.module.networking.module.vpc.aws_route_table.intra",
            "module.eu-west-3.module.networking.module.vpc.aws_route_table.private",
            "module.eu-west-3.module.networking.module.vpc.aws_route_table.public",
            "module.eu-west-3.module.networking.module.vpc.aws_route_table.redshift",
            "module.eu-west-3.module.networking.module.vpc.aws_route_table_association.database",
            "module.eu-west-3.module.networking.module.vpc.aws_route_table_association.elasticache",
            "module.eu-west-3.module.networking.module.vpc.aws_route_table_association.intra",
            "module.eu-west-3.module.networking.module.vpc.aws_route_table_association.private",
            "module.eu-west-3.module.networking.module.vpc.aws_route_table_association.public",
            "module.eu-west-3.module.networking.module.vpc.aws_route_table_association.redshift",
            "module.eu-west-3.module.networking.module.vpc.aws_route_table_association.redshift_public",
            "module.eu-west-3.module.networking.module.vpc.aws_subnet.database",
            "module.eu-west-3.module.networking.module.vpc.aws_subnet.elasticache",
            "module.eu-west-3.module.networking.module.vpc.aws_subnet.intra",
            "module.eu-west-3.module.networking.module.vpc.aws_subnet.private",
            "module.eu-west-3.module.networking.module.vpc.aws_subnet.public",
            "module.eu-west-3.module.networking.module.vpc.aws_subnet.redshift",
            "module.eu-west-3.module.networking.module.vpc.aws_vpc.this",
            "module.eu-west-3.module.networking.module.vpc.aws_vpc_dhcp_options.this",
            "module.eu-west-3.module.networking.module.vpc.aws_vpc_dhcp_options_association.this",
            "module.eu-west-3.module.networking.module.vpc.aws_vpc_endpoint.access_analyzer",
            "module.eu-west-3.module.networking.module.vpc.aws_vpc_endpoint.acm_pca",
            "module.eu-west-3.module.networking.module.vpc.aws_vpc_endpoint.apigw",
            "module.eu-west-3.module.networking.module.vpc.aws_vpc_endpoint.appmesh_envoy_management",
            "module.eu-west-3.module.networking.module.vpc.aws_vpc_endpoint.appstream_api",
            "module.eu-west-3.module.networking.module.vpc.aws_vpc_endpoint.appstream_streaming",
            "module.eu-west-3.module.networking.module.vpc.aws_vpc_endpoint.athena",
            "module.eu-west-3.module.networking.module.vpc.aws_vpc_endpoint.auto_scaling_plans",
            "module.eu-west-3.module.networking.module.vpc.aws_vpc_endpoint.cloud_directory",
            "module.eu-west-3.module.networking.module.vpc.aws_vpc_endpoint.cloudformation",
            "module.eu-west-3.module.networking.module.vpc.aws_vpc_endpoint.cloudtrail",
            "module.eu-west-3.module.networking.module.vpc.aws_vpc_endpoint.codeartifact_api",
            "module.eu-west-3.module.networking.module.vpc.aws_vpc_endpoint.codeartifact_repositories",
            "module.eu-west-3.module.networking.module.vpc.aws_vpc_endpoint.codebuild",
            "module.eu-west-3.module.networking.module.vpc.aws_vpc_endpoint.codecommit",
            "module.eu-west-3.module.networking.module.vpc.aws_vpc_endpoint.codedeploy",
            "module.eu-west-3.module.networking.module.vpc.aws_vpc_endpoint.codedeploy_commands_secure",
            "module.eu-west-3.module.networking.module.vpc.aws_vpc_endpoint.codepipeline",
            "module.eu-west-3.module.networking.module.vpc.aws_vpc_endpoint.config",
            "module.eu-west-3.module.networking.module.vpc.aws_vpc_endpoint.datasync",
            "module.eu-west-3.module.networking.module.vpc.aws_vpc_endpoint.dynamodb",
            "module.eu-west-3.module.networking.module.vpc.aws_vpc_endpoint.ebs",
            "module.eu-west-3.module.networking.module.vpc.aws_vpc_endpoint.ec2",
            "module.eu-west-3.module.networking.module.vpc.aws_vpc_endpoint.ec2_autoscaling",
            "module.eu-west-3.module.networking.module.vpc.aws_vpc_endpoint.ec2messages",
            "module.eu-west-3.module.networking.module.vpc.aws_vpc_endpoint.ecr_api",
            "module.eu-west-3.module.networking.module.vpc.aws_vpc_endpoint.ecr_dkr",
            "module.eu-west-3.module.networking.module.vpc.aws_vpc_endpoint.ecs",
            "module.eu-west-3.module.networking.module.vpc.aws_vpc_endpoint.ecs_agent",
            "module.eu-west-3.module.networking.module.vpc.aws_vpc_endpoint.ecs_telemetry",
            "module.eu-west-3.module.networking.module.vpc.aws_vpc_endpoint.efs",
            "module.eu-west-3.module.networking.module.vpc.aws_vpc_endpoint.elastic_inference_runtime",
            "module.eu-west-3.module.networking.module.vpc.aws_vpc_endpoint.elasticbeanstalk",
            "module.eu-west-3.module.networking.module.vpc.aws_vpc_endpoint.elasticbeanstalk_health",
            "module.eu-west-3.module.networking.module.vpc.aws_vpc_endpoint.elasticloadbalancing",
            "module.eu-west-3.module.networking.module.vpc.aws_vpc_endpoint.emr",
            "module.eu-west-3.module.networking.module.vpc.aws_vpc_endpoint.events",
            "module.eu-west-3.module.networking.module.vpc.aws_vpc_endpoint.git_codecommit",
            "module.eu-west-3.module.networking.module.vpc.aws_vpc_endpoint.glue",
            "module.eu-west-3.module.networking.module.vpc.aws_vpc_endpoint.kinesis_firehose",
            "module.eu-west-3.module.networking.module.vpc.aws_vpc_endpoint.kinesis_streams",
            "module.eu-west-3.module.networking.module.vpc.aws_vpc_endpoint.kms",
            "module.eu-west-3.module.networking.module.vpc.aws_vpc_endpoint.lambda",
            "module.eu-west-3.module.networking.module.vpc.aws_vpc_endpoint.logs",
            "module.eu-west-3.module.networking.module.vpc.aws_vpc_endpoint.monitoring",
            "module.eu-west-3.module.networking.module.vpc.aws_vpc_endpoint.qldb_session",
            "module.eu-west-3.module.networking.module.vpc.aws_vpc_endpoint.rds",
            "module.eu-west-3.module.networking.module.vpc.aws_vpc_endpoint.rekognition",
            "module.eu-west-3.module.networking.module.vpc.aws_vpc_endpoint.s3",
            "module.eu-west-3.module.networking.module.vpc.aws_vpc_endpoint.sagemaker_api",
            "module.eu-west-3.module.networking.module.vpc.aws_vpc_endpoint.sagemaker_notebook",
            "module.eu-west-3.module.networking.module.vpc.aws_vpc_endpoint.sagemaker_runtime",
            "module.eu-west-3.module.networking.module.vpc.aws_vpc_endpoint.secretsmanager",
            "module.eu-west-3.module.networking.module.vpc.aws_vpc_endpoint.servicecatalog",
            "module.eu-west-3.module.networking.module.vpc.aws_vpc_endpoint.ses",
            "module.eu-west-3.module.networking.module.vpc.aws_vpc_endpoint.sms",
            "module.eu-west-3.module.networking.module.vpc.aws_vpc_endpoint.sns",
            "module.eu-west-3.module.networking.module.vpc.aws_vpc_endpoint.sqs",
            "module.eu-west-3.module.networking.module.vpc.aws_vpc_endpoint.ssm",
            "module.eu-west-3.module.networking.module.vpc.aws_vpc_endpoint.ssmmessages",
            "module.eu-west-3.module.networking.module.vpc.aws_vpc_endpoint.states",
            "module.eu-west-3.module.networking.module.vpc.aws_vpc_endpoint.storagegateway",
            "module.eu-west-3.module.networking.module.vpc.aws_vpc_endpoint.sts",
            "module.eu-west-3.module.networking.module.vpc.aws_vpc_endpoint.textract",
            "module.eu-west-3.module.networking.module.vpc.aws_vpc_endpoint.transfer",
            "module.eu-west-3.module.networking.module.vpc.aws_vpc_endpoint.transferserver",
            "module.eu-west-3.module.networking.module.vpc.aws_vpc_endpoint.workspaces",
            "module.eu-west-3.module.networking.module.vpc.aws_vpc_endpoint_route_table_association.intra_dynamodb",
            "module.eu-west-3.module.networking.module.vpc.aws_vpc_endpoint_route_table_association.intra_s3",
            "module.eu-west-3.module.networking.module.vpc.aws_vpc_endpoint_route_table_association.private_dynamodb",
            "module.eu-west-3.module.networking.module.vpc.aws_vpc_endpoint_route_table_association.private_s3",
            "module.eu-west-3.module.networking.module.vpc.aws_vpc_endpoint_route_table_association.public_dynamodb",
            "module.eu-west-3.module.networking.module.vpc.aws_vpc_endpoint_route_table_association.public_s3",
            "module.eu-west-3.module.networking.module.vpc.aws_vpc_ipv4_cidr_block_association.this",
            "module.eu-west-3.module.networking.module.vpc.aws_vpn_gateway.this",
            "module.eu-west-3.module.networking.module.vpc.aws_vpn_gateway_attachment.this",
            "module.eu-west-3.module.networking.module.vpc.aws_vpn_gateway_route_propagation.intra",
            "module.eu-west-3.module.networking.module.vpc.aws_vpn_gateway_route_propagation.private",
            "module.eu-west-3.module.networking.module.vpc.aws_vpn_gateway_route_propagation.public",
            "module.eu-west-3.module.networking.module.vpc.data.aws_iam_policy_document.flow_log_cloudwatch_assume_role",
            "module.eu-west-3.module.networking.module.vpc.data.aws_iam_policy_document.vpc_flow_log_cloudwatch",
            "module.eu-west-3.module.networking.module.vpc.data.aws_vpc_endpoint_service.access_analyzer",
            "module.eu-west-3.module.networking.module.vpc.data.aws_vpc_endpoint_service.acm_pca",
            "module.eu-west-3.module.networking.module.vpc.data.aws_vpc_endpoint_service.apigw",
            "module.eu-west-3.module.networking.module.vpc.data.aws_vpc_endpoint_service.appmesh_envoy_management",
            "module.eu-west-3.module.networking.module.vpc.data.aws_vpc_endpoint_service.appstream_api",
            "module.eu-west-3.module.networking.module.vpc.data.aws_vpc_endpoint_service.appstream_streaming",
            "module.eu-west-3.module.networking.module.vpc.data.aws_vpc_endpoint_service.athena",
            "module.eu-west-3.module.networking.module.vpc.data.aws_vpc_endpoint_service.auto_scaling_plans",
            "module.eu-west-3.module.networking.module.vpc.data.aws_vpc_endpoint_service.cloud_directory",
            "module.eu-west-3.module.networking.module.vpc.data.aws_vpc_endpoint_service.cloudformation",
            "module.eu-west-3.module.networking.module.vpc.data.aws_vpc_endpoint_service.cloudtrail",
            "module.eu-west-3.module.networking.module.vpc.data.aws_vpc_endpoint_service.codeartifact_api",
            "module.eu-west-3.module.networking.module.vpc.data.aws_vpc_endpoint_service.codeartifact_repositories",
            "module.eu-west-3.module.networking.module.vpc.data.aws_vpc_endpoint_service.codebuild",
            "module.eu-west-3.module.networking.module.vpc.data.aws_vpc_endpoint_service.codecommit",
            "module.eu-west-3.module.networking.module.vpc.data.aws_vpc_endpoint_service.codedeploy",
            "module.eu-west-3.module.networking.module.vpc.data.aws_vpc_endpoint_service.codedeploy_commands_secure",
            "module.eu-west-3.module.networking.module.vpc.data.aws_vpc_endpoint_service.codepipeline",
            "module.eu-west-3.module.networking.module.vpc.data.aws_vpc_endpoint_service.config",
            "module.eu-west-3.module.networking.module.vpc.data.aws_vpc_endpoint_service.datasync",
            "module.eu-west-3.module.networking.module.vpc.data.aws_vpc_endpoint_service.dynamodb",
            "module.eu-west-3.module.networking.module.vpc.data.aws_vpc_endpoint_service.ebs",
            "module.eu-west-3.module.networking.module.vpc.data.aws_vpc_endpoint_service.ec2",
            "module.eu-west-3.module.networking.module.vpc.data.aws_vpc_endpoint_service.ec2_autoscaling",
            "module.eu-west-3.module.networking.module.vpc.data.aws_vpc_endpoint_service.ec2messages",
            "module.eu-west-3.module.networking.module.vpc.data.aws_vpc_endpoint_service.ecr_api",
            "module.eu-west-3.module.networking.module.vpc.data.aws_vpc_endpoint_service.ecr_dkr",
            "module.eu-west-3.module.networking.module.vpc.data.aws_vpc_endpoint_service.ecs",
            "module.eu-west-3.module.networking.module.vpc.data.aws_vpc_endpoint_service.ecs_agent",
            "module.eu-west-3.module.networking.module.vpc.data.aws_vpc_endpoint_service.ecs_telemetry",
            "module.eu-west-3.module.networking.module.vpc.data.aws_vpc_endpoint_service.efs",
            "module.eu-west-3.module.networking.module.vpc.data.aws_vpc_endpoint_service.elastic_inference_runtime",
            "module.eu-west-3.module.networking.module.vpc.data.aws_vpc_endpoint_service.elasticbeanstalk",
            "module.eu-west-3.module.networking.module.vpc.data.aws_vpc_endpoint_service.elasticbeanstalk_health",
            "module.eu-west-3.module.networking.module.vpc.data.aws_vpc_endpoint_service.elasticloadbalancing",
            "module.eu-west-3.module.networking.module.vpc.data.aws_vpc_endpoint_service.emr",
            "module.eu-west-3.module.networking.module.vpc.data.aws_vpc_endpoint_service.events",
            "module.eu-west-3.module.networking.module.vpc.data.aws_vpc_endpoint_service.git_codecommit",
            "module.eu-west-3.module.networking.module.vpc.data.aws_vpc_endpoint_service.glue",
            "module.eu-west-3.module.networking.module.vpc.data.aws_vpc_endpoint_service.kinesis_firehose",
            "module.eu-west-3.module.networking.module.vpc.data.aws_vpc_endpoint_service.kinesis_streams",
            "module.eu-west-3.module.networking.module.vpc.data.aws_vpc_endpoint_service.kms",
            "module.eu-west-3.module.networking.module.vpc.data.aws_vpc_endpoint_service.lambda",
            "module.eu-west-3.module.networking.module.vpc.data.aws_vpc_endpoint_service.logs",
            "module.eu-west-3.module.networking.module.vpc.data.aws_vpc_endpoint_service.monitoring",
            "module.eu-west-3.module.networking.module.vpc.data.aws_vpc_endpoint_service.qldb_session",
            "module.eu-west-3.module.networking.module.vpc.data.aws_vpc_endpoint_service.rds",
            "module.eu-west-3.module.networking.module.vpc.data.aws_vpc_endpoint_service.rekognition",
            "module.eu-west-3.module.networking.module.vpc.data.aws_vpc_endpoint_service.s3",
            "module.eu-west-3.module.networking.module.vpc.data.aws_vpc_endpoint_service.sagemaker_api",
            "module.eu-west-3.module.networking.module.vpc.data.aws_vpc_endpoint_service.sagemaker_notebook",
            "module.eu-west-3.module.networking.module.vpc.data.aws_vpc_endpoint_service.sagemaker_runtime",
            "module.eu-west-3.module.networking.module.vpc.data.aws_vpc_endpoint_service.secretsmanager",
            "module.eu-west-3.module.networking.module.vpc.data.aws_vpc_endpoint_service.servicecatalog",
            "module.eu-west-3.module.networking.module.vpc.data.aws_vpc_endpoint_service.ses",
            "module.eu-west-3.module.networking.module.vpc.data.aws_vpc_endpoint_service.sms",
            "module.eu-west-3.module.networking.module.vpc.data.aws_vpc_endpoint_service.sns",
            "module.eu-west-3.module.networking.module.vpc.data.aws_vpc_endpoint_service.sqs",
            "module.eu-west-3.module.networking.module.vpc.data.aws_vpc_endpoint_service.ssm",
            "module.eu-west-3.module.networking.module.vpc.data.aws_vpc_endpoint_service.ssmmessages",
            "module.eu-west-3.module.networking.module.vpc.data.aws_vpc_endpoint_service.states",
            "module.eu-west-3.module.networking.module.vpc.data.aws_vpc_endpoint_service.storagegateway",
            "module.eu-west-3.module.networking.module.vpc.data.aws_vpc_endpoint_service.sts",
            "module.eu-west-3.module.networking.module.vpc.data.aws_vpc_endpoint_service.textract",
            "module.eu-west-3.module.networking.module.vpc.data.aws_vpc_endpoint_service.transfer",
            "module.eu-west-3.module.networking.module.vpc.data.aws_vpc_endpoint_service.transferserver",
            "module.eu-west-3.module.networking.module.vpc.data.aws_vpc_endpoint_service.workspaces",
            "module.eu-west-3.module.resourcegroup.random_string.rand"
          ]
        }
      ]
    },
    {
      "module": "module.eu-west-3.module.loadbalancing",
      "mode": "managed",
      "type": "aws_lb_listener",
      "name": "nomad_ui",
      "provider": "module.eu-west-3.provider[\"registry.terraform.io/hashicorp/aws\"]",
      "instances": [
        {
          "schema_version": 0,
          "attributes": {
            "arn": "arn:aws:elasticloadbalancing:eu-west-3:837089879979:listener/app/terraform-545j4bommr8kop-nomad/12c72ad2f8cfd359/04ff653f36582087",
            "certificate_arn": null,
            "default_action": [
              {
                "authenticate_cognito": [],
                "authenticate_oidc": [],
                "fixed_response": [],
                "forward": [],
                "order": 1,
                "redirect": [],
                "target_group_arn": "arn:aws:elasticloadbalancing:eu-west-3:837089879979:targetgroup/uwfnerl9-nomad-ui/f92d22e336419cce",
                "type": "forward"
              }
            ],
            "id": "arn:aws:elasticloadbalancing:eu-west-3:837089879979:listener/app/terraform-545j4bommr8kop-nomad/12c72ad2f8cfd359/04ff653f36582087",
            "load_balancer_arn": "arn:aws:elasticloadbalancing:eu-west-3:837089879979:loadbalancer/app/terraform-545j4bommr8kop-nomad/12c72ad2f8cfd359",
            "port": 4646,
            "protocol": "HTTP",
            "ssl_policy": "",
            "timeouts": null
          },
          "private": "eyJlMmJmYjczMC1lY2FhLTExZTYtOGY4OC0zNDM2M2JjN2M0YzAiOnsicmVhZCI6NjAwMDAwMDAwMDAwfX0=",
          "dependencies": [
            "module.eu-west-3.module.loadbalancing.aws_lb.nomad_lb",
            "module.eu-west-3.module.loadbalancing.aws_lb_target_group.nomad_ui",
            "module.eu-west-3.module.loadbalancing.random_string.rand",
            "module.eu-west-3.module.networking.data.aws_availability_zones.available",
            "module.eu-west-3.module.networking.module.consul_lb_sg.aws_security_group.security_group",
            "module.eu-west-3.module.networking.module.consul_server_sg.aws_security_group.security_group",
            "module.eu-west-3.module.networking.module.fabio_lb_sg.aws_security_group.security_group",
            "module.eu-west-3.module.networking.module.nomad_client_sg.aws_security_group.security_group",
            "module.eu-west-3.module.networking.module.nomad_lb_sg.aws_security_group.security_group",
            "module.eu-west-3.module.networking.module.nomad_server_sg.aws_security_group.security_group",
            "module.eu-west-3.module.networking.module.vault_lb_sg.aws_security_group.security_group",
            "module.eu-west-3.module.networking.module.vault_server_sg.aws_security_group.security_group",
            "module.eu-west-3.module.networking.module.vpc.aws_cloudwatch_log_group.flow_log",
            "module.eu-west-3.module.networking.module.vpc.aws_customer_gateway.this",
            "module.eu-west-3.module.networking.module.vpc.aws_db_subnet_group.database",
            "module.eu-west-3.module.networking.module.vpc.aws_default_network_acl.this",
            "module.eu-west-3.module.networking.module.vpc.aws_default_security_group.this",
            "module.eu-west-3.module.networking.module.vpc.aws_default_vpc.this",
            "module.eu-west-3.module.networking.module.vpc.aws_egress_only_internet_gateway.this",
            "module.eu-west-3.module.networking.module.vpc.aws_eip.nat",
            "module.eu-west-3.module.networking.module.vpc.aws_elasticache_subnet_group.elasticache",
            "module.eu-west-3.module.networking.module.vpc.aws_flow_log.this",
            "module.eu-west-3.module.networking.module.vpc.aws_iam_policy.vpc_flow_log_cloudwatch",
            "module.eu-west-3.module.networking.module.vpc.aws_iam_role.vpc_flow_log_cloudwatch",
            "module.eu-west-3.module.networking.module.vpc.aws_iam_role_policy_attachment.vpc_flow_log_cloudwatch",
            "module.eu-west-3.module.networking.module.vpc.aws_internet_gateway.this",
            "module.eu-west-3.module.networking.module.vpc.aws_nat_gateway.this",
            "module.eu-west-3.module.networking.module.vpc.aws_network_acl.database",
            "module.eu-west-3.module.networking.module.vpc.aws_network_acl.elasticache",
            "module.eu-west-3.module.networking.module.vpc.aws_network_acl.intra",
            "module.eu-west-3.module.networking.module.vpc.aws_network_acl.private",
            "module.eu-west-3.module.networking.module.vpc.aws_network_acl.public",
            "module.eu-west-3.module.networking.module.vpc.aws_network_acl.redshift",
            "module.eu-west-3.module.networking.module.vpc.aws_network_acl_rule.database_inbound",
            "module.eu-west-3.module.networking.module.vpc.aws_network_acl_rule.database_outbound",
            "module.eu-west-3.module.networking.module.vpc.aws_network_acl_rule.elasticache_inbound",
            "module.eu-west-3.module.networking.module.vpc.aws_network_acl_rule.elasticache_outbound",
            "module.eu-west-3.module.networking.module.vpc.aws_network_acl_rule.intra_inbound",
            "module.eu-west-3.module.networking.module.vpc.aws_network_acl_rule.intra_outbound",
            "module.eu-west-3.module.networking.module.vpc.aws_network_acl_rule.private_inbound",
            "module.eu-west-3.module.networking.module.vpc.aws_network_acl_rule.private_outbound",
            "module.eu-west-3.module.networking.module.vpc.aws_network_acl_rule.public_inbound",
            "module.eu-west-3.module.networking.module.vpc.aws_network_acl_rule.public_outbound",
            "module.eu-west-3.module.networking.module.vpc.aws_network_acl_rule.redshift_inbound",
            "module.eu-west-3.module.networking.module.vpc.aws_network_acl_rule.redshift_outbound",
            "module.eu-west-3.module.networking.module.vpc.aws_redshift_subnet_group.redshift",
            "module.eu-west-3.module.networking.module.vpc.aws_route.database_internet_gateway",
            "module.eu-west-3.module.networking.module.vpc.aws_route.database_ipv6_egress",
            "module.eu-west-3.module.networking.module.vpc.aws_route.database_nat_gateway",
            "module.eu-west-3.module.networking.module.vpc.aws_route.private_ipv6_egress",
            "module.eu-west-3.module.networking.module.vpc.aws_route.private_nat_gateway",
            "module.eu-west-3.module.networking.module.vpc.aws_route.public_internet_gateway",
            "module.eu-west-3.module.networking.module.vpc.aws_route.public_internet_gateway_ipv6",
            "module.eu-west-3.module.networking.module.vpc.aws_route_table.database",
            "module.eu-west-3.module.networking.module.vpc.aws_route_table.elasticache",
            "module.eu-west-3.module.networking.module.vpc.aws_route_table.intra",
            "module.eu-west-3.module.networking.module.vpc.aws_route_table.private",
            "module.eu-west-3.module.networking.module.vpc.aws_route_table.public",
            "module.eu-west-3.module.networking.module.vpc.aws_route_table.redshift",
            "module.eu-west-3.module.networking.module.vpc.aws_route_table_association.database",
            "module.eu-west-3.module.networking.module.vpc.aws_route_table_association.elasticache",
            "module.eu-west-3.module.networking.module.vpc.aws_route_table_association.intra",
            "module.eu-west-3.module.networking.module.vpc.aws_route_table_association.private",
            "module.eu-west-3.module.networking.module.vpc.aws_route_table_association.public",
            "module.eu-west-3.module.networking.module.vpc.aws_route_table_association.redshift",
            "module.eu-west-3.module.networking.module.vpc.aws_route_table_association.redshift_public",
            "module.eu-west-3.module.networking.module.vpc.aws_subnet.database",
            "module.eu-west-3.module.networking.module.vpc.aws_subnet.elasticache",
            "module.eu-west-3.module.networking.module.vpc.aws_subnet.intra",
            "module.eu-west-3.module.networking.module.vpc.aws_subnet.private",
            "module.eu-west-3.module.networking.module.vpc.aws_subnet.public",
            "module.eu-west-3.module.networking.module.vpc.aws_subnet.redshift",
            "module.eu-west-3.module.networking.module.vpc.aws_vpc.this",
            "module.eu-west-3.module.networking.module.vpc.aws_vpc_dhcp_options.this",
            "module.eu-west-3.module.networking.module.vpc.aws_vpc_dhcp_options_association.this",
            "module.eu-west-3.module.networking.module.vpc.aws_vpc_endpoint.access_analyzer",
            "module.eu-west-3.module.networking.module.vpc.aws_vpc_endpoint.acm_pca",
            "module.eu-west-3.module.networking.module.vpc.aws_vpc_endpoint.apigw",
            "module.eu-west-3.module.networking.module.vpc.aws_vpc_endpoint.appmesh_envoy_management",
            "module.eu-west-3.module.networking.module.vpc.aws_vpc_endpoint.appstream_api",
            "module.eu-west-3.module.networking.module.vpc.aws_vpc_endpoint.appstream_streaming",
            "module.eu-west-3.module.networking.module.vpc.aws_vpc_endpoint.athena",
            "module.eu-west-3.module.networking.module.vpc.aws_vpc_endpoint.auto_scaling_plans",
            "module.eu-west-3.module.networking.module.vpc.aws_vpc_endpoint.cloud_directory",
            "module.eu-west-3.module.networking.module.vpc.aws_vpc_endpoint.cloudformation",
            "module.eu-west-3.module.networking.module.vpc.aws_vpc_endpoint.cloudtrail",
            "module.eu-west-3.module.networking.module.vpc.aws_vpc_endpoint.codeartifact_api",
            "module.eu-west-3.module.networking.module.vpc.aws_vpc_endpoint.codeartifact_repositories",
            "module.eu-west-3.module.networking.module.vpc.aws_vpc_endpoint.codebuild",
            "module.eu-west-3.module.networking.module.vpc.aws_vpc_endpoint.codecommit",
            "module.eu-west-3.module.networking.module.vpc.aws_vpc_endpoint.codedeploy",
            "module.eu-west-3.module.networking.module.vpc.aws_vpc_endpoint.codedeploy_commands_secure",
            "module.eu-west-3.module.networking.module.vpc.aws_vpc_endpoint.codepipeline",
            "module.eu-west-3.module.networking.module.vpc.aws_vpc_endpoint.config",
            "module.eu-west-3.module.networking.module.vpc.aws_vpc_endpoint.datasync",
            "module.eu-west-3.module.networking.module.vpc.aws_vpc_endpoint.dynamodb",
            "module.eu-west-3.module.networking.module.vpc.aws_vpc_endpoint.ebs",
            "module.eu-west-3.module.networking.module.vpc.aws_vpc_endpoint.ec2",
            "module.eu-west-3.module.networking.module.vpc.aws_vpc_endpoint.ec2_autoscaling",
            "module.eu-west-3.module.networking.module.vpc.aws_vpc_endpoint.ec2messages",
            "module.eu-west-3.module.networking.module.vpc.aws_vpc_endpoint.ecr_api",
            "module.eu-west-3.module.networking.module.vpc.aws_vpc_endpoint.ecr_dkr",
            "module.eu-west-3.module.networking.module.vpc.aws_vpc_endpoint.ecs",
            "module.eu-west-3.module.networking.module.vpc.aws_vpc_endpoint.ecs_agent",
            "module.eu-west-3.module.networking.module.vpc.aws_vpc_endpoint.ecs_telemetry",
            "module.eu-west-3.module.networking.module.vpc.aws_vpc_endpoint.efs",
            "module.eu-west-3.module.networking.module.vpc.aws_vpc_endpoint.elastic_inference_runtime",
            "module.eu-west-3.module.networking.module.vpc.aws_vpc_endpoint.elasticbeanstalk",
            "module.eu-west-3.module.networking.module.vpc.aws_vpc_endpoint.elasticbeanstalk_health",
            "module.eu-west-3.module.networking.module.vpc.aws_vpc_endpoint.elasticloadbalancing",
            "module.eu-west-3.module.networking.module.vpc.aws_vpc_endpoint.emr",
            "module.eu-west-3.module.networking.module.vpc.aws_vpc_endpoint.events",
            "module.eu-west-3.module.networking.module.vpc.aws_vpc_endpoint.git_codecommit",
            "module.eu-west-3.module.networking.module.vpc.aws_vpc_endpoint.glue",
            "module.eu-west-3.module.networking.module.vpc.aws_vpc_endpoint.kinesis_firehose",
            "module.eu-west-3.module.networking.module.vpc.aws_vpc_endpoint.kinesis_streams",
            "module.eu-west-3.module.networking.module.vpc.aws_vpc_endpoint.kms",
            "module.eu-west-3.module.networking.module.vpc.aws_vpc_endpoint.lambda",
            "module.eu-west-3.module.networking.module.vpc.aws_vpc_endpoint.logs",
            "module.eu-west-3.module.networking.module.vpc.aws_vpc_endpoint.monitoring",
            "module.eu-west-3.module.networking.module.vpc.aws_vpc_endpoint.qldb_session",
            "module.eu-west-3.module.networking.module.vpc.aws_vpc_endpoint.rds",
            "module.eu-west-3.module.networking.module.vpc.aws_vpc_endpoint.rekognition",
            "module.eu-west-3.module.networking.module.vpc.aws_vpc_endpoint.s3",
            "module.eu-west-3.module.networking.module.vpc.aws_vpc_endpoint.sagemaker_api",
            "module.eu-west-3.module.networking.module.vpc.aws_vpc_endpoint.sagemaker_notebook",
            "module.eu-west-3.module.networking.module.vpc.aws_vpc_endpoint.sagemaker_runtime",
            "module.eu-west-3.module.networking.module.vpc.aws_vpc_endpoint.secretsmanager",
            "module.eu-west-3.module.networking.module.vpc.aws_vpc_endpoint.servicecatalog",
            "module.eu-west-3.module.networking.module.vpc.aws_vpc_endpoint.ses",
            "module.eu-west-3.module.networking.module.vpc.aws_vpc_endpoint.sms",
            "module.eu-west-3.module.networking.module.vpc.aws_vpc_endpoint.sns",
            "module.eu-west-3.module.networking.module.vpc.aws_vpc_endpoint.sqs",
            "module.eu-west-3.module.networking.module.vpc.aws_vpc_endpoint.ssm",
            "module.eu-west-3.module.networking.module.vpc.aws_vpc_endpoint.ssmmessages",
            "module.eu-west-3.module.networking.module.vpc.aws_vpc_endpoint.states",
            "module.eu-west-3.module.networking.module.vpc.aws_vpc_endpoint.storagegateway",
            "module.eu-west-3.module.networking.module.vpc.aws_vpc_endpoint.sts",
            "module.eu-west-3.module.networking.module.vpc.aws_vpc_endpoint.textract",
            "module.eu-west-3.module.networking.module.vpc.aws_vpc_endpoint.transfer",
            "module.eu-west-3.module.networking.module.vpc.aws_vpc_endpoint.transferserver",
            "module.eu-west-3.module.networking.module.vpc.aws_vpc_endpoint.workspaces",
            "module.eu-west-3.module.networking.module.vpc.aws_vpc_endpoint_route_table_association.intra_dynamodb",
            "module.eu-west-3.module.networking.module.vpc.aws_vpc_endpoint_route_table_association.intra_s3",
            "module.eu-west-3.module.networking.module.vpc.aws_vpc_endpoint_route_table_association.private_dynamodb",
            "module.eu-west-3.module.networking.module.vpc.aws_vpc_endpoint_route_table_association.private_s3",
            "module.eu-west-3.module.networking.module.vpc.aws_vpc_endpoint_route_table_association.public_dynamodb",
            "module.eu-west-3.module.networking.module.vpc.aws_vpc_endpoint_route_table_association.public_s3",
            "module.eu-west-3.module.networking.module.vpc.aws_vpc_ipv4_cidr_block_association.this",
            "module.eu-west-3.module.networking.module.vpc.aws_vpn_gateway.this",
            "module.eu-west-3.module.networking.module.vpc.aws_vpn_gateway_attachment.this",
            "module.eu-west-3.module.networking.module.vpc.aws_vpn_gateway_route_propagation.intra",
            "module.eu-west-3.module.networking.module.vpc.aws_vpn_gateway_route_propagation.private",
            "module.eu-west-3.module.networking.module.vpc.aws_vpn_gateway_route_propagation.public",
            "module.eu-west-3.module.networking.module.vpc.data.aws_iam_policy_document.flow_log_cloudwatch_assume_role",
            "module.eu-west-3.module.networking.module.vpc.data.aws_iam_policy_document.vpc_flow_log_cloudwatch",
            "module.eu-west-3.module.networking.module.vpc.data.aws_vpc_endpoint_service.access_analyzer",
            "module.eu-west-3.module.networking.module.vpc.data.aws_vpc_endpoint_service.acm_pca",
            "module.eu-west-3.module.networking.module.vpc.data.aws_vpc_endpoint_service.apigw",
            "module.eu-west-3.module.networking.module.vpc.data.aws_vpc_endpoint_service.appmesh_envoy_management",
            "module.eu-west-3.module.networking.module.vpc.data.aws_vpc_endpoint_service.appstream_api",
            "module.eu-west-3.module.networking.module.vpc.data.aws_vpc_endpoint_service.appstream_streaming",
            "module.eu-west-3.module.networking.module.vpc.data.aws_vpc_endpoint_service.athena",
            "module.eu-west-3.module.networking.module.vpc.data.aws_vpc_endpoint_service.auto_scaling_plans",
            "module.eu-west-3.module.networking.module.vpc.data.aws_vpc_endpoint_service.cloud_directory",
            "module.eu-west-3.module.networking.module.vpc.data.aws_vpc_endpoint_service.cloudformation",
            "module.eu-west-3.module.networking.module.vpc.data.aws_vpc_endpoint_service.cloudtrail",
            "module.eu-west-3.module.networking.module.vpc.data.aws_vpc_endpoint_service.codeartifact_api",
            "module.eu-west-3.module.networking.module.vpc.data.aws_vpc_endpoint_service.codeartifact_repositories",
            "module.eu-west-3.module.networking.module.vpc.data.aws_vpc_endpoint_service.codebuild",
            "module.eu-west-3.module.networking.module.vpc.data.aws_vpc_endpoint_service.codecommit",
            "module.eu-west-3.module.networking.module.vpc.data.aws_vpc_endpoint_service.codedeploy",
            "module.eu-west-3.module.networking.module.vpc.data.aws_vpc_endpoint_service.codedeploy_commands_secure",
            "module.eu-west-3.module.networking.module.vpc.data.aws_vpc_endpoint_service.codepipeline",
            "module.eu-west-3.module.networking.module.vpc.data.aws_vpc_endpoint_service.config",
            "module.eu-west-3.module.networking.module.vpc.data.aws_vpc_endpoint_service.datasync",
            "module.eu-west-3.module.networking.module.vpc.data.aws_vpc_endpoint_service.dynamodb",
            "module.eu-west-3.module.networking.module.vpc.data.aws_vpc_endpoint_service.ebs",
            "module.eu-west-3.module.networking.module.vpc.data.aws_vpc_endpoint_service.ec2",
            "module.eu-west-3.module.networking.module.vpc.data.aws_vpc_endpoint_service.ec2_autoscaling",
            "module.eu-west-3.module.networking.module.vpc.data.aws_vpc_endpoint_service.ec2messages",
            "module.eu-west-3.module.networking.module.vpc.data.aws_vpc_endpoint_service.ecr_api",
            "module.eu-west-3.module.networking.module.vpc.data.aws_vpc_endpoint_service.ecr_dkr",
            "module.eu-west-3.module.networking.module.vpc.data.aws_vpc_endpoint_service.ecs",
            "module.eu-west-3.module.networking.module.vpc.data.aws_vpc_endpoint_service.ecs_agent",
            "module.eu-west-3.module.networking.module.vpc.data.aws_vpc_endpoint_service.ecs_telemetry",
            "module.eu-west-3.module.networking.module.vpc.data.aws_vpc_endpoint_service.efs",
            "module.eu-west-3.module.networking.module.vpc.data.aws_vpc_endpoint_service.elastic_inference_runtime",
            "module.eu-west-3.module.networking.module.vpc.data.aws_vpc_endpoint_service.elasticbeanstalk",
            "module.eu-west-3.module.networking.module.vpc.data.aws_vpc_endpoint_service.elasticbeanstalk_health",
            "module.eu-west-3.module.networking.module.vpc.data.aws_vpc_endpoint_service.elasticloadbalancing",
            "module.eu-west-3.module.networking.module.vpc.data.aws_vpc_endpoint_service.emr",
            "module.eu-west-3.module.networking.module.vpc.data.aws_vpc_endpoint_service.events",
            "module.eu-west-3.module.networking.module.vpc.data.aws_vpc_endpoint_service.git_codecommit",
            "module.eu-west-3.module.networking.module.vpc.data.aws_vpc_endpoint_service.glue",
            "module.eu-west-3.module.networking.module.vpc.data.aws_vpc_endpoint_service.kinesis_firehose",
            "module.eu-west-3.module.networking.module.vpc.data.aws_vpc_endpoint_service.kinesis_streams",
            "module.eu-west-3.module.networking.module.vpc.data.aws_vpc_endpoint_service.kms",
            "module.eu-west-3.module.networking.module.vpc.data.aws_vpc_endpoint_service.lambda",
            "module.eu-west-3.module.networking.module.vpc.data.aws_vpc_endpoint_service.logs",
            "module.eu-west-3.module.networking.module.vpc.data.aws_vpc_endpoint_service.monitoring",
            "module.eu-west-3.module.networking.module.vpc.data.aws_vpc_endpoint_service.qldb_session",
            "module.eu-west-3.module.networking.module.vpc.data.aws_vpc_endpoint_service.rds",
            "module.eu-west-3.module.networking.module.vpc.data.aws_vpc_endpoint_service.rekognition",
            "module.eu-west-3.module.networking.module.vpc.data.aws_vpc_endpoint_service.s3",
            "module.eu-west-3.module.networking.module.vpc.data.aws_vpc_endpoint_service.sagemaker_api",
            "module.eu-west-3.module.networking.module.vpc.data.aws_vpc_endpoint_service.sagemaker_notebook",
            "module.eu-west-3.module.networking.module.vpc.data.aws_vpc_endpoint_service.sagemaker_runtime",
            "module.eu-west-3.module.networking.module.vpc.data.aws_vpc_endpoint_service.secretsmanager",
            "module.eu-west-3.module.networking.module.vpc.data.aws_vpc_endpoint_service.servicecatalog",
            "module.eu-west-3.module.networking.module.vpc.data.aws_vpc_endpoint_service.ses",
            "module.eu-west-3.module.networking.module.vpc.data.aws_vpc_endpoint_service.sms",
            "module.eu-west-3.module.networking.module.vpc.data.aws_vpc_endpoint_service.sns",
            "module.eu-west-3.module.networking.module.vpc.data.aws_vpc_endpoint_service.sqs",
            "module.eu-west-3.module.networking.module.vpc.data.aws_vpc_endpoint_service.ssm",
            "module.eu-west-3.module.networking.module.vpc.data.aws_vpc_endpoint_service.ssmmessages",
            "module.eu-west-3.module.networking.module.vpc.data.aws_vpc_endpoint_service.states",
            "module.eu-west-3.module.networking.module.vpc.data.aws_vpc_endpoint_service.storagegateway",
            "module.eu-west-3.module.networking.module.vpc.data.aws_vpc_endpoint_service.sts",
            "module.eu-west-3.module.networking.module.vpc.data.aws_vpc_endpoint_service.textract",
            "module.eu-west-3.module.networking.module.vpc.data.aws_vpc_endpoint_service.transfer",
            "module.eu-west-3.module.networking.module.vpc.data.aws_vpc_endpoint_service.transferserver",
            "module.eu-west-3.module.networking.module.vpc.data.aws_vpc_endpoint_service.workspaces",
            "module.eu-west-3.module.resourcegroup.random_string.rand"
          ]
        }
      ]
    },
    {
      "module": "module.eu-west-3.module.loadbalancing",
      "mode": "managed",
      "type": "aws_lb_listener",
      "name": "vault_api",
      "provider": "module.eu-west-3.provider[\"registry.terraform.io/hashicorp/aws\"]",
      "instances": [
        {
          "schema_version": 0,
          "attributes": {
            "arn": "arn:aws:elasticloadbalancing:eu-west-3:837089879979:listener/app/terraform-545j4bommr8kop-vault/b80b55c3e409308a/2b903b3bf9bb9695",
            "certificate_arn": null,
            "default_action": [
              {
                "authenticate_cognito": [],
                "authenticate_oidc": [],
                "fixed_response": [],
                "forward": [],
                "order": 1,
                "redirect": [],
                "target_group_arn": "arn:aws:elasticloadbalancing:eu-west-3:837089879979:targetgroup/uwfnerl9-vault-api/6af7f7ba426c4432",
                "type": "forward"
              }
            ],
            "id": "arn:aws:elasticloadbalancing:eu-west-3:837089879979:listener/app/terraform-545j4bommr8kop-vault/b80b55c3e409308a/2b903b3bf9bb9695",
            "load_balancer_arn": "arn:aws:elasticloadbalancing:eu-west-3:837089879979:loadbalancer/app/terraform-545j4bommr8kop-vault/b80b55c3e409308a",
            "port": 8200,
            "protocol": "HTTP",
            "ssl_policy": "",
            "timeouts": null
          },
          "private": "eyJlMmJmYjczMC1lY2FhLTExZTYtOGY4OC0zNDM2M2JjN2M0YzAiOnsicmVhZCI6NjAwMDAwMDAwMDAwfX0=",
          "dependencies": [
            "module.eu-west-3.module.loadbalancing.aws_lb.vault_lb",
            "module.eu-west-3.module.loadbalancing.aws_lb_target_group.vault_api",
            "module.eu-west-3.module.loadbalancing.random_string.rand",
            "module.eu-west-3.module.networking.data.aws_availability_zones.available",
            "module.eu-west-3.module.networking.module.consul_lb_sg.aws_security_group.security_group",
            "module.eu-west-3.module.networking.module.consul_server_sg.aws_security_group.security_group",
            "module.eu-west-3.module.networking.module.fabio_lb_sg.aws_security_group.security_group",
            "module.eu-west-3.module.networking.module.nomad_client_sg.aws_security_group.security_group",
            "module.eu-west-3.module.networking.module.nomad_lb_sg.aws_security_group.security_group",
            "module.eu-west-3.module.networking.module.nomad_server_sg.aws_security_group.security_group",
            "module.eu-west-3.module.networking.module.vault_lb_sg.aws_security_group.security_group",
            "module.eu-west-3.module.networking.module.vault_server_sg.aws_security_group.security_group",
            "module.eu-west-3.module.networking.module.vpc.aws_cloudwatch_log_group.flow_log",
            "module.eu-west-3.module.networking.module.vpc.aws_customer_gateway.this",
            "module.eu-west-3.module.networking.module.vpc.aws_db_subnet_group.database",
            "module.eu-west-3.module.networking.module.vpc.aws_default_network_acl.this",
            "module.eu-west-3.module.networking.module.vpc.aws_default_security_group.this",
            "module.eu-west-3.module.networking.module.vpc.aws_default_vpc.this",
            "module.eu-west-3.module.networking.module.vpc.aws_egress_only_internet_gateway.this",
            "module.eu-west-3.module.networking.module.vpc.aws_eip.nat",
            "module.eu-west-3.module.networking.module.vpc.aws_elasticache_subnet_group.elasticache",
            "module.eu-west-3.module.networking.module.vpc.aws_flow_log.this",
            "module.eu-west-3.module.networking.module.vpc.aws_iam_policy.vpc_flow_log_cloudwatch",
            "module.eu-west-3.module.networking.module.vpc.aws_iam_role.vpc_flow_log_cloudwatch",
            "module.eu-west-3.module.networking.module.vpc.aws_iam_role_policy_attachment.vpc_flow_log_cloudwatch",
            "module.eu-west-3.module.networking.module.vpc.aws_internet_gateway.this",
            "module.eu-west-3.module.networking.module.vpc.aws_nat_gateway.this",
            "module.eu-west-3.module.networking.module.vpc.aws_network_acl.database",
            "module.eu-west-3.module.networking.module.vpc.aws_network_acl.elasticache",
            "module.eu-west-3.module.networking.module.vpc.aws_network_acl.intra",
            "module.eu-west-3.module.networking.module.vpc.aws_network_acl.private",
            "module.eu-west-3.module.networking.module.vpc.aws_network_acl.public",
            "module.eu-west-3.module.networking.module.vpc.aws_network_acl.redshift",
            "module.eu-west-3.module.networking.module.vpc.aws_network_acl_rule.database_inbound",
            "module.eu-west-3.module.networking.module.vpc.aws_network_acl_rule.database_outbound",
            "module.eu-west-3.module.networking.module.vpc.aws_network_acl_rule.elasticache_inbound",
            "module.eu-west-3.module.networking.module.vpc.aws_network_acl_rule.elasticache_outbound",
            "module.eu-west-3.module.networking.module.vpc.aws_network_acl_rule.intra_inbound",
            "module.eu-west-3.module.networking.module.vpc.aws_network_acl_rule.intra_outbound",
            "module.eu-west-3.module.networking.module.vpc.aws_network_acl_rule.private_inbound",
            "module.eu-west-3.module.networking.module.vpc.aws_network_acl_rule.private_outbound",
            "module.eu-west-3.module.networking.module.vpc.aws_network_acl_rule.public_inbound",
            "module.eu-west-3.module.networking.module.vpc.aws_network_acl_rule.public_outbound",
            "module.eu-west-3.module.networking.module.vpc.aws_network_acl_rule.redshift_inbound",
            "module.eu-west-3.module.networking.module.vpc.aws_network_acl_rule.redshift_outbound",
            "module.eu-west-3.module.networking.module.vpc.aws_redshift_subnet_group.redshift",
            "module.eu-west-3.module.networking.module.vpc.aws_route.database_internet_gateway",
            "module.eu-west-3.module.networking.module.vpc.aws_route.database_ipv6_egress",
            "module.eu-west-3.module.networking.module.vpc.aws_route.database_nat_gateway",
            "module.eu-west-3.module.networking.module.vpc.aws_route.private_ipv6_egress",
            "module.eu-west-3.module.networking.module.vpc.aws_route.private_nat_gateway",
            "module.eu-west-3.module.networking.module.vpc.aws_route.public_internet_gateway",
            "module.eu-west-3.module.networking.module.vpc.aws_route.public_internet_gateway_ipv6",
            "module.eu-west-3.module.networking.module.vpc.aws_route_table.database",
            "module.eu-west-3.module.networking.module.vpc.aws_route_table.elasticache",
            "module.eu-west-3.module.networking.module.vpc.aws_route_table.intra",
            "module.eu-west-3.module.networking.module.vpc.aws_route_table.private",
            "module.eu-west-3.module.networking.module.vpc.aws_route_table.public",
            "module.eu-west-3.module.networking.module.vpc.aws_route_table.redshift",
            "module.eu-west-3.module.networking.module.vpc.aws_route_table_association.database",
            "module.eu-west-3.module.networking.module.vpc.aws_route_table_association.elasticache",
            "module.eu-west-3.module.networking.module.vpc.aws_route_table_association.intra",
            "module.eu-west-3.module.networking.module.vpc.aws_route_table_association.private",
            "module.eu-west-3.module.networking.module.vpc.aws_route_table_association.public",
            "module.eu-west-3.module.networking.module.vpc.aws_route_table_association.redshift",
            "module.eu-west-3.module.networking.module.vpc.aws_route_table_association.redshift_public",
            "module.eu-west-3.module.networking.module.vpc.aws_subnet.database",
            "module.eu-west-3.module.networking.module.vpc.aws_subnet.elasticache",
            "module.eu-west-3.module.networking.module.vpc.aws_subnet.intra",
            "module.eu-west-3.module.networking.module.vpc.aws_subnet.private",
            "module.eu-west-3.module.networking.module.vpc.aws_subnet.public",
            "module.eu-west-3.module.networking.module.vpc.aws_subnet.redshift",
            "module.eu-west-3.module.networking.module.vpc.aws_vpc.this",
            "module.eu-west-3.module.networking.module.vpc.aws_vpc_dhcp_options.this",
            "module.eu-west-3.module.networking.module.vpc.aws_vpc_dhcp_options_association.this",
            "module.eu-west-3.module.networking.module.vpc.aws_vpc_endpoint.access_analyzer",
            "module.eu-west-3.module.networking.module.vpc.aws_vpc_endpoint.acm_pca",
            "module.eu-west-3.module.networking.module.vpc.aws_vpc_endpoint.apigw",
            "module.eu-west-3.module.networking.module.vpc.aws_vpc_endpoint.appmesh_envoy_management",
            "module.eu-west-3.module.networking.module.vpc.aws_vpc_endpoint.appstream_api",
            "module.eu-west-3.module.networking.module.vpc.aws_vpc_endpoint.appstream_streaming",
            "module.eu-west-3.module.networking.module.vpc.aws_vpc_endpoint.athena",
            "module.eu-west-3.module.networking.module.vpc.aws_vpc_endpoint.auto_scaling_plans",
            "module.eu-west-3.module.networking.module.vpc.aws_vpc_endpoint.cloud_directory",
            "module.eu-west-3.module.networking.module.vpc.aws_vpc_endpoint.cloudformation",
            "module.eu-west-3.module.networking.module.vpc.aws_vpc_endpoint.cloudtrail",
            "module.eu-west-3.module.networking.module.vpc.aws_vpc_endpoint.codeartifact_api",
            "module.eu-west-3.module.networking.module.vpc.aws_vpc_endpoint.codeartifact_repositories",
            "module.eu-west-3.module.networking.module.vpc.aws_vpc_endpoint.codebuild",
            "module.eu-west-3.module.networking.module.vpc.aws_vpc_endpoint.codecommit",
            "module.eu-west-3.module.networking.module.vpc.aws_vpc_endpoint.codedeploy",
            "module.eu-west-3.module.networking.module.vpc.aws_vpc_endpoint.codedeploy_commands_secure",
            "module.eu-west-3.module.networking.module.vpc.aws_vpc_endpoint.codepipeline",
            "module.eu-west-3.module.networking.module.vpc.aws_vpc_endpoint.config",
            "module.eu-west-3.module.networking.module.vpc.aws_vpc_endpoint.datasync",
            "module.eu-west-3.module.networking.module.vpc.aws_vpc_endpoint.dynamodb",
            "module.eu-west-3.module.networking.module.vpc.aws_vpc_endpoint.ebs",
            "module.eu-west-3.module.networking.module.vpc.aws_vpc_endpoint.ec2",
            "module.eu-west-3.module.networking.module.vpc.aws_vpc_endpoint.ec2_autoscaling",
            "module.eu-west-3.module.networking.module.vpc.aws_vpc_endpoint.ec2messages",
            "module.eu-west-3.module.networking.module.vpc.aws_vpc_endpoint.ecr_api",
            "module.eu-west-3.module.networking.module.vpc.aws_vpc_endpoint.ecr_dkr",
            "module.eu-west-3.module.networking.module.vpc.aws_vpc_endpoint.ecs",
            "module.eu-west-3.module.networking.module.vpc.aws_vpc_endpoint.ecs_agent",
            "module.eu-west-3.module.networking.module.vpc.aws_vpc_endpoint.ecs_telemetry",
            "module.eu-west-3.module.networking.module.vpc.aws_vpc_endpoint.efs",
            "module.eu-west-3.module.networking.module.vpc.aws_vpc_endpoint.elastic_inference_runtime",
            "module.eu-west-3.module.networking.module.vpc.aws_vpc_endpoint.elasticbeanstalk",
            "module.eu-west-3.module.networking.module.vpc.aws_vpc_endpoint.elasticbeanstalk_health",
            "module.eu-west-3.module.networking.module.vpc.aws_vpc_endpoint.elasticloadbalancing",
            "module.eu-west-3.module.networking.module.vpc.aws_vpc_endpoint.emr",
            "module.eu-west-3.module.networking.module.vpc.aws_vpc_endpoint.events",
            "module.eu-west-3.module.networking.module.vpc.aws_vpc_endpoint.git_codecommit",
            "module.eu-west-3.module.networking.module.vpc.aws_vpc_endpoint.glue",
            "module.eu-west-3.module.networking.module.vpc.aws_vpc_endpoint.kinesis_firehose",
            "module.eu-west-3.module.networking.module.vpc.aws_vpc_endpoint.kinesis_streams",
            "module.eu-west-3.module.networking.module.vpc.aws_vpc_endpoint.kms",
            "module.eu-west-3.module.networking.module.vpc.aws_vpc_endpoint.lambda",
            "module.eu-west-3.module.networking.module.vpc.aws_vpc_endpoint.logs",
            "module.eu-west-3.module.networking.module.vpc.aws_vpc_endpoint.monitoring",
            "module.eu-west-3.module.networking.module.vpc.aws_vpc_endpoint.qldb_session",
            "module.eu-west-3.module.networking.module.vpc.aws_vpc_endpoint.rds",
            "module.eu-west-3.module.networking.module.vpc.aws_vpc_endpoint.rekognition",
            "module.eu-west-3.module.networking.module.vpc.aws_vpc_endpoint.s3",
            "module.eu-west-3.module.networking.module.vpc.aws_vpc_endpoint.sagemaker_api",
            "module.eu-west-3.module.networking.module.vpc.aws_vpc_endpoint.sagemaker_notebook",
            "module.eu-west-3.module.networking.module.vpc.aws_vpc_endpoint.sagemaker_runtime",
            "module.eu-west-3.module.networking.module.vpc.aws_vpc_endpoint.secretsmanager",
            "module.eu-west-3.module.networking.module.vpc.aws_vpc_endpoint.servicecatalog",
            "module.eu-west-3.module.networking.module.vpc.aws_vpc_endpoint.ses",
            "module.eu-west-3.module.networking.module.vpc.aws_vpc_endpoint.sms",
            "module.eu-west-3.module.networking.module.vpc.aws_vpc_endpoint.sns",
            "module.eu-west-3.module.networking.module.vpc.aws_vpc_endpoint.sqs",
            "module.eu-west-3.module.networking.module.vpc.aws_vpc_endpoint.ssm",
            "module.eu-west-3.module.networking.module.vpc.aws_vpc_endpoint.ssmmessages",
            "module.eu-west-3.module.networking.module.vpc.aws_vpc_endpoint.states",
            "module.eu-west-3.module.networking.module.vpc.aws_vpc_endpoint.storagegateway",
            "module.eu-west-3.module.networking.module.vpc.aws_vpc_endpoint.sts",
            "module.eu-west-3.module.networking.module.vpc.aws_vpc_endpoint.textract",
            "module.eu-west-3.module.networking.module.vpc.aws_vpc_endpoint.transfer",
            "module.eu-west-3.module.networking.module.vpc.aws_vpc_endpoint.transferserver",
            "module.eu-west-3.module.networking.module.vpc.aws_vpc_endpoint.workspaces",
            "module.eu-west-3.module.networking.module.vpc.aws_vpc_endpoint_route_table_association.intra_dynamodb",
            "module.eu-west-3.module.networking.module.vpc.aws_vpc_endpoint_route_table_association.intra_s3",
            "module.eu-west-3.module.networking.module.vpc.aws_vpc_endpoint_route_table_association.private_dynamodb",
            "module.eu-west-3.module.networking.module.vpc.aws_vpc_endpoint_route_table_association.private_s3",
            "module.eu-west-3.module.networking.module.vpc.aws_vpc_endpoint_route_table_association.public_dynamodb",
            "module.eu-west-3.module.networking.module.vpc.aws_vpc_endpoint_route_table_association.public_s3",
            "module.eu-west-3.module.networking.module.vpc.aws_vpc_ipv4_cidr_block_association.this",
            "module.eu-west-3.module.networking.module.vpc.aws_vpn_gateway.this",
            "module.eu-west-3.module.networking.module.vpc.aws_vpn_gateway_attachment.this",
            "module.eu-west-3.module.networking.module.vpc.aws_vpn_gateway_route_propagation.intra",
            "module.eu-west-3.module.networking.module.vpc.aws_vpn_gateway_route_propagation.private",
            "module.eu-west-3.module.networking.module.vpc.aws_vpn_gateway_route_propagation.public",
            "module.eu-west-3.module.networking.module.vpc.data.aws_iam_policy_document.flow_log_cloudwatch_assume_role",
            "module.eu-west-3.module.networking.module.vpc.data.aws_iam_policy_document.vpc_flow_log_cloudwatch",
            "module.eu-west-3.module.networking.module.vpc.data.aws_vpc_endpoint_service.access_analyzer",
            "module.eu-west-3.module.networking.module.vpc.data.aws_vpc_endpoint_service.acm_pca",
            "module.eu-west-3.module.networking.module.vpc.data.aws_vpc_endpoint_service.apigw",
            "module.eu-west-3.module.networking.module.vpc.data.aws_vpc_endpoint_service.appmesh_envoy_management",
            "module.eu-west-3.module.networking.module.vpc.data.aws_vpc_endpoint_service.appstream_api",
            "module.eu-west-3.module.networking.module.vpc.data.aws_vpc_endpoint_service.appstream_streaming",
            "module.eu-west-3.module.networking.module.vpc.data.aws_vpc_endpoint_service.athena",
            "module.eu-west-3.module.networking.module.vpc.data.aws_vpc_endpoint_service.auto_scaling_plans",
            "module.eu-west-3.module.networking.module.vpc.data.aws_vpc_endpoint_service.cloud_directory",
            "module.eu-west-3.module.networking.module.vpc.data.aws_vpc_endpoint_service.cloudformation",
            "module.eu-west-3.module.networking.module.vpc.data.aws_vpc_endpoint_service.cloudtrail",
            "module.eu-west-3.module.networking.module.vpc.data.aws_vpc_endpoint_service.codeartifact_api",
            "module.eu-west-3.module.networking.module.vpc.data.aws_vpc_endpoint_service.codeartifact_repositories",
            "module.eu-west-3.module.networking.module.vpc.data.aws_vpc_endpoint_service.codebuild",
            "module.eu-west-3.module.networking.module.vpc.data.aws_vpc_endpoint_service.codecommit",
            "module.eu-west-3.module.networking.module.vpc.data.aws_vpc_endpoint_service.codedeploy",
            "module.eu-west-3.module.networking.module.vpc.data.aws_vpc_endpoint_service.codedeploy_commands_secure",
            "module.eu-west-3.module.networking.module.vpc.data.aws_vpc_endpoint_service.codepipeline",
            "module.eu-west-3.module.networking.module.vpc.data.aws_vpc_endpoint_service.config",
            "module.eu-west-3.module.networking.module.vpc.data.aws_vpc_endpoint_service.datasync",
            "module.eu-west-3.module.networking.module.vpc.data.aws_vpc_endpoint_service.dynamodb",
            "module.eu-west-3.module.networking.module.vpc.data.aws_vpc_endpoint_service.ebs",
            "module.eu-west-3.module.networking.module.vpc.data.aws_vpc_endpoint_service.ec2",
            "module.eu-west-3.module.networking.module.vpc.data.aws_vpc_endpoint_service.ec2_autoscaling",
            "module.eu-west-3.module.networking.module.vpc.data.aws_vpc_endpoint_service.ec2messages",
            "module.eu-west-3.module.networking.module.vpc.data.aws_vpc_endpoint_service.ecr_api",
            "module.eu-west-3.module.networking.module.vpc.data.aws_vpc_endpoint_service.ecr_dkr",
            "module.eu-west-3.module.networking.module.vpc.data.aws_vpc_endpoint_service.ecs",
            "module.eu-west-3.module.networking.module.vpc.data.aws_vpc_endpoint_service.ecs_agent",
            "module.eu-west-3.module.networking.module.vpc.data.aws_vpc_endpoint_service.ecs_telemetry",
            "module.eu-west-3.module.networking.module.vpc.data.aws_vpc_endpoint_service.efs",
            "module.eu-west-3.module.networking.module.vpc.data.aws_vpc_endpoint_service.elastic_inference_runtime",
            "module.eu-west-3.module.networking.module.vpc.data.aws_vpc_endpoint_service.elasticbeanstalk",
            "module.eu-west-3.module.networking.module.vpc.data.aws_vpc_endpoint_service.elasticbeanstalk_health",
            "module.eu-west-3.module.networking.module.vpc.data.aws_vpc_endpoint_service.elasticloadbalancing",
            "module.eu-west-3.module.networking.module.vpc.data.aws_vpc_endpoint_service.emr",
            "module.eu-west-3.module.networking.module.vpc.data.aws_vpc_endpoint_service.events",
            "module.eu-west-3.module.networking.module.vpc.data.aws_vpc_endpoint_service.git_codecommit",
            "module.eu-west-3.module.networking.module.vpc.data.aws_vpc_endpoint_service.glue",
            "module.eu-west-3.module.networking.module.vpc.data.aws_vpc_endpoint_service.kinesis_firehose",
            "module.eu-west-3.module.networking.module.vpc.data.aws_vpc_endpoint_service.kinesis_streams",
            "module.eu-west-3.module.networking.module.vpc.data.aws_vpc_endpoint_service.kms",
            "module.eu-west-3.module.networking.module.vpc.data.aws_vpc_endpoint_service.lambda",
            "module.eu-west-3.module.networking.module.vpc.data.aws_vpc_endpoint_service.logs",
            "module.eu-west-3.module.networking.module.vpc.data.aws_vpc_endpoint_service.monitoring",
            "module.eu-west-3.module.networking.module.vpc.data.aws_vpc_endpoint_service.qldb_session",
            "module.eu-west-3.module.networking.module.vpc.data.aws_vpc_endpoint_service.rds",
            "module.eu-west-3.module.networking.module.vpc.data.aws_vpc_endpoint_service.rekognition",
            "module.eu-west-3.module.networking.module.vpc.data.aws_vpc_endpoint_service.s3",
            "module.eu-west-3.module.networking.module.vpc.data.aws_vpc_endpoint_service.sagemaker_api",
            "module.eu-west-3.module.networking.module.vpc.data.aws_vpc_endpoint_service.sagemaker_notebook",
            "module.eu-west-3.module.networking.module.vpc.data.aws_vpc_endpoint_service.sagemaker_runtime",
            "module.eu-west-3.module.networking.module.vpc.data.aws_vpc_endpoint_service.secretsmanager",
            "module.eu-west-3.module.networking.module.vpc.data.aws_vpc_endpoint_service.servicecatalog",
            "module.eu-west-3.module.networking.module.vpc.data.aws_vpc_endpoint_service.ses",
            "module.eu-west-3.module.networking.module.vpc.data.aws_vpc_endpoint_service.sms",
            "module.eu-west-3.module.networking.module.vpc.data.aws_vpc_endpoint_service.sns",
            "module.eu-west-3.module.networking.module.vpc.data.aws_vpc_endpoint_service.sqs",
            "module.eu-west-3.module.networking.module.vpc.data.aws_vpc_endpoint_service.ssm",
            "module.eu-west-3.module.networking.module.vpc.data.aws_vpc_endpoint_service.ssmmessages",
            "module.eu-west-3.module.networking.module.vpc.data.aws_vpc_endpoint_service.states",
            "module.eu-west-3.module.networking.module.vpc.data.aws_vpc_endpoint_service.storagegateway",
            "module.eu-west-3.module.networking.module.vpc.data.aws_vpc_endpoint_service.sts",
            "module.eu-west-3.module.networking.module.vpc.data.aws_vpc_endpoint_service.textract",
            "module.eu-west-3.module.networking.module.vpc.data.aws_vpc_endpoint_service.transfer",
            "module.eu-west-3.module.networking.module.vpc.data.aws_vpc_endpoint_service.transferserver",
            "module.eu-west-3.module.networking.module.vpc.data.aws_vpc_endpoint_service.workspaces",
            "module.eu-west-3.module.resourcegroup.random_string.rand"
          ]
        }
      ]
    },
    {
      "module": "module.eu-west-3.module.loadbalancing",
      "mode": "managed",
      "type": "aws_lb_target_group",
      "name": "consul_ui",
      "provider": "module.eu-west-3.provider[\"registry.terraform.io/hashicorp/aws\"]",
      "instances": [
        {
          "schema_version": 0,
          "attributes": {
            "arn": "arn:aws:elasticloadbalancing:eu-west-3:837089879979:targetgroup/uwfnerl9-consul-ui/1f33a1491aaa2e1a",
            "arn_suffix": "targetgroup/uwfnerl9-consul-ui/1f33a1491aaa2e1a",
            "deregistration_delay": 300,
            "health_check": [
              {
                "enabled": true,
                "healthy_threshold": 3,
                "interval": 30,
                "matcher": "200",
                "path": "/v1/status/leader",
                "port": "traffic-port",
                "protocol": "HTTP",
                "timeout": 5,
                "unhealthy_threshold": 3
              }
            ],
            "id": "arn:aws:elasticloadbalancing:eu-west-3:837089879979:targetgroup/uwfnerl9-consul-ui/1f33a1491aaa2e1a",
            "lambda_multi_value_headers_enabled": false,
            "load_balancing_algorithm_type": "round_robin",
            "name": "uwfnerl9-consul-ui",
            "name_prefix": null,
            "port": 8500,
            "protocol": "HTTP",
            "proxy_protocol_v2": false,
            "slow_start": 0,
            "stickiness": [
              {
                "cookie_duration": 86400,
                "enabled": false,
                "type": "lb_cookie"
              }
            ],
            "tags": {
              "ResourceGroup": "terraform-545j4bommr8kop"
            },
            "target_type": "instance",
            "vpc_id": "vpc-0759d5a7d216160d3"
          },
          "private": "bnVsbA==",
          "dependencies": [
            "module.eu-west-3.module.loadbalancing.random_string.rand",
            "module.eu-west-3.module.networking.data.aws_availability_zones.available",
            "module.eu-west-3.module.networking.module.vpc.aws_cloudwatch_log_group.flow_log",
            "module.eu-west-3.module.networking.module.vpc.aws_customer_gateway.this",
            "module.eu-west-3.module.networking.module.vpc.aws_db_subnet_group.database",
            "module.eu-west-3.module.networking.module.vpc.aws_default_network_acl.this",
            "module.eu-west-3.module.networking.module.vpc.aws_default_security_group.this",
            "module.eu-west-3.module.networking.module.vpc.aws_default_vpc.this",
            "module.eu-west-3.module.networking.module.vpc.aws_egress_only_internet_gateway.this",
            "module.eu-west-3.module.networking.module.vpc.aws_eip.nat",
            "module.eu-west-3.module.networking.module.vpc.aws_elasticache_subnet_group.elasticache",
            "module.eu-west-3.module.networking.module.vpc.aws_flow_log.this",
            "module.eu-west-3.module.networking.module.vpc.aws_iam_policy.vpc_flow_log_cloudwatch",
            "module.eu-west-3.module.networking.module.vpc.aws_iam_role.vpc_flow_log_cloudwatch",
            "module.eu-west-3.module.networking.module.vpc.aws_iam_role_policy_attachment.vpc_flow_log_cloudwatch",
            "module.eu-west-3.module.networking.module.vpc.aws_internet_gateway.this",
            "module.eu-west-3.module.networking.module.vpc.aws_nat_gateway.this",
            "module.eu-west-3.module.networking.module.vpc.aws_network_acl.database",
            "module.eu-west-3.module.networking.module.vpc.aws_network_acl.elasticache",
            "module.eu-west-3.module.networking.module.vpc.aws_network_acl.intra",
            "module.eu-west-3.module.networking.module.vpc.aws_network_acl.private",
            "module.eu-west-3.module.networking.module.vpc.aws_network_acl.public",
            "module.eu-west-3.module.networking.module.vpc.aws_network_acl.redshift",
            "module.eu-west-3.module.networking.module.vpc.aws_network_acl_rule.database_inbound",
            "module.eu-west-3.module.networking.module.vpc.aws_network_acl_rule.database_outbound",
            "module.eu-west-3.module.networking.module.vpc.aws_network_acl_rule.elasticache_inbound",
            "module.eu-west-3.module.networking.module.vpc.aws_network_acl_rule.elasticache_outbound",
            "module.eu-west-3.module.networking.module.vpc.aws_network_acl_rule.intra_inbound",
            "module.eu-west-3.module.networking.module.vpc.aws_network_acl_rule.intra_outbound",
            "module.eu-west-3.module.networking.module.vpc.aws_network_acl_rule.private_inbound",
            "module.eu-west-3.module.networking.module.vpc.aws_network_acl_rule.private_outbound",
            "module.eu-west-3.module.networking.module.vpc.aws_network_acl_rule.public_inbound",
            "module.eu-west-3.module.networking.module.vpc.aws_network_acl_rule.public_outbound",
            "module.eu-west-3.module.networking.module.vpc.aws_network_acl_rule.redshift_inbound",
            "module.eu-west-3.module.networking.module.vpc.aws_network_acl_rule.redshift_outbound",
            "module.eu-west-3.module.networking.module.vpc.aws_redshift_subnet_group.redshift",
            "module.eu-west-3.module.networking.module.vpc.aws_route.database_internet_gateway",
            "module.eu-west-3.module.networking.module.vpc.aws_route.database_ipv6_egress",
            "module.eu-west-3.module.networking.module.vpc.aws_route.database_nat_gateway",
            "module.eu-west-3.module.networking.module.vpc.aws_route.private_ipv6_egress",
            "module.eu-west-3.module.networking.module.vpc.aws_route.private_nat_gateway",
            "module.eu-west-3.module.networking.module.vpc.aws_route.public_internet_gateway",
            "module.eu-west-3.module.networking.module.vpc.aws_route.public_internet_gateway_ipv6",
            "module.eu-west-3.module.networking.module.vpc.aws_route_table.database",
            "module.eu-west-3.module.networking.module.vpc.aws_route_table.elasticache",
            "module.eu-west-3.module.networking.module.vpc.aws_route_table.intra",
            "module.eu-west-3.module.networking.module.vpc.aws_route_table.private",
            "module.eu-west-3.module.networking.module.vpc.aws_route_table.public",
            "module.eu-west-3.module.networking.module.vpc.aws_route_table.redshift",
            "module.eu-west-3.module.networking.module.vpc.aws_route_table_association.database",
            "module.eu-west-3.module.networking.module.vpc.aws_route_table_association.elasticache",
            "module.eu-west-3.module.networking.module.vpc.aws_route_table_association.intra",
            "module.eu-west-3.module.networking.module.vpc.aws_route_table_association.private",
            "module.eu-west-3.module.networking.module.vpc.aws_route_table_association.public",
            "module.eu-west-3.module.networking.module.vpc.aws_route_table_association.redshift",
            "module.eu-west-3.module.networking.module.vpc.aws_route_table_association.redshift_public",
            "module.eu-west-3.module.networking.module.vpc.aws_subnet.database",
            "module.eu-west-3.module.networking.module.vpc.aws_subnet.elasticache",
            "module.eu-west-3.module.networking.module.vpc.aws_subnet.intra",
            "module.eu-west-3.module.networking.module.vpc.aws_subnet.private",
            "module.eu-west-3.module.networking.module.vpc.aws_subnet.public",
            "module.eu-west-3.module.networking.module.vpc.aws_subnet.redshift",
            "module.eu-west-3.module.networking.module.vpc.aws_vpc.this",
            "module.eu-west-3.module.networking.module.vpc.aws_vpc_dhcp_options.this",
            "module.eu-west-3.module.networking.module.vpc.aws_vpc_dhcp_options_association.this",
            "module.eu-west-3.module.networking.module.vpc.aws_vpc_endpoint.access_analyzer",
            "module.eu-west-3.module.networking.module.vpc.aws_vpc_endpoint.acm_pca",
            "module.eu-west-3.module.networking.module.vpc.aws_vpc_endpoint.apigw",
            "module.eu-west-3.module.networking.module.vpc.aws_vpc_endpoint.appmesh_envoy_management",
            "module.eu-west-3.module.networking.module.vpc.aws_vpc_endpoint.appstream_api",
            "module.eu-west-3.module.networking.module.vpc.aws_vpc_endpoint.appstream_streaming",
            "module.eu-west-3.module.networking.module.vpc.aws_vpc_endpoint.athena",
            "module.eu-west-3.module.networking.module.vpc.aws_vpc_endpoint.auto_scaling_plans",
            "module.eu-west-3.module.networking.module.vpc.aws_vpc_endpoint.cloud_directory",
            "module.eu-west-3.module.networking.module.vpc.aws_vpc_endpoint.cloudformation",
            "module.eu-west-3.module.networking.module.vpc.aws_vpc_endpoint.cloudtrail",
            "module.eu-west-3.module.networking.module.vpc.aws_vpc_endpoint.codeartifact_api",
            "module.eu-west-3.module.networking.module.vpc.aws_vpc_endpoint.codeartifact_repositories",
            "module.eu-west-3.module.networking.module.vpc.aws_vpc_endpoint.codebuild",
            "module.eu-west-3.module.networking.module.vpc.aws_vpc_endpoint.codecommit",
            "module.eu-west-3.module.networking.module.vpc.aws_vpc_endpoint.codedeploy",
            "module.eu-west-3.module.networking.module.vpc.aws_vpc_endpoint.codedeploy_commands_secure",
            "module.eu-west-3.module.networking.module.vpc.aws_vpc_endpoint.codepipeline",
            "module.eu-west-3.module.networking.module.vpc.aws_vpc_endpoint.config",
            "module.eu-west-3.module.networking.module.vpc.aws_vpc_endpoint.datasync",
            "module.eu-west-3.module.networking.module.vpc.aws_vpc_endpoint.dynamodb",
            "module.eu-west-3.module.networking.module.vpc.aws_vpc_endpoint.ebs",
            "module.eu-west-3.module.networking.module.vpc.aws_vpc_endpoint.ec2",
            "module.eu-west-3.module.networking.module.vpc.aws_vpc_endpoint.ec2_autoscaling",
            "module.eu-west-3.module.networking.module.vpc.aws_vpc_endpoint.ec2messages",
            "module.eu-west-3.module.networking.module.vpc.aws_vpc_endpoint.ecr_api",
            "module.eu-west-3.module.networking.module.vpc.aws_vpc_endpoint.ecr_dkr",
            "module.eu-west-3.module.networking.module.vpc.aws_vpc_endpoint.ecs",
            "module.eu-west-3.module.networking.module.vpc.aws_vpc_endpoint.ecs_agent",
            "module.eu-west-3.module.networking.module.vpc.aws_vpc_endpoint.ecs_telemetry",
            "module.eu-west-3.module.networking.module.vpc.aws_vpc_endpoint.efs",
            "module.eu-west-3.module.networking.module.vpc.aws_vpc_endpoint.elastic_inference_runtime",
            "module.eu-west-3.module.networking.module.vpc.aws_vpc_endpoint.elasticbeanstalk",
            "module.eu-west-3.module.networking.module.vpc.aws_vpc_endpoint.elasticbeanstalk_health",
            "module.eu-west-3.module.networking.module.vpc.aws_vpc_endpoint.elasticloadbalancing",
            "module.eu-west-3.module.networking.module.vpc.aws_vpc_endpoint.emr",
            "module.eu-west-3.module.networking.module.vpc.aws_vpc_endpoint.events",
            "module.eu-west-3.module.networking.module.vpc.aws_vpc_endpoint.git_codecommit",
            "module.eu-west-3.module.networking.module.vpc.aws_vpc_endpoint.glue",
            "module.eu-west-3.module.networking.module.vpc.aws_vpc_endpoint.kinesis_firehose",
            "module.eu-west-3.module.networking.module.vpc.aws_vpc_endpoint.kinesis_streams",
            "module.eu-west-3.module.networking.module.vpc.aws_vpc_endpoint.kms",
            "module.eu-west-3.module.networking.module.vpc.aws_vpc_endpoint.lambda",
            "module.eu-west-3.module.networking.module.vpc.aws_vpc_endpoint.logs",
            "module.eu-west-3.module.networking.module.vpc.aws_vpc_endpoint.monitoring",
            "module.eu-west-3.module.networking.module.vpc.aws_vpc_endpoint.qldb_session",
            "module.eu-west-3.module.networking.module.vpc.aws_vpc_endpoint.rds",
            "module.eu-west-3.module.networking.module.vpc.aws_vpc_endpoint.rekognition",
            "module.eu-west-3.module.networking.module.vpc.aws_vpc_endpoint.s3",
            "module.eu-west-3.module.networking.module.vpc.aws_vpc_endpoint.sagemaker_api",
            "module.eu-west-3.module.networking.module.vpc.aws_vpc_endpoint.sagemaker_notebook",
            "module.eu-west-3.module.networking.module.vpc.aws_vpc_endpoint.sagemaker_runtime",
            "module.eu-west-3.module.networking.module.vpc.aws_vpc_endpoint.secretsmanager",
            "module.eu-west-3.module.networking.module.vpc.aws_vpc_endpoint.servicecatalog",
            "module.eu-west-3.module.networking.module.vpc.aws_vpc_endpoint.ses",
            "module.eu-west-3.module.networking.module.vpc.aws_vpc_endpoint.sms",
            "module.eu-west-3.module.networking.module.vpc.aws_vpc_endpoint.sns",
            "module.eu-west-3.module.networking.module.vpc.aws_vpc_endpoint.sqs",
            "module.eu-west-3.module.networking.module.vpc.aws_vpc_endpoint.ssm",
            "module.eu-west-3.module.networking.module.vpc.aws_vpc_endpoint.ssmmessages",
            "module.eu-west-3.module.networking.module.vpc.aws_vpc_endpoint.states",
            "module.eu-west-3.module.networking.module.vpc.aws_vpc_endpoint.storagegateway",
            "module.eu-west-3.module.networking.module.vpc.aws_vpc_endpoint.sts",
            "module.eu-west-3.module.networking.module.vpc.aws_vpc_endpoint.textract",
            "module.eu-west-3.module.networking.module.vpc.aws_vpc_endpoint.transfer",
            "module.eu-west-3.module.networking.module.vpc.aws_vpc_endpoint.transferserver",
            "module.eu-west-3.module.networking.module.vpc.aws_vpc_endpoint.workspaces",
            "module.eu-west-3.module.networking.module.vpc.aws_vpc_endpoint_route_table_association.intra_dynamodb",
            "module.eu-west-3.module.networking.module.vpc.aws_vpc_endpoint_route_table_association.intra_s3",
            "module.eu-west-3.module.networking.module.vpc.aws_vpc_endpoint_route_table_association.private_dynamodb",
            "module.eu-west-3.module.networking.module.vpc.aws_vpc_endpoint_route_table_association.private_s3",
            "module.eu-west-3.module.networking.module.vpc.aws_vpc_endpoint_route_table_association.public_dynamodb",
            "module.eu-west-3.module.networking.module.vpc.aws_vpc_endpoint_route_table_association.public_s3",
            "module.eu-west-3.module.networking.module.vpc.aws_vpc_ipv4_cidr_block_association.this",
            "module.eu-west-3.module.networking.module.vpc.aws_vpn_gateway.this",
            "module.eu-west-3.module.networking.module.vpc.aws_vpn_gateway_attachment.this",
            "module.eu-west-3.module.networking.module.vpc.aws_vpn_gateway_route_propagation.intra",
            "module.eu-west-3.module.networking.module.vpc.aws_vpn_gateway_route_propagation.private",
            "module.eu-west-3.module.networking.module.vpc.aws_vpn_gateway_route_propagation.public",
            "module.eu-west-3.module.networking.module.vpc.data.aws_iam_policy_document.flow_log_cloudwatch_assume_role",
            "module.eu-west-3.module.networking.module.vpc.data.aws_iam_policy_document.vpc_flow_log_cloudwatch",
            "module.eu-west-3.module.networking.module.vpc.data.aws_vpc_endpoint_service.access_analyzer",
            "module.eu-west-3.module.networking.module.vpc.data.aws_vpc_endpoint_service.acm_pca",
            "module.eu-west-3.module.networking.module.vpc.data.aws_vpc_endpoint_service.apigw",
            "module.eu-west-3.module.networking.module.vpc.data.aws_vpc_endpoint_service.appmesh_envoy_management",
            "module.eu-west-3.module.networking.module.vpc.data.aws_vpc_endpoint_service.appstream_api",
            "module.eu-west-3.module.networking.module.vpc.data.aws_vpc_endpoint_service.appstream_streaming",
            "module.eu-west-3.module.networking.module.vpc.data.aws_vpc_endpoint_service.athena",
            "module.eu-west-3.module.networking.module.vpc.data.aws_vpc_endpoint_service.auto_scaling_plans",
            "module.eu-west-3.module.networking.module.vpc.data.aws_vpc_endpoint_service.cloud_directory",
            "module.eu-west-3.module.networking.module.vpc.data.aws_vpc_endpoint_service.cloudformation",
            "module.eu-west-3.module.networking.module.vpc.data.aws_vpc_endpoint_service.cloudtrail",
            "module.eu-west-3.module.networking.module.vpc.data.aws_vpc_endpoint_service.codeartifact_api",
            "module.eu-west-3.module.networking.module.vpc.data.aws_vpc_endpoint_service.codeartifact_repositories",
            "module.eu-west-3.module.networking.module.vpc.data.aws_vpc_endpoint_service.codebuild",
            "module.eu-west-3.module.networking.module.vpc.data.aws_vpc_endpoint_service.codecommit",
            "module.eu-west-3.module.networking.module.vpc.data.aws_vpc_endpoint_service.codedeploy",
            "module.eu-west-3.module.networking.module.vpc.data.aws_vpc_endpoint_service.codedeploy_commands_secure",
            "module.eu-west-3.module.networking.module.vpc.data.aws_vpc_endpoint_service.codepipeline",
            "module.eu-west-3.module.networking.module.vpc.data.aws_vpc_endpoint_service.config",
            "module.eu-west-3.module.networking.module.vpc.data.aws_vpc_endpoint_service.datasync",
            "module.eu-west-3.module.networking.module.vpc.data.aws_vpc_endpoint_service.dynamodb",
            "module.eu-west-3.module.networking.module.vpc.data.aws_vpc_endpoint_service.ebs",
            "module.eu-west-3.module.networking.module.vpc.data.aws_vpc_endpoint_service.ec2",
            "module.eu-west-3.module.networking.module.vpc.data.aws_vpc_endpoint_service.ec2_autoscaling",
            "module.eu-west-3.module.networking.module.vpc.data.aws_vpc_endpoint_service.ec2messages",
            "module.eu-west-3.module.networking.module.vpc.data.aws_vpc_endpoint_service.ecr_api",
            "module.eu-west-3.module.networking.module.vpc.data.aws_vpc_endpoint_service.ecr_dkr",
            "module.eu-west-3.module.networking.module.vpc.data.aws_vpc_endpoint_service.ecs",
            "module.eu-west-3.module.networking.module.vpc.data.aws_vpc_endpoint_service.ecs_agent",
            "module.eu-west-3.module.networking.module.vpc.data.aws_vpc_endpoint_service.ecs_telemetry",
            "module.eu-west-3.module.networking.module.vpc.data.aws_vpc_endpoint_service.efs",
            "module.eu-west-3.module.networking.module.vpc.data.aws_vpc_endpoint_service.elastic_inference_runtime",
            "module.eu-west-3.module.networking.module.vpc.data.aws_vpc_endpoint_service.elasticbeanstalk",
            "module.eu-west-3.module.networking.module.vpc.data.aws_vpc_endpoint_service.elasticbeanstalk_health",
            "module.eu-west-3.module.networking.module.vpc.data.aws_vpc_endpoint_service.elasticloadbalancing",
            "module.eu-west-3.module.networking.module.vpc.data.aws_vpc_endpoint_service.emr",
            "module.eu-west-3.module.networking.module.vpc.data.aws_vpc_endpoint_service.events",
            "module.eu-west-3.module.networking.module.vpc.data.aws_vpc_endpoint_service.git_codecommit",
            "module.eu-west-3.module.networking.module.vpc.data.aws_vpc_endpoint_service.glue",
            "module.eu-west-3.module.networking.module.vpc.data.aws_vpc_endpoint_service.kinesis_firehose",
            "module.eu-west-3.module.networking.module.vpc.data.aws_vpc_endpoint_service.kinesis_streams",
            "module.eu-west-3.module.networking.module.vpc.data.aws_vpc_endpoint_service.kms",
            "module.eu-west-3.module.networking.module.vpc.data.aws_vpc_endpoint_service.lambda",
            "module.eu-west-3.module.networking.module.vpc.data.aws_vpc_endpoint_service.logs",
            "module.eu-west-3.module.networking.module.vpc.data.aws_vpc_endpoint_service.monitoring",
            "module.eu-west-3.module.networking.module.vpc.data.aws_vpc_endpoint_service.qldb_session",
            "module.eu-west-3.module.networking.module.vpc.data.aws_vpc_endpoint_service.rds",
            "module.eu-west-3.module.networking.module.vpc.data.aws_vpc_endpoint_service.rekognition",
            "module.eu-west-3.module.networking.module.vpc.data.aws_vpc_endpoint_service.s3",
            "module.eu-west-3.module.networking.module.vpc.data.aws_vpc_endpoint_service.sagemaker_api",
            "module.eu-west-3.module.networking.module.vpc.data.aws_vpc_endpoint_service.sagemaker_notebook",
            "module.eu-west-3.module.networking.module.vpc.data.aws_vpc_endpoint_service.sagemaker_runtime",
            "module.eu-west-3.module.networking.module.vpc.data.aws_vpc_endpoint_service.secretsmanager",
            "module.eu-west-3.module.networking.module.vpc.data.aws_vpc_endpoint_service.servicecatalog",
            "module.eu-west-3.module.networking.module.vpc.data.aws_vpc_endpoint_service.ses",
            "module.eu-west-3.module.networking.module.vpc.data.aws_vpc_endpoint_service.sms",
            "module.eu-west-3.module.networking.module.vpc.data.aws_vpc_endpoint_service.sns",
            "module.eu-west-3.module.networking.module.vpc.data.aws_vpc_endpoint_service.sqs",
            "module.eu-west-3.module.networking.module.vpc.data.aws_vpc_endpoint_service.ssm",
            "module.eu-west-3.module.networking.module.vpc.data.aws_vpc_endpoint_service.ssmmessages",
            "module.eu-west-3.module.networking.module.vpc.data.aws_vpc_endpoint_service.states",
            "module.eu-west-3.module.networking.module.vpc.data.aws_vpc_endpoint_service.storagegateway",
            "module.eu-west-3.module.networking.module.vpc.data.aws_vpc_endpoint_service.sts",
            "module.eu-west-3.module.networking.module.vpc.data.aws_vpc_endpoint_service.textract",
            "module.eu-west-3.module.networking.module.vpc.data.aws_vpc_endpoint_service.transfer",
            "module.eu-west-3.module.networking.module.vpc.data.aws_vpc_endpoint_service.transferserver",
            "module.eu-west-3.module.networking.module.vpc.data.aws_vpc_endpoint_service.workspaces",
            "module.eu-west-3.module.resourcegroup.random_string.rand"
          ]
        }
      ]
    },
    {
      "module": "module.eu-west-3.module.loadbalancing",
      "mode": "managed",
      "type": "aws_lb_target_group",
      "name": "fabio_lb",
      "provider": "module.eu-west-3.provider[\"registry.terraform.io/hashicorp/aws\"]",
      "instances": [
        {
          "schema_version": 0,
          "attributes": {
            "arn": "arn:aws:elasticloadbalancing:eu-west-3:837089879979:targetgroup/uwfnerl9-fabio-lb/b9e94bb1eb1df8ae",
            "arn_suffix": "targetgroup/uwfnerl9-fabio-lb/b9e94bb1eb1df8ae",
            "deregistration_delay": 300,
            "health_check": [
              {
                "enabled": true,
                "healthy_threshold": 3,
                "interval": 30,
                "matcher": "200-399",
                "path": "/",
                "port": "4646",
                "protocol": "HTTP",
                "timeout": 6,
                "unhealthy_threshold": 3
              }
            ],
            "id": "arn:aws:elasticloadbalancing:eu-west-3:837089879979:targetgroup/uwfnerl9-fabio-lb/b9e94bb1eb1df8ae",
            "lambda_multi_value_headers_enabled": false,
            "load_balancing_algorithm_type": null,
            "name": "uwfnerl9-fabio-lb",
            "name_prefix": null,
            "port": 9999,
            "protocol": "TCP",
            "proxy_protocol_v2": false,
            "slow_start": 0,
            "stickiness": [
              {
                "cookie_duration": 0,
                "enabled": false,
                "type": "source_ip"
              }
            ],
            "tags": {
              "ResourceGroup": "terraform-545j4bommr8kop"
            },
            "target_type": "instance",
            "vpc_id": "vpc-0759d5a7d216160d3"
          },
          "private": "bnVsbA==",
          "dependencies": [
            "module.eu-west-3.module.loadbalancing.random_string.rand",
            "module.eu-west-3.module.networking.data.aws_availability_zones.available",
            "module.eu-west-3.module.networking.module.vpc.aws_cloudwatch_log_group.flow_log",
            "module.eu-west-3.module.networking.module.vpc.aws_customer_gateway.this",
            "module.eu-west-3.module.networking.module.vpc.aws_db_subnet_group.database",
            "module.eu-west-3.module.networking.module.vpc.aws_default_network_acl.this",
            "module.eu-west-3.module.networking.module.vpc.aws_default_security_group.this",
            "module.eu-west-3.module.networking.module.vpc.aws_default_vpc.this",
            "module.eu-west-3.module.networking.module.vpc.aws_egress_only_internet_gateway.this",
            "module.eu-west-3.module.networking.module.vpc.aws_eip.nat",
            "module.eu-west-3.module.networking.module.vpc.aws_elasticache_subnet_group.elasticache",
            "module.eu-west-3.module.networking.module.vpc.aws_flow_log.this",
            "module.eu-west-3.module.networking.module.vpc.aws_iam_policy.vpc_flow_log_cloudwatch",
            "module.eu-west-3.module.networking.module.vpc.aws_iam_role.vpc_flow_log_cloudwatch",
            "module.eu-west-3.module.networking.module.vpc.aws_iam_role_policy_attachment.vpc_flow_log_cloudwatch",
            "module.eu-west-3.module.networking.module.vpc.aws_internet_gateway.this",
            "module.eu-west-3.module.networking.module.vpc.aws_nat_gateway.this",
            "module.eu-west-3.module.networking.module.vpc.aws_network_acl.database",
            "module.eu-west-3.module.networking.module.vpc.aws_network_acl.elasticache",
            "module.eu-west-3.module.networking.module.vpc.aws_network_acl.intra",
            "module.eu-west-3.module.networking.module.vpc.aws_network_acl.private",
            "module.eu-west-3.module.networking.module.vpc.aws_network_acl.public",
            "module.eu-west-3.module.networking.module.vpc.aws_network_acl.redshift",
            "module.eu-west-3.module.networking.module.vpc.aws_network_acl_rule.database_inbound",
            "module.eu-west-3.module.networking.module.vpc.aws_network_acl_rule.database_outbound",
            "module.eu-west-3.module.networking.module.vpc.aws_network_acl_rule.elasticache_inbound",
            "module.eu-west-3.module.networking.module.vpc.aws_network_acl_rule.elasticache_outbound",
            "module.eu-west-3.module.networking.module.vpc.aws_network_acl_rule.intra_inbound",
            "module.eu-west-3.module.networking.module.vpc.aws_network_acl_rule.intra_outbound",
            "module.eu-west-3.module.networking.module.vpc.aws_network_acl_rule.private_inbound",
            "module.eu-west-3.module.networking.module.vpc.aws_network_acl_rule.private_outbound",
            "module.eu-west-3.module.networking.module.vpc.aws_network_acl_rule.public_inbound",
            "module.eu-west-3.module.networking.module.vpc.aws_network_acl_rule.public_outbound",
            "module.eu-west-3.module.networking.module.vpc.aws_network_acl_rule.redshift_inbound",
            "module.eu-west-3.module.networking.module.vpc.aws_network_acl_rule.redshift_outbound",
            "module.eu-west-3.module.networking.module.vpc.aws_redshift_subnet_group.redshift",
            "module.eu-west-3.module.networking.module.vpc.aws_route.database_internet_gateway",
            "module.eu-west-3.module.networking.module.vpc.aws_route.database_ipv6_egress",
            "module.eu-west-3.module.networking.module.vpc.aws_route.database_nat_gateway",
            "module.eu-west-3.module.networking.module.vpc.aws_route.private_ipv6_egress",
            "module.eu-west-3.module.networking.module.vpc.aws_route.private_nat_gateway",
            "module.eu-west-3.module.networking.module.vpc.aws_route.public_internet_gateway",
            "module.eu-west-3.module.networking.module.vpc.aws_route.public_internet_gateway_ipv6",
            "module.eu-west-3.module.networking.module.vpc.aws_route_table.database",
            "module.eu-west-3.module.networking.module.vpc.aws_route_table.elasticache",
            "module.eu-west-3.module.networking.module.vpc.aws_route_table.intra",
            "module.eu-west-3.module.networking.module.vpc.aws_route_table.private",
            "module.eu-west-3.module.networking.module.vpc.aws_route_table.public",
            "module.eu-west-3.module.networking.module.vpc.aws_route_table.redshift",
            "module.eu-west-3.module.networking.module.vpc.aws_route_table_association.database",
            "module.eu-west-3.module.networking.module.vpc.aws_route_table_association.elasticache",
            "module.eu-west-3.module.networking.module.vpc.aws_route_table_association.intra",
            "module.eu-west-3.module.networking.module.vpc.aws_route_table_association.private",
            "module.eu-west-3.module.networking.module.vpc.aws_route_table_association.public",
            "module.eu-west-3.module.networking.module.vpc.aws_route_table_association.redshift",
            "module.eu-west-3.module.networking.module.vpc.aws_route_table_association.redshift_public",
            "module.eu-west-3.module.networking.module.vpc.aws_subnet.database",
            "module.eu-west-3.module.networking.module.vpc.aws_subnet.elasticache",
            "module.eu-west-3.module.networking.module.vpc.aws_subnet.intra",
            "module.eu-west-3.module.networking.module.vpc.aws_subnet.private",
            "module.eu-west-3.module.networking.module.vpc.aws_subnet.public",
            "module.eu-west-3.module.networking.module.vpc.aws_subnet.redshift",
            "module.eu-west-3.module.networking.module.vpc.aws_vpc.this",
            "module.eu-west-3.module.networking.module.vpc.aws_vpc_dhcp_options.this",
            "module.eu-west-3.module.networking.module.vpc.aws_vpc_dhcp_options_association.this",
            "module.eu-west-3.module.networking.module.vpc.aws_vpc_endpoint.access_analyzer",
            "module.eu-west-3.module.networking.module.vpc.aws_vpc_endpoint.acm_pca",
            "module.eu-west-3.module.networking.module.vpc.aws_vpc_endpoint.apigw",
            "module.eu-west-3.module.networking.module.vpc.aws_vpc_endpoint.appmesh_envoy_management",
            "module.eu-west-3.module.networking.module.vpc.aws_vpc_endpoint.appstream_api",
            "module.eu-west-3.module.networking.module.vpc.aws_vpc_endpoint.appstream_streaming",
            "module.eu-west-3.module.networking.module.vpc.aws_vpc_endpoint.athena",
            "module.eu-west-3.module.networking.module.vpc.aws_vpc_endpoint.auto_scaling_plans",
            "module.eu-west-3.module.networking.module.vpc.aws_vpc_endpoint.cloud_directory",
            "module.eu-west-3.module.networking.module.vpc.aws_vpc_endpoint.cloudformation",
            "module.eu-west-3.module.networking.module.vpc.aws_vpc_endpoint.cloudtrail",
            "module.eu-west-3.module.networking.module.vpc.aws_vpc_endpoint.codeartifact_api",
            "module.eu-west-3.module.networking.module.vpc.aws_vpc_endpoint.codeartifact_repositories",
            "module.eu-west-3.module.networking.module.vpc.aws_vpc_endpoint.codebuild",
            "module.eu-west-3.module.networking.module.vpc.aws_vpc_endpoint.codecommit",
            "module.eu-west-3.module.networking.module.vpc.aws_vpc_endpoint.codedeploy",
            "module.eu-west-3.module.networking.module.vpc.aws_vpc_endpoint.codedeploy_commands_secure",
            "module.eu-west-3.module.networking.module.vpc.aws_vpc_endpoint.codepipeline",
            "module.eu-west-3.module.networking.module.vpc.aws_vpc_endpoint.config",
            "module.eu-west-3.module.networking.module.vpc.aws_vpc_endpoint.datasync",
            "module.eu-west-3.module.networking.module.vpc.aws_vpc_endpoint.dynamodb",
            "module.eu-west-3.module.networking.module.vpc.aws_vpc_endpoint.ebs",
            "module.eu-west-3.module.networking.module.vpc.aws_vpc_endpoint.ec2",
            "module.eu-west-3.module.networking.module.vpc.aws_vpc_endpoint.ec2_autoscaling",
            "module.eu-west-3.module.networking.module.vpc.aws_vpc_endpoint.ec2messages",
            "module.eu-west-3.module.networking.module.vpc.aws_vpc_endpoint.ecr_api",
            "module.eu-west-3.module.networking.module.vpc.aws_vpc_endpoint.ecr_dkr",
            "module.eu-west-3.module.networking.module.vpc.aws_vpc_endpoint.ecs",
            "module.eu-west-3.module.networking.module.vpc.aws_vpc_endpoint.ecs_agent",
            "module.eu-west-3.module.networking.module.vpc.aws_vpc_endpoint.ecs_telemetry",
            "module.eu-west-3.module.networking.module.vpc.aws_vpc_endpoint.efs",
            "module.eu-west-3.module.networking.module.vpc.aws_vpc_endpoint.elastic_inference_runtime",
            "module.eu-west-3.module.networking.module.vpc.aws_vpc_endpoint.elasticbeanstalk",
            "module.eu-west-3.module.networking.module.vpc.aws_vpc_endpoint.elasticbeanstalk_health",
            "module.eu-west-3.module.networking.module.vpc.aws_vpc_endpoint.elasticloadbalancing",
            "module.eu-west-3.module.networking.module.vpc.aws_vpc_endpoint.emr",
            "module.eu-west-3.module.networking.module.vpc.aws_vpc_endpoint.events",
            "module.eu-west-3.module.networking.module.vpc.aws_vpc_endpoint.git_codecommit",
            "module.eu-west-3.module.networking.module.vpc.aws_vpc_endpoint.glue",
            "module.eu-west-3.module.networking.module.vpc.aws_vpc_endpoint.kinesis_firehose",
            "module.eu-west-3.module.networking.module.vpc.aws_vpc_endpoint.kinesis_streams",
            "module.eu-west-3.module.networking.module.vpc.aws_vpc_endpoint.kms",
            "module.eu-west-3.module.networking.module.vpc.aws_vpc_endpoint.lambda",
            "module.eu-west-3.module.networking.module.vpc.aws_vpc_endpoint.logs",
            "module.eu-west-3.module.networking.module.vpc.aws_vpc_endpoint.monitoring",
            "module.eu-west-3.module.networking.module.vpc.aws_vpc_endpoint.qldb_session",
            "module.eu-west-3.module.networking.module.vpc.aws_vpc_endpoint.rds",
            "module.eu-west-3.module.networking.module.vpc.aws_vpc_endpoint.rekognition",
            "module.eu-west-3.module.networking.module.vpc.aws_vpc_endpoint.s3",
            "module.eu-west-3.module.networking.module.vpc.aws_vpc_endpoint.sagemaker_api",
            "module.eu-west-3.module.networking.module.vpc.aws_vpc_endpoint.sagemaker_notebook",
            "module.eu-west-3.module.networking.module.vpc.aws_vpc_endpoint.sagemaker_runtime",
            "module.eu-west-3.module.networking.module.vpc.aws_vpc_endpoint.secretsmanager",
            "module.eu-west-3.module.networking.module.vpc.aws_vpc_endpoint.servicecatalog",
            "module.eu-west-3.module.networking.module.vpc.aws_vpc_endpoint.ses",
            "module.eu-west-3.module.networking.module.vpc.aws_vpc_endpoint.sms",
            "module.eu-west-3.module.networking.module.vpc.aws_vpc_endpoint.sns",
            "module.eu-west-3.module.networking.module.vpc.aws_vpc_endpoint.sqs",
            "module.eu-west-3.module.networking.module.vpc.aws_vpc_endpoint.ssm",
            "module.eu-west-3.module.networking.module.vpc.aws_vpc_endpoint.ssmmessages",
            "module.eu-west-3.module.networking.module.vpc.aws_vpc_endpoint.states",
            "module.eu-west-3.module.networking.module.vpc.aws_vpc_endpoint.storagegateway",
            "module.eu-west-3.module.networking.module.vpc.aws_vpc_endpoint.sts",
            "module.eu-west-3.module.networking.module.vpc.aws_vpc_endpoint.textract",
            "module.eu-west-3.module.networking.module.vpc.aws_vpc_endpoint.transfer",
            "module.eu-west-3.module.networking.module.vpc.aws_vpc_endpoint.transferserver",
            "module.eu-west-3.module.networking.module.vpc.aws_vpc_endpoint.workspaces",
            "module.eu-west-3.module.networking.module.vpc.aws_vpc_endpoint_route_table_association.intra_dynamodb",
            "module.eu-west-3.module.networking.module.vpc.aws_vpc_endpoint_route_table_association.intra_s3",
            "module.eu-west-3.module.networking.module.vpc.aws_vpc_endpoint_route_table_association.private_dynamodb",
            "module.eu-west-3.module.networking.module.vpc.aws_vpc_endpoint_route_table_association.private_s3",
            "module.eu-west-3.module.networking.module.vpc.aws_vpc_endpoint_route_table_association.public_dynamodb",
            "module.eu-west-3.module.networking.module.vpc.aws_vpc_endpoint_route_table_association.public_s3",
            "module.eu-west-3.module.networking.module.vpc.aws_vpc_ipv4_cidr_block_association.this",
            "module.eu-west-3.module.networking.module.vpc.aws_vpn_gateway.this",
            "module.eu-west-3.module.networking.module.vpc.aws_vpn_gateway_attachment.this",
            "module.eu-west-3.module.networking.module.vpc.aws_vpn_gateway_route_propagation.intra",
            "module.eu-west-3.module.networking.module.vpc.aws_vpn_gateway_route_propagation.private",
            "module.eu-west-3.module.networking.module.vpc.aws_vpn_gateway_route_propagation.public",
            "module.eu-west-3.module.networking.module.vpc.data.aws_iam_policy_document.flow_log_cloudwatch_assume_role",
            "module.eu-west-3.module.networking.module.vpc.data.aws_iam_policy_document.vpc_flow_log_cloudwatch",
            "module.eu-west-3.module.networking.module.vpc.data.aws_vpc_endpoint_service.access_analyzer",
            "module.eu-west-3.module.networking.module.vpc.data.aws_vpc_endpoint_service.acm_pca",
            "module.eu-west-3.module.networking.module.vpc.data.aws_vpc_endpoint_service.apigw",
            "module.eu-west-3.module.networking.module.vpc.data.aws_vpc_endpoint_service.appmesh_envoy_management",
            "module.eu-west-3.module.networking.module.vpc.data.aws_vpc_endpoint_service.appstream_api",
            "module.eu-west-3.module.networking.module.vpc.data.aws_vpc_endpoint_service.appstream_streaming",
            "module.eu-west-3.module.networking.module.vpc.data.aws_vpc_endpoint_service.athena",
            "module.eu-west-3.module.networking.module.vpc.data.aws_vpc_endpoint_service.auto_scaling_plans",
            "module.eu-west-3.module.networking.module.vpc.data.aws_vpc_endpoint_service.cloud_directory",
            "module.eu-west-3.module.networking.module.vpc.data.aws_vpc_endpoint_service.cloudformation",
            "module.eu-west-3.module.networking.module.vpc.data.aws_vpc_endpoint_service.cloudtrail",
            "module.eu-west-3.module.networking.module.vpc.data.aws_vpc_endpoint_service.codeartifact_api",
            "module.eu-west-3.module.networking.module.vpc.data.aws_vpc_endpoint_service.codeartifact_repositories",
            "module.eu-west-3.module.networking.module.vpc.data.aws_vpc_endpoint_service.codebuild",
            "module.eu-west-3.module.networking.module.vpc.data.aws_vpc_endpoint_service.codecommit",
            "module.eu-west-3.module.networking.module.vpc.data.aws_vpc_endpoint_service.codedeploy",
            "module.eu-west-3.module.networking.module.vpc.data.aws_vpc_endpoint_service.codedeploy_commands_secure",
            "module.eu-west-3.module.networking.module.vpc.data.aws_vpc_endpoint_service.codepipeline",
            "module.eu-west-3.module.networking.module.vpc.data.aws_vpc_endpoint_service.config",
            "module.eu-west-3.module.networking.module.vpc.data.aws_vpc_endpoint_service.datasync",
            "module.eu-west-3.module.networking.module.vpc.data.aws_vpc_endpoint_service.dynamodb",
            "module.eu-west-3.module.networking.module.vpc.data.aws_vpc_endpoint_service.ebs",
            "module.eu-west-3.module.networking.module.vpc.data.aws_vpc_endpoint_service.ec2",
            "module.eu-west-3.module.networking.module.vpc.data.aws_vpc_endpoint_service.ec2_autoscaling",
            "module.eu-west-3.module.networking.module.vpc.data.aws_vpc_endpoint_service.ec2messages",
            "module.eu-west-3.module.networking.module.vpc.data.aws_vpc_endpoint_service.ecr_api",
            "module.eu-west-3.module.networking.module.vpc.data.aws_vpc_endpoint_service.ecr_dkr",
            "module.eu-west-3.module.networking.module.vpc.data.aws_vpc_endpoint_service.ecs",
            "module.eu-west-3.module.networking.module.vpc.data.aws_vpc_endpoint_service.ecs_agent",
            "module.eu-west-3.module.networking.module.vpc.data.aws_vpc_endpoint_service.ecs_telemetry",
            "module.eu-west-3.module.networking.module.vpc.data.aws_vpc_endpoint_service.efs",
            "module.eu-west-3.module.networking.module.vpc.data.aws_vpc_endpoint_service.elastic_inference_runtime",
            "module.eu-west-3.module.networking.module.vpc.data.aws_vpc_endpoint_service.elasticbeanstalk",
            "module.eu-west-3.module.networking.module.vpc.data.aws_vpc_endpoint_service.elasticbeanstalk_health",
            "module.eu-west-3.module.networking.module.vpc.data.aws_vpc_endpoint_service.elasticloadbalancing",
            "module.eu-west-3.module.networking.module.vpc.data.aws_vpc_endpoint_service.emr",
            "module.eu-west-3.module.networking.module.vpc.data.aws_vpc_endpoint_service.events",
            "module.eu-west-3.module.networking.module.vpc.data.aws_vpc_endpoint_service.git_codecommit",
            "module.eu-west-3.module.networking.module.vpc.data.aws_vpc_endpoint_service.glue",
            "module.eu-west-3.module.networking.module.vpc.data.aws_vpc_endpoint_service.kinesis_firehose",
            "module.eu-west-3.module.networking.module.vpc.data.aws_vpc_endpoint_service.kinesis_streams",
            "module.eu-west-3.module.networking.module.vpc.data.aws_vpc_endpoint_service.kms",
            "module.eu-west-3.module.networking.module.vpc.data.aws_vpc_endpoint_service.lambda",
            "module.eu-west-3.module.networking.module.vpc.data.aws_vpc_endpoint_service.logs",
            "module.eu-west-3.module.networking.module.vpc.data.aws_vpc_endpoint_service.monitoring",
            "module.eu-west-3.module.networking.module.vpc.data.aws_vpc_endpoint_service.qldb_session",
            "module.eu-west-3.module.networking.module.vpc.data.aws_vpc_endpoint_service.rds",
            "module.eu-west-3.module.networking.module.vpc.data.aws_vpc_endpoint_service.rekognition",
            "module.eu-west-3.module.networking.module.vpc.data.aws_vpc_endpoint_service.s3",
            "module.eu-west-3.module.networking.module.vpc.data.aws_vpc_endpoint_service.sagemaker_api",
            "module.eu-west-3.module.networking.module.vpc.data.aws_vpc_endpoint_service.sagemaker_notebook",
            "module.eu-west-3.module.networking.module.vpc.data.aws_vpc_endpoint_service.sagemaker_runtime",
            "module.eu-west-3.module.networking.module.vpc.data.aws_vpc_endpoint_service.secretsmanager",
            "module.eu-west-3.module.networking.module.vpc.data.aws_vpc_endpoint_service.servicecatalog",
            "module.eu-west-3.module.networking.module.vpc.data.aws_vpc_endpoint_service.ses",
            "module.eu-west-3.module.networking.module.vpc.data.aws_vpc_endpoint_service.sms",
            "module.eu-west-3.module.networking.module.vpc.data.aws_vpc_endpoint_service.sns",
            "module.eu-west-3.module.networking.module.vpc.data.aws_vpc_endpoint_service.sqs",
            "module.eu-west-3.module.networking.module.vpc.data.aws_vpc_endpoint_service.ssm",
            "module.eu-west-3.module.networking.module.vpc.data.aws_vpc_endpoint_service.ssmmessages",
            "module.eu-west-3.module.networking.module.vpc.data.aws_vpc_endpoint_service.states",
            "module.eu-west-3.module.networking.module.vpc.data.aws_vpc_endpoint_service.storagegateway",
            "module.eu-west-3.module.networking.module.vpc.data.aws_vpc_endpoint_service.sts",
            "module.eu-west-3.module.networking.module.vpc.data.aws_vpc_endpoint_service.textract",
            "module.eu-west-3.module.networking.module.vpc.data.aws_vpc_endpoint_service.transfer",
            "module.eu-west-3.module.networking.module.vpc.data.aws_vpc_endpoint_service.transferserver",
            "module.eu-west-3.module.networking.module.vpc.data.aws_vpc_endpoint_service.workspaces",
            "module.eu-west-3.module.resourcegroup.random_string.rand"
          ]
        }
      ]
    },
    {
      "module": "module.eu-west-3.module.loadbalancing",
      "mode": "managed",
      "type": "aws_lb_target_group",
      "name": "fabio_ui",
      "provider": "module.eu-west-3.provider[\"registry.terraform.io/hashicorp/aws\"]",
      "instances": [
        {
          "schema_version": 0,
          "attributes": {
            "arn": "arn:aws:elasticloadbalancing:eu-west-3:837089879979:targetgroup/uwfnerl9-fabio-ui/83d1a85b70f7019a",
            "arn_suffix": "targetgroup/uwfnerl9-fabio-ui/83d1a85b70f7019a",
            "deregistration_delay": 300,
            "health_check": [
              {
                "enabled": true,
                "healthy_threshold": 3,
                "interval": 30,
                "matcher": "200-399",
                "path": "/",
                "port": "4646",
                "protocol": "HTTP",
                "timeout": 6,
                "unhealthy_threshold": 3
              }
            ],
            "id": "arn:aws:elasticloadbalancing:eu-west-3:837089879979:targetgroup/uwfnerl9-fabio-ui/83d1a85b70f7019a",
            "lambda_multi_value_headers_enabled": false,
            "load_balancing_algorithm_type": null,
            "name": "uwfnerl9-fabio-ui",
            "name_prefix": null,
            "port": 9998,
            "protocol": "TCP",
            "proxy_protocol_v2": false,
            "slow_start": 0,
            "stickiness": [
              {
                "cookie_duration": 0,
                "enabled": false,
                "type": "source_ip"
              }
            ],
            "tags": {
              "ResourceGroup": "terraform-545j4bommr8kop"
            },
            "target_type": "instance",
            "vpc_id": "vpc-0759d5a7d216160d3"
          },
          "private": "bnVsbA==",
          "dependencies": [
            "module.eu-west-3.module.loadbalancing.random_string.rand",
            "module.eu-west-3.module.networking.data.aws_availability_zones.available",
            "module.eu-west-3.module.networking.module.vpc.aws_cloudwatch_log_group.flow_log",
            "module.eu-west-3.module.networking.module.vpc.aws_customer_gateway.this",
            "module.eu-west-3.module.networking.module.vpc.aws_db_subnet_group.database",
            "module.eu-west-3.module.networking.module.vpc.aws_default_network_acl.this",
            "module.eu-west-3.module.networking.module.vpc.aws_default_security_group.this",
            "module.eu-west-3.module.networking.module.vpc.aws_default_vpc.this",
            "module.eu-west-3.module.networking.module.vpc.aws_egress_only_internet_gateway.this",
            "module.eu-west-3.module.networking.module.vpc.aws_eip.nat",
            "module.eu-west-3.module.networking.module.vpc.aws_elasticache_subnet_group.elasticache",
            "module.eu-west-3.module.networking.module.vpc.aws_flow_log.this",
            "module.eu-west-3.module.networking.module.vpc.aws_iam_policy.vpc_flow_log_cloudwatch",
            "module.eu-west-3.module.networking.module.vpc.aws_iam_role.vpc_flow_log_cloudwatch",
            "module.eu-west-3.module.networking.module.vpc.aws_iam_role_policy_attachment.vpc_flow_log_cloudwatch",
            "module.eu-west-3.module.networking.module.vpc.aws_internet_gateway.this",
            "module.eu-west-3.module.networking.module.vpc.aws_nat_gateway.this",
            "module.eu-west-3.module.networking.module.vpc.aws_network_acl.database",
            "module.eu-west-3.module.networking.module.vpc.aws_network_acl.elasticache",
            "module.eu-west-3.module.networking.module.vpc.aws_network_acl.intra",
            "module.eu-west-3.module.networking.module.vpc.aws_network_acl.private",
            "module.eu-west-3.module.networking.module.vpc.aws_network_acl.public",
            "module.eu-west-3.module.networking.module.vpc.aws_network_acl.redshift",
            "module.eu-west-3.module.networking.module.vpc.aws_network_acl_rule.database_inbound",
            "module.eu-west-3.module.networking.module.vpc.aws_network_acl_rule.database_outbound",
            "module.eu-west-3.module.networking.module.vpc.aws_network_acl_rule.elasticache_inbound",
            "module.eu-west-3.module.networking.module.vpc.aws_network_acl_rule.elasticache_outbound",
            "module.eu-west-3.module.networking.module.vpc.aws_network_acl_rule.intra_inbound",
            "module.eu-west-3.module.networking.module.vpc.aws_network_acl_rule.intra_outbound",
            "module.eu-west-3.module.networking.module.vpc.aws_network_acl_rule.private_inbound",
            "module.eu-west-3.module.networking.module.vpc.aws_network_acl_rule.private_outbound",
            "module.eu-west-3.module.networking.module.vpc.aws_network_acl_rule.public_inbound",
            "module.eu-west-3.module.networking.module.vpc.aws_network_acl_rule.public_outbound",
            "module.eu-west-3.module.networking.module.vpc.aws_network_acl_rule.redshift_inbound",
            "module.eu-west-3.module.networking.module.vpc.aws_network_acl_rule.redshift_outbound",
            "module.eu-west-3.module.networking.module.vpc.aws_redshift_subnet_group.redshift",
            "module.eu-west-3.module.networking.module.vpc.aws_route.database_internet_gateway",
            "module.eu-west-3.module.networking.module.vpc.aws_route.database_ipv6_egress",
            "module.eu-west-3.module.networking.module.vpc.aws_route.database_nat_gateway",
            "module.eu-west-3.module.networking.module.vpc.aws_route.private_ipv6_egress",
            "module.eu-west-3.module.networking.module.vpc.aws_route.private_nat_gateway",
            "module.eu-west-3.module.networking.module.vpc.aws_route.public_internet_gateway",
            "module.eu-west-3.module.networking.module.vpc.aws_route.public_internet_gateway_ipv6",
            "module.eu-west-3.module.networking.module.vpc.aws_route_table.database",
            "module.eu-west-3.module.networking.module.vpc.aws_route_table.elasticache",
            "module.eu-west-3.module.networking.module.vpc.aws_route_table.intra",
            "module.eu-west-3.module.networking.module.vpc.aws_route_table.private",
            "module.eu-west-3.module.networking.module.vpc.aws_route_table.public",
            "module.eu-west-3.module.networking.module.vpc.aws_route_table.redshift",
            "module.eu-west-3.module.networking.module.vpc.aws_route_table_association.database",
            "module.eu-west-3.module.networking.module.vpc.aws_route_table_association.elasticache",
            "module.eu-west-3.module.networking.module.vpc.aws_route_table_association.intra",
            "module.eu-west-3.module.networking.module.vpc.aws_route_table_association.private",
            "module.eu-west-3.module.networking.module.vpc.aws_route_table_association.public",
            "module.eu-west-3.module.networking.module.vpc.aws_route_table_association.redshift",
            "module.eu-west-3.module.networking.module.vpc.aws_route_table_association.redshift_public",
            "module.eu-west-3.module.networking.module.vpc.aws_subnet.database",
            "module.eu-west-3.module.networking.module.vpc.aws_subnet.elasticache",
            "module.eu-west-3.module.networking.module.vpc.aws_subnet.intra",
            "module.eu-west-3.module.networking.module.vpc.aws_subnet.private",
            "module.eu-west-3.module.networking.module.vpc.aws_subnet.public",
            "module.eu-west-3.module.networking.module.vpc.aws_subnet.redshift",
            "module.eu-west-3.module.networking.module.vpc.aws_vpc.this",
            "module.eu-west-3.module.networking.module.vpc.aws_vpc_dhcp_options.this",
            "module.eu-west-3.module.networking.module.vpc.aws_vpc_dhcp_options_association.this",
            "module.eu-west-3.module.networking.module.vpc.aws_vpc_endpoint.access_analyzer",
            "module.eu-west-3.module.networking.module.vpc.aws_vpc_endpoint.acm_pca",
            "module.eu-west-3.module.networking.module.vpc.aws_vpc_endpoint.apigw",
            "module.eu-west-3.module.networking.module.vpc.aws_vpc_endpoint.appmesh_envoy_management",
            "module.eu-west-3.module.networking.module.vpc.aws_vpc_endpoint.appstream_api",
            "module.eu-west-3.module.networking.module.vpc.aws_vpc_endpoint.appstream_streaming",
            "module.eu-west-3.module.networking.module.vpc.aws_vpc_endpoint.athena",
            "module.eu-west-3.module.networking.module.vpc.aws_vpc_endpoint.auto_scaling_plans",
            "module.eu-west-3.module.networking.module.vpc.aws_vpc_endpoint.cloud_directory",
            "module.eu-west-3.module.networking.module.vpc.aws_vpc_endpoint.cloudformation",
            "module.eu-west-3.module.networking.module.vpc.aws_vpc_endpoint.cloudtrail",
            "module.eu-west-3.module.networking.module.vpc.aws_vpc_endpoint.codeartifact_api",
            "module.eu-west-3.module.networking.module.vpc.aws_vpc_endpoint.codeartifact_repositories",
            "module.eu-west-3.module.networking.module.vpc.aws_vpc_endpoint.codebuild",
            "module.eu-west-3.module.networking.module.vpc.aws_vpc_endpoint.codecommit",
            "module.eu-west-3.module.networking.module.vpc.aws_vpc_endpoint.codedeploy",
            "module.eu-west-3.module.networking.module.vpc.aws_vpc_endpoint.codedeploy_commands_secure",
            "module.eu-west-3.module.networking.module.vpc.aws_vpc_endpoint.codepipeline",
            "module.eu-west-3.module.networking.module.vpc.aws_vpc_endpoint.config",
            "module.eu-west-3.module.networking.module.vpc.aws_vpc_endpoint.datasync",
            "module.eu-west-3.module.networking.module.vpc.aws_vpc_endpoint.dynamodb",
            "module.eu-west-3.module.networking.module.vpc.aws_vpc_endpoint.ebs",
            "module.eu-west-3.module.networking.module.vpc.aws_vpc_endpoint.ec2",
            "module.eu-west-3.module.networking.module.vpc.aws_vpc_endpoint.ec2_autoscaling",
            "module.eu-west-3.module.networking.module.vpc.aws_vpc_endpoint.ec2messages",
            "module.eu-west-3.module.networking.module.vpc.aws_vpc_endpoint.ecr_api",
            "module.eu-west-3.module.networking.module.vpc.aws_vpc_endpoint.ecr_dkr",
            "module.eu-west-3.module.networking.module.vpc.aws_vpc_endpoint.ecs",
            "module.eu-west-3.module.networking.module.vpc.aws_vpc_endpoint.ecs_agent",
            "module.eu-west-3.module.networking.module.vpc.aws_vpc_endpoint.ecs_telemetry",
            "module.eu-west-3.module.networking.module.vpc.aws_vpc_endpoint.efs",
            "module.eu-west-3.module.networking.module.vpc.aws_vpc_endpoint.elastic_inference_runtime",
            "module.eu-west-3.module.networking.module.vpc.aws_vpc_endpoint.elasticbeanstalk",
            "module.eu-west-3.module.networking.module.vpc.aws_vpc_endpoint.elasticbeanstalk_health",
            "module.eu-west-3.module.networking.module.vpc.aws_vpc_endpoint.elasticloadbalancing",
            "module.eu-west-3.module.networking.module.vpc.aws_vpc_endpoint.emr",
            "module.eu-west-3.module.networking.module.vpc.aws_vpc_endpoint.events",
            "module.eu-west-3.module.networking.module.vpc.aws_vpc_endpoint.git_codecommit",
            "module.eu-west-3.module.networking.module.vpc.aws_vpc_endpoint.glue",
            "module.eu-west-3.module.networking.module.vpc.aws_vpc_endpoint.kinesis_firehose",
            "module.eu-west-3.module.networking.module.vpc.aws_vpc_endpoint.kinesis_streams",
            "module.eu-west-3.module.networking.module.vpc.aws_vpc_endpoint.kms",
            "module.eu-west-3.module.networking.module.vpc.aws_vpc_endpoint.lambda",
            "module.eu-west-3.module.networking.module.vpc.aws_vpc_endpoint.logs",
            "module.eu-west-3.module.networking.module.vpc.aws_vpc_endpoint.monitoring",
            "module.eu-west-3.module.networking.module.vpc.aws_vpc_endpoint.qldb_session",
            "module.eu-west-3.module.networking.module.vpc.aws_vpc_endpoint.rds",
            "module.eu-west-3.module.networking.module.vpc.aws_vpc_endpoint.rekognition",
            "module.eu-west-3.module.networking.module.vpc.aws_vpc_endpoint.s3",
            "module.eu-west-3.module.networking.module.vpc.aws_vpc_endpoint.sagemaker_api",
            "module.eu-west-3.module.networking.module.vpc.aws_vpc_endpoint.sagemaker_notebook",
            "module.eu-west-3.module.networking.module.vpc.aws_vpc_endpoint.sagemaker_runtime",
            "module.eu-west-3.module.networking.module.vpc.aws_vpc_endpoint.secretsmanager",
            "module.eu-west-3.module.networking.module.vpc.aws_vpc_endpoint.servicecatalog",
            "module.eu-west-3.module.networking.module.vpc.aws_vpc_endpoint.ses",
            "module.eu-west-3.module.networking.module.vpc.aws_vpc_endpoint.sms",
            "module.eu-west-3.module.networking.module.vpc.aws_vpc_endpoint.sns",
            "module.eu-west-3.module.networking.module.vpc.aws_vpc_endpoint.sqs",
            "module.eu-west-3.module.networking.module.vpc.aws_vpc_endpoint.ssm",
            "module.eu-west-3.module.networking.module.vpc.aws_vpc_endpoint.ssmmessages",
            "module.eu-west-3.module.networking.module.vpc.aws_vpc_endpoint.states",
            "module.eu-west-3.module.networking.module.vpc.aws_vpc_endpoint.storagegateway",
            "module.eu-west-3.module.networking.module.vpc.aws_vpc_endpoint.sts",
            "module.eu-west-3.module.networking.module.vpc.aws_vpc_endpoint.textract",
            "module.eu-west-3.module.networking.module.vpc.aws_vpc_endpoint.transfer",
            "module.eu-west-3.module.networking.module.vpc.aws_vpc_endpoint.transferserver",
            "module.eu-west-3.module.networking.module.vpc.aws_vpc_endpoint.workspaces",
            "module.eu-west-3.module.networking.module.vpc.aws_vpc_endpoint_route_table_association.intra_dynamodb",
            "module.eu-west-3.module.networking.module.vpc.aws_vpc_endpoint_route_table_association.intra_s3",
            "module.eu-west-3.module.networking.module.vpc.aws_vpc_endpoint_route_table_association.private_dynamodb",
            "module.eu-west-3.module.networking.module.vpc.aws_vpc_endpoint_route_table_association.private_s3",
            "module.eu-west-3.module.networking.module.vpc.aws_vpc_endpoint_route_table_association.public_dynamodb",
            "module.eu-west-3.module.networking.module.vpc.aws_vpc_endpoint_route_table_association.public_s3",
            "module.eu-west-3.module.networking.module.vpc.aws_vpc_ipv4_cidr_block_association.this",
            "module.eu-west-3.module.networking.module.vpc.aws_vpn_gateway.this",
            "module.eu-west-3.module.networking.module.vpc.aws_vpn_gateway_attachment.this",
            "module.eu-west-3.module.networking.module.vpc.aws_vpn_gateway_route_propagation.intra",
            "module.eu-west-3.module.networking.module.vpc.aws_vpn_gateway_route_propagation.private",
            "module.eu-west-3.module.networking.module.vpc.aws_vpn_gateway_route_propagation.public",
            "module.eu-west-3.module.networking.module.vpc.data.aws_iam_policy_document.flow_log_cloudwatch_assume_role",
            "module.eu-west-3.module.networking.module.vpc.data.aws_iam_policy_document.vpc_flow_log_cloudwatch",
            "module.eu-west-3.module.networking.module.vpc.data.aws_vpc_endpoint_service.access_analyzer",
            "module.eu-west-3.module.networking.module.vpc.data.aws_vpc_endpoint_service.acm_pca",
            "module.eu-west-3.module.networking.module.vpc.data.aws_vpc_endpoint_service.apigw",
            "module.eu-west-3.module.networking.module.vpc.data.aws_vpc_endpoint_service.appmesh_envoy_management",
            "module.eu-west-3.module.networking.module.vpc.data.aws_vpc_endpoint_service.appstream_api",
            "module.eu-west-3.module.networking.module.vpc.data.aws_vpc_endpoint_service.appstream_streaming",
            "module.eu-west-3.module.networking.module.vpc.data.aws_vpc_endpoint_service.athena",
            "module.eu-west-3.module.networking.module.vpc.data.aws_vpc_endpoint_service.auto_scaling_plans",
            "module.eu-west-3.module.networking.module.vpc.data.aws_vpc_endpoint_service.cloud_directory",
            "module.eu-west-3.module.networking.module.vpc.data.aws_vpc_endpoint_service.cloudformation",
            "module.eu-west-3.module.networking.module.vpc.data.aws_vpc_endpoint_service.cloudtrail",
            "module.eu-west-3.module.networking.module.vpc.data.aws_vpc_endpoint_service.codeartifact_api",
            "module.eu-west-3.module.networking.module.vpc.data.aws_vpc_endpoint_service.codeartifact_repositories",
            "module.eu-west-3.module.networking.module.vpc.data.aws_vpc_endpoint_service.codebuild",
            "module.eu-west-3.module.networking.module.vpc.data.aws_vpc_endpoint_service.codecommit",
            "module.eu-west-3.module.networking.module.vpc.data.aws_vpc_endpoint_service.codedeploy",
            "module.eu-west-3.module.networking.module.vpc.data.aws_vpc_endpoint_service.codedeploy_commands_secure",
            "module.eu-west-3.module.networking.module.vpc.data.aws_vpc_endpoint_service.codepipeline",
            "module.eu-west-3.module.networking.module.vpc.data.aws_vpc_endpoint_service.config",
            "module.eu-west-3.module.networking.module.vpc.data.aws_vpc_endpoint_service.datasync",
            "module.eu-west-3.module.networking.module.vpc.data.aws_vpc_endpoint_service.dynamodb",
            "module.eu-west-3.module.networking.module.vpc.data.aws_vpc_endpoint_service.ebs",
            "module.eu-west-3.module.networking.module.vpc.data.aws_vpc_endpoint_service.ec2",
            "module.eu-west-3.module.networking.module.vpc.data.aws_vpc_endpoint_service.ec2_autoscaling",
            "module.eu-west-3.module.networking.module.vpc.data.aws_vpc_endpoint_service.ec2messages",
            "module.eu-west-3.module.networking.module.vpc.data.aws_vpc_endpoint_service.ecr_api",
            "module.eu-west-3.module.networking.module.vpc.data.aws_vpc_endpoint_service.ecr_dkr",
            "module.eu-west-3.module.networking.module.vpc.data.aws_vpc_endpoint_service.ecs",
            "module.eu-west-3.module.networking.module.vpc.data.aws_vpc_endpoint_service.ecs_agent",
            "module.eu-west-3.module.networking.module.vpc.data.aws_vpc_endpoint_service.ecs_telemetry",
            "module.eu-west-3.module.networking.module.vpc.data.aws_vpc_endpoint_service.efs",
            "module.eu-west-3.module.networking.module.vpc.data.aws_vpc_endpoint_service.elastic_inference_runtime",
            "module.eu-west-3.module.networking.module.vpc.data.aws_vpc_endpoint_service.elasticbeanstalk",
            "module.eu-west-3.module.networking.module.vpc.data.aws_vpc_endpoint_service.elasticbeanstalk_health",
            "module.eu-west-3.module.networking.module.vpc.data.aws_vpc_endpoint_service.elasticloadbalancing",
            "module.eu-west-3.module.networking.module.vpc.data.aws_vpc_endpoint_service.emr",
            "module.eu-west-3.module.networking.module.vpc.data.aws_vpc_endpoint_service.events",
            "module.eu-west-3.module.networking.module.vpc.data.aws_vpc_endpoint_service.git_codecommit",
            "module.eu-west-3.module.networking.module.vpc.data.aws_vpc_endpoint_service.glue",
            "module.eu-west-3.module.networking.module.vpc.data.aws_vpc_endpoint_service.kinesis_firehose",
            "module.eu-west-3.module.networking.module.vpc.data.aws_vpc_endpoint_service.kinesis_streams",
            "module.eu-west-3.module.networking.module.vpc.data.aws_vpc_endpoint_service.kms",
            "module.eu-west-3.module.networking.module.vpc.data.aws_vpc_endpoint_service.lambda",
            "module.eu-west-3.module.networking.module.vpc.data.aws_vpc_endpoint_service.logs",
            "module.eu-west-3.module.networking.module.vpc.data.aws_vpc_endpoint_service.monitoring",
            "module.eu-west-3.module.networking.module.vpc.data.aws_vpc_endpoint_service.qldb_session",
            "module.eu-west-3.module.networking.module.vpc.data.aws_vpc_endpoint_service.rds",
            "module.eu-west-3.module.networking.module.vpc.data.aws_vpc_endpoint_service.rekognition",
            "module.eu-west-3.module.networking.module.vpc.data.aws_vpc_endpoint_service.s3",
            "module.eu-west-3.module.networking.module.vpc.data.aws_vpc_endpoint_service.sagemaker_api",
            "module.eu-west-3.module.networking.module.vpc.data.aws_vpc_endpoint_service.sagemaker_notebook",
            "module.eu-west-3.module.networking.module.vpc.data.aws_vpc_endpoint_service.sagemaker_runtime",
            "module.eu-west-3.module.networking.module.vpc.data.aws_vpc_endpoint_service.secretsmanager",
            "module.eu-west-3.module.networking.module.vpc.data.aws_vpc_endpoint_service.servicecatalog",
            "module.eu-west-3.module.networking.module.vpc.data.aws_vpc_endpoint_service.ses",
            "module.eu-west-3.module.networking.module.vpc.data.aws_vpc_endpoint_service.sms",
            "module.eu-west-3.module.networking.module.vpc.data.aws_vpc_endpoint_service.sns",
            "module.eu-west-3.module.networking.module.vpc.data.aws_vpc_endpoint_service.sqs",
            "module.eu-west-3.module.networking.module.vpc.data.aws_vpc_endpoint_service.ssm",
            "module.eu-west-3.module.networking.module.vpc.data.aws_vpc_endpoint_service.ssmmessages",
            "module.eu-west-3.module.networking.module.vpc.data.aws_vpc_endpoint_service.states",
            "module.eu-west-3.module.networking.module.vpc.data.aws_vpc_endpoint_service.storagegateway",
            "module.eu-west-3.module.networking.module.vpc.data.aws_vpc_endpoint_service.sts",
            "module.eu-west-3.module.networking.module.vpc.data.aws_vpc_endpoint_service.textract",
            "module.eu-west-3.module.networking.module.vpc.data.aws_vpc_endpoint_service.transfer",
            "module.eu-west-3.module.networking.module.vpc.data.aws_vpc_endpoint_service.transferserver",
            "module.eu-west-3.module.networking.module.vpc.data.aws_vpc_endpoint_service.workspaces",
            "module.eu-west-3.module.resourcegroup.random_string.rand"
          ]
        }
      ]
    },
    {
      "module": "module.eu-west-3.module.loadbalancing",
      "mode": "managed",
      "type": "aws_lb_target_group",
      "name": "nomad_ui",
      "provider": "module.eu-west-3.provider[\"registry.terraform.io/hashicorp/aws\"]",
      "instances": [
        {
          "schema_version": 0,
          "attributes": {
            "arn": "arn:aws:elasticloadbalancing:eu-west-3:837089879979:targetgroup/uwfnerl9-nomad-ui/f92d22e336419cce",
            "arn_suffix": "targetgroup/uwfnerl9-nomad-ui/f92d22e336419cce",
            "deregistration_delay": 300,
            "health_check": [
              {
                "enabled": true,
                "healthy_threshold": 3,
                "interval": 30,
                "matcher": "200-404",
                "path": "/v1/agent/self",
                "port": "traffic-port",
                "protocol": "HTTP",
                "timeout": 5,
                "unhealthy_threshold": 3
              }
            ],
            "id": "arn:aws:elasticloadbalancing:eu-west-3:837089879979:targetgroup/uwfnerl9-nomad-ui/f92d22e336419cce",
            "lambda_multi_value_headers_enabled": false,
            "load_balancing_algorithm_type": "round_robin",
            "name": "uwfnerl9-nomad-ui",
            "name_prefix": null,
            "port": 4646,
            "protocol": "HTTP",
            "proxy_protocol_v2": false,
            "slow_start": 0,
            "stickiness": [
              {
                "cookie_duration": 86400,
                "enabled": false,
                "type": "lb_cookie"
              }
            ],
            "tags": {
              "ResourceGroup": "terraform-545j4bommr8kop"
            },
            "target_type": "instance",
            "vpc_id": "vpc-0759d5a7d216160d3"
          },
          "private": "bnVsbA==",
          "dependencies": [
            "module.eu-west-3.module.loadbalancing.random_string.rand",
            "module.eu-west-3.module.networking.data.aws_availability_zones.available",
            "module.eu-west-3.module.networking.module.vpc.aws_cloudwatch_log_group.flow_log",
            "module.eu-west-3.module.networking.module.vpc.aws_customer_gateway.this",
            "module.eu-west-3.module.networking.module.vpc.aws_db_subnet_group.database",
            "module.eu-west-3.module.networking.module.vpc.aws_default_network_acl.this",
            "module.eu-west-3.module.networking.module.vpc.aws_default_security_group.this",
            "module.eu-west-3.module.networking.module.vpc.aws_default_vpc.this",
            "module.eu-west-3.module.networking.module.vpc.aws_egress_only_internet_gateway.this",
            "module.eu-west-3.module.networking.module.vpc.aws_eip.nat",
            "module.eu-west-3.module.networking.module.vpc.aws_elasticache_subnet_group.elasticache",
            "module.eu-west-3.module.networking.module.vpc.aws_flow_log.this",
            "module.eu-west-3.module.networking.module.vpc.aws_iam_policy.vpc_flow_log_cloudwatch",
            "module.eu-west-3.module.networking.module.vpc.aws_iam_role.vpc_flow_log_cloudwatch",
            "module.eu-west-3.module.networking.module.vpc.aws_iam_role_policy_attachment.vpc_flow_log_cloudwatch",
            "module.eu-west-3.module.networking.module.vpc.aws_internet_gateway.this",
            "module.eu-west-3.module.networking.module.vpc.aws_nat_gateway.this",
            "module.eu-west-3.module.networking.module.vpc.aws_network_acl.database",
            "module.eu-west-3.module.networking.module.vpc.aws_network_acl.elasticache",
            "module.eu-west-3.module.networking.module.vpc.aws_network_acl.intra",
            "module.eu-west-3.module.networking.module.vpc.aws_network_acl.private",
            "module.eu-west-3.module.networking.module.vpc.aws_network_acl.public",
            "module.eu-west-3.module.networking.module.vpc.aws_network_acl.redshift",
            "module.eu-west-3.module.networking.module.vpc.aws_network_acl_rule.database_inbound",
            "module.eu-west-3.module.networking.module.vpc.aws_network_acl_rule.database_outbound",
            "module.eu-west-3.module.networking.module.vpc.aws_network_acl_rule.elasticache_inbound",
            "module.eu-west-3.module.networking.module.vpc.aws_network_acl_rule.elasticache_outbound",
            "module.eu-west-3.module.networking.module.vpc.aws_network_acl_rule.intra_inbound",
            "module.eu-west-3.module.networking.module.vpc.aws_network_acl_rule.intra_outbound",
            "module.eu-west-3.module.networking.module.vpc.aws_network_acl_rule.private_inbound",
            "module.eu-west-3.module.networking.module.vpc.aws_network_acl_rule.private_outbound",
            "module.eu-west-3.module.networking.module.vpc.aws_network_acl_rule.public_inbound",
            "module.eu-west-3.module.networking.module.vpc.aws_network_acl_rule.public_outbound",
            "module.eu-west-3.module.networking.module.vpc.aws_network_acl_rule.redshift_inbound",
            "module.eu-west-3.module.networking.module.vpc.aws_network_acl_rule.redshift_outbound",
            "module.eu-west-3.module.networking.module.vpc.aws_redshift_subnet_group.redshift",
            "module.eu-west-3.module.networking.module.vpc.aws_route.database_internet_gateway",
            "module.eu-west-3.module.networking.module.vpc.aws_route.database_ipv6_egress",
            "module.eu-west-3.module.networking.module.vpc.aws_route.database_nat_gateway",
            "module.eu-west-3.module.networking.module.vpc.aws_route.private_ipv6_egress",
            "module.eu-west-3.module.networking.module.vpc.aws_route.private_nat_gateway",
            "module.eu-west-3.module.networking.module.vpc.aws_route.public_internet_gateway",
            "module.eu-west-3.module.networking.module.vpc.aws_route.public_internet_gateway_ipv6",
            "module.eu-west-3.module.networking.module.vpc.aws_route_table.database",
            "module.eu-west-3.module.networking.module.vpc.aws_route_table.elasticache",
            "module.eu-west-3.module.networking.module.vpc.aws_route_table.intra",
            "module.eu-west-3.module.networking.module.vpc.aws_route_table.private",
            "module.eu-west-3.module.networking.module.vpc.aws_route_table.public",
            "module.eu-west-3.module.networking.module.vpc.aws_route_table.redshift",
            "module.eu-west-3.module.networking.module.vpc.aws_route_table_association.database",
            "module.eu-west-3.module.networking.module.vpc.aws_route_table_association.elasticache",
            "module.eu-west-3.module.networking.module.vpc.aws_route_table_association.intra",
            "module.eu-west-3.module.networking.module.vpc.aws_route_table_association.private",
            "module.eu-west-3.module.networking.module.vpc.aws_route_table_association.public",
            "module.eu-west-3.module.networking.module.vpc.aws_route_table_association.redshift",
            "module.eu-west-3.module.networking.module.vpc.aws_route_table_association.redshift_public",
            "module.eu-west-3.module.networking.module.vpc.aws_subnet.database",
            "module.eu-west-3.module.networking.module.vpc.aws_subnet.elasticache",
            "module.eu-west-3.module.networking.module.vpc.aws_subnet.intra",
            "module.eu-west-3.module.networking.module.vpc.aws_subnet.private",
            "module.eu-west-3.module.networking.module.vpc.aws_subnet.public",
            "module.eu-west-3.module.networking.module.vpc.aws_subnet.redshift",
            "module.eu-west-3.module.networking.module.vpc.aws_vpc.this",
            "module.eu-west-3.module.networking.module.vpc.aws_vpc_dhcp_options.this",
            "module.eu-west-3.module.networking.module.vpc.aws_vpc_dhcp_options_association.this",
            "module.eu-west-3.module.networking.module.vpc.aws_vpc_endpoint.access_analyzer",
            "module.eu-west-3.module.networking.module.vpc.aws_vpc_endpoint.acm_pca",
            "module.eu-west-3.module.networking.module.vpc.aws_vpc_endpoint.apigw",
            "module.eu-west-3.module.networking.module.vpc.aws_vpc_endpoint.appmesh_envoy_management",
            "module.eu-west-3.module.networking.module.vpc.aws_vpc_endpoint.appstream_api",
            "module.eu-west-3.module.networking.module.vpc.aws_vpc_endpoint.appstream_streaming",
            "module.eu-west-3.module.networking.module.vpc.aws_vpc_endpoint.athena",
            "module.eu-west-3.module.networking.module.vpc.aws_vpc_endpoint.auto_scaling_plans",
            "module.eu-west-3.module.networking.module.vpc.aws_vpc_endpoint.cloud_directory",
            "module.eu-west-3.module.networking.module.vpc.aws_vpc_endpoint.cloudformation",
            "module.eu-west-3.module.networking.module.vpc.aws_vpc_endpoint.cloudtrail",
            "module.eu-west-3.module.networking.module.vpc.aws_vpc_endpoint.codeartifact_api",
            "module.eu-west-3.module.networking.module.vpc.aws_vpc_endpoint.codeartifact_repositories",
            "module.eu-west-3.module.networking.module.vpc.aws_vpc_endpoint.codebuild",
            "module.eu-west-3.module.networking.module.vpc.aws_vpc_endpoint.codecommit",
            "module.eu-west-3.module.networking.module.vpc.aws_vpc_endpoint.codedeploy",
            "module.eu-west-3.module.networking.module.vpc.aws_vpc_endpoint.codedeploy_commands_secure",
            "module.eu-west-3.module.networking.module.vpc.aws_vpc_endpoint.codepipeline",
            "module.eu-west-3.module.networking.module.vpc.aws_vpc_endpoint.config",
            "module.eu-west-3.module.networking.module.vpc.aws_vpc_endpoint.datasync",
            "module.eu-west-3.module.networking.module.vpc.aws_vpc_endpoint.dynamodb",
            "module.eu-west-3.module.networking.module.vpc.aws_vpc_endpoint.ebs",
            "module.eu-west-3.module.networking.module.vpc.aws_vpc_endpoint.ec2",
            "module.eu-west-3.module.networking.module.vpc.aws_vpc_endpoint.ec2_autoscaling",
            "module.eu-west-3.module.networking.module.vpc.aws_vpc_endpoint.ec2messages",
            "module.eu-west-3.module.networking.module.vpc.aws_vpc_endpoint.ecr_api",
            "module.eu-west-3.module.networking.module.vpc.aws_vpc_endpoint.ecr_dkr",
            "module.eu-west-3.module.networking.module.vpc.aws_vpc_endpoint.ecs",
            "module.eu-west-3.module.networking.module.vpc.aws_vpc_endpoint.ecs_agent",
            "module.eu-west-3.module.networking.module.vpc.aws_vpc_endpoint.ecs_telemetry",
            "module.eu-west-3.module.networking.module.vpc.aws_vpc_endpoint.efs",
            "module.eu-west-3.module.networking.module.vpc.aws_vpc_endpoint.elastic_inference_runtime",
            "module.eu-west-3.module.networking.module.vpc.aws_vpc_endpoint.elasticbeanstalk",
            "module.eu-west-3.module.networking.module.vpc.aws_vpc_endpoint.elasticbeanstalk_health",
            "module.eu-west-3.module.networking.module.vpc.aws_vpc_endpoint.elasticloadbalancing",
            "module.eu-west-3.module.networking.module.vpc.aws_vpc_endpoint.emr",
            "module.eu-west-3.module.networking.module.vpc.aws_vpc_endpoint.events",
            "module.eu-west-3.module.networking.module.vpc.aws_vpc_endpoint.git_codecommit",
            "module.eu-west-3.module.networking.module.vpc.aws_vpc_endpoint.glue",
            "module.eu-west-3.module.networking.module.vpc.aws_vpc_endpoint.kinesis_firehose",
            "module.eu-west-3.module.networking.module.vpc.aws_vpc_endpoint.kinesis_streams",
            "module.eu-west-3.module.networking.module.vpc.aws_vpc_endpoint.kms",
            "module.eu-west-3.module.networking.module.vpc.aws_vpc_endpoint.lambda",
            "module.eu-west-3.module.networking.module.vpc.aws_vpc_endpoint.logs",
            "module.eu-west-3.module.networking.module.vpc.aws_vpc_endpoint.monitoring",
            "module.eu-west-3.module.networking.module.vpc.aws_vpc_endpoint.qldb_session",
            "module.eu-west-3.module.networking.module.vpc.aws_vpc_endpoint.rds",
            "module.eu-west-3.module.networking.module.vpc.aws_vpc_endpoint.rekognition",
            "module.eu-west-3.module.networking.module.vpc.aws_vpc_endpoint.s3",
            "module.eu-west-3.module.networking.module.vpc.aws_vpc_endpoint.sagemaker_api",
            "module.eu-west-3.module.networking.module.vpc.aws_vpc_endpoint.sagemaker_notebook",
            "module.eu-west-3.module.networking.module.vpc.aws_vpc_endpoint.sagemaker_runtime",
            "module.eu-west-3.module.networking.module.vpc.aws_vpc_endpoint.secretsmanager",
            "module.eu-west-3.module.networking.module.vpc.aws_vpc_endpoint.servicecatalog",
            "module.eu-west-3.module.networking.module.vpc.aws_vpc_endpoint.ses",
            "module.eu-west-3.module.networking.module.vpc.aws_vpc_endpoint.sms",
            "module.eu-west-3.module.networking.module.vpc.aws_vpc_endpoint.sns",
            "module.eu-west-3.module.networking.module.vpc.aws_vpc_endpoint.sqs",
            "module.eu-west-3.module.networking.module.vpc.aws_vpc_endpoint.ssm",
            "module.eu-west-3.module.networking.module.vpc.aws_vpc_endpoint.ssmmessages",
            "module.eu-west-3.module.networking.module.vpc.aws_vpc_endpoint.states",
            "module.eu-west-3.module.networking.module.vpc.aws_vpc_endpoint.storagegateway",
            "module.eu-west-3.module.networking.module.vpc.aws_vpc_endpoint.sts",
            "module.eu-west-3.module.networking.module.vpc.aws_vpc_endpoint.textract",
            "module.eu-west-3.module.networking.module.vpc.aws_vpc_endpoint.transfer",
            "module.eu-west-3.module.networking.module.vpc.aws_vpc_endpoint.transferserver",
            "module.eu-west-3.module.networking.module.vpc.aws_vpc_endpoint.workspaces",
            "module.eu-west-3.module.networking.module.vpc.aws_vpc_endpoint_route_table_association.intra_dynamodb",
            "module.eu-west-3.module.networking.module.vpc.aws_vpc_endpoint_route_table_association.intra_s3",
            "module.eu-west-3.module.networking.module.vpc.aws_vpc_endpoint_route_table_association.private_dynamodb",
            "module.eu-west-3.module.networking.module.vpc.aws_vpc_endpoint_route_table_association.private_s3",
            "module.eu-west-3.module.networking.module.vpc.aws_vpc_endpoint_route_table_association.public_dynamodb",
            "module.eu-west-3.module.networking.module.vpc.aws_vpc_endpoint_route_table_association.public_s3",
            "module.eu-west-3.module.networking.module.vpc.aws_vpc_ipv4_cidr_block_association.this",
            "module.eu-west-3.module.networking.module.vpc.aws_vpn_gateway.this",
            "module.eu-west-3.module.networking.module.vpc.aws_vpn_gateway_attachment.this",
            "module.eu-west-3.module.networking.module.vpc.aws_vpn_gateway_route_propagation.intra",
            "module.eu-west-3.module.networking.module.vpc.aws_vpn_gateway_route_propagation.private",
            "module.eu-west-3.module.networking.module.vpc.aws_vpn_gateway_route_propagation.public",
            "module.eu-west-3.module.networking.module.vpc.data.aws_iam_policy_document.flow_log_cloudwatch_assume_role",
            "module.eu-west-3.module.networking.module.vpc.data.aws_iam_policy_document.vpc_flow_log_cloudwatch",
            "module.eu-west-3.module.networking.module.vpc.data.aws_vpc_endpoint_service.access_analyzer",
            "module.eu-west-3.module.networking.module.vpc.data.aws_vpc_endpoint_service.acm_pca",
            "module.eu-west-3.module.networking.module.vpc.data.aws_vpc_endpoint_service.apigw",
            "module.eu-west-3.module.networking.module.vpc.data.aws_vpc_endpoint_service.appmesh_envoy_management",
            "module.eu-west-3.module.networking.module.vpc.data.aws_vpc_endpoint_service.appstream_api",
            "module.eu-west-3.module.networking.module.vpc.data.aws_vpc_endpoint_service.appstream_streaming",
            "module.eu-west-3.module.networking.module.vpc.data.aws_vpc_endpoint_service.athena",
            "module.eu-west-3.module.networking.module.vpc.data.aws_vpc_endpoint_service.auto_scaling_plans",
            "module.eu-west-3.module.networking.module.vpc.data.aws_vpc_endpoint_service.cloud_directory",
            "module.eu-west-3.module.networking.module.vpc.data.aws_vpc_endpoint_service.cloudformation",
            "module.eu-west-3.module.networking.module.vpc.data.aws_vpc_endpoint_service.cloudtrail",
            "module.eu-west-3.module.networking.module.vpc.data.aws_vpc_endpoint_service.codeartifact_api",
            "module.eu-west-3.module.networking.module.vpc.data.aws_vpc_endpoint_service.codeartifact_repositories",
            "module.eu-west-3.module.networking.module.vpc.data.aws_vpc_endpoint_service.codebuild",
            "module.eu-west-3.module.networking.module.vpc.data.aws_vpc_endpoint_service.codecommit",
            "module.eu-west-3.module.networking.module.vpc.data.aws_vpc_endpoint_service.codedeploy",
            "module.eu-west-3.module.networking.module.vpc.data.aws_vpc_endpoint_service.codedeploy_commands_secure",
            "module.eu-west-3.module.networking.module.vpc.data.aws_vpc_endpoint_service.codepipeline",
            "module.eu-west-3.module.networking.module.vpc.data.aws_vpc_endpoint_service.config",
            "module.eu-west-3.module.networking.module.vpc.data.aws_vpc_endpoint_service.datasync",
            "module.eu-west-3.module.networking.module.vpc.data.aws_vpc_endpoint_service.dynamodb",
            "module.eu-west-3.module.networking.module.vpc.data.aws_vpc_endpoint_service.ebs",
            "module.eu-west-3.module.networking.module.vpc.data.aws_vpc_endpoint_service.ec2",
            "module.eu-west-3.module.networking.module.vpc.data.aws_vpc_endpoint_service.ec2_autoscaling",
            "module.eu-west-3.module.networking.module.vpc.data.aws_vpc_endpoint_service.ec2messages",
            "module.eu-west-3.module.networking.module.vpc.data.aws_vpc_endpoint_service.ecr_api",
            "module.eu-west-3.module.networking.module.vpc.data.aws_vpc_endpoint_service.ecr_dkr",
            "module.eu-west-3.module.networking.module.vpc.data.aws_vpc_endpoint_service.ecs",
            "module.eu-west-3.module.networking.module.vpc.data.aws_vpc_endpoint_service.ecs_agent",
            "module.eu-west-3.module.networking.module.vpc.data.aws_vpc_endpoint_service.ecs_telemetry",
            "module.eu-west-3.module.networking.module.vpc.data.aws_vpc_endpoint_service.efs",
            "module.eu-west-3.module.networking.module.vpc.data.aws_vpc_endpoint_service.elastic_inference_runtime",
            "module.eu-west-3.module.networking.module.vpc.data.aws_vpc_endpoint_service.elasticbeanstalk",
            "module.eu-west-3.module.networking.module.vpc.data.aws_vpc_endpoint_service.elasticbeanstalk_health",
            "module.eu-west-3.module.networking.module.vpc.data.aws_vpc_endpoint_service.elasticloadbalancing",
            "module.eu-west-3.module.networking.module.vpc.data.aws_vpc_endpoint_service.emr",
            "module.eu-west-3.module.networking.module.vpc.data.aws_vpc_endpoint_service.events",
            "module.eu-west-3.module.networking.module.vpc.data.aws_vpc_endpoint_service.git_codecommit",
            "module.eu-west-3.module.networking.module.vpc.data.aws_vpc_endpoint_service.glue",
            "module.eu-west-3.module.networking.module.vpc.data.aws_vpc_endpoint_service.kinesis_firehose",
            "module.eu-west-3.module.networking.module.vpc.data.aws_vpc_endpoint_service.kinesis_streams",
            "module.eu-west-3.module.networking.module.vpc.data.aws_vpc_endpoint_service.kms",
            "module.eu-west-3.module.networking.module.vpc.data.aws_vpc_endpoint_service.lambda",
            "module.eu-west-3.module.networking.module.vpc.data.aws_vpc_endpoint_service.logs",
            "module.eu-west-3.module.networking.module.vpc.data.aws_vpc_endpoint_service.monitoring",
            "module.eu-west-3.module.networking.module.vpc.data.aws_vpc_endpoint_service.qldb_session",
            "module.eu-west-3.module.networking.module.vpc.data.aws_vpc_endpoint_service.rds",
            "module.eu-west-3.module.networking.module.vpc.data.aws_vpc_endpoint_service.rekognition",
            "module.eu-west-3.module.networking.module.vpc.data.aws_vpc_endpoint_service.s3",
            "module.eu-west-3.module.networking.module.vpc.data.aws_vpc_endpoint_service.sagemaker_api",
            "module.eu-west-3.module.networking.module.vpc.data.aws_vpc_endpoint_service.sagemaker_notebook",
            "module.eu-west-3.module.networking.module.vpc.data.aws_vpc_endpoint_service.sagemaker_runtime",
            "module.eu-west-3.module.networking.module.vpc.data.aws_vpc_endpoint_service.secretsmanager",
            "module.eu-west-3.module.networking.module.vpc.data.aws_vpc_endpoint_service.servicecatalog",
            "module.eu-west-3.module.networking.module.vpc.data.aws_vpc_endpoint_service.ses",
            "module.eu-west-3.module.networking.module.vpc.data.aws_vpc_endpoint_service.sms",
            "module.eu-west-3.module.networking.module.vpc.data.aws_vpc_endpoint_service.sns",
            "module.eu-west-3.module.networking.module.vpc.data.aws_vpc_endpoint_service.sqs",
            "module.eu-west-3.module.networking.module.vpc.data.aws_vpc_endpoint_service.ssm",
            "module.eu-west-3.module.networking.module.vpc.data.aws_vpc_endpoint_service.ssmmessages",
            "module.eu-west-3.module.networking.module.vpc.data.aws_vpc_endpoint_service.states",
            "module.eu-west-3.module.networking.module.vpc.data.aws_vpc_endpoint_service.storagegateway",
            "module.eu-west-3.module.networking.module.vpc.data.aws_vpc_endpoint_service.sts",
            "module.eu-west-3.module.networking.module.vpc.data.aws_vpc_endpoint_service.textract",
            "module.eu-west-3.module.networking.module.vpc.data.aws_vpc_endpoint_service.transfer",
            "module.eu-west-3.module.networking.module.vpc.data.aws_vpc_endpoint_service.transferserver",
            "module.eu-west-3.module.networking.module.vpc.data.aws_vpc_endpoint_service.workspaces",
            "module.eu-west-3.module.resourcegroup.random_string.rand"
          ]
        }
      ]
    },
    {
      "module": "module.eu-west-3.module.loadbalancing",
      "mode": "managed",
      "type": "aws_lb_target_group",
      "name": "vault_api",
      "provider": "module.eu-west-3.provider[\"registry.terraform.io/hashicorp/aws\"]",
      "instances": [
        {
          "schema_version": 0,
          "attributes": {
            "arn": "arn:aws:elasticloadbalancing:eu-west-3:837089879979:targetgroup/uwfnerl9-vault-api/6af7f7ba426c4432",
            "arn_suffix": "targetgroup/uwfnerl9-vault-api/6af7f7ba426c4432",
            "deregistration_delay": 300,
            "health_check": [
              {
                "enabled": true,
                "healthy_threshold": 3,
                "interval": 30,
                "matcher": "200,429,472",
                "path": "/v1/sys/health",
                "port": "traffic-port",
                "protocol": "HTTP",
                "timeout": 5,
                "unhealthy_threshold": 3
              }
            ],
            "id": "arn:aws:elasticloadbalancing:eu-west-3:837089879979:targetgroup/uwfnerl9-vault-api/6af7f7ba426c4432",
            "lambda_multi_value_headers_enabled": false,
            "load_balancing_algorithm_type": "round_robin",
            "name": "uwfnerl9-vault-api",
            "name_prefix": null,
            "port": 8200,
            "protocol": "HTTP",
            "proxy_protocol_v2": false,
            "slow_start": 0,
            "stickiness": [
              {
                "cookie_duration": 86400,
                "enabled": false,
                "type": "lb_cookie"
              }
            ],
            "tags": {
              "ResourceGroup": "terraform-545j4bommr8kop"
            },
            "target_type": "instance",
            "vpc_id": "vpc-0759d5a7d216160d3"
          },
          "private": "bnVsbA==",
          "dependencies": [
            "module.eu-west-3.module.loadbalancing.random_string.rand",
            "module.eu-west-3.module.networking.data.aws_availability_zones.available",
            "module.eu-west-3.module.networking.module.vpc.aws_cloudwatch_log_group.flow_log",
            "module.eu-west-3.module.networking.module.vpc.aws_customer_gateway.this",
            "module.eu-west-3.module.networking.module.vpc.aws_db_subnet_group.database",
            "module.eu-west-3.module.networking.module.vpc.aws_default_network_acl.this",
            "module.eu-west-3.module.networking.module.vpc.aws_default_security_group.this",
            "module.eu-west-3.module.networking.module.vpc.aws_default_vpc.this",
            "module.eu-west-3.module.networking.module.vpc.aws_egress_only_internet_gateway.this",
            "module.eu-west-3.module.networking.module.vpc.aws_eip.nat",
            "module.eu-west-3.module.networking.module.vpc.aws_elasticache_subnet_group.elasticache",
            "module.eu-west-3.module.networking.module.vpc.aws_flow_log.this",
            "module.eu-west-3.module.networking.module.vpc.aws_iam_policy.vpc_flow_log_cloudwatch",
            "module.eu-west-3.module.networking.module.vpc.aws_iam_role.vpc_flow_log_cloudwatch",
            "module.eu-west-3.module.networking.module.vpc.aws_iam_role_policy_attachment.vpc_flow_log_cloudwatch",
            "module.eu-west-3.module.networking.module.vpc.aws_internet_gateway.this",
            "module.eu-west-3.module.networking.module.vpc.aws_nat_gateway.this",
            "module.eu-west-3.module.networking.module.vpc.aws_network_acl.database",
            "module.eu-west-3.module.networking.module.vpc.aws_network_acl.elasticache",
            "module.eu-west-3.module.networking.module.vpc.aws_network_acl.intra",
            "module.eu-west-3.module.networking.module.vpc.aws_network_acl.private",
            "module.eu-west-3.module.networking.module.vpc.aws_network_acl.public",
            "module.eu-west-3.module.networking.module.vpc.aws_network_acl.redshift",
            "module.eu-west-3.module.networking.module.vpc.aws_network_acl_rule.database_inbound",
            "module.eu-west-3.module.networking.module.vpc.aws_network_acl_rule.database_outbound",
            "module.eu-west-3.module.networking.module.vpc.aws_network_acl_rule.elasticache_inbound",
            "module.eu-west-3.module.networking.module.vpc.aws_network_acl_rule.elasticache_outbound",
            "module.eu-west-3.module.networking.module.vpc.aws_network_acl_rule.intra_inbound",
            "module.eu-west-3.module.networking.module.vpc.aws_network_acl_rule.intra_outbound",
            "module.eu-west-3.module.networking.module.vpc.aws_network_acl_rule.private_inbound",
            "module.eu-west-3.module.networking.module.vpc.aws_network_acl_rule.private_outbound",
            "module.eu-west-3.module.networking.module.vpc.aws_network_acl_rule.public_inbound",
            "module.eu-west-3.module.networking.module.vpc.aws_network_acl_rule.public_outbound",
            "module.eu-west-3.module.networking.module.vpc.aws_network_acl_rule.redshift_inbound",
            "module.eu-west-3.module.networking.module.vpc.aws_network_acl_rule.redshift_outbound",
            "module.eu-west-3.module.networking.module.vpc.aws_redshift_subnet_group.redshift",
            "module.eu-west-3.module.networking.module.vpc.aws_route.database_internet_gateway",
            "module.eu-west-3.module.networking.module.vpc.aws_route.database_ipv6_egress",
            "module.eu-west-3.module.networking.module.vpc.aws_route.database_nat_gateway",
            "module.eu-west-3.module.networking.module.vpc.aws_route.private_ipv6_egress",
            "module.eu-west-3.module.networking.module.vpc.aws_route.private_nat_gateway",
            "module.eu-west-3.module.networking.module.vpc.aws_route.public_internet_gateway",
            "module.eu-west-3.module.networking.module.vpc.aws_route.public_internet_gateway_ipv6",
            "module.eu-west-3.module.networking.module.vpc.aws_route_table.database",
            "module.eu-west-3.module.networking.module.vpc.aws_route_table.elasticache",
            "module.eu-west-3.module.networking.module.vpc.aws_route_table.intra",
            "module.eu-west-3.module.networking.module.vpc.aws_route_table.private",
            "module.eu-west-3.module.networking.module.vpc.aws_route_table.public",
            "module.eu-west-3.module.networking.module.vpc.aws_route_table.redshift",
            "module.eu-west-3.module.networking.module.vpc.aws_route_table_association.database",
            "module.eu-west-3.module.networking.module.vpc.aws_route_table_association.elasticache",
            "module.eu-west-3.module.networking.module.vpc.aws_route_table_association.intra",
            "module.eu-west-3.module.networking.module.vpc.aws_route_table_association.private",
            "module.eu-west-3.module.networking.module.vpc.aws_route_table_association.public",
            "module.eu-west-3.module.networking.module.vpc.aws_route_table_association.redshift",
            "module.eu-west-3.module.networking.module.vpc.aws_route_table_association.redshift_public",
            "module.eu-west-3.module.networking.module.vpc.aws_subnet.database",
            "module.eu-west-3.module.networking.module.vpc.aws_subnet.elasticache",
            "module.eu-west-3.module.networking.module.vpc.aws_subnet.intra",
            "module.eu-west-3.module.networking.module.vpc.aws_subnet.private",
            "module.eu-west-3.module.networking.module.vpc.aws_subnet.public",
            "module.eu-west-3.module.networking.module.vpc.aws_subnet.redshift",
            "module.eu-west-3.module.networking.module.vpc.aws_vpc.this",
            "module.eu-west-3.module.networking.module.vpc.aws_vpc_dhcp_options.this",
            "module.eu-west-3.module.networking.module.vpc.aws_vpc_dhcp_options_association.this",
            "module.eu-west-3.module.networking.module.vpc.aws_vpc_endpoint.access_analyzer",
            "module.eu-west-3.module.networking.module.vpc.aws_vpc_endpoint.acm_pca",
            "module.eu-west-3.module.networking.module.vpc.aws_vpc_endpoint.apigw",
            "module.eu-west-3.module.networking.module.vpc.aws_vpc_endpoint.appmesh_envoy_management",
            "module.eu-west-3.module.networking.module.vpc.aws_vpc_endpoint.appstream_api",
            "module.eu-west-3.module.networking.module.vpc.aws_vpc_endpoint.appstream_streaming",
            "module.eu-west-3.module.networking.module.vpc.aws_vpc_endpoint.athena",
            "module.eu-west-3.module.networking.module.vpc.aws_vpc_endpoint.auto_scaling_plans",
            "module.eu-west-3.module.networking.module.vpc.aws_vpc_endpoint.cloud_directory",
            "module.eu-west-3.module.networking.module.vpc.aws_vpc_endpoint.cloudformation",
            "module.eu-west-3.module.networking.module.vpc.aws_vpc_endpoint.cloudtrail",
            "module.eu-west-3.module.networking.module.vpc.aws_vpc_endpoint.codeartifact_api",
            "module.eu-west-3.module.networking.module.vpc.aws_vpc_endpoint.codeartifact_repositories",
            "module.eu-west-3.module.networking.module.vpc.aws_vpc_endpoint.codebuild",
            "module.eu-west-3.module.networking.module.vpc.aws_vpc_endpoint.codecommit",
            "module.eu-west-3.module.networking.module.vpc.aws_vpc_endpoint.codedeploy",
            "module.eu-west-3.module.networking.module.vpc.aws_vpc_endpoint.codedeploy_commands_secure",
            "module.eu-west-3.module.networking.module.vpc.aws_vpc_endpoint.codepipeline",
            "module.eu-west-3.module.networking.module.vpc.aws_vpc_endpoint.config",
            "module.eu-west-3.module.networking.module.vpc.aws_vpc_endpoint.datasync",
            "module.eu-west-3.module.networking.module.vpc.aws_vpc_endpoint.dynamodb",
            "module.eu-west-3.module.networking.module.vpc.aws_vpc_endpoint.ebs",
            "module.eu-west-3.module.networking.module.vpc.aws_vpc_endpoint.ec2",
            "module.eu-west-3.module.networking.module.vpc.aws_vpc_endpoint.ec2_autoscaling",
            "module.eu-west-3.module.networking.module.vpc.aws_vpc_endpoint.ec2messages",
            "module.eu-west-3.module.networking.module.vpc.aws_vpc_endpoint.ecr_api",
            "module.eu-west-3.module.networking.module.vpc.aws_vpc_endpoint.ecr_dkr",
            "module.eu-west-3.module.networking.module.vpc.aws_vpc_endpoint.ecs",
            "module.eu-west-3.module.networking.module.vpc.aws_vpc_endpoint.ecs_agent",
            "module.eu-west-3.module.networking.module.vpc.aws_vpc_endpoint.ecs_telemetry",
            "module.eu-west-3.module.networking.module.vpc.aws_vpc_endpoint.efs",
            "module.eu-west-3.module.networking.module.vpc.aws_vpc_endpoint.elastic_inference_runtime",
            "module.eu-west-3.module.networking.module.vpc.aws_vpc_endpoint.elasticbeanstalk",
            "module.eu-west-3.module.networking.module.vpc.aws_vpc_endpoint.elasticbeanstalk_health",
            "module.eu-west-3.module.networking.module.vpc.aws_vpc_endpoint.elasticloadbalancing",
            "module.eu-west-3.module.networking.module.vpc.aws_vpc_endpoint.emr",
            "module.eu-west-3.module.networking.module.vpc.aws_vpc_endpoint.events",
            "module.eu-west-3.module.networking.module.vpc.aws_vpc_endpoint.git_codecommit",
            "module.eu-west-3.module.networking.module.vpc.aws_vpc_endpoint.glue",
            "module.eu-west-3.module.networking.module.vpc.aws_vpc_endpoint.kinesis_firehose",
            "module.eu-west-3.module.networking.module.vpc.aws_vpc_endpoint.kinesis_streams",
            "module.eu-west-3.module.networking.module.vpc.aws_vpc_endpoint.kms",
            "module.eu-west-3.module.networking.module.vpc.aws_vpc_endpoint.lambda",
            "module.eu-west-3.module.networking.module.vpc.aws_vpc_endpoint.logs",
            "module.eu-west-3.module.networking.module.vpc.aws_vpc_endpoint.monitoring",
            "module.eu-west-3.module.networking.module.vpc.aws_vpc_endpoint.qldb_session",
            "module.eu-west-3.module.networking.module.vpc.aws_vpc_endpoint.rds",
            "module.eu-west-3.module.networking.module.vpc.aws_vpc_endpoint.rekognition",
            "module.eu-west-3.module.networking.module.vpc.aws_vpc_endpoint.s3",
            "module.eu-west-3.module.networking.module.vpc.aws_vpc_endpoint.sagemaker_api",
            "module.eu-west-3.module.networking.module.vpc.aws_vpc_endpoint.sagemaker_notebook",
            "module.eu-west-3.module.networking.module.vpc.aws_vpc_endpoint.sagemaker_runtime",
            "module.eu-west-3.module.networking.module.vpc.aws_vpc_endpoint.secretsmanager",
            "module.eu-west-3.module.networking.module.vpc.aws_vpc_endpoint.servicecatalog",
            "module.eu-west-3.module.networking.module.vpc.aws_vpc_endpoint.ses",
            "module.eu-west-3.module.networking.module.vpc.aws_vpc_endpoint.sms",
            "module.eu-west-3.module.networking.module.vpc.aws_vpc_endpoint.sns",
            "module.eu-west-3.module.networking.module.vpc.aws_vpc_endpoint.sqs",
            "module.eu-west-3.module.networking.module.vpc.aws_vpc_endpoint.ssm",
            "module.eu-west-3.module.networking.module.vpc.aws_vpc_endpoint.ssmmessages",
            "module.eu-west-3.module.networking.module.vpc.aws_vpc_endpoint.states",
            "module.eu-west-3.module.networking.module.vpc.aws_vpc_endpoint.storagegateway",
            "module.eu-west-3.module.networking.module.vpc.aws_vpc_endpoint.sts",
            "module.eu-west-3.module.networking.module.vpc.aws_vpc_endpoint.textract",
            "module.eu-west-3.module.networking.module.vpc.aws_vpc_endpoint.transfer",
            "module.eu-west-3.module.networking.module.vpc.aws_vpc_endpoint.transferserver",
            "module.eu-west-3.module.networking.module.vpc.aws_vpc_endpoint.workspaces",
            "module.eu-west-3.module.networking.module.vpc.aws_vpc_endpoint_route_table_association.intra_dynamodb",
            "module.eu-west-3.module.networking.module.vpc.aws_vpc_endpoint_route_table_association.intra_s3",
            "module.eu-west-3.module.networking.module.vpc.aws_vpc_endpoint_route_table_association.private_dynamodb",
            "module.eu-west-3.module.networking.module.vpc.aws_vpc_endpoint_route_table_association.private_s3",
            "module.eu-west-3.module.networking.module.vpc.aws_vpc_endpoint_route_table_association.public_dynamodb",
            "module.eu-west-3.module.networking.module.vpc.aws_vpc_endpoint_route_table_association.public_s3",
            "module.eu-west-3.module.networking.module.vpc.aws_vpc_ipv4_cidr_block_association.this",
            "module.eu-west-3.module.networking.module.vpc.aws_vpn_gateway.this",
            "module.eu-west-3.module.networking.module.vpc.aws_vpn_gateway_attachment.this",
            "module.eu-west-3.module.networking.module.vpc.aws_vpn_gateway_route_propagation.intra",
            "module.eu-west-3.module.networking.module.vpc.aws_vpn_gateway_route_propagation.private",
            "module.eu-west-3.module.networking.module.vpc.aws_vpn_gateway_route_propagation.public",
            "module.eu-west-3.module.networking.module.vpc.data.aws_iam_policy_document.flow_log_cloudwatch_assume_role",
            "module.eu-west-3.module.networking.module.vpc.data.aws_iam_policy_document.vpc_flow_log_cloudwatch",
            "module.eu-west-3.module.networking.module.vpc.data.aws_vpc_endpoint_service.access_analyzer",
            "module.eu-west-3.module.networking.module.vpc.data.aws_vpc_endpoint_service.acm_pca",
            "module.eu-west-3.module.networking.module.vpc.data.aws_vpc_endpoint_service.apigw",
            "module.eu-west-3.module.networking.module.vpc.data.aws_vpc_endpoint_service.appmesh_envoy_management",
            "module.eu-west-3.module.networking.module.vpc.data.aws_vpc_endpoint_service.appstream_api",
            "module.eu-west-3.module.networking.module.vpc.data.aws_vpc_endpoint_service.appstream_streaming",
            "module.eu-west-3.module.networking.module.vpc.data.aws_vpc_endpoint_service.athena",
            "module.eu-west-3.module.networking.module.vpc.data.aws_vpc_endpoint_service.auto_scaling_plans",
            "module.eu-west-3.module.networking.module.vpc.data.aws_vpc_endpoint_service.cloud_directory",
            "module.eu-west-3.module.networking.module.vpc.data.aws_vpc_endpoint_service.cloudformation",
            "module.eu-west-3.module.networking.module.vpc.data.aws_vpc_endpoint_service.cloudtrail",
            "module.eu-west-3.module.networking.module.vpc.data.aws_vpc_endpoint_service.codeartifact_api",
            "module.eu-west-3.module.networking.module.vpc.data.aws_vpc_endpoint_service.codeartifact_repositories",
            "module.eu-west-3.module.networking.module.vpc.data.aws_vpc_endpoint_service.codebuild",
            "module.eu-west-3.module.networking.module.vpc.data.aws_vpc_endpoint_service.codecommit",
            "module.eu-west-3.module.networking.module.vpc.data.aws_vpc_endpoint_service.codedeploy",
            "module.eu-west-3.module.networking.module.vpc.data.aws_vpc_endpoint_service.codedeploy_commands_secure",
            "module.eu-west-3.module.networking.module.vpc.data.aws_vpc_endpoint_service.codepipeline",
            "module.eu-west-3.module.networking.module.vpc.data.aws_vpc_endpoint_service.config",
            "module.eu-west-3.module.networking.module.vpc.data.aws_vpc_endpoint_service.datasync",
            "module.eu-west-3.module.networking.module.vpc.data.aws_vpc_endpoint_service.dynamodb",
            "module.eu-west-3.module.networking.module.vpc.data.aws_vpc_endpoint_service.ebs",
            "module.eu-west-3.module.networking.module.vpc.data.aws_vpc_endpoint_service.ec2",
            "module.eu-west-3.module.networking.module.vpc.data.aws_vpc_endpoint_service.ec2_autoscaling",
            "module.eu-west-3.module.networking.module.vpc.data.aws_vpc_endpoint_service.ec2messages",
            "module.eu-west-3.module.networking.module.vpc.data.aws_vpc_endpoint_service.ecr_api",
            "module.eu-west-3.module.networking.module.vpc.data.aws_vpc_endpoint_service.ecr_dkr",
            "module.eu-west-3.module.networking.module.vpc.data.aws_vpc_endpoint_service.ecs",
            "module.eu-west-3.module.networking.module.vpc.data.aws_vpc_endpoint_service.ecs_agent",
            "module.eu-west-3.module.networking.module.vpc.data.aws_vpc_endpoint_service.ecs_telemetry",
            "module.eu-west-3.module.networking.module.vpc.data.aws_vpc_endpoint_service.efs",
            "module.eu-west-3.module.networking.module.vpc.data.aws_vpc_endpoint_service.elastic_inference_runtime",
            "module.eu-west-3.module.networking.module.vpc.data.aws_vpc_endpoint_service.elasticbeanstalk",
            "module.eu-west-3.module.networking.module.vpc.data.aws_vpc_endpoint_service.elasticbeanstalk_health",
            "module.eu-west-3.module.networking.module.vpc.data.aws_vpc_endpoint_service.elasticloadbalancing",
            "module.eu-west-3.module.networking.module.vpc.data.aws_vpc_endpoint_service.emr",
            "module.eu-west-3.module.networking.module.vpc.data.aws_vpc_endpoint_service.events",
            "module.eu-west-3.module.networking.module.vpc.data.aws_vpc_endpoint_service.git_codecommit",
            "module.eu-west-3.module.networking.module.vpc.data.aws_vpc_endpoint_service.glue",
            "module.eu-west-3.module.networking.module.vpc.data.aws_vpc_endpoint_service.kinesis_firehose",
            "module.eu-west-3.module.networking.module.vpc.data.aws_vpc_endpoint_service.kinesis_streams",
            "module.eu-west-3.module.networking.module.vpc.data.aws_vpc_endpoint_service.kms",
            "module.eu-west-3.module.networking.module.vpc.data.aws_vpc_endpoint_service.lambda",
            "module.eu-west-3.module.networking.module.vpc.data.aws_vpc_endpoint_service.logs",
            "module.eu-west-3.module.networking.module.vpc.data.aws_vpc_endpoint_service.monitoring",
            "module.eu-west-3.module.networking.module.vpc.data.aws_vpc_endpoint_service.qldb_session",
            "module.eu-west-3.module.networking.module.vpc.data.aws_vpc_endpoint_service.rds",
            "module.eu-west-3.module.networking.module.vpc.data.aws_vpc_endpoint_service.rekognition",
            "module.eu-west-3.module.networking.module.vpc.data.aws_vpc_endpoint_service.s3",
            "module.eu-west-3.module.networking.module.vpc.data.aws_vpc_endpoint_service.sagemaker_api",
            "module.eu-west-3.module.networking.module.vpc.data.aws_vpc_endpoint_service.sagemaker_notebook",
            "module.eu-west-3.module.networking.module.vpc.data.aws_vpc_endpoint_service.sagemaker_runtime",
            "module.eu-west-3.module.networking.module.vpc.data.aws_vpc_endpoint_service.secretsmanager",
            "module.eu-west-3.module.networking.module.vpc.data.aws_vpc_endpoint_service.servicecatalog",
            "module.eu-west-3.module.networking.module.vpc.data.aws_vpc_endpoint_service.ses",
            "module.eu-west-3.module.networking.module.vpc.data.aws_vpc_endpoint_service.sms",
            "module.eu-west-3.module.networking.module.vpc.data.aws_vpc_endpoint_service.sns",
            "module.eu-west-3.module.networking.module.vpc.data.aws_vpc_endpoint_service.sqs",
            "module.eu-west-3.module.networking.module.vpc.data.aws_vpc_endpoint_service.ssm",
            "module.eu-west-3.module.networking.module.vpc.data.aws_vpc_endpoint_service.ssmmessages",
            "module.eu-west-3.module.networking.module.vpc.data.aws_vpc_endpoint_service.states",
            "module.eu-west-3.module.networking.module.vpc.data.aws_vpc_endpoint_service.storagegateway",
            "module.eu-west-3.module.networking.module.vpc.data.aws_vpc_endpoint_service.sts",
            "module.eu-west-3.module.networking.module.vpc.data.aws_vpc_endpoint_service.textract",
            "module.eu-west-3.module.networking.module.vpc.data.aws_vpc_endpoint_service.transfer",
            "module.eu-west-3.module.networking.module.vpc.data.aws_vpc_endpoint_service.transferserver",
            "module.eu-west-3.module.networking.module.vpc.data.aws_vpc_endpoint_service.workspaces",
            "module.eu-west-3.module.resourcegroup.random_string.rand"
          ]
        }
      ]
    },
    {
      "module": "module.eu-west-3.module.loadbalancing",
      "mode": "managed",
      "type": "random_string",
      "name": "rand",
      "provider": "provider[\"registry.terraform.io/hashicorp/random\"]",
      "instances": [
        {
          "schema_version": 1,
          "attributes": {
            "id": "uwfnerl9",
            "keepers": null,
            "length": 8,
            "lower": true,
            "min_lower": 0,
            "min_numeric": 0,
            "min_special": 0,
            "min_upper": 0,
            "number": true,
            "override_special": null,
            "result": "uwfnerl9",
            "special": false,
            "upper": false
          },
          "private": "eyJzY2hlbWFfdmVyc2lvbiI6IjEifQ=="
        }
      ]
    },
    {
      "module": "module.eu-west-3.module.networking",
      "mode": "data",
      "type": "aws_availability_zones",
      "name": "available",
      "provider": "module.eu-west-3.provider[\"registry.terraform.io/hashicorp/aws\"]",
      "instances": [
        {
          "schema_version": 0,
          "attributes": {
            "all_availability_zones": null,
            "exclude_names": null,
            "exclude_zone_ids": null,
            "filter": null,
            "group_names": [
              "eu-west-3"
            ],
            "id": "eu-west-3",
            "names": [
              "eu-west-3a",
              "eu-west-3b",
              "eu-west-3c"
            ],
            "state": null,
            "zone_ids": [
              "euw3-az1",
              "euw3-az2",
              "euw3-az3"
            ]
          }
        }
      ]
    },
    {
      "module": "module.eu-west-3.module.networking.module.consul_lb_sg",
      "mode": "managed",
      "type": "aws_security_group",
      "name": "security_group",
      "provider": "module.eu-west-3.provider[\"registry.terraform.io/hashicorp/aws\"]",
      "instances": [
        {
          "schema_version": 1,
          "attributes": {
            "arn": "arn:aws:ec2:eu-west-3:837089879979:security-group/sg-05926d81beb80780d",
            "description": "Managed by Terraform",
            "egress": [
              {
                "cidr_blocks": [
                  "0.0.0.0/0"
                ],
                "description": "",
                "from_port": 0,
                "ipv6_cidr_blocks": [],
                "prefix_list_ids": [],
                "protocol": "-1",
                "security_groups": [],
                "self": false,
                "to_port": 0
              }
            ],
            "id": "sg-05926d81beb80780d",
            "ingress": [
              {
                "cidr_blocks": [
                  "0.0.0.0/0"
                ],
                "description": "",
                "from_port": 8500,
                "ipv6_cidr_blocks": [],
                "prefix_list_ids": [],
                "protocol": "tcp",
                "security_groups": [],
                "self": false,
                "to_port": 8500
              },
              {
                "cidr_blocks": [],
                "description": "",
                "from_port": 0,
                "ipv6_cidr_blocks": [],
                "prefix_list_ids": [],
                "protocol": "-1",
                "security_groups": [],
                "self": true,
                "to_port": 0
              }
            ],
            "name": "Consul LB SG",
            "name_prefix": "",
            "owner_id": "837089879979",
            "revoke_rules_on_delete": false,
            "tags": {},
            "timeouts": null,
            "vpc_id": "vpc-0759d5a7d216160d3"
          },
          "private": "eyJlMmJmYjczMC1lY2FhLTExZTYtOGY4OC0zNDM2M2JjN2M0YzAiOnsiY3JlYXRlIjo2MDAwMDAwMDAwMDAsImRlbGV0ZSI6NjAwMDAwMDAwMDAwfSwic2NoZW1hX3ZlcnNpb24iOiIxIn0=",
          "dependencies": [
            "module.eu-west-3.module.networking.module.vpc.aws_vpc.this",
            "module.eu-west-3.module.resourcegroup.random_string.rand"
          ]
        }
      ]
    },
    {
      "module": "module.eu-west-3.module.networking.module.consul_server_sg",
      "mode": "managed",
      "type": "aws_security_group",
      "name": "security_group",
      "provider": "module.eu-west-3.provider[\"registry.terraform.io/hashicorp/aws\"]",
      "instances": [
        {
          "schema_version": 1,
          "attributes": {
            "arn": "arn:aws:ec2:eu-west-3:837089879979:security-group/sg-05a81cc0a384b87df",
            "description": "Managed by Terraform",
            "egress": [
              {
                "cidr_blocks": [
                  "0.0.0.0/0"
                ],
                "description": "",
                "from_port": 0,
                "ipv6_cidr_blocks": [],
                "prefix_list_ids": [],
                "protocol": "-1",
                "security_groups": [],
                "self": false,
                "to_port": 0
              }
            ],
            "id": "sg-05a81cc0a384b87df",
            "ingress": [
              {
                "cidr_blocks": [
                  "0.0.0.0/0"
                ],
                "description": "",
                "from_port": 22,
                "ipv6_cidr_blocks": [],
                "prefix_list_ids": [],
                "protocol": "tcp",
                "security_groups": [],
                "self": false,
                "to_port": 22
              },
              {
                "cidr_blocks": [
                  "0.0.0.0/0"
                ],
                "description": "",
                "from_port": 8300,
                "ipv6_cidr_blocks": [],
                "prefix_list_ids": [],
                "protocol": "tcp",
                "security_groups": [],
                "self": false,
                "to_port": 8300
              },
              {
                "cidr_blocks": [
                  "0.0.0.0/0"
                ],
                "description": "",
                "from_port": 8301,
                "ipv6_cidr_blocks": [],
                "prefix_list_ids": [],
                "protocol": "tcp",
                "security_groups": [],
                "self": false,
                "to_port": 8301
              },
              {
                "cidr_blocks": [
                  "0.0.0.0/0"
                ],
                "description": "",
                "from_port": 8302,
                "ipv6_cidr_blocks": [],
                "prefix_list_ids": [],
                "protocol": "tcp",
                "security_groups": [],
                "self": false,
                "to_port": 8302
              },
              {
                "cidr_blocks": [
                  "0.0.0.0/0"
                ],
                "description": "",
                "from_port": 8500,
                "ipv6_cidr_blocks": [],
                "prefix_list_ids": [],
                "protocol": "tcp",
                "security_groups": [],
                "self": false,
                "to_port": 8500
              },
              {
                "cidr_blocks": [],
                "description": "",
                "from_port": 0,
                "ipv6_cidr_blocks": [],
                "prefix_list_ids": [],
                "protocol": "-1",
                "security_groups": [],
                "self": true,
                "to_port": 0
              }
            ],
            "name": "Consul server SG",
            "name_prefix": "",
            "owner_id": "837089879979",
            "revoke_rules_on_delete": false,
            "tags": {},
            "timeouts": null,
            "vpc_id": "vpc-0759d5a7d216160d3"
          },
          "private": "eyJlMmJmYjczMC1lY2FhLTExZTYtOGY4OC0zNDM2M2JjN2M0YzAiOnsiY3JlYXRlIjo2MDAwMDAwMDAwMDAsImRlbGV0ZSI6NjAwMDAwMDAwMDAwfSwic2NoZW1hX3ZlcnNpb24iOiIxIn0=",
          "dependencies": [
            "module.eu-west-3.module.networking.module.vpc.aws_vpc.this",
            "module.eu-west-3.module.resourcegroup.random_string.rand"
          ]
        }
      ]
    },
    {
      "module": "module.eu-west-3.module.networking.module.fabio_lb_sg",
      "mode": "managed",
      "type": "aws_security_group",
      "name": "security_group",
      "provider": "module.eu-west-3.provider[\"registry.terraform.io/hashicorp/aws\"]",
      "instances": [
        {
          "schema_version": 1,
          "attributes": {
            "arn": "arn:aws:ec2:eu-west-3:837089879979:security-group/sg-0e13d7bc23051d43d",
            "description": "Managed by Terraform",
            "egress": [
              {
                "cidr_blocks": [
                  "0.0.0.0/0"
                ],
                "description": "",
                "from_port": 0,
                "ipv6_cidr_blocks": [],
                "prefix_list_ids": [],
                "protocol": "-1",
                "security_groups": [],
                "self": false,
                "to_port": 0
              }
            ],
            "id": "sg-0e13d7bc23051d43d",
            "ingress": [
              {
                "cidr_blocks": [
                  "0.0.0.0/0"
                ],
                "description": "",
                "from_port": 9998,
                "ipv6_cidr_blocks": [],
                "prefix_list_ids": [],
                "protocol": "tcp",
                "security_groups": [],
                "self": false,
                "to_port": 9998
              },
              {
                "cidr_blocks": [
                  "0.0.0.0/0"
                ],
                "description": "",
                "from_port": 9999,
                "ipv6_cidr_blocks": [],
                "prefix_list_ids": [],
                "protocol": "tcp",
                "security_groups": [],
                "self": false,
                "to_port": 9999
              },
              {
                "cidr_blocks": [],
                "description": "",
                "from_port": 0,
                "ipv6_cidr_blocks": [],
                "prefix_list_ids": [],
                "protocol": "-1",
                "security_groups": [],
                "self": true,
                "to_port": 0
              }
            ],
            "name": "Fabio LB SG",
            "name_prefix": "",
            "owner_id": "837089879979",
            "revoke_rules_on_delete": false,
            "tags": {},
            "timeouts": null,
            "vpc_id": "vpc-0759d5a7d216160d3"
          },
          "private": "eyJlMmJmYjczMC1lY2FhLTExZTYtOGY4OC0zNDM2M2JjN2M0YzAiOnsiY3JlYXRlIjo2MDAwMDAwMDAwMDAsImRlbGV0ZSI6NjAwMDAwMDAwMDAwfSwic2NoZW1hX3ZlcnNpb24iOiIxIn0=",
          "dependencies": [
            "module.eu-west-3.module.networking.module.vpc.aws_vpc.this",
            "module.eu-west-3.module.resourcegroup.random_string.rand"
          ]
        }
      ]
    },
    {
      "module": "module.eu-west-3.module.networking.module.nomad_client_sg",
      "mode": "managed",
      "type": "aws_security_group",
      "name": "security_group",
      "provider": "module.eu-west-3.provider[\"registry.terraform.io/hashicorp/aws\"]",
      "instances": [
        {
          "schema_version": 1,
          "attributes": {
            "arn": "arn:aws:ec2:eu-west-3:837089879979:security-group/sg-0f579ce457e87904a",
            "description": "Managed by Terraform",
            "egress": [
              {
                "cidr_blocks": [
                  "0.0.0.0/0"
                ],
                "description": "",
                "from_port": 0,
                "ipv6_cidr_blocks": [],
                "prefix_list_ids": [],
                "protocol": "-1",
                "security_groups": [],
                "self": false,
                "to_port": 0
              }
            ],
            "id": "sg-0f579ce457e87904a",
            "ingress": [
              {
                "cidr_blocks": [
                  "0.0.0.0/0"
                ],
                "description": "",
                "from_port": 22,
                "ipv6_cidr_blocks": [],
                "prefix_list_ids": [],
                "protocol": "tcp",
                "security_groups": [],
                "self": false,
                "to_port": 22
              },
              {
                "cidr_blocks": [
                  "0.0.0.0/0"
                ],
                "description": "",
                "from_port": 30303,
                "ipv6_cidr_blocks": [],
                "prefix_list_ids": [],
                "protocol": "tcp",
                "security_groups": [],
                "self": false,
                "to_port": 30303
              },
              {
                "cidr_blocks": [
                  "0.0.0.0/0"
                ],
                "description": "",
                "from_port": 4646,
                "ipv6_cidr_blocks": [],
                "prefix_list_ids": [],
                "protocol": "tcp",
                "security_groups": [],
                "self": false,
                "to_port": 4646
              },
              {
                "cidr_blocks": [
                  "0.0.0.0/0"
                ],
                "description": "",
                "from_port": 4647,
                "ipv6_cidr_blocks": [],
                "prefix_list_ids": [],
                "protocol": "tcp",
                "security_groups": [],
                "self": false,
                "to_port": 4647
              },
              {
                "cidr_blocks": [
                  "0.0.0.0/0"
                ],
                "description": "",
                "from_port": 4648,
                "ipv6_cidr_blocks": [],
                "prefix_list_ids": [],
                "protocol": "tcp",
                "security_groups": [],
                "self": false,
                "to_port": 4648
              },
              {
                "cidr_blocks": [
                  "0.0.0.0/0"
                ],
                "description": "",
                "from_port": 6688,
                "ipv6_cidr_blocks": [],
                "prefix_list_ids": [],
                "protocol": "tcp",
                "security_groups": [],
                "self": false,
                "to_port": 6688
              },
              {
                "cidr_blocks": [
                  "0.0.0.0/0"
                ],
                "description": "",
                "from_port": 8300,
                "ipv6_cidr_blocks": [],
                "prefix_list_ids": [],
                "protocol": "tcp",
                "security_groups": [],
                "self": false,
                "to_port": 8300
              },
              {
                "cidr_blocks": [
                  "0.0.0.0/0"
                ],
                "description": "",
                "from_port": 8301,
                "ipv6_cidr_blocks": [],
                "prefix_list_ids": [],
                "protocol": "tcp",
                "security_groups": [],
                "self": false,
                "to_port": 8301
              },
              {
                "cidr_blocks": [
                  "0.0.0.0/0"
                ],
                "description": "",
                "from_port": 8546,
                "ipv6_cidr_blocks": [],
                "prefix_list_ids": [],
                "protocol": "tcp",
                "security_groups": [],
                "self": false,
                "to_port": 8546
              },
              {
                "cidr_blocks": [
                  "0.0.0.0/0"
                ],
                "description": "",
                "from_port": 9998,
                "ipv6_cidr_blocks": [],
                "prefix_list_ids": [],
                "protocol": "tcp",
                "security_groups": [],
                "self": false,
                "to_port": 9998
              },
              {
                "cidr_blocks": [
                  "0.0.0.0/0"
                ],
                "description": "",
                "from_port": 9999,
                "ipv6_cidr_blocks": [],
                "prefix_list_ids": [],
                "protocol": "tcp",
                "security_groups": [],
                "self": false,
                "to_port": 9999
              },
              {
                "cidr_blocks": [],
                "description": "",
                "from_port": 0,
                "ipv6_cidr_blocks": [],
                "prefix_list_ids": [],
                "protocol": "-1",
                "security_groups": [],
                "self": true,
                "to_port": 0
              }
            ],
            "name": "Nomad client SG",
            "name_prefix": "",
            "owner_id": "837089879979",
            "revoke_rules_on_delete": false,
            "tags": {},
            "timeouts": null,
            "vpc_id": "vpc-0759d5a7d216160d3"
          },
          "private": "eyJlMmJmYjczMC1lY2FhLTExZTYtOGY4OC0zNDM2M2JjN2M0YzAiOnsiY3JlYXRlIjo2MDAwMDAwMDAwMDAsImRlbGV0ZSI6NjAwMDAwMDAwMDAwfSwic2NoZW1hX3ZlcnNpb24iOiIxIn0=",
          "dependencies": [
            "module.eu-west-3.module.networking.module.vpc.aws_vpc.this",
            "module.eu-west-3.module.resourcegroup.random_string.rand"
          ]
        }
      ]
    },
    {
      "module": "module.eu-west-3.module.networking.module.nomad_lb_sg",
      "mode": "managed",
      "type": "aws_security_group",
      "name": "security_group",
      "provider": "module.eu-west-3.provider[\"registry.terraform.io/hashicorp/aws\"]",
      "instances": [
        {
          "schema_version": 1,
          "attributes": {
            "arn": "arn:aws:ec2:eu-west-3:837089879979:security-group/sg-0f2bd3f40b1471d5b",
            "description": "Managed by Terraform",
            "egress": [
              {
                "cidr_blocks": [
                  "0.0.0.0/0"
                ],
                "description": "",
                "from_port": 0,
                "ipv6_cidr_blocks": [],
                "prefix_list_ids": [],
                "protocol": "-1",
                "security_groups": [],
                "self": false,
                "to_port": 0
              }
            ],
            "id": "sg-0f2bd3f40b1471d5b",
            "ingress": [
              {
                "cidr_blocks": [
                  "0.0.0.0/0"
                ],
                "description": "",
                "from_port": 4646,
                "ipv6_cidr_blocks": [],
                "prefix_list_ids": [],
                "protocol": "tcp",
                "security_groups": [],
                "self": false,
                "to_port": 4646
              },
              {
                "cidr_blocks": [],
                "description": "",
                "from_port": 0,
                "ipv6_cidr_blocks": [],
                "prefix_list_ids": [],
                "protocol": "-1",
                "security_groups": [],
                "self": true,
                "to_port": 0
              }
            ],
            "name": "Nomad LB SG",
            "name_prefix": "",
            "owner_id": "837089879979",
            "revoke_rules_on_delete": false,
            "tags": {},
            "timeouts": null,
            "vpc_id": "vpc-0759d5a7d216160d3"
          },
          "private": "eyJlMmJmYjczMC1lY2FhLTExZTYtOGY4OC0zNDM2M2JjN2M0YzAiOnsiY3JlYXRlIjo2MDAwMDAwMDAwMDAsImRlbGV0ZSI6NjAwMDAwMDAwMDAwfSwic2NoZW1hX3ZlcnNpb24iOiIxIn0=",
          "dependencies": [
            "module.eu-west-3.module.networking.module.vpc.aws_vpc.this",
            "module.eu-west-3.module.resourcegroup.random_string.rand"
          ]
        }
      ]
    },
    {
      "module": "module.eu-west-3.module.networking.module.nomad_server_sg",
      "mode": "managed",
      "type": "aws_security_group",
      "name": "security_group",
      "provider": "module.eu-west-3.provider[\"registry.terraform.io/hashicorp/aws\"]",
      "instances": [
        {
          "schema_version": 1,
          "attributes": {
            "arn": "arn:aws:ec2:eu-west-3:837089879979:security-group/sg-03cd942d444c0d67c",
            "description": "Managed by Terraform",
            "egress": [
              {
                "cidr_blocks": [
                  "0.0.0.0/0"
                ],
                "description": "",
                "from_port": 0,
                "ipv6_cidr_blocks": [],
                "prefix_list_ids": [],
                "protocol": "-1",
                "security_groups": [],
                "self": false,
                "to_port": 0
              }
            ],
            "id": "sg-03cd942d444c0d67c",
            "ingress": [
              {
                "cidr_blocks": [
                  "0.0.0.0/0"
                ],
                "description": "",
                "from_port": 22,
                "ipv6_cidr_blocks": [],
                "prefix_list_ids": [],
                "protocol": "tcp",
                "security_groups": [],
                "self": false,
                "to_port": 22
              },
              {
                "cidr_blocks": [
                  "0.0.0.0/0"
                ],
                "description": "",
                "from_port": 4646,
                "ipv6_cidr_blocks": [],
                "prefix_list_ids": [],
                "protocol": "tcp",
                "security_groups": [],
                "self": false,
                "to_port": 4646
              },
              {
                "cidr_blocks": [
                  "0.0.0.0/0"
                ],
                "description": "",
                "from_port": 4647,
                "ipv6_cidr_blocks": [],
                "prefix_list_ids": [],
                "protocol": "tcp",
                "security_groups": [],
                "self": false,
                "to_port": 4647
              },
              {
                "cidr_blocks": [
                  "0.0.0.0/0"
                ],
                "description": "",
                "from_port": 4648,
                "ipv6_cidr_blocks": [],
                "prefix_list_ids": [],
                "protocol": "tcp",
                "security_groups": [],
                "self": false,
                "to_port": 4648
              },
              {
                "cidr_blocks": [
                  "0.0.0.0/0"
                ],
                "description": "",
                "from_port": 8300,
                "ipv6_cidr_blocks": [],
                "prefix_list_ids": [],
                "protocol": "tcp",
                "security_groups": [],
                "self": false,
                "to_port": 8300
              },
              {
                "cidr_blocks": [
                  "0.0.0.0/0"
                ],
                "description": "",
                "from_port": 8301,
                "ipv6_cidr_blocks": [],
                "prefix_list_ids": [],
                "protocol": "tcp",
                "security_groups": [],
                "self": false,
                "to_port": 8301
              },
              {
                "cidr_blocks": [],
                "description": "",
                "from_port": 0,
                "ipv6_cidr_blocks": [],
                "prefix_list_ids": [],
                "protocol": "-1",
                "security_groups": [],
                "self": true,
                "to_port": 0
              }
            ],
            "name": "Nomad server SG",
            "name_prefix": "",
            "owner_id": "837089879979",
            "revoke_rules_on_delete": false,
            "tags": {},
            "timeouts": null,
            "vpc_id": "vpc-0759d5a7d216160d3"
          },
          "private": "eyJlMmJmYjczMC1lY2FhLTExZTYtOGY4OC0zNDM2M2JjN2M0YzAiOnsiY3JlYXRlIjo2MDAwMDAwMDAwMDAsImRlbGV0ZSI6NjAwMDAwMDAwMDAwfSwic2NoZW1hX3ZlcnNpb24iOiIxIn0=",
          "dependencies": [
            "module.eu-west-3.module.networking.module.vpc.aws_vpc.this",
            "module.eu-west-3.module.resourcegroup.random_string.rand"
          ]
        }
      ]
    },
    {
      "module": "module.eu-west-3.module.networking.module.vault_lb_sg",
      "mode": "managed",
      "type": "aws_security_group",
      "name": "security_group",
      "provider": "module.eu-west-3.provider[\"registry.terraform.io/hashicorp/aws\"]",
      "instances": [
        {
          "schema_version": 1,
          "attributes": {
            "arn": "arn:aws:ec2:eu-west-3:837089879979:security-group/sg-05ca6196cb96127f3",
            "description": "Managed by Terraform",
            "egress": [
              {
                "cidr_blocks": [
                  "0.0.0.0/0"
                ],
                "description": "",
                "from_port": 0,
                "ipv6_cidr_blocks": [],
                "prefix_list_ids": [],
                "protocol": "-1",
                "security_groups": [],
                "self": false,
                "to_port": 0
              }
            ],
            "id": "sg-05ca6196cb96127f3",
            "ingress": [
              {
                "cidr_blocks": [
                  "0.0.0.0/0"
                ],
                "description": "",
                "from_port": 8200,
                "ipv6_cidr_blocks": [],
                "prefix_list_ids": [],
                "protocol": "tcp",
                "security_groups": [],
                "self": false,
                "to_port": 8200
              },
              {
                "cidr_blocks": [],
                "description": "",
                "from_port": 0,
                "ipv6_cidr_blocks": [],
                "prefix_list_ids": [],
                "protocol": "-1",
                "security_groups": [],
                "self": true,
                "to_port": 0
              }
            ],
            "name": "Vault LB SG",
            "name_prefix": "",
            "owner_id": "837089879979",
            "revoke_rules_on_delete": false,
            "tags": {},
            "timeouts": null,
            "vpc_id": "vpc-0759d5a7d216160d3"
          },
          "private": "eyJlMmJmYjczMC1lY2FhLTExZTYtOGY4OC0zNDM2M2JjN2M0YzAiOnsiY3JlYXRlIjo2MDAwMDAwMDAwMDAsImRlbGV0ZSI6NjAwMDAwMDAwMDAwfSwic2NoZW1hX3ZlcnNpb24iOiIxIn0=",
          "dependencies": [
            "module.eu-west-3.module.networking.module.vpc.aws_vpc.this",
            "module.eu-west-3.module.resourcegroup.random_string.rand"
          ]
        }
      ]
    },
    {
      "module": "module.eu-west-3.module.networking.module.vault_server_sg",
      "mode": "managed",
      "type": "aws_security_group",
      "name": "security_group",
      "provider": "module.eu-west-3.provider[\"registry.terraform.io/hashicorp/aws\"]",
      "instances": [
        {
          "schema_version": 1,
          "attributes": {
            "arn": "arn:aws:ec2:eu-west-3:837089879979:security-group/sg-0c9b76e789190e8ac",
            "description": "Managed by Terraform",
            "egress": [
              {
                "cidr_blocks": [
                  "0.0.0.0/0"
                ],
                "description": "",
                "from_port": 0,
                "ipv6_cidr_blocks": [],
                "prefix_list_ids": [],
                "protocol": "-1",
                "security_groups": [],
                "self": false,
                "to_port": 0
              }
            ],
            "id": "sg-0c9b76e789190e8ac",
            "ingress": [
              {
                "cidr_blocks": [
                  "0.0.0.0/0"
                ],
                "description": "",
                "from_port": 22,
                "ipv6_cidr_blocks": [],
                "prefix_list_ids": [],
                "protocol": "tcp",
                "security_groups": [],
                "self": false,
                "to_port": 22
              },
              {
                "cidr_blocks": [
                  "0.0.0.0/0"
                ],
                "description": "",
                "from_port": 8200,
                "ipv6_cidr_blocks": [],
                "prefix_list_ids": [],
                "protocol": "tcp",
                "security_groups": [],
                "self": false,
                "to_port": 8200
              },
              {
                "cidr_blocks": [
                  "0.0.0.0/0"
                ],
                "description": "",
                "from_port": 8201,
                "ipv6_cidr_blocks": [],
                "prefix_list_ids": [],
                "protocol": "tcp",
                "security_groups": [],
                "self": false,
                "to_port": 8201
              },
              {
                "cidr_blocks": [
                  "0.0.0.0/0"
                ],
                "description": "",
                "from_port": 8300,
                "ipv6_cidr_blocks": [],
                "prefix_list_ids": [],
                "protocol": "tcp",
                "security_groups": [],
                "self": false,
                "to_port": 8300
              },
              {
                "cidr_blocks": [
                  "0.0.0.0/0"
                ],
                "description": "",
                "from_port": 8301,
                "ipv6_cidr_blocks": [],
                "prefix_list_ids": [],
                "protocol": "tcp",
                "security_groups": [],
                "self": false,
                "to_port": 8301
              },
              {
                "cidr_blocks": [],
                "description": "",
                "from_port": 0,
                "ipv6_cidr_blocks": [],
                "prefix_list_ids": [],
                "protocol": "-1",
                "security_groups": [],
                "self": true,
                "to_port": 0
              }
            ],
            "name": "Vault server SG",
            "name_prefix": "",
            "owner_id": "837089879979",
            "revoke_rules_on_delete": false,
            "tags": {},
            "timeouts": null,
            "vpc_id": "vpc-0759d5a7d216160d3"
          },
          "private": "eyJlMmJmYjczMC1lY2FhLTExZTYtOGY4OC0zNDM2M2JjN2M0YzAiOnsiY3JlYXRlIjo2MDAwMDAwMDAwMDAsImRlbGV0ZSI6NjAwMDAwMDAwMDAwfSwic2NoZW1hX3ZlcnNpb24iOiIxIn0=",
          "dependencies": [
            "module.eu-west-3.module.networking.module.vpc.aws_vpc.this",
            "module.eu-west-3.module.resourcegroup.random_string.rand"
          ]
        }
      ]
    },
    {
      "module": "module.eu-west-3.module.networking.module.vpc",
      "mode": "managed",
      "type": "aws_eip",
      "name": "nat",
      "provider": "module.eu-west-3.provider[\"registry.terraform.io/hashicorp/aws\"]",
      "instances": [
        {
          "index_key": 0,
          "schema_version": 0,
          "attributes": {
            "allocation_id": null,
            "associate_with_private_ip": null,
            "association_id": "eipassoc-0d07620c2965a19ba",
            "customer_owned_ip": "",
            "customer_owned_ipv4_pool": "",
            "domain": "vpc",
            "id": "eipalloc-00dcc4216e86429fe",
            "instance": "",
            "network_border_group": "eu-west-3",
            "network_interface": "eni-01efb344265c1c4f9",
            "private_dns": "ip-10-0-101-158.eu-west-3.compute.internal",
            "private_ip": "10.0.101.158",
            "public_dns": "ec2-35-181-117-91.eu-west-3.compute.amazonaws.com",
            "public_ip": "35.181.117.91",
            "public_ipv4_pool": "amazon",
            "tags": {
              "Name": "terraform-545j4bommr8kop-vpc-eu-west-3a",
              "ResourceGroup": "terraform-545j4bommr8kop"
            },
            "timeouts": null,
            "vpc": true
          },
          "private": "eyJlMmJmYjczMC1lY2FhLTExZTYtOGY4OC0zNDM2M2JjN2M0YzAiOnsiZGVsZXRlIjoxODAwMDAwMDAwMDAsInJlYWQiOjkwMDAwMDAwMDAwMCwidXBkYXRlIjozMDAwMDAwMDAwMDB9fQ==",
          "dependencies": [
            "module.eu-west-3.module.networking.data.aws_availability_zones.available",
            "module.eu-west-3.module.resourcegroup.random_string.rand"
          ]
        }
      ]
    },
    {
      "module": "module.eu-west-3.module.networking.module.vpc",
      "mode": "managed",
      "type": "aws_internet_gateway",
      "name": "this",
      "provider": "module.eu-west-3.provider[\"registry.terraform.io/hashicorp/aws\"]",
      "instances": [
        {
          "index_key": 0,
          "schema_version": 0,
          "attributes": {
            "arn": "arn:aws:ec2:eu-west-3:837089879979:internet-gateway/igw-0e22552758f7ef3f4",
            "id": "igw-0e22552758f7ef3f4",
            "owner_id": "837089879979",
            "tags": {
              "Name": "terraform-545j4bommr8kop-vpc",
              "ResourceGroup": "terraform-545j4bommr8kop"
            },
            "vpc_id": "vpc-0759d5a7d216160d3"
          },
          "private": "bnVsbA==",
          "dependencies": [
            "module.eu-west-3.module.networking.module.vpc.aws_vpc.this",
            "module.eu-west-3.module.networking.module.vpc.aws_vpc_ipv4_cidr_block_association.this",
            "module.eu-west-3.module.resourcegroup.random_string.rand"
          ]
        }
      ]
    },
    {
      "module": "module.eu-west-3.module.networking.module.vpc",
      "mode": "managed",
      "type": "aws_nat_gateway",
      "name": "this",
      "provider": "module.eu-west-3.provider[\"registry.terraform.io/hashicorp/aws\"]",
      "instances": [
        {
          "index_key": 0,
          "schema_version": 0,
          "attributes": {
            "allocation_id": "eipalloc-00dcc4216e86429fe",
            "id": "nat-03cd158319adacb8c",
            "network_interface_id": "eni-01efb344265c1c4f9",
            "private_ip": "10.0.101.158",
            "public_ip": "35.181.117.91",
            "subnet_id": "subnet-0e3ffc0b3a7408684",
            "tags": {
              "Name": "terraform-545j4bommr8kop-vpc-eu-west-3a",
              "ResourceGroup": "terraform-545j4bommr8kop"
            }
          },
          "private": "bnVsbA==",
          "dependencies": [
            "module.eu-west-3.module.networking.data.aws_availability_zones.available",
            "module.eu-west-3.module.networking.module.vpc.aws_eip.nat",
            "module.eu-west-3.module.networking.module.vpc.aws_internet_gateway.this",
            "module.eu-west-3.module.networking.module.vpc.aws_subnet.public",
            "module.eu-west-3.module.networking.module.vpc.aws_vpc.this",
            "module.eu-west-3.module.networking.module.vpc.aws_vpc_ipv4_cidr_block_association.this",
            "module.eu-west-3.module.resourcegroup.random_string.rand"
          ]
        }
      ]
    },
    {
      "module": "module.eu-west-3.module.networking.module.vpc",
      "mode": "managed",
      "type": "aws_route",
      "name": "private_nat_gateway",
      "provider": "module.eu-west-3.provider[\"registry.terraform.io/hashicorp/aws\"]",
      "instances": [
        {
          "index_key": 0,
          "schema_version": 0,
          "attributes": {
            "destination_cidr_block": "0.0.0.0/0",
            "destination_ipv6_cidr_block": "",
            "destination_prefix_list_id": "",
            "egress_only_gateway_id": "",
            "gateway_id": "",
            "id": "r-rtb-063d8803634b1e49b1080289494",
            "instance_id": "",
            "instance_owner_id": "",
            "local_gateway_id": "",
            "nat_gateway_id": "nat-03cd158319adacb8c",
            "network_interface_id": "",
            "origin": "CreateRoute",
            "route_table_id": "rtb-063d8803634b1e49b",
            "state": "active",
            "timeouts": {
              "create": "5m",
              "delete": null
            },
            "transit_gateway_id": "",
            "vpc_peering_connection_id": ""
          },
          "private": "eyJlMmJmYjczMC1lY2FhLTExZTYtOGY4OC0zNDM2M2JjN2M0YzAiOnsiY3JlYXRlIjozMDAwMDAwMDAwMDAsImRlbGV0ZSI6MzAwMDAwMDAwMDAwfX0=",
          "dependencies": [
            "module.eu-west-3.module.networking.data.aws_availability_zones.available",
            "module.eu-west-3.module.networking.module.vpc.aws_eip.nat",
            "module.eu-west-3.module.networking.module.vpc.aws_internet_gateway.this",
            "module.eu-west-3.module.networking.module.vpc.aws_nat_gateway.this",
            "module.eu-west-3.module.networking.module.vpc.aws_route_table.private",
            "module.eu-west-3.module.networking.module.vpc.aws_subnet.public",
            "module.eu-west-3.module.networking.module.vpc.aws_vpc.this",
            "module.eu-west-3.module.networking.module.vpc.aws_vpc_ipv4_cidr_block_association.this",
            "module.eu-west-3.module.resourcegroup.random_string.rand"
          ]
        }
      ]
    },
    {
      "module": "module.eu-west-3.module.networking.module.vpc",
      "mode": "managed",
      "type": "aws_route",
      "name": "public_internet_gateway",
      "provider": "module.eu-west-3.provider[\"registry.terraform.io/hashicorp/aws\"]",
      "instances": [
        {
          "index_key": 0,
          "schema_version": 0,
          "attributes": {
            "destination_cidr_block": "0.0.0.0/0",
            "destination_ipv6_cidr_block": "",
            "destination_prefix_list_id": "",
            "egress_only_gateway_id": "",
            "gateway_id": "igw-0e22552758f7ef3f4",
            "id": "r-rtb-0622b36e24d22b1191080289494",
            "instance_id": "",
            "instance_owner_id": "",
            "local_gateway_id": "",
            "nat_gateway_id": "",
            "network_interface_id": "",
            "origin": "CreateRoute",
            "route_table_id": "rtb-0622b36e24d22b119",
            "state": "active",
            "timeouts": {
              "create": "5m",
              "delete": null
            },
            "transit_gateway_id": "",
            "vpc_peering_connection_id": ""
          },
          "private": "eyJlMmJmYjczMC1lY2FhLTExZTYtOGY4OC0zNDM2M2JjN2M0YzAiOnsiY3JlYXRlIjozMDAwMDAwMDAwMDAsImRlbGV0ZSI6MzAwMDAwMDAwMDAwfX0=",
          "dependencies": [
            "module.eu-west-3.module.networking.module.vpc.aws_internet_gateway.this",
            "module.eu-west-3.module.networking.module.vpc.aws_route_table.public",
            "module.eu-west-3.module.networking.module.vpc.aws_vpc.this",
            "module.eu-west-3.module.networking.module.vpc.aws_vpc_ipv4_cidr_block_association.this",
            "module.eu-west-3.module.resourcegroup.random_string.rand"
          ]
        }
      ]
    },
    {
      "module": "module.eu-west-3.module.networking.module.vpc",
      "mode": "managed",
      "type": "aws_route_table",
      "name": "private",
      "provider": "module.eu-west-3.provider[\"registry.terraform.io/hashicorp/aws\"]",
      "instances": [
        {
          "index_key": 0,
          "schema_version": 0,
          "attributes": {
            "id": "rtb-063d8803634b1e49b",
            "owner_id": "837089879979",
            "propagating_vgws": [],
            "route": [
              {
                "cidr_block": "0.0.0.0/0",
                "egress_only_gateway_id": "",
                "gateway_id": "",
                "instance_id": "",
                "ipv6_cidr_block": "",
                "local_gateway_id": "",
                "nat_gateway_id": "nat-03cd158319adacb8c",
                "network_interface_id": "",
                "transit_gateway_id": "",
                "vpc_peering_connection_id": ""
              }
            ],
            "tags": {
              "Name": "terraform-545j4bommr8kop-vpc-private",
              "ResourceGroup": "terraform-545j4bommr8kop"
            },
            "vpc_id": "vpc-0759d5a7d216160d3"
          },
          "private": "bnVsbA==",
          "dependencies": [
            "module.eu-west-3.module.networking.data.aws_availability_zones.available",
            "module.eu-west-3.module.networking.module.vpc.aws_vpc.this",
            "module.eu-west-3.module.networking.module.vpc.aws_vpc_ipv4_cidr_block_association.this",
            "module.eu-west-3.module.resourcegroup.random_string.rand"
          ]
        }
      ]
    },
    {
      "module": "module.eu-west-3.module.networking.module.vpc",
      "mode": "managed",
      "type": "aws_route_table",
      "name": "public",
      "provider": "module.eu-west-3.provider[\"registry.terraform.io/hashicorp/aws\"]",
      "instances": [
        {
          "index_key": 0,
          "schema_version": 0,
          "attributes": {
            "id": "rtb-0622b36e24d22b119",
            "owner_id": "837089879979",
            "propagating_vgws": [],
            "route": [
              {
                "cidr_block": "0.0.0.0/0",
                "egress_only_gateway_id": "",
                "gateway_id": "igw-0e22552758f7ef3f4",
                "instance_id": "",
                "ipv6_cidr_block": "",
                "local_gateway_id": "",
                "nat_gateway_id": "",
                "network_interface_id": "",
                "transit_gateway_id": "",
                "vpc_peering_connection_id": ""
              }
            ],
            "tags": {
              "Name": "terraform-545j4bommr8kop-vpc-public",
              "ResourceGroup": "terraform-545j4bommr8kop"
            },
            "vpc_id": "vpc-0759d5a7d216160d3"
          },
          "private": "bnVsbA==",
          "dependencies": [
            "module.eu-west-3.module.networking.module.vpc.aws_vpc.this",
            "module.eu-west-3.module.networking.module.vpc.aws_vpc_ipv4_cidr_block_association.this",
            "module.eu-west-3.module.resourcegroup.random_string.rand"
          ]
        }
      ]
    },
    {
      "module": "module.eu-west-3.module.networking.module.vpc",
      "mode": "managed",
      "type": "aws_route_table_association",
      "name": "private",
      "provider": "module.eu-west-3.provider[\"registry.terraform.io/hashicorp/aws\"]",
      "instances": [
        {
          "index_key": 0,
          "schema_version": 0,
          "attributes": {
            "gateway_id": null,
            "id": "rtbassoc-08a90ff0cfd425f0e",
            "route_table_id": "rtb-063d8803634b1e49b",
            "subnet_id": "subnet-03a5b3c15b123b46c"
          },
          "private": "bnVsbA==",
          "dependencies": [
            "module.eu-west-3.module.networking.data.aws_availability_zones.available",
            "module.eu-west-3.module.networking.module.vpc.aws_route_table.private",
            "module.eu-west-3.module.networking.module.vpc.aws_subnet.private",
            "module.eu-west-3.module.networking.module.vpc.aws_vpc.this",
            "module.eu-west-3.module.networking.module.vpc.aws_vpc_ipv4_cidr_block_association.this",
            "module.eu-west-3.module.resourcegroup.random_string.rand"
          ]
        },
        {
          "index_key": 1,
          "schema_version": 0,
          "attributes": {
            "gateway_id": null,
            "id": "rtbassoc-0788677007aa1e269",
            "route_table_id": "rtb-063d8803634b1e49b",
            "subnet_id": "subnet-0ebd575d317c79fa3"
          },
          "private": "bnVsbA==",
          "dependencies": [
            "module.eu-west-3.module.networking.data.aws_availability_zones.available",
            "module.eu-west-3.module.networking.module.vpc.aws_route_table.private",
            "module.eu-west-3.module.networking.module.vpc.aws_subnet.private",
            "module.eu-west-3.module.networking.module.vpc.aws_vpc.this",
            "module.eu-west-3.module.networking.module.vpc.aws_vpc_ipv4_cidr_block_association.this",
            "module.eu-west-3.module.resourcegroup.random_string.rand"
          ]
        },
        {
          "index_key": 2,
          "schema_version": 0,
          "attributes": {
            "gateway_id": null,
            "id": "rtbassoc-0275917aa7555fa69",
            "route_table_id": "rtb-063d8803634b1e49b",
            "subnet_id": "subnet-0f607a86fc62b378f"
          },
          "private": "bnVsbA==",
          "dependencies": [
            "module.eu-west-3.module.networking.data.aws_availability_zones.available",
            "module.eu-west-3.module.networking.module.vpc.aws_route_table.private",
            "module.eu-west-3.module.networking.module.vpc.aws_subnet.private",
            "module.eu-west-3.module.networking.module.vpc.aws_vpc.this",
            "module.eu-west-3.module.networking.module.vpc.aws_vpc_ipv4_cidr_block_association.this",
            "module.eu-west-3.module.resourcegroup.random_string.rand"
          ]
        }
      ]
    },
    {
      "module": "module.eu-west-3.module.networking.module.vpc",
      "mode": "managed",
      "type": "aws_route_table_association",
      "name": "public",
      "provider": "module.eu-west-3.provider[\"registry.terraform.io/hashicorp/aws\"]",
      "instances": [
        {
          "index_key": 0,
          "schema_version": 0,
          "attributes": {
            "gateway_id": null,
            "id": "rtbassoc-0c7ef8b82ffcb7650",
            "route_table_id": "rtb-0622b36e24d22b119",
            "subnet_id": "subnet-0e3ffc0b3a7408684"
          },
          "private": "bnVsbA==",
          "dependencies": [
            "module.eu-west-3.module.networking.data.aws_availability_zones.available",
            "module.eu-west-3.module.networking.module.vpc.aws_route_table.public",
            "module.eu-west-3.module.networking.module.vpc.aws_subnet.public",
            "module.eu-west-3.module.networking.module.vpc.aws_vpc.this",
            "module.eu-west-3.module.networking.module.vpc.aws_vpc_ipv4_cidr_block_association.this",
            "module.eu-west-3.module.resourcegroup.random_string.rand"
          ]
        },
        {
          "index_key": 1,
          "schema_version": 0,
          "attributes": {
            "gateway_id": null,
            "id": "rtbassoc-0125e467d24b052e8",
            "route_table_id": "rtb-0622b36e24d22b119",
            "subnet_id": "subnet-04865bd86497276d6"
          },
          "private": "bnVsbA==",
          "dependencies": [
            "module.eu-west-3.module.networking.data.aws_availability_zones.available",
            "module.eu-west-3.module.networking.module.vpc.aws_route_table.public",
            "module.eu-west-3.module.networking.module.vpc.aws_subnet.public",
            "module.eu-west-3.module.networking.module.vpc.aws_vpc.this",
            "module.eu-west-3.module.networking.module.vpc.aws_vpc_ipv4_cidr_block_association.this",
            "module.eu-west-3.module.resourcegroup.random_string.rand"
          ]
        },
        {
          "index_key": 2,
          "schema_version": 0,
          "attributes": {
            "gateway_id": null,
            "id": "rtbassoc-0b78d653468b94151",
            "route_table_id": "rtb-0622b36e24d22b119",
            "subnet_id": "subnet-0b65d5b4383da95c1"
          },
          "private": "bnVsbA==",
          "dependencies": [
            "module.eu-west-3.module.networking.data.aws_availability_zones.available",
            "module.eu-west-3.module.networking.module.vpc.aws_route_table.public",
            "module.eu-west-3.module.networking.module.vpc.aws_subnet.public",
            "module.eu-west-3.module.networking.module.vpc.aws_vpc.this",
            "module.eu-west-3.module.networking.module.vpc.aws_vpc_ipv4_cidr_block_association.this",
            "module.eu-west-3.module.resourcegroup.random_string.rand"
          ]
        }
      ]
    },
    {
      "module": "module.eu-west-3.module.networking.module.vpc",
      "mode": "managed",
      "type": "aws_subnet",
      "name": "private",
      "provider": "module.eu-west-3.provider[\"registry.terraform.io/hashicorp/aws\"]",
      "instances": [
        {
          "index_key": 0,
          "schema_version": 1,
          "attributes": {
            "arn": "arn:aws:ec2:eu-west-3:837089879979:subnet/subnet-03a5b3c15b123b46c",
            "assign_ipv6_address_on_creation": false,
            "availability_zone": "eu-west-3a",
            "availability_zone_id": "euw3-az1",
            "cidr_block": "10.0.1.0/24",
            "id": "subnet-03a5b3c15b123b46c",
            "ipv6_cidr_block": "",
            "ipv6_cidr_block_association_id": "",
            "map_public_ip_on_launch": false,
            "outpost_arn": "",
            "owner_id": "837089879979",
            "tags": {
              "Name": "terraform-545j4bommr8kop-vpc-private-eu-west-3a",
              "ResourceGroup": "terraform-545j4bommr8kop"
            },
            "timeouts": null,
            "vpc_id": "vpc-0759d5a7d216160d3"
          },
          "private": "eyJlMmJmYjczMC1lY2FhLTExZTYtOGY4OC0zNDM2M2JjN2M0YzAiOnsiY3JlYXRlIjo2MDAwMDAwMDAwMDAsImRlbGV0ZSI6MTIwMDAwMDAwMDAwMH0sInNjaGVtYV92ZXJzaW9uIjoiMSJ9",
          "dependencies": [
            "module.eu-west-3.module.networking.data.aws_availability_zones.available",
            "module.eu-west-3.module.networking.module.vpc.aws_vpc.this",
            "module.eu-west-3.module.networking.module.vpc.aws_vpc_ipv4_cidr_block_association.this",
            "module.eu-west-3.module.resourcegroup.random_string.rand"
          ]
        },
        {
          "index_key": 1,
          "schema_version": 1,
          "attributes": {
            "arn": "arn:aws:ec2:eu-west-3:837089879979:subnet/subnet-0ebd575d317c79fa3",
            "assign_ipv6_address_on_creation": false,
            "availability_zone": "eu-west-3b",
            "availability_zone_id": "euw3-az2",
            "cidr_block": "10.0.2.0/24",
            "id": "subnet-0ebd575d317c79fa3",
            "ipv6_cidr_block": "",
            "ipv6_cidr_block_association_id": "",
            "map_public_ip_on_launch": false,
            "outpost_arn": "",
            "owner_id": "837089879979",
            "tags": {
              "Name": "terraform-545j4bommr8kop-vpc-private-eu-west-3b",
              "ResourceGroup": "terraform-545j4bommr8kop"
            },
            "timeouts": null,
            "vpc_id": "vpc-0759d5a7d216160d3"
          },
          "private": "eyJlMmJmYjczMC1lY2FhLTExZTYtOGY4OC0zNDM2M2JjN2M0YzAiOnsiY3JlYXRlIjo2MDAwMDAwMDAwMDAsImRlbGV0ZSI6MTIwMDAwMDAwMDAwMH0sInNjaGVtYV92ZXJzaW9uIjoiMSJ9",
          "dependencies": [
            "module.eu-west-3.module.networking.data.aws_availability_zones.available",
            "module.eu-west-3.module.networking.module.vpc.aws_vpc.this",
            "module.eu-west-3.module.networking.module.vpc.aws_vpc_ipv4_cidr_block_association.this",
            "module.eu-west-3.module.resourcegroup.random_string.rand"
          ]
        },
        {
          "index_key": 2,
          "schema_version": 1,
          "attributes": {
            "arn": "arn:aws:ec2:eu-west-3:837089879979:subnet/subnet-0f607a86fc62b378f",
            "assign_ipv6_address_on_creation": false,
            "availability_zone": "eu-west-3c",
            "availability_zone_id": "euw3-az3",
            "cidr_block": "10.0.3.0/24",
            "id": "subnet-0f607a86fc62b378f",
            "ipv6_cidr_block": "",
            "ipv6_cidr_block_association_id": "",
            "map_public_ip_on_launch": false,
            "outpost_arn": "",
            "owner_id": "837089879979",
            "tags": {
              "Name": "terraform-545j4bommr8kop-vpc-private-eu-west-3c",
              "ResourceGroup": "terraform-545j4bommr8kop"
            },
            "timeouts": null,
            "vpc_id": "vpc-0759d5a7d216160d3"
          },
          "private": "eyJlMmJmYjczMC1lY2FhLTExZTYtOGY4OC0zNDM2M2JjN2M0YzAiOnsiY3JlYXRlIjo2MDAwMDAwMDAwMDAsImRlbGV0ZSI6MTIwMDAwMDAwMDAwMH0sInNjaGVtYV92ZXJzaW9uIjoiMSJ9",
          "dependencies": [
            "module.eu-west-3.module.networking.data.aws_availability_zones.available",
            "module.eu-west-3.module.networking.module.vpc.aws_vpc.this",
            "module.eu-west-3.module.networking.module.vpc.aws_vpc_ipv4_cidr_block_association.this",
            "module.eu-west-3.module.resourcegroup.random_string.rand"
          ]
        }
      ]
    },
    {
      "module": "module.eu-west-3.module.networking.module.vpc",
      "mode": "managed",
      "type": "aws_subnet",
      "name": "public",
      "provider": "module.eu-west-3.provider[\"registry.terraform.io/hashicorp/aws\"]",
      "instances": [
        {
          "index_key": 0,
          "schema_version": 1,
          "attributes": {
            "arn": "arn:aws:ec2:eu-west-3:837089879979:subnet/subnet-0e3ffc0b3a7408684",
            "assign_ipv6_address_on_creation": false,
            "availability_zone": "eu-west-3a",
            "availability_zone_id": "euw3-az1",
            "cidr_block": "10.0.101.0/24",
            "id": "subnet-0e3ffc0b3a7408684",
            "ipv6_cidr_block": "",
            "ipv6_cidr_block_association_id": "",
            "map_public_ip_on_launch": true,
            "outpost_arn": "",
            "owner_id": "837089879979",
            "tags": {
              "Name": "terraform-545j4bommr8kop-vpc-public-eu-west-3a",
              "ResourceGroup": "terraform-545j4bommr8kop"
            },
            "timeouts": null,
            "vpc_id": "vpc-0759d5a7d216160d3"
          },
          "private": "eyJlMmJmYjczMC1lY2FhLTExZTYtOGY4OC0zNDM2M2JjN2M0YzAiOnsiY3JlYXRlIjo2MDAwMDAwMDAwMDAsImRlbGV0ZSI6MTIwMDAwMDAwMDAwMH0sInNjaGVtYV92ZXJzaW9uIjoiMSJ9",
          "dependencies": [
            "module.eu-west-3.module.networking.data.aws_availability_zones.available",
            "module.eu-west-3.module.networking.module.vpc.aws_vpc.this",
            "module.eu-west-3.module.networking.module.vpc.aws_vpc_ipv4_cidr_block_association.this",
            "module.eu-west-3.module.resourcegroup.random_string.rand"
          ]
        },
        {
          "index_key": 1,
          "schema_version": 1,
          "attributes": {
            "arn": "arn:aws:ec2:eu-west-3:837089879979:subnet/subnet-04865bd86497276d6",
            "assign_ipv6_address_on_creation": false,
            "availability_zone": "eu-west-3b",
            "availability_zone_id": "euw3-az2",
            "cidr_block": "10.0.102.0/24",
            "id": "subnet-04865bd86497276d6",
            "ipv6_cidr_block": "",
            "ipv6_cidr_block_association_id": "",
            "map_public_ip_on_launch": true,
            "outpost_arn": "",
            "owner_id": "837089879979",
            "tags": {
              "Name": "terraform-545j4bommr8kop-vpc-public-eu-west-3b",
              "ResourceGroup": "terraform-545j4bommr8kop"
            },
            "timeouts": null,
            "vpc_id": "vpc-0759d5a7d216160d3"
          },
          "private": "eyJlMmJmYjczMC1lY2FhLTExZTYtOGY4OC0zNDM2M2JjN2M0YzAiOnsiY3JlYXRlIjo2MDAwMDAwMDAwMDAsImRlbGV0ZSI6MTIwMDAwMDAwMDAwMH0sInNjaGVtYV92ZXJzaW9uIjoiMSJ9",
          "dependencies": [
            "module.eu-west-3.module.networking.data.aws_availability_zones.available",
            "module.eu-west-3.module.networking.module.vpc.aws_vpc.this",
            "module.eu-west-3.module.networking.module.vpc.aws_vpc_ipv4_cidr_block_association.this",
            "module.eu-west-3.module.resourcegroup.random_string.rand"
          ]
        },
        {
          "index_key": 2,
          "schema_version": 1,
          "attributes": {
            "arn": "arn:aws:ec2:eu-west-3:837089879979:subnet/subnet-0b65d5b4383da95c1",
            "assign_ipv6_address_on_creation": false,
            "availability_zone": "eu-west-3c",
            "availability_zone_id": "euw3-az3",
            "cidr_block": "10.0.103.0/24",
            "id": "subnet-0b65d5b4383da95c1",
            "ipv6_cidr_block": "",
            "ipv6_cidr_block_association_id": "",
            "map_public_ip_on_launch": true,
            "outpost_arn": "",
            "owner_id": "837089879979",
            "tags": {
              "Name": "terraform-545j4bommr8kop-vpc-public-eu-west-3c",
              "ResourceGroup": "terraform-545j4bommr8kop"
            },
            "timeouts": null,
            "vpc_id": "vpc-0759d5a7d216160d3"
          },
          "private": "eyJlMmJmYjczMC1lY2FhLTExZTYtOGY4OC0zNDM2M2JjN2M0YzAiOnsiY3JlYXRlIjo2MDAwMDAwMDAwMDAsImRlbGV0ZSI6MTIwMDAwMDAwMDAwMH0sInNjaGVtYV92ZXJzaW9uIjoiMSJ9",
          "dependencies": [
            "module.eu-west-3.module.networking.data.aws_availability_zones.available",
            "module.eu-west-3.module.networking.module.vpc.aws_vpc.this",
            "module.eu-west-3.module.networking.module.vpc.aws_vpc_ipv4_cidr_block_association.this",
            "module.eu-west-3.module.resourcegroup.random_string.rand"
          ]
        }
      ]
    },
    {
      "module": "module.eu-west-3.module.networking.module.vpc",
      "mode": "managed",
      "type": "aws_vpc",
      "name": "this",
      "provider": "module.eu-west-3.provider[\"registry.terraform.io/hashicorp/aws\"]",
      "instances": [
        {
          "index_key": 0,
          "schema_version": 1,
          "attributes": {
            "arn": "arn:aws:ec2:eu-west-3:837089879979:vpc/vpc-0759d5a7d216160d3",
            "assign_generated_ipv6_cidr_block": false,
            "cidr_block": "10.0.0.0/16",
            "default_network_acl_id": "acl-098a3e5822b1916dc",
            "default_route_table_id": "rtb-01546e52373d2e74a",
            "default_security_group_id": "sg-0fdf474faa1894a7e",
            "dhcp_options_id": "dopt-350d105c",
            "enable_classiclink": null,
            "enable_classiclink_dns_support": null,
            "enable_dns_hostnames": false,
            "enable_dns_support": true,
            "id": "vpc-0759d5a7d216160d3",
            "instance_tenancy": "default",
            "ipv6_association_id": "",
            "ipv6_cidr_block": "",
            "main_route_table_id": "rtb-01546e52373d2e74a",
            "owner_id": "837089879979",
            "tags": {
              "Name": "terraform-545j4bommr8kop-vpc",
              "ResourceGroup": "terraform-545j4bommr8kop"
            }
          },
          "private": "eyJzY2hlbWFfdmVyc2lvbiI6IjEifQ==",
          "dependencies": [
            "module.eu-west-3.module.resourcegroup.random_string.rand"
          ]
        }
      ]
    },
    {
      "module": "module.eu-west-3.module.nomad_clients",
      "mode": "data",
      "type": "aws_ami",
      "name": "hashistacc",
      "provider": "module.eu-west-3.provider[\"registry.terraform.io/hashicorp/aws\"]",
      "instances": [
        {
          "schema_version": 0,
          "attributes": {
            "architecture": "x86_64",
            "arn": "arn:aws:ec2:eu-west-3::image/ami-008eaf6ebe71245d0",
            "block_device_mappings": [
              {
                "device_name": "/dev/sda1",
                "ebs": {
                  "delete_on_termination": "true",
                  "encrypted": "false",
                  "iops": "0",
                  "snapshot_id": "snap-016e30e209118e349",
                  "volume_size": "8",
                  "volume_type": "gp2"
                },
                "no_device": "",
                "virtual_name": ""
              },
              {
                "device_name": "/dev/sdb",
                "ebs": {},
                "no_device": "",
                "virtual_name": "ephemeral0"
              },
              {
                "device_name": "/dev/sdc",
                "ebs": {},
                "no_device": "",
                "virtual_name": "ephemeral1"
              }
            ],
            "creation_date": "2020-11-16T16:05:49.000Z",
            "description": "Ubuntu 20.04 AMI that has Nomad, Consul and Vault installed",
            "executable_users": null,
            "filter": [
              {
                "name": "name",
                "values": [
                  "hashistacc-ubuntu20-*"
                ]
              }
            ],
            "hypervisor": "xen",
            "id": "ami-008eaf6ebe71245d0",
            "image_id": "ami-008eaf6ebe71245d0",
            "image_location": "837089879979/hashistacc-ubuntu20-1605542591",
            "image_owner_alias": null,
            "image_type": "machine",
            "kernel_id": null,
            "most_recent": true,
            "name": "hashistacc-ubuntu20-1605542591",
            "name_regex": null,
            "owner_id": "837089879979",
            "owners": [
              "837089879979"
            ],
            "platform": null,
            "product_codes": [],
            "public": false,
            "ramdisk_id": null,
            "root_device_name": "/dev/sda1",
            "root_device_type": "ebs",
            "root_snapshot_id": "snap-016e30e209118e349",
            "sriov_net_support": "simple",
            "state": "available",
            "state_reason": {
              "code": "UNSET",
              "message": "UNSET"
            },
            "tags": {},
            "virtualization_type": "hvm"
          }
        }
      ]
    },
    {
      "module": "module.eu-west-3.module.nomad_clients",
      "mode": "data",
      "type": "aws_instances",
      "name": "instances",
      "provider": "module.eu-west-3.provider[\"registry.terraform.io/hashicorp/aws\"]",
      "instances": []
    },
    {
      "module": "module.eu-west-3.module.nomad_clients",
      "mode": "data",
      "type": "aws_region",
      "name": "current",
      "provider": "module.eu-west-3.provider[\"registry.terraform.io/hashicorp/aws\"]",
      "instances": [
        {
          "schema_version": 0,
          "attributes": {
            "description": "Europe (Paris)",
            "endpoint": "ec2.eu-west-3.amazonaws.com",
            "id": "eu-west-3",
            "name": "eu-west-3"
          }
        }
      ]
    },
    {
      "module": "module.eu-west-3.module.nomad_clients",
      "mode": "managed",
      "type": "aws_autoscaling_policy",
      "name": "nomad_clients_autoscaling",
      "provider": "module.eu-west-3.provider[\"registry.terraform.io/hashicorp/aws\"]",
      "instances": []
    },
    {
      "module": "module.eu-west-3.module.nomad_clients",
      "mode": "managed",
      "type": "aws_cloudwatch_metric_alarm",
      "name": "nomad_clients_metric",
      "provider": "module.eu-west-3.provider[\"registry.terraform.io/hashicorp/aws\"]",
      "instances": []
    },
    {
      "module": "module.eu-west-3.module.nomad_clients",
      "mode": "managed",
      "type": "aws_kms_key",
      "name": "vault",
      "provider": "module.eu-west-3.provider[\"registry.terraform.io/hashicorp/aws\"]",
      "instances": [
        {
          "schema_version": 0,
          "attributes": {
            "arn": "arn:aws:kms:eu-west-3:837089879979:key/e0da15f3-d6e4-4c22-8f8e-029132a1ecd8",
            "customer_master_key_spec": "SYMMETRIC_DEFAULT",
            "deletion_window_in_days": 10,
            "description": "Vault unseal key",
            "enable_key_rotation": false,
            "id": "e0da15f3-d6e4-4c22-8f8e-029132a1ecd8",
            "is_enabled": true,
            "key_id": "e0da15f3-d6e4-4c22-8f8e-029132a1ecd8",
            "key_usage": "ENCRYPT_DECRYPT",
            "policy": "{\"Id\":\"key-default-1\",\"Statement\":[{\"Action\":\"kms:*\",\"Effect\":\"Allow\",\"Principal\":{\"AWS\":\"arn:aws:iam::837089879979:root\"},\"Resource\":\"*\",\"Sid\":\"Enable IAM User Permissions\"}],\"Version\":\"2012-10-17\"}",
            "tags": {}
          },
          "private": "bnVsbA=="
        }
      ]
    },
    {
      "module": "module.eu-west-3.module.nomad_clients",
      "mode": "managed",
      "type": "aws_launch_template",
      "name": "server",
      "provider": "module.eu-west-3.provider[\"registry.terraform.io/hashicorp/aws\"]",
      "instances": [
        {
          "schema_version": 0,
          "attributes": {
            "arn": "arn:aws:ec2:eu-west-3:837089879979:launch-template/lt-032bada0592574395",
            "block_device_mappings": [],
            "capacity_reservation_specification": [],
            "cpu_options": [],
            "credit_specification": [],
            "default_version": 1,
            "description": "",
            "disable_api_termination": false,
            "ebs_optimized": "",
            "elastic_gpu_specifications": [],
            "elastic_inference_accelerator": [],
            "hibernation_options": [],
            "iam_instance_profile": [
              {
                "arn": "",
                "name": "terraform-2020111607235391170000000e"
              }
            ],
            "id": "lt-032bada0592574395",
            "image_id": "",
            "instance_initiated_shutdown_behavior": "",
            "instance_market_options": [],
            "instance_type": "t4g.nano",
            "kernel_id": "",
            "key_name": "TMP-proj",
            "latest_version": 2,
            "license_specification": [],
            "metadata_options": [],
            "monitoring": [],
            "name": "terraform-545j4bommr8kop_Vagent_Nclient_Cclient20201116161237989500000003",
            "name_prefix": "terraform-545j4bommr8kop_Vagent_Nclient_Cclient",
            "network_interfaces": [
              {
                "associate_public_ip_address": "true",
                "delete_on_termination": "true",
                "description": "",
                "device_index": 0,
                "ipv4_address_count": 0,
                "ipv4_addresses": [],
                "ipv6_address_count": 0,
                "ipv6_addresses": [],
                "network_interface_id": "",
                "private_ip_address": "",
                "security_groups": [
                  "sg-0f579ce457e87904a"
                ],
                "subnet_id": ""
              }
            ],
            "placement": [],
            "ram_disk_id": "",
            "security_group_names": [],
            "tag_specifications": [],
            "tags": {
              "ResourceGroup": "terraform-545j4bommr8kop"
            },
            "update_default_version": null,
            "user_data": "IyEvdXNyL2Jpbi9lbnYgYmFzaApzZXQgLWUKCmZ1bmN0aW9uIGNvbmZpZ0NvbnN1bCgpIHsKICBzdWRvIG1rZGlyIC1wIC9tbnQvY29uc3VsCiAgc3VkbyBta2RpciAtcCAvZXRjL2NvbnN1bC5kCiAgc3VkbyB0ZWUgL2V0Yy9jb25zdWwuZC9jb25maWcuanNvbiA+IC9kZXYvbnVsbCA8PEVPRgogIHsKICAiZGF0YWNlbnRlciI6ImRjMSIsCiAgImJpbmRfYWRkciI6ICIwLjAuMC4wIiwKICAiYWR2ZXJ0aXNlX2FkZHIiOiAiJFBVQkxJQ19JUCIsCiAgImFkZHJlc3NlcyI6IHsKICAgICJodHRwIjogIjAuMC4wLjAiCiAgfSwKICAiZGF0YV9kaXIiOiAiL21udC9jb25zdWwiLAogICJkaXNhYmxlX3JlbW90ZV9leGVjIjogdHJ1ZSwKICAiZGlzYWJsZV91cGRhdGVfY2hlY2siOiB0cnVlLAogICJsZWF2ZV9vbl90ZXJtaW5hdGUiOiB0cnVlLAogICJyZXRyeV9qb2luIjogWyAicHJvdmlkZXI9YXdzIHRhZ19rZXk9UmVzb3VyY2VHcm91cCB0YWdfdmFsdWU9dGVycmFmb3JtLTU0NWo0Ym9tbXI4a29wIiBdLAogICJzZXJ2ZXIiOiBmYWxzZSwKICAiZW5jcnlwdCI6ICI1S1pvS0pLQUhPdXUzWjlvVzNYMUJBPT0iLAogICJhdXRvX2VuY3J5cHQiOiB7CiAgICAidGxzIjogdHJ1ZQogIH0sCiAgImNhX2ZpbGUiOiAiL21udC9jb25zdWwvY2VydHMvY2EuY3J0IiwKICAidmVyaWZ5X2luY29taW5nIjogZmFsc2UsCiAgInZlcmlmeV9vdXRnb2luZyI6IHRydWUsCiAgInBvcnRzIjogewogICAgImdycGMiOiA4NTAyCiAgfQp9CkVPRgp9CgpmdW5jdGlvbiBjb25maWdOb21hZCgpIHsKICBzdWRvIG1rZGlyIC1wIC9tbnQvbm9tYWQKICBzdWRvIG1rZGlyIC1wIC9ldGMvbm9tYWQuZAogIHN1ZG8gdGVlIC9ldGMvbm9tYWQuZC9jb25maWcuaGNsID4gL2Rldi9udWxsIDw8RU9GCiAgZGF0YV9kaXIgICA9ICIvbW50L25vbWFkIgpkYXRhY2VudGVyID0gImRjMSIKcmVnaW9uID0gImdsb2JhbCIKYmluZF9hZGRyID0gIjAuMC4wLjAiCmNsaWVudCB7CiAgZW5hYmxlZCA9IHRydWUKfQoKdGVsZW1ldHJ5IHsKICBwdWJsaXNoX2FsbG9jYXRpb25fbWV0cmljcyA9IHRydWUKICBwdWJsaXNoX25vZGVfbWV0cmljcyAgICAgICA9IHRydWUKICBwcm9tZXRoZXVzX21ldHJpY3MgPSB0cnVlCn0KCnRscyB7CiAgaHR0cCA9IGZhbHNlCiAgcnBjICA9IHRydWUKCiAgY2FfZmlsZSAgID0gIi9tbnQvbm9tYWQvY2VydHMvY2EuY3J0IgogIGNlcnRfZmlsZSA9ICIvbW50L25vbWFkL2NlcnRzL2FnZW50LmNydCIKICBrZXlfZmlsZSAgPSAiL21udC9ub21hZC9jZXJ0cy9hZ2VudC5rZXkiCgogIHZlcmlmeV9zZXJ2ZXJfaG9zdG5hbWUgPSB0cnVlCiAgdmVyaWZ5X2h0dHBzX2NsaWVudCAgICA9IGZhbHNlCn0KCnZhdWx0IHsKICBlbmFibGVkICAgICA9IHRydWUKICBhZGRyZXNzICAgICA9ICJodHRwOi8vMTI3LjAuMC4xOjgyMDAiCn0KCmFjbCB7CiAgZW5hYmxlZCA9IHRydWUKfQpFT0YKfQoKZnVuY3Rpb24gaW5zdGFsbENsb3Vkd2F0Y2hOb21hZE1ldHJpY3MoKSB7CiAgc3VkbyB0ZWUgL29wdC9jbG91ZHdhdGNoLW5vbWFkLW1ldHJpY3MucHkgPiAvZGV2L251bGwgPDwiRU9GIgojIS91c3IvYmluL2VudiBweXRob24zCgppbXBvcnQgY29sbGVjdGlvbnMKaW1wb3J0IGRhdGV0aW1lCmltcG9ydCBzY2hlZAppbXBvcnQgdGltZQppbXBvcnQgcHByaW50CmltcG9ydCBub21hZAppbXBvcnQgYm90bzMKCmNsaWVudF9jbG91ZHdhdGNoID0gYm90bzMuY2xpZW50KCdjbG91ZHdhdGNoJywgcmVnaW9uX25hbWU9J2V1LXdlc3QtMycpCmNsaWVudF9ub21hZCA9IG5vbWFkLk5vbWFkKCkKc3VtbWFyeV9zdGF0dXMgPSBmcm96ZW5zZXQoWydRdWV1ZWQnLCAnU3RhcnRpbmcnLCAnUnVubmluZycsICdGYWlsZWQnLCAnQ29tcGxldGUnLCAnTG9zdCddKQoKZGVmIHB1dF9tZXRyaWNzKG5vdyk6CiAgICBqb2JzID0gY2xpZW50X25vbWFkLmpvYnMuZ2V0X2pvYnMoKQogICAgc3VtbSA9IGNvbGxlY3Rpb25zLkNvdW50ZXIoe3M6IDAgZm9yIHMgaW4gc3VtbWFyeV9zdGF0dXN9KQogICAgZm9yIGogaW4gam9iczoKICAgICAgICBzdW1tLnVwZGF0ZShsaXN0KGpbIkpvYlN1bW1hcnkiXVsiU3VtbWFyeSJdLnZhbHVlcygpKVswXSkKCiAgICBtZXRyaWNfZGF0YSA9IFsKICAgICAgICB7CiAgICAgICAgICAgICdNZXRyaWNOYW1lJzogJ0pvYiBzdW1tYXJ5JywKICAgICAgICAgICAgJ1RpbWVzdGFtcCc6IG5vdywKICAgICAgICAgICAgJ1ZhbHVlJzogY291bnQsCiAgICAgICAgICAgICdVbml0JzogJ0NvdW50JywKICAgICAgICAgICAgJ0RpbWVuc2lvbnMnOiBbCiAgICAgICAgICAgICAgICB7ICdOYW1lJzogJ1N0YXR1cycsICdWYWx1ZSc6IHN0YXR1cyB9LAogICAgICAgICAgICBdLAogICAgICAgIH0KICAgICAgICBmb3Igc3RhdHVzLCBjb3VudCBpbiBzdW1tLml0ZW1zKCkKICAgIF0KICAgIHBwcmludC5wcHJpbnQobWV0cmljX2RhdGEpCiAgICBjbGllbnRfY2xvdWR3YXRjaC5wdXRfbWV0cmljX2RhdGEoCiAgICAgICAgTmFtZXNwYWNlPSdOb21hZCcsCiAgICAgICAgTWV0cmljRGF0YT1tZXRyaWNfZGF0YSwKICAgICkKICAgIGVudGVyX25leHQocywgcHV0X21ldHJpY3MpCgpkZWYgZW50ZXJfbmV4dChzLCBmdW5jdGlvbik6CiAgICBub3cgPSBkYXRldGltZS5kYXRldGltZS51dGNub3coKQogICAgbm93X25leHQgPSBub3cucmVwbGFjZSgpICsgZGF0ZXRpbWUudGltZWRlbHRhKHNlY29uZHM9NSkKICAgIHMuZW50ZXJhYnMoCiAgICAgICAgdGltZT1ub3dfbmV4dC50aW1lc3RhbXAoKSwKICAgICAgICBwcmlvcml0eT0xLAogICAgICAgIGFjdGlvbj1mdW5jdGlvbiwKICAgICAgICBhcmd1bWVudD0obm93X25leHQsKSwKICAgICkKCmlmIF9fbmFtZV9fID09ICdfX21haW5fXyc6CiAgICBzID0gc2NoZWQuc2NoZWR1bGVyKGxhbWJkYTogZGF0ZXRpbWUuZGF0ZXRpbWUudXRjbm93KCkudGltZXN0YW1wKCksIHRpbWUuc2xlZXApCiAgICBlbnRlcl9uZXh0KHMsIHB1dF9tZXRyaWNzKQogICAgcHV0X21ldHJpY3MKICAgIHdoaWxlIFRydWU6CiAgICAgICAgcy5ydW4oKQpFT0YKCiAgc3VkbyB0ZWUgL2V0Yy9zeXN0ZW1kL3N5c3RlbS9jbG91ZHdhdGNoLW5vbWFkLW1ldHJpY3Muc2VydmljZSA+IC9kZXYvbnVsbCA8PCJFT0YiCltVbml0XQpEZXNjcmlwdGlvbj1DbG91ZHdhdGNoIE5vbWFkIE1ldHJpY3MKV2FudHM9bmV0d29yay1vbmxpbmUudGFyZ2V0CkFmdGVyPW5ldHdvcmstb25saW5lLnRhcmdldApXYW50cz1ub21hZC5zZXJ2aWNlCkFmdGVyPW5vbWFkLnNlcnZpY2UKCltTZXJ2aWNlXQpFeGVjUmVsb2FkPS9iaW4va2lsbCAtSFVQICRNQUlOUElECkV4ZWNTdGFydD0vYmluL2Jhc2ggLWMgImV4cG9ydCBOT01BRF9UT0tFTj0kJChleHBvcnQgVkFVTFRfQUREUj1odHRwOi8vMTI3LjAuMC4xOjgyMDAgJiYgdmF1bHQga3YgZ2V0IC1maWVsZD12YWx1ZSBhY2x0b2tlbi9ib290c3RyYXApOy9vcHQvY2xvdWR3YXRjaC1ub21hZC1tZXRyaWNzLnB5IgpLaWxsTW9kZT1wcm9jZXNzCktpbGxTaWduYWw9U0lHSU5UCkxpbWl0Tk9GSUxFPWluZmluaXR5CkxpbWl0TlBST0M9aW5maW5pdHkKUmVzdGFydD1vbi1mYWlsdXJlClJlc3RhcnRTZWM9NjAKU3RhcnRMaW1pdEludGVydmFsU2VjPTYwClN0YXJ0TGltaXRCdXJzdD0xCgpbSW5zdGFsbF0KV2FudGVkQnk9bXVsdGktdXNlci50YXJnZXQKRU9GCgogIHN1ZG8gY2htb2QgK3ggL29wdC9jbG91ZHdhdGNoLW5vbWFkLW1ldHJpY3MucHkKfQoKZnVuY3Rpb24gY29uZmlnVmF1bHQoKSB7CiAgZWNobyAiQ3JlYXRpbmcgVmF1bHQgdXNlci4uLiIKICBzdWRvIGdyb3VwYWRkIHZhdWx0ICYmIHVzZXJhZGQgLXIgLWcgdmF1bHQgLWQgL3Vzci9sb2NhbC92YXVsdCAtbSAtcyAvc2Jpbi9ub2xvZ2luIC1jICJWYXVsdCB1c2VyIiB2YXVsdCAKCiAgc3VkbyBta2RpciAtcCAvbW50L3ZhdWx0CiAgc3VkbyBta2RpciAtcCAvZXRjL3ZhdWx0LmQKICBzdWRvIG1rZGlyIC1wIC9ldGMvdmF1bHQuZC9wbHVnaW5zCgogIGNkIC90bXAgJiYgY3VybCAtTCAtbyB2YXVsdC1zZWNyZXRzLWdlbi50Z3ogaHR0cHM6Ly9naXRodWIuY29tL3NldGh2YXJnby92YXVsdC1zZWNyZXRzLWdlbi9yZWxlYXNlcy9kb3dubG9hZC92MC4wLjYvdmF1bHQtc2VjcmV0cy1nZW5fMC4wLjZfbGludXhfYW1kNjQudGd6CiAgc3VkbyB0YXIgLXh6ZiB2YXVsdC1zZWNyZXRzLWdlbi50Z3ogJiYgc3VkbyBtdiB2YXVsdC1zZWNyZXRzLWdlbiAvZXRjL3ZhdWx0LmQvcGx1Z2lucy8gJiYgc3VkbyBjaG1vZCAreCAvZXRjL3ZhdWx0LmQvcGx1Z2lucy92YXVsdC1zZWNyZXRzLWdlbiAKICBzdWRvIHNldGNhcCBjYXBfaXBjX2xvY2s9K2VwIC9ldGMvdmF1bHQuZC9wbHVnaW5zL3ZhdWx0LXNlY3JldHMtZ2VuCgogIHN1ZG8gdGVlIC9ldGMvdmF1bHQuZC92YXVsdF9hZ2VudC5oY2wgPiAvZGV2L251bGwgPDxFT0YKICBwaWRfZmlsZSA9ICIvZXRjL3ZhdWx0LmQvLnBpZGZpbGUiCgp2YXVsdCB7CiAgICAgICAgYWRkcmVzcyA9ICJodHRwOi8vdGVycmFmb3JtLTU0NWo0Ym9tbXI4a29wLXZhdWx0LTEwNzc5MzAyOTAuZXUtd2VzdC0zLmVsYi5hbWF6b25hd3MuY29tOjgyMDAiCn0KCmF1dG9fYXV0aCB7CiAgbWV0aG9kIHsKICAgIHR5cGUgPSAiYXBwcm9sZSIKCiAgICBjb25maWcgPSB7CiAgICAgIHJvbGVfaWRfZmlsZV9wYXRoID0gIi9tbnQvdmF1bHQvcm9sZV9pZCIKICAgICAgc2VjcmV0X2lkX2ZpbGVfcGF0aCA9ICIvbW50L3ZhdWx0L3NlY3JldF9pZCIKICAgICAgcmVtb3ZlX3NlY3JldF9pZF9maWxlX2FmdGVyX3JlYWRpbmcgPSBmYWxzZQogICAgfQogIH0KCiAgc2luayB7CiAgICB0eXBlID0gImZpbGUiCgogICAgY29uZmlnID0gewogICAgICBwYXRoID0gIi9ldGMvdmF1bHQuZC9zaW5rIgogICAgfQogIH0KfQoKY2FjaGUgewogICAgICAgIHVzZV9hdXRvX2F1dGhfdG9rZW4gPSB0cnVlCn0KCmxpc3RlbmVyICJ0Y3AiIHsKICAgYWRkcmVzcyA9ICIxMjcuMC4wLjE6ODIwMCIKICAgdGxzX2Rpc2FibGUgPSB0cnVlCn0KCnRlbXBsYXRlIHsKICBzb3VyY2UgICAgICA9ICIvbW50L25vbWFkL3RlbXBsYXRlcy9hZ2VudC5jcnQudHBsIgogIGRlc3RpbmF0aW9uID0gIi9tbnQvbm9tYWQvY2VydHMvYWdlbnQuY3J0IgogIHdhaXQgewogICAgbWluID0gIjVzIgogICAgbWF4ID0gIjEwcyIKICB9Cn0KCnRlbXBsYXRlIHsKICBzb3VyY2UgICAgICA9ICIvbW50L25vbWFkL3RlbXBsYXRlcy9hZ2VudC5rZXkudHBsIgogIGRlc3RpbmF0aW9uID0gIi9tbnQvbm9tYWQvY2VydHMvYWdlbnQua2V5IgogIHdhaXQgewogICAgbWluID0gIjVzIgogICAgbWF4ID0gIjEwcyIKICB9Cn0KCnRlbXBsYXRlIHsKICBzb3VyY2UgICAgICA9ICIvbW50L25vbWFkL3RlbXBsYXRlcy9jYS5jcnQudHBsIgogIGRlc3RpbmF0aW9uID0gIi9tbnQvbm9tYWQvY2VydHMvY2EuY3J0IgogIHdhaXQgewogICAgbWluID0gIjVzIgogICAgbWF4ID0gIjEwcyIKICB9Cn0KCnRlbXBsYXRlIHsKICBzb3VyY2UgICAgICA9ICIvbW50L25vbWFkL3RlbXBsYXRlcy9jbGkuY3J0LnRwbCIKICBkZXN0aW5hdGlvbiA9ICIvbW50L25vbWFkL2NlcnRzL2NsaS5jcnQiCiAgd2FpdCB7CiAgICBtaW4gPSAiNXMiCiAgICBtYXggPSAiMTBzIgogIH0KfQoKdGVtcGxhdGUgewogIHNvdXJjZSAgICAgID0gIi9tbnQvbm9tYWQvdGVtcGxhdGVzL2NsaS5rZXkudHBsIgogIGRlc3RpbmF0aW9uID0gIi9tbnQvbm9tYWQvY2VydHMvY2xpLmtleSIKICB3YWl0IHsKICAgIG1pbiA9ICI1cyIKICAgIG1heCA9ICIxMHMiCiAgfQp9CgoKdGVtcGxhdGUgewogIHNvdXJjZSAgICAgID0gIi9tbnQvY29uc3VsL3RlbXBsYXRlcy9hZ2VudC5jcnQudHBsIgogIGRlc3RpbmF0aW9uID0gIi9tbnQvY29uc3VsL2NlcnRzL2FnZW50LmNydCIKICB3YWl0IHsKICAgIG1pbiA9ICI1cyIKICAgIG1heCA9ICIxMHMiCiAgfQp9CgoKCgp0ZW1wbGF0ZSB7CiAgc291cmNlICAgICAgPSAiL21udC9jb25zdWwvdGVtcGxhdGVzL2NhLmNydC50cGwiCiAgZGVzdGluYXRpb24gPSAiL21udC9jb25zdWwvY2VydHMvY2EuY3J0IgogIHdhaXQgewogICAgbWluID0gIjVzIgogICAgbWF4ID0gIjEwcyIKICB9Cn0KCgoKRU9GCgogIHN1ZG8gdGVlIC9ldGMvc3lzdGVtZC9zeXN0ZW0vdmF1bHQuc2VydmljZSA+IC9kZXYvbnVsbCA8PCJFT0YiCltVbml0XQpEZXNjcmlwdGlvbj1WYXVsdCBhZ2VudApSZXF1aXJlcz1uZXR3b3JrLW9ubGluZS50YXJnZXQKQWZ0ZXI9bmV0d29yay1vbmxpbmUudGFyZ2V0CgpbU2VydmljZV0KUmVzdGFydD1vbi1mYWlsdXJlClJlc3RhcnRTZWM9NDJzClBJREZpbGU9L3Zhci9ydW4vdmF1bHQvdmF1bHQucGlkCkV4ZWNTdGFydD0vdXNyL2xvY2FsL2Jpbi92YXVsdCBhZ2VudCAtY29uZmlnPS9ldGMvdmF1bHQuZC92YXVsdF9hZ2VudC5oY2wgLWxvZy1sZXZlbD1kZWJ1ZwpFeGVjUmVsb2FkPS9iaW4va2lsbCAtSFVQICRNQUlOUElECktpbGxNb2RlPXByb2Nlc3MKS2lsbFNpZ25hbD1TSUdURVJNCkxpbWl0TUVNTE9DSz1pbmZpbml0eQpVc2VyPXZhdWx0Ckdyb3VwPXZhdWx0CgpbSW5zdGFsbF0KV2FudGVkQnk9bXVsdGktdXNlci50YXJnZXQKRU9GCn0KCmZ1bmN0aW9uIHNldFNlY3JldHNHZW5QbHVnaW4oKSB7CiAgZXhwb3J0IFNIQTI1Nj0kKHNoYXN1bSAtYSAyNTYgIi9ldGMvdmF1bHQuZC9wbHVnaW5zL3ZhdWx0LXNlY3JldHMtZ2VuIiB8IGN1dCAtZCcgJyAtZjEpCiAgdmF1bHQgcGx1Z2luIHJlZ2lzdGVyIC1zaGEyNTY9IiR7U0hBMjU2fSIgLWNvbW1hbmQ9InZhdWx0LXNlY3JldHMtZ2VuIiBzZWNyZXQgc2VjcmV0cy1nZW4KICB2YXVsdCBzZWNyZXRzIGVuYWJsZSAtcGF0aD0iZ2VuIiAtcGx1Z2luLW5hbWU9InNlY3JldHMtZ2VuIiBwbHVnaW4KfQoKZnVuY3Rpb24gY3JlYXRlVGVtcGxhdGVzKCkgewogIHRvdWNoIC90bXAvJDEKICB0b3VjaCAvdG1wLyQyIAogIHN1ZG8gbWtkaXIgLXAgL21udC8kMS90ZW1wbGF0ZXMKICBzdWRvIG1rZGlyIC1wIC9tbnQvJDEvY2VydHMKICBzdWRvIHRlZSAvbW50LyQxL3RlbXBsYXRlcy9hZ2VudC5jcnQudHBsID4gL2Rldi9udWxsIDw8RU9GCnt7IHdpdGggc2VjcmV0ICIkMS1pbnRlcm1lZGlhdGUtcGtpL2lzc3VlLyQxLWNsdXN0ZXIiICJjb21tb25fbmFtZT0kMiIgInR0bD0yNGgiICJhbHRfbmFtZXM9bG9jYWxob3N0IiAiaXBfc2Fucz0kUFVCTElDX0lQLDEyNy4wLjAuMSJ9fQp7eyAuRGF0YS5jZXJ0aWZpY2F0ZSB9fQp7eyBlbmQgfX0KRU9GCiAgc3VkbyB0ZWUgL21udC8kMS90ZW1wbGF0ZXMvYWdlbnQua2V5LnRwbCA+IC9kZXYvbnVsbCA8PEVPRgp7eyB3aXRoIHNlY3JldCAiJDEtaW50ZXJtZWRpYXRlLXBraS9pc3N1ZS8kMS1jbHVzdGVyIiAiY29tbW9uX25hbWU9JDIiICJ0dGw9MjRoIiAiYWx0X25hbWVzPWxvY2FsaG9zdCIgImlwX3NhbnM9JFBVQkxJQ19JUCwxMjcuMC4wLjEifX0Ke3sgLkRhdGEucHJpdmF0ZV9rZXkgfX0Ke3sgZW5kIH19CkVPRgogIHN1ZG8gdGVlIC9tbnQvJDEvdGVtcGxhdGVzL2NhLmNydC50cGwgPiAvZGV2L251bGwgPDxFT0YKe3sgd2l0aCBzZWNyZXQgIiQxLWludGVybWVkaWF0ZS1wa2kvaXNzdWUvJDEtY2x1c3RlciIgImNvbW1vbl9uYW1lPSQyIiAidHRsPTI0aCJ9fQp7eyAuRGF0YS5pc3N1aW5nX2NhIH19Cnt7IGVuZCB9fQpFT0YKICBzdWRvIHRlZSAvbW50LyQxL3RlbXBsYXRlcy9jbGkuY3J0LnRwbCA+IC9kZXYvbnVsbCA8PEVPRgp7eyB3aXRoIHNlY3JldCAiJDEtaW50ZXJtZWRpYXRlLXBraS9pc3N1ZS8kMS1jbHVzdGVyIiAidHRsPTI0aCIgfX0Ke3sgLkRhdGEuY2VydGlmaWNhdGUgfX0Ke3sgZW5kIH19CkVPRgogIHN1ZG8gdGVlIC9tbnQvJDEvdGVtcGxhdGVzL2NsaS5rZXkudHBsID4gL2Rldi9udWxsIDw8RU9GCnt7IHdpdGggc2VjcmV0ICIkMS1pbnRlcm1lZGlhdGUtcGtpL2lzc3VlLyQxLWNsdXN0ZXIiICJ0dGw9MjRoIiB9fQp7eyAuRGF0YS5wcml2YXRlX2tleSB9fQp7eyBlbmQgfX0KRU9GCn0KCmZ1bmN0aW9uIHNldFBLSSgpIHsKICB2YXVsdCBsb2dpbiAkKGNhdCAvbW50L3ZhdWx0L3ZhdWx0LnRva2VuKQogIHZhdWx0IHNlY3JldHMgZW5hYmxlIC1wYXRoPSQxLXJvb3QtcGtpIHBraQogIHZhdWx0IHNlY3JldHMgdHVuZSAtbWF4LWxlYXNlLXR0bD04NzYwMGggJDEtcm9vdC1wa2kKICB2YXVsdCB3cml0ZSAtZmllbGQ9Y2VydGlmaWNhdGUgJDEtcm9vdC1wa2kvcm9vdC9nZW5lcmF0ZS9pbnRlcm5hbCBcCiAgICAgIGNvbW1vbl9uYW1lPSIkMiIgdHRsPTg3NjAwaCA+IENBX2NlcnQuY3J0CiAgdmF1bHQgc2VjcmV0cyBlbmFibGUgLXBhdGg9JDEtaW50ZXJtZWRpYXRlLXBraSBwa2kKICB2YXVsdCBzZWNyZXRzIHR1bmUgLW1heC1sZWFzZS10dGw9NDM4MDBoICQxLWludGVybWVkaWF0ZS1wa2kKICB2YXVsdCB3cml0ZSAtZm9ybWF0PWpzb24gJDEtaW50ZXJtZWRpYXRlLXBraS9pbnRlcm1lZGlhdGUvZ2VuZXJhdGUvaW50ZXJuYWwgXAogICAgICBjb21tb25fbmFtZT0iJDIgSW50ZXJtZWRpYXRlIEF1dGhvcml0eSIgXAogICAgICB0dGw9IjQzODAwaCIgfCBqcSAtciAnLmRhdGEuY3NyJyA+ICQxLWludGVybWVkaWF0ZS1wa2kuY3NyCiAgdmF1bHQgd3JpdGUgLWZvcm1hdD1qc29uICQxLXJvb3QtcGtpL3Jvb3Qvc2lnbi1pbnRlcm1lZGlhdGUgXAogICAgICBjc3I9QCQxLWludGVybWVkaWF0ZS1wa2kuY3NyIGZvcm1hdD1wZW1fYnVuZGxlIFwKICAgICAgdHRsPSI0MzgwMGgiIHwganEgLXIgJy5kYXRhLmNlcnRpZmljYXRlJyA+ICQxLWludGVybWVkaWF0ZS5jZXJ0LnBlbQogIHZhdWx0IHdyaXRlICQxLWludGVybWVkaWF0ZS1wa2kvaW50ZXJtZWRpYXRlL3NldC1zaWduZWQgY2VydGlmaWNhdGU9QCQxLWludGVybWVkaWF0ZS5jZXJ0LnBlbQogIHZhdWx0IHdyaXRlICQxLWludGVybWVkaWF0ZS1wa2kvcm9sZXMvJDEtY2x1c3RlciBhbGxvd2VkX2RvbWFpbnM9JDIgXAogICAgICBhbGxvd19zdWJkb21haW5zPXRydWUgbWF4X3R0bD04NjQwMHMgcmVxdWlyZV9jbj1mYWxzZSBnZW5lcmF0ZV9sZWFzZT10cnVlCiAgc3VkbyBta2RpciAtcCAvbW50L3ZhdWx0L3BvbGljaWVzCiAgc3VkbyB0ZWUgL21udC92YXVsdC9wb2xpY2llcy8kMS10bHMtcG9saWN5LmhjbCA+IC9kZXYvbnVsbCA8PEVPRgpwYXRoICIkMS1pbnRlcm1lZGlhdGUtcGtpL2lzc3VlLyQxLWNsdXN0ZXIiIHsKICBjYXBhYmlsaXRpZXMgPSBbInVwZGF0ZSJdCn0KRU9GCiAgdmF1bHQgcG9saWN5IHdyaXRlICQxLXRscy1wb2xpY3kgL21udC92YXVsdC9wb2xpY2llcy8kMS10bHMtcG9saWN5LmhjbAp9CgpmdW5jdGlvbiBjb25maWd1cmVBcHBSb2xlRW5naW5lVmF1bHQoKSB7CiAgdmF1bHQgd3JpdGUgYXV0aC9hcHByb2xlL3JvbGUvJDEgdG9rZW5fbnVtX3VzZXM9MTAgdG9rZW5fdHRsPTIwbSB0b2tlbl9tYXhfdHRsPTMwbSB0b2tlbl9wb2xpY2llcz0kNAogIHZhdWx0IHdyaXRlIGF1dGgvYXBwcm9sZS9yb2xlLyQxL3JvbGUtaWQgcm9sZV9pZD0kMgogIHZhdWx0IHdyaXRlIGF1dGgvYXBwcm9sZS9yb2xlLyQxL2N1c3RvbS1zZWNyZXQtaWQgc2VjcmV0X2lkPSQzCn0KCmZ1bmN0aW9uIHNldE5vbWFkVmF1bHRJbnRlZ3JhdGlvbigpIHsKICBzdWRvIGN1cmwgaHR0cHM6Ly9ub21hZHByb2plY3QuaW8vZGF0YS92YXVsdC9ub21hZC1zZXJ2ZXItcG9saWN5LmhjbCAtc0xvIC9tbnQvdmF1bHQvcG9saWNpZXMvbm9tYWQtc2VydmVyLXBvbGljeS5oY2wKICBzdWRvIGN1cmwgaHR0cHM6Ly9ub21hZHByb2plY3QuaW8vZGF0YS92YXVsdC9ub21hZC1jbHVzdGVyLXJvbGUuanNvbiAtc0xvIC9tbnQvdmF1bHQvcG9saWNpZXMvbm9tYWQtY2x1c3Rlci1yb2xlLmpzb24KICBzdWRvIHRlZSAtYSAvbW50L3ZhdWx0L3BvbGljaWVzL25vbWFkLXNlcnZlci1wb2xpY3kuaGNsID4gL2Rldi9udWxsIDw8IkVPRiIKcGF0aCAiYWNsdG9rZW4vKiIKewogIGNhcGFiaWxpdGllcyA9IFsiY3JlYXRlIiwgInJlYWQiLCAidXBkYXRlIl0KfQpFT0YKICB2YXVsdCBwb2xpY3kgd3JpdGUgbm9tYWQtc2VydmVyIC9tbnQvdmF1bHQvcG9saWNpZXMvbm9tYWQtc2VydmVyLXBvbGljeS5oY2wKICB2YXVsdCB3cml0ZSAvYXV0aC90b2tlbi9yb2xlcy9ub21hZC1jbHVzdGVyIEAvbW50L3ZhdWx0L3BvbGljaWVzL25vbWFkLWNsdXN0ZXItcm9sZS5qc29uCiAgc3VkbyB0ZWUgL21udC92YXVsdC9wb2xpY2llcy9ub21hZC1jbHVzdGVyLmhjbCA+IC9kZXYvbnVsbCA8PCJFT0YiCnBhdGggInNlY3JldC8qIgp7CiAgY2FwYWJpbGl0aWVzID0gWyJyZWFkIl0KfQoKcGF0aCAiZ2VuL3Bhc3N3b3JkIgp7CiAgY2FwYWJpbGl0aWVzID0gWyJ1cGRhdGUiXQp9CkVPRgogIHZhdWx0IHBvbGljeSB3cml0ZSBub21hZC1jbHVzdGVyIC9tbnQvdmF1bHQvcG9saWNpZXMvbm9tYWQtY2x1c3Rlci5oY2wKICB2YXVsdCB3cml0ZSBhdXRoL2FwcHJvbGUvcm9sZS9ub21hZC1zZXJ2ZXIgdG9rZW5fcG9saWNpZXM9Im5vbWFkLXRscy1wb2xpY3ksY29uc3VsLXRscy1wb2xpY3ksbm9tYWQtc2VydmVyIgp9CgplY2hvICJHcmFiYmluZyBJUHMuLi4iClBSSVZBVEVfSVA9JChjdXJsIGh0dHA6Ly8xNjkuMjU0LjE2OS4yNTQvbGF0ZXN0L21ldGEtZGF0YS9sb2NhbC1pcHY0KQpQVUJMSUNfSVA9JChjdXJsIGh0dHA6Ly8xNjkuMjU0LjE2OS4yNTQvbGF0ZXN0L21ldGEtZGF0YS9wdWJsaWMtaXB2NCkKCmlmIFtbICBjbGllbnQgIT0gImRpc2FibGVkIiBdXTsgdGhlbgogIGNvbmZpZ0NvbnN1bAogIGNyZWF0ZVRlbXBsYXRlcyAiY29uc3VsIiAiY2xpZW50LnNlcnZpY2UuY29uc3VsIgogIGlmIFtbIGNsaWVudCA9PSAic2VydmVyIiBdXTsgdGhlbgogICAgc3VkbyB0ZWUgL21udC9jb25zdWwvcmVmcmVzaHRva2VuLnNoID4gL2Rldi9udWxsIDw8IkVPRiIKanEgLS1hcmcgdG9rZW4gJChzdWRvIGNhdCAvZXRjL3ZhdWx0LmQvc2luaykgJy5jb25uZWN0LmNhX2NvbmZpZy50b2tlbiA9ICR0b2tlbicgL2V0Yy9jb25zdWwuZC9jb25maWcuanNvbiA+IC90bXAvdG1wLmpzb24gJiYgbXYgL3RtcC90bXAuanNvbiAvZXRjL2NvbnN1bC5kL2NvbmZpZy5qc29uCkVPRgogICAgc3VkbyBjaG1vZCAreCAvbW50L2NvbnN1bC9yZWZyZXNodG9rZW4uc2gKICAgIChzdWRvIGNyb250YWIgLWwgMj4vZGV2L251bGw7IGVjaG8gIiovNSAqICogKiAqIC9tbnQvY29uc3VsL3JlZnJlc2h0b2tlbi5zaCIpIHwgc3VkbyBjcm9udGFiIC0KICBmaQpmaQoKaWYgW1sgIGNsaWVudCAhPSAiZGlzYWJsZWQiIF1dOyB0aGVuCiAgY29uZmlnTm9tYWQKICBjcmVhdGVUZW1wbGF0ZXMgIm5vbWFkIiAiY2xpZW50Lmdsb2JhbC5ub21hZCIKICBpZiBbWyBjbGllbnQgPT0gInNlcnZlciIgXV07IHRoZW4KICAgIGluc3RhbGxDbG91ZHdhdGNoTm9tYWRNZXRyaWNzICAKICBmaQpmaQoKaWYgW1sgIGFnZW50ICE9ICJkaXNhYmxlZCIgXV07IHRoZW4KICBjb25maWdWYXVsdAogIGlmIFtbIGFnZW50ID09ICJhZ2VudCIgXV07IHRoZW4KICAgIGlmIFtbIGNsaWVudCA9PSAic2VydmVyIiBdXTsgdGhlbgogICAgICBlY2hvICJiMzUzZmUwYS0yYjA2LTNkOWUtN2I2MS0yNDEwYWNmZGQxOTYiID4gL21udC92YXVsdC9yb2xlX2lkCiAgICAgIGVjaG8gImIzNTNmZTBhLTJiMDYtM2Q5ZS03YjYxLTI0MTBhY2ZkZDE5NiIgPiAvbW50L3ZhdWx0L3NlY3JldF9pZAogICAgZWxpZiBbWyBjbGllbnQgPT0gInNlcnZlciIgXV07IHRoZW4KICAgICAgZWNobyAiYTBmNGJlOWUtN2ZkZS1mNzE2LWZkMTAtMjkwZDk3MTg3MzY0IiA+IC9tbnQvdmF1bHQvcm9sZV9pZAogICAgICBlY2hvICJkYjJkMWYxZi0yNjFmLWE5MWUtYzdmOC05YjI2MDczZTcxMmEiID4gL21udC92YXVsdC9zZWNyZXRfaWQKICAgIGVsc2UKICAgICAgZWNobyAiZTVhNjU4NzctMjc0Ny01ZTNmLTdlZWQtMmVmMTg3ZmVhOTI1IiA+IC9tbnQvdmF1bHQvcm9sZV9pZAogICAgICBlY2hvICI2YjRhZTI2NS05MDU4LTI3NzctZmI3Mi0wMDcxZThkNmM2NjEiID4gL21udC92YXVsdC9zZWNyZXRfaWQKICAgIGZpCiAgICBzdWRvIGNob3duIHZhdWx0OnJvb3QgL21udC9jb25zdWwvY2VydHMKICAgIGlmIFtbIGNsaWVudCAhPSAiZGlzYWJsZWQiIF1dOyB0aGVuCiAgICAgIHN1ZG8gY2hvd24gdmF1bHQ6cm9vdCAvbW50L25vbWFkL2NlcnRzCiAgICBmaQogIGZpCmZpCgplY2hvICJTdGFydGluZyBzZXJ2aWNlcy4uLiIKCnN1ZG8gc3lzdGVtY3RsIGRhZW1vbi1yZWxvYWQKICAKaWYgW1sgIGFnZW50ICE9ICJkaXNhYmxlZCIgXV07IHRoZW4KICBzdWRvIGNob3duIC1SIHZhdWx0OnZhdWx0IC9ldGMvdmF1bHQuZAogIHN1ZG8gY2htb2QgLVIgMDc1NSAvZXRjL3ZhdWx0LmQvCiAgc3VkbyBjaG93biAtUiB2YXVsdDp2YXVsdCAvbW50L3ZhdWx0CiAgc3VkbyBjaG1vZCAtUiAwNzU1IC9tbnQvdmF1bHQKICBzdWRvIHN5c3RlbWN0bCBlbmFibGUgdmF1bHQuc2VydmljZQogIGlmIFtbIGFnZW50ID09ICJzZXJ2ZXIiIF1dOyB0aGVuCiAgICBzdWRvIHN5c3RlbWN0bCBzdGFydCB2YXVsdC5zZXJ2aWNlCiAgICBzbGVlcCAxMAogICAgZXhwb3J0IFZBVUxUX0FERFI9aHR0cDovLzEyNy4wLjAuMTo4MjAwCiAgICB2YXVsdCBvcGVyYXRvciBpbml0IC1yZWNvdmVyeS1zaGFyZXM9MSAtcmVjb3ZlcnktdGhyZXNob2xkPTEgfCBncmVwIFRva2VuIHwgY3V0IC1kJyAnIC1mIDQgfCBzdWRvIHRlZSAvbW50L3ZhdWx0L3ZhdWx0LnRva2VuCiAgICB2YXVsdCBsb2dpbiAkKGNhdCAvbW50L3ZhdWx0L3ZhdWx0LnRva2VuKQogICAgdmF1bHQgYXV0aCBlbmFibGUgYXBwcm9sZQogICAgc2V0UEtJICJub21hZCIgImdsb2JhbC5ub21hZCIKICAgIHNldFBLSSAiY29uc3VsIiAic2VydmljZS5jb25zdWwiCiAgICBjb25maWd1cmVBcHBSb2xlRW5naW5lVmF1bHQgIm5vbWFkLXNlcnZlciIgImEwZjRiZTllLTdmZGUtZjcxNi1mZDEwLTI5MGQ5NzE4NzM2NCIgImRiMmQxZjFmLTI2MWYtYTkxZS1jN2Y4LTliMjYwNzNlNzEyYSIgImNvbnN1bC10bHMtcG9saWN5LG5vbWFkLXRscy1wb2xpY3kiCiAgICBjb25maWd1cmVBcHBSb2xlRW5naW5lVmF1bHQgIm5vbWFkLWNsdXN0ZXIiICJlNWE2NTg3Ny0yNzQ3LTVlM2YtN2VlZC0yZWYxODdmZWE5MjUiICI2YjRhZTI2NS05MDU4LTI3NzctZmI3Mi0wMDcxZThkNmM2NjEiICJjb25zdWwtdGxzLXBvbGljeSxub21hZC10bHMtcG9saWN5IgogICAgY29uZmlndXJlQXBwUm9sZUVuZ2luZVZhdWx0ICJjb25zdWwiICJiMzUzZmUwYS0yYjA2LTNkOWUtN2I2MS0yNDEwYWNmZGQxOTYiICJiMzUzZmUwYS0yYjA2LTNkOWUtN2I2MS0yNDEwYWNmZGQxOTYiICJjb25zdWwtdGxzLXBvbGljeSIKICAgIHNldFNlY3JldHNHZW5QbHVnaW4KICAgIHNldE5vbWFkVmF1bHRJbnRlZ3JhdGlvbgogICAgdmF1bHQgc2VjcmV0cyBlbmFibGUgLXZlcnNpb249MiAtcGF0aD1zZWNyZXQga3YKICAgIHZhdWx0IHNlY3JldHMgZW5hYmxlIC12ZXJzaW9uPTIgLXBhdGg9YWNsdG9rZW4ga3YKICBlbHNlCiAgICBzbGVlcCAzMAogICAgc3VkbyBzeXN0ZW1jdGwgc3RhcnQgdmF1bHQuc2VydmljZQogICAgZXhwb3J0IFZBVUxUX1RPS0VOPSQoY2F0IC9ldGMvdmF1bHQuZC9zaW5rKQogIGZpCmZpCgppZiBbWyAgY2xpZW50ICE9ICJkaXNhYmxlZCIgXV07IHRoZW4KICBzbGVlcCAzMAojICBzdWRvIC9tbnQvY29uc3VsL3JlZnJlc2h0b2tlbi5zaAogIHN1ZG8gc3lzdGVtY3RsIGVuYWJsZSBjb25zdWwuc2VydmljZQogIHN1ZG8gc3lzdGVtY3RsIHN0YXJ0IGNvbnN1bC5zZXJ2aWNlCiAgaWYgW1sgY2xpZW50ID09ICJzZXJ2ZXIiIF1dOyB0aGVuCiAgICBzbGVlcCAxMAogICAgY3VybCBodHRwOi8vMTI3LjAuMC4xOjg1MDAvdjEvcXVlcnkgXAogICAgICAtLXJlcXVlc3QgUE9TVCBcCiAgICAgIC0tZGF0YSBcCid7CiAgIk5hbWUiOiAiIiwKICAiVGVtcGxhdGUiOiB7CiAgICAiVHlwZSI6ICJuYW1lX3ByZWZpeF9tYXRjaCIKICB9LAogICJTZXJ2aWNlIjogewogICAgIlNlcnZpY2UiOiAiJHtuYW1lLmZ1bGx9IiwKICAgICJGYWlsb3ZlciI6IHsKICAgICAgIk5lYXJlc3ROIjogMgogICAgfQogIH0KfScKICBmaSAgCmZpCgppZiBbWyAgY2xpZW50ICE9ICJkaXNhYmxlZCIgXV07IHRoZW4KICBzdWRvIHN5c3RlbWN0bCBlbmFibGUgbm9tYWQuc2VydmljZQogIHN1ZG8gc3lzdGVtY3RsIHN0YXJ0IG5vbWFkLnNlcnZpY2UKICBpZiBbWyBjbGllbnQgPT0gInNlcnZlciIgXV07IHRoZW4KICAgIHN1ZG8gc3lzdGVtY3RsIGVuYWJsZSBjbG91ZHdhdGNoLW5vbWFkLW1ldHJpY3Muc2VydmljZQogICAgc3VkbyBzeXN0ZW1jdGwgc3RhcnQgY2xvdWR3YXRjaC1ub21hZC1tZXRyaWNzLnNlcnZpY2UKICAgIHNsZWVwIDgwCiAgICBBQ0xfVE9LRU49JChub21hZCBhY2wgYm9vdHN0cmFwIHwgZ3JlcCAiU2VjcmV0IiB8IHRyIC1zICcgJyB8IGN1dCAtZCcgJyAtZiA0IHwgc3VkbyB0ZWUgL21udC9ub21hZC9hY2wudG9rZW4pCiAgICBpZiBbWyAhIC16ICIkQUNMX1RPS0VOIiBdXTsgdGhlbiBleHBvcnQgVkFVTFRfQUREUj1odHRwOi8vMTI3LjAuMC4xOjgyMDAgJiYgdmF1bHQga3YgcHV0IGFjbHRva2VuL2Jvb3RzdHJhcCB2YWx1ZT0iJEFDTF9UT0tFTiI7IGZpCiAgZWxzZQogICAgc3VkbyBzeXN0ZW1jdGwgZW5hYmxlIGF1dG9zaHV0ZG93bi5zZXJ2aWNlCiAgICBzdWRvIHN5c3RlbWN0bCBzdGFydCBhdXRvc2h1dGRvd24uc2VydmljZQogIGZpCmZp",
            "vpc_security_group_ids": []
          },
          "private": "bnVsbA==",
          "dependencies": [
            "module.eu-west-3.module.loadbalancing.aws_lb.consul_lb",
            "module.eu-west-3.module.loadbalancing.aws_lb.fabio_lb",
            "module.eu-west-3.module.loadbalancing.aws_lb.nomad_lb",
            "module.eu-west-3.module.loadbalancing.aws_lb.vault_lb",
            "module.eu-west-3.module.networking.module.consul_lb_sg.aws_security_group.security_group",
            "module.eu-west-3.module.networking.module.consul_server_sg.aws_security_group.security_group",
            "module.eu-west-3.module.networking.module.fabio_lb_sg.aws_security_group.security_group",
            "module.eu-west-3.module.networking.module.nomad_client_sg.aws_security_group.security_group",
            "module.eu-west-3.module.networking.module.nomad_lb_sg.aws_security_group.security_group",
            "module.eu-west-3.module.networking.module.nomad_server_sg.aws_security_group.security_group",
            "module.eu-west-3.module.networking.module.vault_lb_sg.aws_security_group.security_group",
            "module.eu-west-3.module.networking.module.vault_server_sg.aws_security_group.security_group",
            "module.eu-west-3.module.nomad_clients.aws_kms_key.vault",
            "module.eu-west-3.module.nomad_clients.data.aws_region.current",
            "module.eu-west-3.module.nomad_clients.module.ami.data.external.ami",
            "module.eu-west-3.module.nomad_clients.module.iam_instance_profile.aws_iam_instance_profile.iam_instance_profile",
            "module.eu-west-3.module.nomad_clients.module.iam_instance_profile_vault_server.aws_iam_instance_profile.iam_instance_profile",
            "module.eu-west-3.module.resourcegroup.random_string.rand",
            "random_id.encrypt_id",
            "random_uuid.role_id_consul",
            "random_uuid.role_id_nomad_cluster",
            "random_uuid.role_id_nomad_server",
            "random_uuid.secret_id_nomad_cluster",
            "random_uuid.secret_id_nomad_server"
          ]
        }
      ]
    },
    {
      "module": "module.eu-west-3.module.nomad_clients.module.ami",
      "mode": "data",
      "type": "external",
      "name": "ami",
      "provider": "provider[\"registry.terraform.io/hashicorp/external\"]",
      "instances": [
        {
          "schema_version": 0,
          "attributes": {
            "id": "-",
            "program": [
              "/bin/bash",
              "-c",
              "#!/bin/bash\n\ntee /tmp/packer-config.json \u003e /dev/null \u003c\u003cEOF\n  {\n  \"min_packer_version\": \"0.12.0\",\n  \"variables\": {\n    \"aws_region\": \"eu-west-3\",\n    \"nomad_version\": \"0.12.7\",\n    \"consul_version\": \"1.8.5\",\n    \"vault_version\": \"\"\n  },\n  \"builders\": [\n    {\n      \"name\": \"ubuntu20-ami\",\n      \"ami_name\": \"hashistacc-ubuntu20-{{timestamp}}\",\n      \"ami_description\": \"Ubuntu 20.04 AMI that has Nomad, Consul and Vault installed\",\n      \"instance_type\": \"t2.micro\",\n      \"region\": \"{{user \\`aws_region\\`}}\",\n      \"ami_regions\": [\"{{user \\`aws_region\\`}}\"],\n      \"type\": \"amazon-ebs\",\n      \"source_ami_filter\": {\n       \"filters\": {\n         \"virtualization-type\": \"hvm\",\n         \"architecture\": \"x86_64\",\n         \"name\": \"ubuntu/images/hvm-ssd/ubuntu-focal-20.04-amd64-server-*\",\n         \"block-device-mapping.volume-type\": \"gp2\",\n         \"root-device-type\": \"ebs\"\n       },\n       \"owners\": [\n         \"099720109477\"\n       ],\n       \"most_recent\": true\n      },\n      \"ssh_username\": \"ubuntu\"\n    }\n  ],\n  \"provisioners\": [\n    {\n      \"type\": \"shell\",\n      \"script\": \"/opt/my-project/hashistacc/templates/packer/shutdown-apt-services.sh\"\n    },\n    {\n      \"type\": \"shell\",\n      \"environment_vars\": [\n        \"NOMAD_VERSION={{user \\`nomad_version\\`}}\",\n        \"CONSUL_VERSION={{user \\`consul_version\\`}}\",\n        \"VAULT_VERSION={{user \\`vault_version\\`}}\"\n      ],\n      \"script\": \"/opt/my-project/hashistacc/templates/packer/setup.sh\"\n    },\n    {\n      \"type\": \"shell\",\n      \"inline\": [\n        \"sudo systemctl enable apt-daily.timer\",\n        \"sudo systemctl enable apt-daily-upgrade.timer\"\n        ]\n    }\n  ]\n}\n\nEOF\n\nAMI_ID=$(packer build /tmp/packer-config.json | grep eu-west-3 | grep ami- | cut -d ' ' -f 2)\njq -n --arg id \"$AMI_ID\" '{\"ami_id\":$id}'"
            ],
            "query": null,
            "result": {
              "ami_id": ""
            },
            "working_dir": null
          }
        }
      ]
    },
    {
      "module": "module.eu-west-3.module.nomad_clients.module.iam_instance_profile",
      "mode": "data",
      "type": "aws_iam_policy_document",
      "name": "iam_policy_document",
      "provider": "module.eu-west-3.provider[\"registry.terraform.io/hashicorp/aws\"]",
      "instances": [
        {
          "schema_version": 0,
          "attributes": {
            "id": "674507034",
            "json": "{\n  \"Version\": \"2012-10-17\",\n  \"Statement\": [\n    {\n      \"Sid\": \"\",\n      \"Effect\": \"Allow\",\n      \"Action\": [\n        \"logs:*\",\n        \"ec2:DescribeInstances\",\n        \"cloudwatch:PutMetricData\"\n      ],\n      \"Resource\": \"*\"\n    }\n  ]\n}",
            "override_json": null,
            "policy_id": null,
            "source_json": null,
            "statement": [
              {
                "actions": [
                  "cloudwatch:PutMetricData",
                  "ec2:DescribeInstances",
                  "logs:*"
                ],
                "condition": [],
                "effect": "Allow",
                "not_actions": [],
                "not_principals": [],
                "not_resources": [],
                "principals": [],
                "resources": [
                  "*"
                ],
                "sid": ""
              }
            ],
            "version": "2012-10-17"
          }
        }
      ]
    },
    {
      "module": "module.eu-west-3.module.nomad_clients.module.iam_instance_profile",
      "mode": "managed",
      "type": "aws_iam_instance_profile",
      "name": "iam_instance_profile",
      "provider": "module.eu-west-3.provider[\"registry.terraform.io/hashicorp/aws\"]",
      "instances": [
        {
          "schema_version": 0,
          "attributes": {
            "arn": "arn:aws:iam::837089879979:instance-profile/terraform-2020111607235391170000000e",
            "create_date": "2020-11-16T07:23:54Z",
            "id": "terraform-2020111607235391170000000e",
            "name": "terraform-2020111607235391170000000e",
            "name_prefix": null,
            "path": "/",
            "role": "terraform-20201116072348908400000004",
            "unique_id": "AIPA4FZTR46VZ4EENNKQ7"
          },
          "private": "bnVsbA==",
          "dependencies": [
            "module.eu-west-3.module.nomad_clients.module.iam_instance_profile.aws_iam_role.iam_role"
          ]
        }
      ]
    },
    {
      "module": "module.eu-west-3.module.nomad_clients.module.iam_instance_profile",
      "mode": "managed",
      "type": "aws_iam_role",
      "name": "iam_role",
      "provider": "module.eu-west-3.provider[\"registry.terraform.io/hashicorp/aws\"]",
      "instances": [
        {
          "schema_version": 0,
          "attributes": {
            "arn": "arn:aws:iam::837089879979:role/terraform-20201116072348908400000004",
            "assume_role_policy": "{\"Version\":\"2012-10-17\",\"Statement\":[{\"Effect\":\"Allow\",\"Principal\":{\"Service\":\"ec2.amazonaws.com\"},\"Action\":\"sts:AssumeRole\"}]}",
            "create_date": "2020-11-16T07:23:50Z",
            "description": "",
            "force_detach_policies": false,
            "id": "terraform-20201116072348908400000004",
            "max_session_duration": 3600,
            "name": "terraform-20201116072348908400000004",
            "name_prefix": null,
            "path": "/",
            "permissions_boundary": null,
            "tags": {},
            "unique_id": "AROA4FZTR46VX7KWL3CBM"
          },
          "private": "bnVsbA=="
        }
      ]
    },
    {
      "module": "module.eu-west-3.module.nomad_clients.module.iam_instance_profile",
      "mode": "managed",
      "type": "aws_iam_role_policy",
      "name": "iam_role_policy",
      "provider": "module.eu-west-3.provider[\"registry.terraform.io/hashicorp/aws\"]",
      "instances": [
        {
          "schema_version": 0,
          "attributes": {
            "id": "terraform-20201116072348908400000004:terraform-2020111607235313310000000d",
            "name": "terraform-2020111607235313310000000d",
            "name_prefix": null,
            "policy": "{\n  \"Version\": \"2012-10-17\",\n  \"Statement\": [\n    {\n      \"Sid\": \"\",\n      \"Effect\": \"Allow\",\n      \"Action\": [\n        \"logs:*\",\n        \"ec2:DescribeInstances\",\n        \"cloudwatch:PutMetricData\"\n      ],\n      \"Resource\": \"*\"\n    }\n  ]\n}",
            "role": "terraform-20201116072348908400000004"
          },
          "private": "bnVsbA==",
          "dependencies": [
            "module.eu-west-3.module.nomad_clients.module.iam_instance_profile.aws_iam_role.iam_role",
            "module.eu-west-3.module.nomad_clients.module.iam_instance_profile.data.aws_iam_policy_document.iam_policy_document"
          ]
        }
      ]
    },
    {
      "module": "module.eu-west-3.module.nomad_clients.module.iam_instance_profile_vault_server",
      "mode": "data",
      "type": "aws_iam_policy_document",
      "name": "iam_policy_document",
      "provider": "module.eu-west-3.provider[\"registry.terraform.io/hashicorp/aws\"]",
      "instances": [
        {
          "schema_version": 0,
          "attributes": {
            "id": "1203239955",
            "json": "{\n  \"Version\": \"2012-10-17\",\n  \"Statement\": [\n    {\n      \"Sid\": \"\",\n      \"Effect\": \"Allow\",\n      \"Action\": [\n        \"logs:*\",\n        \"kms:Encrypt\",\n        \"kms:DescribeKey\",\n        \"kms:Decrypt\",\n        \"ec2:DescribeInstances\"\n      ],\n      \"Resource\": \"*\"\n    }\n  ]\n}",
            "override_json": null,
            "policy_id": null,
            "source_json": null,
            "statement": [
              {
                "actions": [
                  "ec2:DescribeInstances",
                  "kms:Decrypt",
                  "kms:DescribeKey",
                  "kms:Encrypt",
                  "logs:*"
                ],
                "condition": [],
                "effect": "Allow",
                "not_actions": [],
                "not_principals": [],
                "not_resources": [],
                "principals": [],
                "resources": [
                  "*"
                ],
                "sid": ""
              }
            ],
            "version": "2012-10-17"
          }
        }
      ]
    },
    {
      "module": "module.eu-west-3.module.nomad_clients.module.iam_instance_profile_vault_server",
      "mode": "managed",
      "type": "aws_iam_instance_profile",
      "name": "iam_instance_profile",
      "provider": "module.eu-west-3.provider[\"registry.terraform.io/hashicorp/aws\"]",
      "instances": [
        {
          "schema_version": 0,
          "attributes": {
            "arn": "arn:aws:iam::837089879979:instance-profile/terraform-2020111607235307330000000b",
            "create_date": "2020-11-16T07:23:53Z",
            "id": "terraform-2020111607235307330000000b",
            "name": "terraform-2020111607235307330000000b",
            "name_prefix": null,
            "path": "/",
            "role": "terraform-20201116072348908000000003",
            "unique_id": "AIPA4FZTR46V5ZBD63JQN"
          },
          "private": "bnVsbA==",
          "dependencies": [
            "module.eu-west-3.module.nomad_clients.module.iam_instance_profile_vault_server.aws_iam_role.iam_role"
          ]
        }
      ]
    },
    {
      "module": "module.eu-west-3.module.nomad_clients.module.iam_instance_profile_vault_server",
      "mode": "managed",
      "type": "aws_iam_role",
      "name": "iam_role",
      "provider": "module.eu-west-3.provider[\"registry.terraform.io/hashicorp/aws\"]",
      "instances": [
        {
          "schema_version": 0,
          "attributes": {
            "arn": "arn:aws:iam::837089879979:role/terraform-20201116072348908000000003",
            "assume_role_policy": "{\"Version\":\"2012-10-17\",\"Statement\":[{\"Effect\":\"Allow\",\"Principal\":{\"Service\":\"ec2.amazonaws.com\"},\"Action\":\"sts:AssumeRole\"}]}",
            "create_date": "2020-11-16T07:23:50Z",
            "description": "",
            "force_detach_policies": false,
            "id": "terraform-20201116072348908000000003",
            "max_session_duration": 3600,
            "name": "terraform-20201116072348908000000003",
            "name_prefix": null,
            "path": "/",
            "permissions_boundary": null,
            "tags": {},
            "unique_id": "AROA4FZTR46V4WYWPWPZE"
          },
          "private": "bnVsbA=="
        }
      ]
    },
    {
      "module": "module.eu-west-3.module.nomad_clients.module.iam_instance_profile_vault_server",
      "mode": "managed",
      "type": "aws_iam_role_policy",
      "name": "iam_role_policy",
      "provider": "module.eu-west-3.provider[\"registry.terraform.io/hashicorp/aws\"]",
      "instances": [
        {
          "schema_version": 0,
          "attributes": {
            "id": "terraform-20201116072348908000000003:terraform-2020111607235307470000000c",
            "name": "terraform-2020111607235307470000000c",
            "name_prefix": null,
            "policy": "{\n  \"Version\": \"2012-10-17\",\n  \"Statement\": [\n    {\n      \"Sid\": \"\",\n      \"Effect\": \"Allow\",\n      \"Action\": [\n        \"logs:*\",\n        \"kms:Encrypt\",\n        \"kms:DescribeKey\",\n        \"kms:Decrypt\",\n        \"ec2:DescribeInstances\"\n      ],\n      \"Resource\": \"*\"\n    }\n  ]\n}",
            "role": "terraform-20201116072348908000000003"
          },
          "private": "bnVsbA==",
          "dependencies": [
            "module.eu-west-3.module.nomad_clients.module.iam_instance_profile_vault_server.aws_iam_role.iam_role",
            "module.eu-west-3.module.nomad_clients.module.iam_instance_profile_vault_server.data.aws_iam_policy_document.iam_policy_document"
          ]
        }
      ]
    },
    {
      "module": "module.eu-west-3.module.nomad_servers",
      "mode": "data",
      "type": "aws_ami",
      "name": "hashistacc",
      "provider": "module.eu-west-3.provider[\"registry.terraform.io/hashicorp/aws\"]",
      "instances": [
        {
          "schema_version": 0,
          "attributes": {
            "architecture": "x86_64",
            "arn": "arn:aws:ec2:eu-west-3::image/ami-008eaf6ebe71245d0",
            "block_device_mappings": [
              {
                "device_name": "/dev/sda1",
                "ebs": {
                  "delete_on_termination": "true",
                  "encrypted": "false",
                  "iops": "0",
                  "snapshot_id": "snap-016e30e209118e349",
                  "volume_size": "8",
                  "volume_type": "gp2"
                },
                "no_device": "",
                "virtual_name": ""
              },
              {
                "device_name": "/dev/sdb",
                "ebs": {},
                "no_device": "",
                "virtual_name": "ephemeral0"
              },
              {
                "device_name": "/dev/sdc",
                "ebs": {},
                "no_device": "",
                "virtual_name": "ephemeral1"
              }
            ],
            "creation_date": "2020-11-16T16:05:49.000Z",
            "description": "Ubuntu 20.04 AMI that has Nomad, Consul and Vault installed",
            "executable_users": null,
            "filter": [
              {
                "name": "name",
                "values": [
                  "hashistacc-ubuntu20-*"
                ]
              }
            ],
            "hypervisor": "xen",
            "id": "ami-008eaf6ebe71245d0",
            "image_id": "ami-008eaf6ebe71245d0",
            "image_location": "837089879979/hashistacc-ubuntu20-1605542591",
            "image_owner_alias": null,
            "image_type": "machine",
            "kernel_id": null,
            "most_recent": true,
            "name": "hashistacc-ubuntu20-1605542591",
            "name_regex": null,
            "owner_id": "837089879979",
            "owners": [
              "837089879979"
            ],
            "platform": null,
            "product_codes": [],
            "public": false,
            "ramdisk_id": null,
            "root_device_name": "/dev/sda1",
            "root_device_type": "ebs",
            "root_snapshot_id": "snap-016e30e209118e349",
            "sriov_net_support": "simple",
            "state": "available",
            "state_reason": {
              "code": "UNSET",
              "message": "UNSET"
            },
            "tags": {},
            "virtualization_type": "hvm"
          }
        }
      ]
    },
    {
      "module": "module.eu-west-3.module.nomad_servers",
      "mode": "data",
      "type": "aws_instances",
      "name": "instances",
      "provider": "module.eu-west-3.provider[\"registry.terraform.io/hashicorp/aws\"]",
      "instances": []
    },
    {
      "module": "module.eu-west-3.module.nomad_servers",
      "mode": "data",
      "type": "aws_region",
      "name": "current",
      "provider": "module.eu-west-3.provider[\"registry.terraform.io/hashicorp/aws\"]",
      "instances": [
        {
          "schema_version": 0,
          "attributes": {
            "description": "Europe (Paris)",
            "endpoint": "ec2.eu-west-3.amazonaws.com",
            "id": "eu-west-3",
            "name": "eu-west-3"
          }
        }
      ]
    },
    {
      "module": "module.eu-west-3.module.nomad_servers",
      "mode": "managed",
      "type": "aws_kms_key",
      "name": "vault",
      "provider": "module.eu-west-3.provider[\"registry.terraform.io/hashicorp/aws\"]",
      "instances": [
        {
          "schema_version": 0,
          "attributes": {
            "arn": "arn:aws:kms:eu-west-3:837089879979:key/7e47f4f6-edf5-4491-8840-34219590faa2",
            "customer_master_key_spec": "SYMMETRIC_DEFAULT",
            "deletion_window_in_days": 10,
            "description": "Vault unseal key",
            "enable_key_rotation": false,
            "id": "7e47f4f6-edf5-4491-8840-34219590faa2",
            "is_enabled": true,
            "key_id": "7e47f4f6-edf5-4491-8840-34219590faa2",
            "key_usage": "ENCRYPT_DECRYPT",
            "policy": "{\"Id\":\"key-default-1\",\"Statement\":[{\"Action\":\"kms:*\",\"Effect\":\"Allow\",\"Principal\":{\"AWS\":\"arn:aws:iam::837089879979:root\"},\"Resource\":\"*\",\"Sid\":\"Enable IAM User Permissions\"}],\"Version\":\"2012-10-17\"}",
            "tags": {}
          },
          "private": "bnVsbA=="
        }
      ]
    },
    {
      "module": "module.eu-west-3.module.nomad_servers",
      "mode": "managed",
      "type": "aws_launch_template",
      "name": "server",
      "provider": "module.eu-west-3.provider[\"registry.terraform.io/hashicorp/aws\"]",
      "instances": [
        {
          "schema_version": 0,
          "attributes": {
            "arn": "arn:aws:ec2:eu-west-3:837089879979:launch-template/lt-03c577f53a2de0a3c",
            "block_device_mappings": [],
            "capacity_reservation_specification": [],
            "cpu_options": [],
            "credit_specification": [],
            "default_version": 1,
            "description": "",
            "disable_api_termination": false,
            "ebs_optimized": "",
            "elastic_gpu_specifications": [],
            "elastic_inference_accelerator": [],
            "hibernation_options": [],
            "iam_instance_profile": [
              {
                "arn": "",
                "name": "terraform-20201116072351259300000009"
              }
            ],
            "id": "lt-03c577f53a2de0a3c",
            "image_id": "",
            "instance_initiated_shutdown_behavior": "",
            "instance_market_options": [],
            "instance_type": "t4g.nano",
            "kernel_id": "",
            "key_name": "TMP-proj",
            "latest_version": 2,
            "license_specification": [],
            "metadata_options": [],
            "monitoring": [],
            "name": "terraform-545j4bommr8kop_Vagent_Nserver_Cclient20201116161237991700000007",
            "name_prefix": "terraform-545j4bommr8kop_Vagent_Nserver_Cclient",
            "network_interfaces": [
              {
                "associate_public_ip_address": "true",
                "delete_on_termination": "true",
                "description": "",
                "device_index": 0,
                "ipv4_address_count": 0,
                "ipv4_addresses": [],
                "ipv6_address_count": 0,
                "ipv6_addresses": [],
                "network_interface_id": "",
                "private_ip_address": "",
                "security_groups": [
                  "sg-03cd942d444c0d67c"
                ],
                "subnet_id": ""
              }
            ],
            "placement": [],
            "ram_disk_id": "",
            "security_group_names": [],
            "tag_specifications": [],
            "tags": {
              "ResourceGroup": "terraform-545j4bommr8kop"
            },
            "update_default_version": null,
            "user_data": "IyEvdXNyL2Jpbi9lbnYgYmFzaApzZXQgLWUKCmZ1bmN0aW9uIGNvbmZpZ0NvbnN1bCgpIHsKICBzdWRvIG1rZGlyIC1wIC9tbnQvY29uc3VsCiAgc3VkbyBta2RpciAtcCAvZXRjL2NvbnN1bC5kCiAgc3VkbyB0ZWUgL2V0Yy9jb25zdWwuZC9jb25maWcuanNvbiA+IC9kZXYvbnVsbCA8PEVPRgogIHsKICAiZGF0YWNlbnRlciI6ImRjMSIsCiAgImJpbmRfYWRkciI6ICIwLjAuMC4wIiwKICAiYWR2ZXJ0aXNlX2FkZHIiOiAiJFBVQkxJQ19JUCIsCiAgImFkZHJlc3NlcyI6IHsKICAgICJodHRwIjogIjAuMC4wLjAiCiAgfSwKICAiZGF0YV9kaXIiOiAiL21udC9jb25zdWwiLAogICJkaXNhYmxlX3JlbW90ZV9leGVjIjogdHJ1ZSwKICAiZGlzYWJsZV91cGRhdGVfY2hlY2siOiB0cnVlLAogICJsZWF2ZV9vbl90ZXJtaW5hdGUiOiB0cnVlLAogICJyZXRyeV9qb2luIjogWyAicHJvdmlkZXI9YXdzIHRhZ19rZXk9UmVzb3VyY2VHcm91cCB0YWdfdmFsdWU9dGVycmFmb3JtLTU0NWo0Ym9tbXI4a29wIiBdLAogICJzZXJ2ZXIiOiBmYWxzZSwKICAiZW5jcnlwdCI6ICI1S1pvS0pLQUhPdXUzWjlvVzNYMUJBPT0iLAogICJhdXRvX2VuY3J5cHQiOiB7CiAgICAidGxzIjogdHJ1ZQogIH0sCiAgImNhX2ZpbGUiOiAiL21udC9jb25zdWwvY2VydHMvY2EuY3J0IiwKICAidmVyaWZ5X2luY29taW5nIjogZmFsc2UsCiAgInZlcmlmeV9vdXRnb2luZyI6IHRydWUsCiAgInBvcnRzIjogewogICAgImdycGMiOiA4NTAyCiAgfQp9CkVPRgp9CgpmdW5jdGlvbiBjb25maWdOb21hZCgpIHsKICBzdWRvIG1rZGlyIC1wIC9tbnQvbm9tYWQKICBzdWRvIG1rZGlyIC1wIC9ldGMvbm9tYWQuZAogIHN1ZG8gdGVlIC9ldGMvbm9tYWQuZC9jb25maWcuaGNsID4gL2Rldi9udWxsIDw8RU9GCiAgZGF0YV9kaXIgICA9ICIvbW50L25vbWFkIgpkYXRhY2VudGVyID0gImRjMSIKcmVnaW9uID0gImdsb2JhbCIKYmluZF9hZGRyID0gIjAuMC4wLjAiCmFkdmVydGlzZSB7CiAgaHR0cCA9ICIkUFVCTElDX0lQIgogIHJwYyA9ICIkUFVCTElDX0lQIgogIHNlcmYgPSAiJFBVQkxJQ19JUCIKfQpzZXJ2ZXIgewogICAgZW5hYmxlZCA9IHRydWUKICAgIGJvb3RzdHJhcF9leHBlY3QgPSAyCiAgICBlbmNyeXB0ID0gIjVLWm9LSktBSE91dTNaOW9XM1gxQkE9PSIKfQoKdGVsZW1ldHJ5IHsKICBwdWJsaXNoX2FsbG9jYXRpb25fbWV0cmljcyA9IHRydWUKICBwdWJsaXNoX25vZGVfbWV0cmljcyAgICAgICA9IHRydWUKICBwcm9tZXRoZXVzX21ldHJpY3MgPSB0cnVlCn0KZW5hYmxlX3N5c2xvZyA9IHRydWUKbG9nX2xldmVsID0gIkRFQlVHIgoKdGxzIHsKICBodHRwID0gZmFsc2UKICBycGMgID0gdHJ1ZQoKICBjYV9maWxlICAgPSAiL21udC9ub21hZC9jZXJ0cy9jYS5jcnQiCiAgY2VydF9maWxlID0gIi9tbnQvbm9tYWQvY2VydHMvYWdlbnQuY3J0IgogIGtleV9maWxlICA9ICIvbW50L25vbWFkL2NlcnRzL2FnZW50LmtleSIKCiAgdmVyaWZ5X3NlcnZlcl9ob3N0bmFtZSA9IHRydWUKICB2ZXJpZnlfaHR0cHNfY2xpZW50ICAgID0gZmFsc2UKfQoKdmF1bHQgewogIGVuYWJsZWQgICAgID0gdHJ1ZQogIGFkZHJlc3MgICAgID0gImh0dHA6Ly8xMjcuMC4wLjE6ODIwMCIKICBjcmVhdGVfZnJvbV9yb2xlID0gIm5vbWFkLWNsdXN0ZXIiCn0KCmFjbCB7CiAgZW5hYmxlZCA9IHRydWUKfQpFT0YKfQoKZnVuY3Rpb24gaW5zdGFsbENsb3Vkd2F0Y2hOb21hZE1ldHJpY3MoKSB7CiAgc3VkbyB0ZWUgL29wdC9jbG91ZHdhdGNoLW5vbWFkLW1ldHJpY3MucHkgPiAvZGV2L251bGwgPDwiRU9GIgojIS91c3IvYmluL2VudiBweXRob24zCgppbXBvcnQgY29sbGVjdGlvbnMKaW1wb3J0IGRhdGV0aW1lCmltcG9ydCBzY2hlZAppbXBvcnQgdGltZQppbXBvcnQgcHByaW50CmltcG9ydCBub21hZAppbXBvcnQgYm90bzMKCmNsaWVudF9jbG91ZHdhdGNoID0gYm90bzMuY2xpZW50KCdjbG91ZHdhdGNoJywgcmVnaW9uX25hbWU9J2V1LXdlc3QtMycpCmNsaWVudF9ub21hZCA9IG5vbWFkLk5vbWFkKCkKc3VtbWFyeV9zdGF0dXMgPSBmcm96ZW5zZXQoWydRdWV1ZWQnLCAnU3RhcnRpbmcnLCAnUnVubmluZycsICdGYWlsZWQnLCAnQ29tcGxldGUnLCAnTG9zdCddKQoKZGVmIHB1dF9tZXRyaWNzKG5vdyk6CiAgICBqb2JzID0gY2xpZW50X25vbWFkLmpvYnMuZ2V0X2pvYnMoKQogICAgc3VtbSA9IGNvbGxlY3Rpb25zLkNvdW50ZXIoe3M6IDAgZm9yIHMgaW4gc3VtbWFyeV9zdGF0dXN9KQogICAgZm9yIGogaW4gam9iczoKICAgICAgICBzdW1tLnVwZGF0ZShsaXN0KGpbIkpvYlN1bW1hcnkiXVsiU3VtbWFyeSJdLnZhbHVlcygpKVswXSkKCiAgICBtZXRyaWNfZGF0YSA9IFsKICAgICAgICB7CiAgICAgICAgICAgICdNZXRyaWNOYW1lJzogJ0pvYiBzdW1tYXJ5JywKICAgICAgICAgICAgJ1RpbWVzdGFtcCc6IG5vdywKICAgICAgICAgICAgJ1ZhbHVlJzogY291bnQsCiAgICAgICAgICAgICdVbml0JzogJ0NvdW50JywKICAgICAgICAgICAgJ0RpbWVuc2lvbnMnOiBbCiAgICAgICAgICAgICAgICB7ICdOYW1lJzogJ1N0YXR1cycsICdWYWx1ZSc6IHN0YXR1cyB9LAogICAgICAgICAgICBdLAogICAgICAgIH0KICAgICAgICBmb3Igc3RhdHVzLCBjb3VudCBpbiBzdW1tLml0ZW1zKCkKICAgIF0KICAgIHBwcmludC5wcHJpbnQobWV0cmljX2RhdGEpCiAgICBjbGllbnRfY2xvdWR3YXRjaC5wdXRfbWV0cmljX2RhdGEoCiAgICAgICAgTmFtZXNwYWNlPSdOb21hZCcsCiAgICAgICAgTWV0cmljRGF0YT1tZXRyaWNfZGF0YSwKICAgICkKICAgIGVudGVyX25leHQocywgcHV0X21ldHJpY3MpCgpkZWYgZW50ZXJfbmV4dChzLCBmdW5jdGlvbik6CiAgICBub3cgPSBkYXRldGltZS5kYXRldGltZS51dGNub3coKQogICAgbm93X25leHQgPSBub3cucmVwbGFjZSgpICsgZGF0ZXRpbWUudGltZWRlbHRhKHNlY29uZHM9NSkKICAgIHMuZW50ZXJhYnMoCiAgICAgICAgdGltZT1ub3dfbmV4dC50aW1lc3RhbXAoKSwKICAgICAgICBwcmlvcml0eT0xLAogICAgICAgIGFjdGlvbj1mdW5jdGlvbiwKICAgICAgICBhcmd1bWVudD0obm93X25leHQsKSwKICAgICkKCmlmIF9fbmFtZV9fID09ICdfX21haW5fXyc6CiAgICBzID0gc2NoZWQuc2NoZWR1bGVyKGxhbWJkYTogZGF0ZXRpbWUuZGF0ZXRpbWUudXRjbm93KCkudGltZXN0YW1wKCksIHRpbWUuc2xlZXApCiAgICBlbnRlcl9uZXh0KHMsIHB1dF9tZXRyaWNzKQogICAgcHV0X21ldHJpY3MKICAgIHdoaWxlIFRydWU6CiAgICAgICAgcy5ydW4oKQpFT0YKCiAgc3VkbyB0ZWUgL2V0Yy9zeXN0ZW1kL3N5c3RlbS9jbG91ZHdhdGNoLW5vbWFkLW1ldHJpY3Muc2VydmljZSA+IC9kZXYvbnVsbCA8PCJFT0YiCltVbml0XQpEZXNjcmlwdGlvbj1DbG91ZHdhdGNoIE5vbWFkIE1ldHJpY3MKV2FudHM9bmV0d29yay1vbmxpbmUudGFyZ2V0CkFmdGVyPW5ldHdvcmstb25saW5lLnRhcmdldApXYW50cz1ub21hZC5zZXJ2aWNlCkFmdGVyPW5vbWFkLnNlcnZpY2UKCltTZXJ2aWNlXQpFeGVjUmVsb2FkPS9iaW4va2lsbCAtSFVQICRNQUlOUElECkV4ZWNTdGFydD0vYmluL2Jhc2ggLWMgImV4cG9ydCBOT01BRF9UT0tFTj0kJChleHBvcnQgVkFVTFRfQUREUj1odHRwOi8vMTI3LjAuMC4xOjgyMDAgJiYgdmF1bHQga3YgZ2V0IC1maWVsZD12YWx1ZSBhY2x0b2tlbi9ib290c3RyYXApOy9vcHQvY2xvdWR3YXRjaC1ub21hZC1tZXRyaWNzLnB5IgpLaWxsTW9kZT1wcm9jZXNzCktpbGxTaWduYWw9U0lHSU5UCkxpbWl0Tk9GSUxFPWluZmluaXR5CkxpbWl0TlBST0M9aW5maW5pdHkKUmVzdGFydD1vbi1mYWlsdXJlClJlc3RhcnRTZWM9NjAKU3RhcnRMaW1pdEludGVydmFsU2VjPTYwClN0YXJ0TGltaXRCdXJzdD0xCgpbSW5zdGFsbF0KV2FudGVkQnk9bXVsdGktdXNlci50YXJnZXQKRU9GCgogIHN1ZG8gY2htb2QgK3ggL29wdC9jbG91ZHdhdGNoLW5vbWFkLW1ldHJpY3MucHkKfQoKZnVuY3Rpb24gY29uZmlnVmF1bHQoKSB7CiAgZWNobyAiQ3JlYXRpbmcgVmF1bHQgdXNlci4uLiIKICBzdWRvIGdyb3VwYWRkIHZhdWx0ICYmIHVzZXJhZGQgLXIgLWcgdmF1bHQgLWQgL3Vzci9sb2NhbC92YXVsdCAtbSAtcyAvc2Jpbi9ub2xvZ2luIC1jICJWYXVsdCB1c2VyIiB2YXVsdCAKCiAgc3VkbyBta2RpciAtcCAvbW50L3ZhdWx0CiAgc3VkbyBta2RpciAtcCAvZXRjL3ZhdWx0LmQKICBzdWRvIG1rZGlyIC1wIC9ldGMvdmF1bHQuZC9wbHVnaW5zCgogIGNkIC90bXAgJiYgY3VybCAtTCAtbyB2YXVsdC1zZWNyZXRzLWdlbi50Z3ogaHR0cHM6Ly9naXRodWIuY29tL3NldGh2YXJnby92YXVsdC1zZWNyZXRzLWdlbi9yZWxlYXNlcy9kb3dubG9hZC92MC4wLjYvdmF1bHQtc2VjcmV0cy1nZW5fMC4wLjZfbGludXhfYW1kNjQudGd6CiAgc3VkbyB0YXIgLXh6ZiB2YXVsdC1zZWNyZXRzLWdlbi50Z3ogJiYgc3VkbyBtdiB2YXVsdC1zZWNyZXRzLWdlbiAvZXRjL3ZhdWx0LmQvcGx1Z2lucy8gJiYgc3VkbyBjaG1vZCAreCAvZXRjL3ZhdWx0LmQvcGx1Z2lucy92YXVsdC1zZWNyZXRzLWdlbiAKICBzdWRvIHNldGNhcCBjYXBfaXBjX2xvY2s9K2VwIC9ldGMvdmF1bHQuZC9wbHVnaW5zL3ZhdWx0LXNlY3JldHMtZ2VuCgogIHN1ZG8gdGVlIC9ldGMvdmF1bHQuZC92YXVsdF9hZ2VudC5oY2wgPiAvZGV2L251bGwgPDxFT0YKICBwaWRfZmlsZSA9ICIvZXRjL3ZhdWx0LmQvLnBpZGZpbGUiCgp2YXVsdCB7CiAgICAgICAgYWRkcmVzcyA9ICJodHRwOi8vdGVycmFmb3JtLTU0NWo0Ym9tbXI4a29wLXZhdWx0LTEwNzc5MzAyOTAuZXUtd2VzdC0zLmVsYi5hbWF6b25hd3MuY29tOjgyMDAiCn0KCmF1dG9fYXV0aCB7CiAgbWV0aG9kIHsKICAgIHR5cGUgPSAiYXBwcm9sZSIKCiAgICBjb25maWcgPSB7CiAgICAgIHJvbGVfaWRfZmlsZV9wYXRoID0gIi9tbnQvdmF1bHQvcm9sZV9pZCIKICAgICAgc2VjcmV0X2lkX2ZpbGVfcGF0aCA9ICIvbW50L3ZhdWx0L3NlY3JldF9pZCIKICAgICAgcmVtb3ZlX3NlY3JldF9pZF9maWxlX2FmdGVyX3JlYWRpbmcgPSBmYWxzZQogICAgfQogIH0KCiAgc2luayB7CiAgICB0eXBlID0gImZpbGUiCgogICAgY29uZmlnID0gewogICAgICBwYXRoID0gIi9ldGMvdmF1bHQuZC9zaW5rIgogICAgfQogIH0KfQoKY2FjaGUgewogICAgICAgIHVzZV9hdXRvX2F1dGhfdG9rZW4gPSB0cnVlCn0KCmxpc3RlbmVyICJ0Y3AiIHsKICAgYWRkcmVzcyA9ICIxMjcuMC4wLjE6ODIwMCIKICAgdGxzX2Rpc2FibGUgPSB0cnVlCn0KCnRlbXBsYXRlIHsKICBzb3VyY2UgICAgICA9ICIvbW50L25vbWFkL3RlbXBsYXRlcy9hZ2VudC5jcnQudHBsIgogIGRlc3RpbmF0aW9uID0gIi9tbnQvbm9tYWQvY2VydHMvYWdlbnQuY3J0IgogIHdhaXQgewogICAgbWluID0gIjVzIgogICAgbWF4ID0gIjEwcyIKICB9Cn0KCnRlbXBsYXRlIHsKICBzb3VyY2UgICAgICA9ICIvbW50L25vbWFkL3RlbXBsYXRlcy9hZ2VudC5rZXkudHBsIgogIGRlc3RpbmF0aW9uID0gIi9tbnQvbm9tYWQvY2VydHMvYWdlbnQua2V5IgogIHdhaXQgewogICAgbWluID0gIjVzIgogICAgbWF4ID0gIjEwcyIKICB9Cn0KCnRlbXBsYXRlIHsKICBzb3VyY2UgICAgICA9ICIvbW50L25vbWFkL3RlbXBsYXRlcy9jYS5jcnQudHBsIgogIGRlc3RpbmF0aW9uID0gIi9tbnQvbm9tYWQvY2VydHMvY2EuY3J0IgogIHdhaXQgewogICAgbWluID0gIjVzIgogICAgbWF4ID0gIjEwcyIKICB9Cn0KCnRlbXBsYXRlIHsKICBzb3VyY2UgICAgICA9ICIvbW50L25vbWFkL3RlbXBsYXRlcy9jbGkuY3J0LnRwbCIKICBkZXN0aW5hdGlvbiA9ICIvbW50L25vbWFkL2NlcnRzL2NsaS5jcnQiCiAgd2FpdCB7CiAgICBtaW4gPSAiNXMiCiAgICBtYXggPSAiMTBzIgogIH0KfQoKdGVtcGxhdGUgewogIHNvdXJjZSAgICAgID0gIi9tbnQvbm9tYWQvdGVtcGxhdGVzL2NsaS5rZXkudHBsIgogIGRlc3RpbmF0aW9uID0gIi9tbnQvbm9tYWQvY2VydHMvY2xpLmtleSIKICB3YWl0IHsKICAgIG1pbiA9ICI1cyIKICAgIG1heCA9ICIxMHMiCiAgfQp9CgoKdGVtcGxhdGUgewogIHNvdXJjZSAgICAgID0gIi9tbnQvY29uc3VsL3RlbXBsYXRlcy9hZ2VudC5jcnQudHBsIgogIGRlc3RpbmF0aW9uID0gIi9tbnQvY29uc3VsL2NlcnRzL2FnZW50LmNydCIKICB3YWl0IHsKICAgIG1pbiA9ICI1cyIKICAgIG1heCA9ICIxMHMiCiAgfQp9CgoKCgp0ZW1wbGF0ZSB7CiAgc291cmNlICAgICAgPSAiL21udC9jb25zdWwvdGVtcGxhdGVzL2NhLmNydC50cGwiCiAgZGVzdGluYXRpb24gPSAiL21udC9jb25zdWwvY2VydHMvY2EuY3J0IgogIHdhaXQgewogICAgbWluID0gIjVzIgogICAgbWF4ID0gIjEwcyIKICB9Cn0KCgoKRU9GCgogIHN1ZG8gdGVlIC9ldGMvc3lzdGVtZC9zeXN0ZW0vdmF1bHQuc2VydmljZSA+IC9kZXYvbnVsbCA8PCJFT0YiCltVbml0XQpEZXNjcmlwdGlvbj1WYXVsdCBhZ2VudApSZXF1aXJlcz1uZXR3b3JrLW9ubGluZS50YXJnZXQKQWZ0ZXI9bmV0d29yay1vbmxpbmUudGFyZ2V0CgpbU2VydmljZV0KUmVzdGFydD1vbi1mYWlsdXJlClJlc3RhcnRTZWM9NDJzClBJREZpbGU9L3Zhci9ydW4vdmF1bHQvdmF1bHQucGlkCkV4ZWNTdGFydD0vdXNyL2xvY2FsL2Jpbi92YXVsdCBhZ2VudCAtY29uZmlnPS9ldGMvdmF1bHQuZC92YXVsdF9hZ2VudC5oY2wgLWxvZy1sZXZlbD1kZWJ1ZwpFeGVjUmVsb2FkPS9iaW4va2lsbCAtSFVQICRNQUlOUElECktpbGxNb2RlPXByb2Nlc3MKS2lsbFNpZ25hbD1TSUdURVJNCkxpbWl0TUVNTE9DSz1pbmZpbml0eQpVc2VyPXZhdWx0Ckdyb3VwPXZhdWx0CgpbSW5zdGFsbF0KV2FudGVkQnk9bXVsdGktdXNlci50YXJnZXQKRU9GCn0KCmZ1bmN0aW9uIHNldFNlY3JldHNHZW5QbHVnaW4oKSB7CiAgZXhwb3J0IFNIQTI1Nj0kKHNoYXN1bSAtYSAyNTYgIi9ldGMvdmF1bHQuZC9wbHVnaW5zL3ZhdWx0LXNlY3JldHMtZ2VuIiB8IGN1dCAtZCcgJyAtZjEpCiAgdmF1bHQgcGx1Z2luIHJlZ2lzdGVyIC1zaGEyNTY9IiR7U0hBMjU2fSIgLWNvbW1hbmQ9InZhdWx0LXNlY3JldHMtZ2VuIiBzZWNyZXQgc2VjcmV0cy1nZW4KICB2YXVsdCBzZWNyZXRzIGVuYWJsZSAtcGF0aD0iZ2VuIiAtcGx1Z2luLW5hbWU9InNlY3JldHMtZ2VuIiBwbHVnaW4KfQoKZnVuY3Rpb24gY3JlYXRlVGVtcGxhdGVzKCkgewogIHRvdWNoIC90bXAvJDEKICB0b3VjaCAvdG1wLyQyIAogIHN1ZG8gbWtkaXIgLXAgL21udC8kMS90ZW1wbGF0ZXMKICBzdWRvIG1rZGlyIC1wIC9tbnQvJDEvY2VydHMKICBzdWRvIHRlZSAvbW50LyQxL3RlbXBsYXRlcy9hZ2VudC5jcnQudHBsID4gL2Rldi9udWxsIDw8RU9GCnt7IHdpdGggc2VjcmV0ICIkMS1pbnRlcm1lZGlhdGUtcGtpL2lzc3VlLyQxLWNsdXN0ZXIiICJjb21tb25fbmFtZT0kMiIgInR0bD0yNGgiICJhbHRfbmFtZXM9bG9jYWxob3N0IiAiaXBfc2Fucz0kUFVCTElDX0lQLDEyNy4wLjAuMSJ9fQp7eyAuRGF0YS5jZXJ0aWZpY2F0ZSB9fQp7eyBlbmQgfX0KRU9GCiAgc3VkbyB0ZWUgL21udC8kMS90ZW1wbGF0ZXMvYWdlbnQua2V5LnRwbCA+IC9kZXYvbnVsbCA8PEVPRgp7eyB3aXRoIHNlY3JldCAiJDEtaW50ZXJtZWRpYXRlLXBraS9pc3N1ZS8kMS1jbHVzdGVyIiAiY29tbW9uX25hbWU9JDIiICJ0dGw9MjRoIiAiYWx0X25hbWVzPWxvY2FsaG9zdCIgImlwX3NhbnM9JFBVQkxJQ19JUCwxMjcuMC4wLjEifX0Ke3sgLkRhdGEucHJpdmF0ZV9rZXkgfX0Ke3sgZW5kIH19CkVPRgogIHN1ZG8gdGVlIC9tbnQvJDEvdGVtcGxhdGVzL2NhLmNydC50cGwgPiAvZGV2L251bGwgPDxFT0YKe3sgd2l0aCBzZWNyZXQgIiQxLWludGVybWVkaWF0ZS1wa2kvaXNzdWUvJDEtY2x1c3RlciIgImNvbW1vbl9uYW1lPSQyIiAidHRsPTI0aCJ9fQp7eyAuRGF0YS5pc3N1aW5nX2NhIH19Cnt7IGVuZCB9fQpFT0YKICBzdWRvIHRlZSAvbW50LyQxL3RlbXBsYXRlcy9jbGkuY3J0LnRwbCA+IC9kZXYvbnVsbCA8PEVPRgp7eyB3aXRoIHNlY3JldCAiJDEtaW50ZXJtZWRpYXRlLXBraS9pc3N1ZS8kMS1jbHVzdGVyIiAidHRsPTI0aCIgfX0Ke3sgLkRhdGEuY2VydGlmaWNhdGUgfX0Ke3sgZW5kIH19CkVPRgogIHN1ZG8gdGVlIC9tbnQvJDEvdGVtcGxhdGVzL2NsaS5rZXkudHBsID4gL2Rldi9udWxsIDw8RU9GCnt7IHdpdGggc2VjcmV0ICIkMS1pbnRlcm1lZGlhdGUtcGtpL2lzc3VlLyQxLWNsdXN0ZXIiICJ0dGw9MjRoIiB9fQp7eyAuRGF0YS5wcml2YXRlX2tleSB9fQp7eyBlbmQgfX0KRU9GCn0KCmZ1bmN0aW9uIHNldFBLSSgpIHsKICB2YXVsdCBsb2dpbiAkKGNhdCAvbW50L3ZhdWx0L3ZhdWx0LnRva2VuKQogIHZhdWx0IHNlY3JldHMgZW5hYmxlIC1wYXRoPSQxLXJvb3QtcGtpIHBraQogIHZhdWx0IHNlY3JldHMgdHVuZSAtbWF4LWxlYXNlLXR0bD04NzYwMGggJDEtcm9vdC1wa2kKICB2YXVsdCB3cml0ZSAtZmllbGQ9Y2VydGlmaWNhdGUgJDEtcm9vdC1wa2kvcm9vdC9nZW5lcmF0ZS9pbnRlcm5hbCBcCiAgICAgIGNvbW1vbl9uYW1lPSIkMiIgdHRsPTg3NjAwaCA+IENBX2NlcnQuY3J0CiAgdmF1bHQgc2VjcmV0cyBlbmFibGUgLXBhdGg9JDEtaW50ZXJtZWRpYXRlLXBraSBwa2kKICB2YXVsdCBzZWNyZXRzIHR1bmUgLW1heC1sZWFzZS10dGw9NDM4MDBoICQxLWludGVybWVkaWF0ZS1wa2kKICB2YXVsdCB3cml0ZSAtZm9ybWF0PWpzb24gJDEtaW50ZXJtZWRpYXRlLXBraS9pbnRlcm1lZGlhdGUvZ2VuZXJhdGUvaW50ZXJuYWwgXAogICAgICBjb21tb25fbmFtZT0iJDIgSW50ZXJtZWRpYXRlIEF1dGhvcml0eSIgXAogICAgICB0dGw9IjQzODAwaCIgfCBqcSAtciAnLmRhdGEuY3NyJyA+ICQxLWludGVybWVkaWF0ZS1wa2kuY3NyCiAgdmF1bHQgd3JpdGUgLWZvcm1hdD1qc29uICQxLXJvb3QtcGtpL3Jvb3Qvc2lnbi1pbnRlcm1lZGlhdGUgXAogICAgICBjc3I9QCQxLWludGVybWVkaWF0ZS1wa2kuY3NyIGZvcm1hdD1wZW1fYnVuZGxlIFwKICAgICAgdHRsPSI0MzgwMGgiIHwganEgLXIgJy5kYXRhLmNlcnRpZmljYXRlJyA+ICQxLWludGVybWVkaWF0ZS5jZXJ0LnBlbQogIHZhdWx0IHdyaXRlICQxLWludGVybWVkaWF0ZS1wa2kvaW50ZXJtZWRpYXRlL3NldC1zaWduZWQgY2VydGlmaWNhdGU9QCQxLWludGVybWVkaWF0ZS5jZXJ0LnBlbQogIHZhdWx0IHdyaXRlICQxLWludGVybWVkaWF0ZS1wa2kvcm9sZXMvJDEtY2x1c3RlciBhbGxvd2VkX2RvbWFpbnM9JDIgXAogICAgICBhbGxvd19zdWJkb21haW5zPXRydWUgbWF4X3R0bD04NjQwMHMgcmVxdWlyZV9jbj1mYWxzZSBnZW5lcmF0ZV9sZWFzZT10cnVlCiAgc3VkbyBta2RpciAtcCAvbW50L3ZhdWx0L3BvbGljaWVzCiAgc3VkbyB0ZWUgL21udC92YXVsdC9wb2xpY2llcy8kMS10bHMtcG9saWN5LmhjbCA+IC9kZXYvbnVsbCA8PEVPRgpwYXRoICIkMS1pbnRlcm1lZGlhdGUtcGtpL2lzc3VlLyQxLWNsdXN0ZXIiIHsKICBjYXBhYmlsaXRpZXMgPSBbInVwZGF0ZSJdCn0KRU9GCiAgdmF1bHQgcG9saWN5IHdyaXRlICQxLXRscy1wb2xpY3kgL21udC92YXVsdC9wb2xpY2llcy8kMS10bHMtcG9saWN5LmhjbAp9CgpmdW5jdGlvbiBjb25maWd1cmVBcHBSb2xlRW5naW5lVmF1bHQoKSB7CiAgdmF1bHQgd3JpdGUgYXV0aC9hcHByb2xlL3JvbGUvJDEgdG9rZW5fbnVtX3VzZXM9MTAgdG9rZW5fdHRsPTIwbSB0b2tlbl9tYXhfdHRsPTMwbSB0b2tlbl9wb2xpY2llcz0kNAogIHZhdWx0IHdyaXRlIGF1dGgvYXBwcm9sZS9yb2xlLyQxL3JvbGUtaWQgcm9sZV9pZD0kMgogIHZhdWx0IHdyaXRlIGF1dGgvYXBwcm9sZS9yb2xlLyQxL2N1c3RvbS1zZWNyZXQtaWQgc2VjcmV0X2lkPSQzCn0KCmZ1bmN0aW9uIHNldE5vbWFkVmF1bHRJbnRlZ3JhdGlvbigpIHsKICBzdWRvIGN1cmwgaHR0cHM6Ly9ub21hZHByb2plY3QuaW8vZGF0YS92YXVsdC9ub21hZC1zZXJ2ZXItcG9saWN5LmhjbCAtc0xvIC9tbnQvdmF1bHQvcG9saWNpZXMvbm9tYWQtc2VydmVyLXBvbGljeS5oY2wKICBzdWRvIGN1cmwgaHR0cHM6Ly9ub21hZHByb2plY3QuaW8vZGF0YS92YXVsdC9ub21hZC1jbHVzdGVyLXJvbGUuanNvbiAtc0xvIC9tbnQvdmF1bHQvcG9saWNpZXMvbm9tYWQtY2x1c3Rlci1yb2xlLmpzb24KICBzdWRvIHRlZSAtYSAvbW50L3ZhdWx0L3BvbGljaWVzL25vbWFkLXNlcnZlci1wb2xpY3kuaGNsID4gL2Rldi9udWxsIDw8IkVPRiIKcGF0aCAiYWNsdG9rZW4vKiIKewogIGNhcGFiaWxpdGllcyA9IFsiY3JlYXRlIiwgInJlYWQiLCAidXBkYXRlIl0KfQpFT0YKICB2YXVsdCBwb2xpY3kgd3JpdGUgbm9tYWQtc2VydmVyIC9tbnQvdmF1bHQvcG9saWNpZXMvbm9tYWQtc2VydmVyLXBvbGljeS5oY2wKICB2YXVsdCB3cml0ZSAvYXV0aC90b2tlbi9yb2xlcy9ub21hZC1jbHVzdGVyIEAvbW50L3ZhdWx0L3BvbGljaWVzL25vbWFkLWNsdXN0ZXItcm9sZS5qc29uCiAgc3VkbyB0ZWUgL21udC92YXVsdC9wb2xpY2llcy9ub21hZC1jbHVzdGVyLmhjbCA+IC9kZXYvbnVsbCA8PCJFT0YiCnBhdGggInNlY3JldC8qIgp7CiAgY2FwYWJpbGl0aWVzID0gWyJyZWFkIl0KfQoKcGF0aCAiZ2VuL3Bhc3N3b3JkIgp7CiAgY2FwYWJpbGl0aWVzID0gWyJ1cGRhdGUiXQp9CkVPRgogIHZhdWx0IHBvbGljeSB3cml0ZSBub21hZC1jbHVzdGVyIC9tbnQvdmF1bHQvcG9saWNpZXMvbm9tYWQtY2x1c3Rlci5oY2wKICB2YXVsdCB3cml0ZSBhdXRoL2FwcHJvbGUvcm9sZS9ub21hZC1zZXJ2ZXIgdG9rZW5fcG9saWNpZXM9Im5vbWFkLXRscy1wb2xpY3ksY29uc3VsLXRscy1wb2xpY3ksbm9tYWQtc2VydmVyIgp9CgplY2hvICJHcmFiYmluZyBJUHMuLi4iClBSSVZBVEVfSVA9JChjdXJsIGh0dHA6Ly8xNjkuMjU0LjE2OS4yNTQvbGF0ZXN0L21ldGEtZGF0YS9sb2NhbC1pcHY0KQpQVUJMSUNfSVA9JChjdXJsIGh0dHA6Ly8xNjkuMjU0LjE2OS4yNTQvbGF0ZXN0L21ldGEtZGF0YS9wdWJsaWMtaXB2NCkKCmlmIFtbICBjbGllbnQgIT0gImRpc2FibGVkIiBdXTsgdGhlbgogIGNvbmZpZ0NvbnN1bAogIGNyZWF0ZVRlbXBsYXRlcyAiY29uc3VsIiAiY2xpZW50LnNlcnZpY2UuY29uc3VsIgogIGlmIFtbIGNsaWVudCA9PSAic2VydmVyIiBdXTsgdGhlbgogICAgc3VkbyB0ZWUgL21udC9jb25zdWwvcmVmcmVzaHRva2VuLnNoID4gL2Rldi9udWxsIDw8IkVPRiIKanEgLS1hcmcgdG9rZW4gJChzdWRvIGNhdCAvZXRjL3ZhdWx0LmQvc2luaykgJy5jb25uZWN0LmNhX2NvbmZpZy50b2tlbiA9ICR0b2tlbicgL2V0Yy9jb25zdWwuZC9jb25maWcuanNvbiA+IC90bXAvdG1wLmpzb24gJiYgbXYgL3RtcC90bXAuanNvbiAvZXRjL2NvbnN1bC5kL2NvbmZpZy5qc29uCkVPRgogICAgc3VkbyBjaG1vZCAreCAvbW50L2NvbnN1bC9yZWZyZXNodG9rZW4uc2gKICAgIChzdWRvIGNyb250YWIgLWwgMj4vZGV2L251bGw7IGVjaG8gIiovNSAqICogKiAqIC9tbnQvY29uc3VsL3JlZnJlc2h0b2tlbi5zaCIpIHwgc3VkbyBjcm9udGFiIC0KICBmaQpmaQoKaWYgW1sgIHNlcnZlciAhPSAiZGlzYWJsZWQiIF1dOyB0aGVuCiAgY29uZmlnTm9tYWQKICBjcmVhdGVUZW1wbGF0ZXMgIm5vbWFkIiAic2VydmVyLmdsb2JhbC5ub21hZCIKICBpZiBbWyBzZXJ2ZXIgPT0gInNlcnZlciIgXV07IHRoZW4KICAgIGluc3RhbGxDbG91ZHdhdGNoTm9tYWRNZXRyaWNzICAKICBmaQpmaQoKaWYgW1sgIGFnZW50ICE9ICJkaXNhYmxlZCIgXV07IHRoZW4KICBjb25maWdWYXVsdAogIGlmIFtbIGFnZW50ID09ICJhZ2VudCIgXV07IHRoZW4KICAgIGlmIFtbIGNsaWVudCA9PSAic2VydmVyIiBdXTsgdGhlbgogICAgICBlY2hvICJiMzUzZmUwYS0yYjA2LTNkOWUtN2I2MS0yNDEwYWNmZGQxOTYiID4gL21udC92YXVsdC9yb2xlX2lkCiAgICAgIGVjaG8gImIzNTNmZTBhLTJiMDYtM2Q5ZS03YjYxLTI0MTBhY2ZkZDE5NiIgPiAvbW50L3ZhdWx0L3NlY3JldF9pZAogICAgZWxpZiBbWyBzZXJ2ZXIgPT0gInNlcnZlciIgXV07IHRoZW4KICAgICAgZWNobyAiYTBmNGJlOWUtN2ZkZS1mNzE2LWZkMTAtMjkwZDk3MTg3MzY0IiA+IC9tbnQvdmF1bHQvcm9sZV9pZAogICAgICBlY2hvICJkYjJkMWYxZi0yNjFmLWE5MWUtYzdmOC05YjI2MDczZTcxMmEiID4gL21udC92YXVsdC9zZWNyZXRfaWQKICAgIGVsc2UKICAgICAgZWNobyAiZTVhNjU4NzctMjc0Ny01ZTNmLTdlZWQtMmVmMTg3ZmVhOTI1IiA+IC9tbnQvdmF1bHQvcm9sZV9pZAogICAgICBlY2hvICI2YjRhZTI2NS05MDU4LTI3NzctZmI3Mi0wMDcxZThkNmM2NjEiID4gL21udC92YXVsdC9zZWNyZXRfaWQKICAgIGZpCiAgICBzdWRvIGNob3duIHZhdWx0OnJvb3QgL21udC9jb25zdWwvY2VydHMKICAgIGlmIFtbIHNlcnZlciAhPSAiZGlzYWJsZWQiIF1dOyB0aGVuCiAgICAgIHN1ZG8gY2hvd24gdmF1bHQ6cm9vdCAvbW50L25vbWFkL2NlcnRzCiAgICBmaQogIGZpCmZpCgplY2hvICJTdGFydGluZyBzZXJ2aWNlcy4uLiIKCnN1ZG8gc3lzdGVtY3RsIGRhZW1vbi1yZWxvYWQKICAKaWYgW1sgIGFnZW50ICE9ICJkaXNhYmxlZCIgXV07IHRoZW4KICBzdWRvIGNob3duIC1SIHZhdWx0OnZhdWx0IC9ldGMvdmF1bHQuZAogIHN1ZG8gY2htb2QgLVIgMDc1NSAvZXRjL3ZhdWx0LmQvCiAgc3VkbyBjaG93biAtUiB2YXVsdDp2YXVsdCAvbW50L3ZhdWx0CiAgc3VkbyBjaG1vZCAtUiAwNzU1IC9tbnQvdmF1bHQKICBzdWRvIHN5c3RlbWN0bCBlbmFibGUgdmF1bHQuc2VydmljZQogIGlmIFtbIGFnZW50ID09ICJzZXJ2ZXIiIF1dOyB0aGVuCiAgICBzdWRvIHN5c3RlbWN0bCBzdGFydCB2YXVsdC5zZXJ2aWNlCiAgICBzbGVlcCAxMAogICAgZXhwb3J0IFZBVUxUX0FERFI9aHR0cDovLzEyNy4wLjAuMTo4MjAwCiAgICB2YXVsdCBvcGVyYXRvciBpbml0IC1yZWNvdmVyeS1zaGFyZXM9MSAtcmVjb3ZlcnktdGhyZXNob2xkPTEgfCBncmVwIFRva2VuIHwgY3V0IC1kJyAnIC1mIDQgfCBzdWRvIHRlZSAvbW50L3ZhdWx0L3ZhdWx0LnRva2VuCiAgICB2YXVsdCBsb2dpbiAkKGNhdCAvbW50L3ZhdWx0L3ZhdWx0LnRva2VuKQogICAgdmF1bHQgYXV0aCBlbmFibGUgYXBwcm9sZQogICAgc2V0UEtJICJub21hZCIgImdsb2JhbC5ub21hZCIKICAgIHNldFBLSSAiY29uc3VsIiAic2VydmljZS5jb25zdWwiCiAgICBjb25maWd1cmVBcHBSb2xlRW5naW5lVmF1bHQgIm5vbWFkLXNlcnZlciIgImEwZjRiZTllLTdmZGUtZjcxNi1mZDEwLTI5MGQ5NzE4NzM2NCIgImRiMmQxZjFmLTI2MWYtYTkxZS1jN2Y4LTliMjYwNzNlNzEyYSIgImNvbnN1bC10bHMtcG9saWN5LG5vbWFkLXRscy1wb2xpY3kiCiAgICBjb25maWd1cmVBcHBSb2xlRW5naW5lVmF1bHQgIm5vbWFkLWNsdXN0ZXIiICJlNWE2NTg3Ny0yNzQ3LTVlM2YtN2VlZC0yZWYxODdmZWE5MjUiICI2YjRhZTI2NS05MDU4LTI3NzctZmI3Mi0wMDcxZThkNmM2NjEiICJjb25zdWwtdGxzLXBvbGljeSxub21hZC10bHMtcG9saWN5IgogICAgY29uZmlndXJlQXBwUm9sZUVuZ2luZVZhdWx0ICJjb25zdWwiICJiMzUzZmUwYS0yYjA2LTNkOWUtN2I2MS0yNDEwYWNmZGQxOTYiICJiMzUzZmUwYS0yYjA2LTNkOWUtN2I2MS0yNDEwYWNmZGQxOTYiICJjb25zdWwtdGxzLXBvbGljeSIKICAgIHNldFNlY3JldHNHZW5QbHVnaW4KICAgIHNldE5vbWFkVmF1bHRJbnRlZ3JhdGlvbgogICAgdmF1bHQgc2VjcmV0cyBlbmFibGUgLXZlcnNpb249MiAtcGF0aD1zZWNyZXQga3YKICAgIHZhdWx0IHNlY3JldHMgZW5hYmxlIC12ZXJzaW9uPTIgLXBhdGg9YWNsdG9rZW4ga3YKICBlbHNlCiAgICBzbGVlcCAzMAogICAgc3VkbyBzeXN0ZW1jdGwgc3RhcnQgdmF1bHQuc2VydmljZQogICAgZXhwb3J0IFZBVUxUX1RPS0VOPSQoY2F0IC9ldGMvdmF1bHQuZC9zaW5rKQogIGZpCmZpCgppZiBbWyAgY2xpZW50ICE9ICJkaXNhYmxlZCIgXV07IHRoZW4KICBzbGVlcCAzMAojICBzdWRvIC9tbnQvY29uc3VsL3JlZnJlc2h0b2tlbi5zaAogIHN1ZG8gc3lzdGVtY3RsIGVuYWJsZSBjb25zdWwuc2VydmljZQogIHN1ZG8gc3lzdGVtY3RsIHN0YXJ0IGNvbnN1bC5zZXJ2aWNlCiAgaWYgW1sgY2xpZW50ID09ICJzZXJ2ZXIiIF1dOyB0aGVuCiAgICBzbGVlcCAxMAogICAgY3VybCBodHRwOi8vMTI3LjAuMC4xOjg1MDAvdjEvcXVlcnkgXAogICAgICAtLXJlcXVlc3QgUE9TVCBcCiAgICAgIC0tZGF0YSBcCid7CiAgIk5hbWUiOiAiIiwKICAiVGVtcGxhdGUiOiB7CiAgICAiVHlwZSI6ICJuYW1lX3ByZWZpeF9tYXRjaCIKICB9LAogICJTZXJ2aWNlIjogewogICAgIlNlcnZpY2UiOiAiJHtuYW1lLmZ1bGx9IiwKICAgICJGYWlsb3ZlciI6IHsKICAgICAgIk5lYXJlc3ROIjogMgogICAgfQogIH0KfScKICBmaSAgCmZpCgppZiBbWyAgc2VydmVyICE9ICJkaXNhYmxlZCIgXV07IHRoZW4KICBzdWRvIHN5c3RlbWN0bCBlbmFibGUgbm9tYWQuc2VydmljZQogIHN1ZG8gc3lzdGVtY3RsIHN0YXJ0IG5vbWFkLnNlcnZpY2UKICBpZiBbWyBzZXJ2ZXIgPT0gInNlcnZlciIgXV07IHRoZW4KICAgIHN1ZG8gc3lzdGVtY3RsIGVuYWJsZSBjbG91ZHdhdGNoLW5vbWFkLW1ldHJpY3Muc2VydmljZQogICAgc3VkbyBzeXN0ZW1jdGwgc3RhcnQgY2xvdWR3YXRjaC1ub21hZC1tZXRyaWNzLnNlcnZpY2UKICAgIHNsZWVwIDgwCiAgICBBQ0xfVE9LRU49JChub21hZCBhY2wgYm9vdHN0cmFwIHwgZ3JlcCAiU2VjcmV0IiB8IHRyIC1zICcgJyB8IGN1dCAtZCcgJyAtZiA0IHwgc3VkbyB0ZWUgL21udC9ub21hZC9hY2wudG9rZW4pCiAgICBpZiBbWyAhIC16ICIkQUNMX1RPS0VOIiBdXTsgdGhlbiBleHBvcnQgVkFVTFRfQUREUj1odHRwOi8vMTI3LjAuMC4xOjgyMDAgJiYgdmF1bHQga3YgcHV0IGFjbHRva2VuL2Jvb3RzdHJhcCB2YWx1ZT0iJEFDTF9UT0tFTiI7IGZpCiAgZWxzZQogICAgc3VkbyBzeXN0ZW1jdGwgZW5hYmxlIGF1dG9zaHV0ZG93bi5zZXJ2aWNlCiAgICBzdWRvIHN5c3RlbWN0bCBzdGFydCBhdXRvc2h1dGRvd24uc2VydmljZQogIGZpCmZp",
            "vpc_security_group_ids": []
          },
          "private": "bnVsbA==",
          "dependencies": [
            "module.eu-west-3.module.loadbalancing.aws_lb.consul_lb",
            "module.eu-west-3.module.loadbalancing.aws_lb.fabio_lb",
            "module.eu-west-3.module.loadbalancing.aws_lb.nomad_lb",
            "module.eu-west-3.module.loadbalancing.aws_lb.vault_lb",
            "module.eu-west-3.module.networking.module.consul_lb_sg.aws_security_group.security_group",
            "module.eu-west-3.module.networking.module.consul_server_sg.aws_security_group.security_group",
            "module.eu-west-3.module.networking.module.fabio_lb_sg.aws_security_group.security_group",
            "module.eu-west-3.module.networking.module.nomad_client_sg.aws_security_group.security_group",
            "module.eu-west-3.module.networking.module.nomad_lb_sg.aws_security_group.security_group",
            "module.eu-west-3.module.networking.module.nomad_server_sg.aws_security_group.security_group",
            "module.eu-west-3.module.networking.module.vault_lb_sg.aws_security_group.security_group",
            "module.eu-west-3.module.networking.module.vault_server_sg.aws_security_group.security_group",
            "module.eu-west-3.module.nomad_servers.aws_kms_key.vault",
            "module.eu-west-3.module.nomad_servers.data.aws_region.current",
            "module.eu-west-3.module.nomad_servers.module.ami.data.external.ami",
            "module.eu-west-3.module.nomad_servers.module.iam_instance_profile.aws_iam_instance_profile.iam_instance_profile",
            "module.eu-west-3.module.nomad_servers.module.iam_instance_profile_vault_server.aws_iam_instance_profile.iam_instance_profile",
            "module.eu-west-3.module.resourcegroup.random_string.rand",
            "random_id.encrypt_id",
            "random_uuid.role_id_consul",
            "random_uuid.role_id_nomad_cluster",
            "random_uuid.role_id_nomad_server",
            "random_uuid.secret_id_nomad_cluster",
            "random_uuid.secret_id_nomad_server"
          ]
        }
      ]
    },
    {
      "module": "module.eu-west-3.module.nomad_servers.module.ami",
      "mode": "data",
      "type": "external",
      "name": "ami",
      "provider": "provider[\"registry.terraform.io/hashicorp/external\"]",
      "instances": [
        {
          "schema_version": 0,
          "attributes": {
            "id": "-",
            "program": [
              "/bin/bash",
              "-c",
              "#!/bin/bash\n\ntee /tmp/packer-config.json \u003e /dev/null \u003c\u003cEOF\n  {\n  \"min_packer_version\": \"0.12.0\",\n  \"variables\": {\n    \"aws_region\": \"eu-west-3\",\n    \"nomad_version\": \"0.12.7\",\n    \"consul_version\": \"1.8.5\",\n    \"vault_version\": \"\"\n  },\n  \"builders\": [\n    {\n      \"name\": \"ubuntu20-ami\",\n      \"ami_name\": \"hashistacc-ubuntu20-{{timestamp}}\",\n      \"ami_description\": \"Ubuntu 20.04 AMI that has Nomad, Consul and Vault installed\",\n      \"instance_type\": \"t2.micro\",\n      \"region\": \"{{user \\`aws_region\\`}}\",\n      \"ami_regions\": [\"{{user \\`aws_region\\`}}\"],\n      \"type\": \"amazon-ebs\",\n      \"source_ami_filter\": {\n       \"filters\": {\n         \"virtualization-type\": \"hvm\",\n         \"architecture\": \"x86_64\",\n         \"name\": \"ubuntu/images/hvm-ssd/ubuntu-focal-20.04-amd64-server-*\",\n         \"block-device-mapping.volume-type\": \"gp2\",\n         \"root-device-type\": \"ebs\"\n       },\n       \"owners\": [\n         \"099720109477\"\n       ],\n       \"most_recent\": true\n      },\n      \"ssh_username\": \"ubuntu\"\n    }\n  ],\n  \"provisioners\": [\n    {\n      \"type\": \"shell\",\n      \"script\": \"/opt/my-project/hashistacc/templates/packer/shutdown-apt-services.sh\"\n    },\n    {\n      \"type\": \"shell\",\n      \"environment_vars\": [\n        \"NOMAD_VERSION={{user \\`nomad_version\\`}}\",\n        \"CONSUL_VERSION={{user \\`consul_version\\`}}\",\n        \"VAULT_VERSION={{user \\`vault_version\\`}}\"\n      ],\n      \"script\": \"/opt/my-project/hashistacc/templates/packer/setup.sh\"\n    },\n    {\n      \"type\": \"shell\",\n      \"inline\": [\n        \"sudo systemctl enable apt-daily.timer\",\n        \"sudo systemctl enable apt-daily-upgrade.timer\"\n        ]\n    }\n  ]\n}\n\nEOF\n\nAMI_ID=$(packer build /tmp/packer-config.json | grep eu-west-3 | grep ami- | cut -d ' ' -f 2)\njq -n --arg id \"$AMI_ID\" '{\"ami_id\":$id}'"
            ],
            "query": null,
            "result": {
              "ami_id": ""
            },
            "working_dir": null
          }
        }
      ]
    },
    {
      "module": "module.eu-west-3.module.nomad_servers.module.iam_instance_profile",
      "mode": "data",
      "type": "aws_iam_policy_document",
      "name": "iam_policy_document",
      "provider": "module.eu-west-3.provider[\"registry.terraform.io/hashicorp/aws\"]",
      "instances": [
        {
          "schema_version": 0,
          "attributes": {
            "id": "674507034",
            "json": "{\n  \"Version\": \"2012-10-17\",\n  \"Statement\": [\n    {\n      \"Sid\": \"\",\n      \"Effect\": \"Allow\",\n      \"Action\": [\n        \"logs:*\",\n        \"ec2:DescribeInstances\",\n        \"cloudwatch:PutMetricData\"\n      ],\n      \"Resource\": \"*\"\n    }\n  ]\n}",
            "override_json": null,
            "policy_id": null,
            "source_json": null,
            "statement": [
              {
                "actions": [
                  "cloudwatch:PutMetricData",
                  "ec2:DescribeInstances",
                  "logs:*"
                ],
                "condition": [],
                "effect": "Allow",
                "not_actions": [],
                "not_principals": [],
                "not_resources": [],
                "principals": [],
                "resources": [
                  "*"
                ],
                "sid": ""
              }
            ],
            "version": "2012-10-17"
          }
        }
      ]
    },
    {
      "module": "module.eu-west-3.module.nomad_servers.module.iam_instance_profile",
      "mode": "managed",
      "type": "aws_iam_instance_profile",
      "name": "iam_instance_profile",
      "provider": "module.eu-west-3.provider[\"registry.terraform.io/hashicorp/aws\"]",
      "instances": [
        {
          "schema_version": 0,
          "attributes": {
            "arn": "arn:aws:iam::837089879979:instance-profile/terraform-20201116072351259300000009",
            "create_date": "2020-11-16T07:23:52Z",
            "id": "terraform-20201116072351259300000009",
            "name": "terraform-20201116072351259300000009",
            "name_prefix": null,
            "path": "/",
            "role": "terraform-20201116072348894700000001",
            "unique_id": "AIPA4FZTR46V6JVI2B67F"
          },
          "private": "bnVsbA==",
          "dependencies": [
            "module.eu-west-3.module.nomad_servers.module.iam_instance_profile.aws_iam_role.iam_role"
          ]
        }
      ]
    },
    {
      "module": "module.eu-west-3.module.nomad_servers.module.iam_instance_profile",
      "mode": "managed",
      "type": "aws_iam_role",
      "name": "iam_role",
      "provider": "module.eu-west-3.provider[\"registry.terraform.io/hashicorp/aws\"]",
      "instances": [
        {
          "schema_version": 0,
          "attributes": {
            "arn": "arn:aws:iam::837089879979:role/terraform-20201116072348894700000001",
            "assume_role_policy": "{\"Version\":\"2012-10-17\",\"Statement\":[{\"Effect\":\"Allow\",\"Principal\":{\"Service\":\"ec2.amazonaws.com\"},\"Action\":\"sts:AssumeRole\"}]}",
            "create_date": "2020-11-16T07:23:50Z",
            "description": "",
            "force_detach_policies": false,
            "id": "terraform-20201116072348894700000001",
            "max_session_duration": 3600,
            "name": "terraform-20201116072348894700000001",
            "name_prefix": null,
            "path": "/",
            "permissions_boundary": null,
            "tags": {},
            "unique_id": "AROA4FZTR46VRFDKURIKX"
          },
          "private": "bnVsbA=="
        }
      ]
    },
    {
      "module": "module.eu-west-3.module.nomad_servers.module.iam_instance_profile",
      "mode": "managed",
      "type": "aws_iam_role_policy",
      "name": "iam_role_policy",
      "provider": "module.eu-west-3.provider[\"registry.terraform.io/hashicorp/aws\"]",
      "instances": [
        {
          "schema_version": 0,
          "attributes": {
            "id": "terraform-20201116072348894700000001:terraform-2020111607235125950000000a",
            "name": "terraform-2020111607235125950000000a",
            "name_prefix": null,
            "policy": "{\n  \"Version\": \"2012-10-17\",\n  \"Statement\": [\n    {\n      \"Sid\": \"\",\n      \"Effect\": \"Allow\",\n      \"Action\": [\n        \"logs:*\",\n        \"ec2:DescribeInstances\",\n        \"cloudwatch:PutMetricData\"\n      ],\n      \"Resource\": \"*\"\n    }\n  ]\n}",
            "role": "terraform-20201116072348894700000001"
          },
          "private": "bnVsbA==",
          "dependencies": [
            "module.eu-west-3.module.nomad_servers.module.iam_instance_profile.aws_iam_role.iam_role",
            "module.eu-west-3.module.nomad_servers.module.iam_instance_profile.data.aws_iam_policy_document.iam_policy_document"
          ]
        }
      ]
    },
    {
      "module": "module.eu-west-3.module.nomad_servers.module.iam_instance_profile_vault_server",
      "mode": "data",
      "type": "aws_iam_policy_document",
      "name": "iam_policy_document",
      "provider": "module.eu-west-3.provider[\"registry.terraform.io/hashicorp/aws\"]",
      "instances": [
        {
          "schema_version": 0,
          "attributes": {
            "id": "1203239955",
            "json": "{\n  \"Version\": \"2012-10-17\",\n  \"Statement\": [\n    {\n      \"Sid\": \"\",\n      \"Effect\": \"Allow\",\n      \"Action\": [\n        \"logs:*\",\n        \"kms:Encrypt\",\n        \"kms:DescribeKey\",\n        \"kms:Decrypt\",\n        \"ec2:DescribeInstances\"\n      ],\n      \"Resource\": \"*\"\n    }\n  ]\n}",
            "override_json": null,
            "policy_id": null,
            "source_json": null,
            "statement": [
              {
                "actions": [
                  "ec2:DescribeInstances",
                  "kms:Decrypt",
                  "kms:DescribeKey",
                  "kms:Encrypt",
                  "logs:*"
                ],
                "condition": [],
                "effect": "Allow",
                "not_actions": [],
                "not_principals": [],
                "not_resources": [],
                "principals": [],
                "resources": [
                  "*"
                ],
                "sid": ""
              }
            ],
            "version": "2012-10-17"
          }
        }
      ]
    },
    {
      "module": "module.eu-west-3.module.nomad_servers.module.iam_instance_profile_vault_server",
      "mode": "managed",
      "type": "aws_iam_instance_profile",
      "name": "iam_instance_profile",
      "provider": "module.eu-west-3.provider[\"registry.terraform.io/hashicorp/aws\"]",
      "instances": [
        {
          "schema_version": 0,
          "attributes": {
            "arn": "arn:aws:iam::837089879979:instance-profile/terraform-20201116072356565500000017",
            "create_date": "2020-11-16T07:23:57Z",
            "id": "terraform-20201116072356565500000017",
            "name": "terraform-20201116072356565500000017",
            "name_prefix": null,
            "path": "/",
            "role": "terraform-20201116072351238000000008",
            "unique_id": "AIPA4FZTR46V5SGVUF7FR"
          },
          "private": "bnVsbA==",
          "dependencies": [
            "module.eu-west-3.module.nomad_servers.module.iam_instance_profile_vault_server.aws_iam_role.iam_role"
          ]
        }
      ]
    },
    {
      "module": "module.eu-west-3.module.nomad_servers.module.iam_instance_profile_vault_server",
      "mode": "managed",
      "type": "aws_iam_role",
      "name": "iam_role",
      "provider": "module.eu-west-3.provider[\"registry.terraform.io/hashicorp/aws\"]",
      "instances": [
        {
          "schema_version": 0,
          "attributes": {
            "arn": "arn:aws:iam::837089879979:role/terraform-20201116072351238000000008",
            "assume_role_policy": "{\"Version\":\"2012-10-17\",\"Statement\":[{\"Effect\":\"Allow\",\"Principal\":{\"Service\":\"ec2.amazonaws.com\"},\"Action\":\"sts:AssumeRole\"}]}",
            "create_date": "2020-11-16T07:23:52Z",
            "description": "",
            "force_detach_policies": false,
            "id": "terraform-20201116072351238000000008",
            "max_session_duration": 3600,
            "name": "terraform-20201116072351238000000008",
            "name_prefix": null,
            "path": "/",
            "permissions_boundary": null,
            "tags": {},
            "unique_id": "AROA4FZTR46V6O3WIRCC2"
          },
          "private": "bnVsbA=="
        }
      ]
    },
    {
      "module": "module.eu-west-3.module.nomad_servers.module.iam_instance_profile_vault_server",
      "mode": "managed",
      "type": "aws_iam_role_policy",
      "name": "iam_role_policy",
      "provider": "module.eu-west-3.provider[\"registry.terraform.io/hashicorp/aws\"]",
      "instances": [
        {
          "schema_version": 0,
          "attributes": {
            "id": "terraform-20201116072351238000000008:terraform-20201116072356708800000018",
            "name": "terraform-20201116072356708800000018",
            "name_prefix": null,
            "policy": "{\n  \"Version\": \"2012-10-17\",\n  \"Statement\": [\n    {\n      \"Sid\": \"\",\n      \"Effect\": \"Allow\",\n      \"Action\": [\n        \"logs:*\",\n        \"kms:Encrypt\",\n        \"kms:DescribeKey\",\n        \"kms:Decrypt\",\n        \"ec2:DescribeInstances\"\n      ],\n      \"Resource\": \"*\"\n    }\n  ]\n}",
            "role": "terraform-20201116072351238000000008"
          },
          "private": "bnVsbA==",
          "dependencies": [
            "module.eu-west-3.module.nomad_servers.module.iam_instance_profile_vault_server.aws_iam_role.iam_role",
            "module.eu-west-3.module.nomad_servers.module.iam_instance_profile_vault_server.data.aws_iam_policy_document.iam_policy_document"
          ]
        }
      ]
    },
    {
      "module": "module.eu-west-3.module.resourcegroup",
      "mode": "data",
      "type": "aws_region",
      "name": "current",
      "provider": "module.eu-west-3.provider[\"registry.terraform.io/hashicorp/aws\"]",
      "instances": [
        {
          "schema_version": 0,
          "attributes": {
            "description": "Europe (Paris)",
            "endpoint": "ec2.eu-west-3.amazonaws.com",
            "id": "eu-west-3",
            "name": "eu-west-3"
          }
        }
      ]
    },
    {
      "module": "module.eu-west-3.module.resourcegroup",
      "mode": "managed",
      "type": "aws_resourcegroups_group",
      "name": "test",
      "provider": "module.eu-west-3.provider[\"registry.terraform.io/hashicorp/aws\"]",
      "instances": [
        {
          "schema_version": 0,
          "attributes": {
            "arn": "arn:aws:resource-groups:eu-west-3:837089879979:group/terraform-545j4bommr8kop-group",
            "description": "",
            "id": "terraform-545j4bommr8kop-group",
            "name": "terraform-545j4bommr8kop-group",
            "resource_query": [
              {
                "query": "{\n  \"ResourceTypeFilters\": [\n    \"AWS::AllSupported\"\n  ],\n  \"TagFilters\": [\n    {\n      \"Key\": \"ResourceGroup\",\n      \"Values\": [\"terraform-545j4bommr8kop\"]\n    }\n  ]\n}\n",
                "type": "TAG_FILTERS_1_0"
              }
            ],
            "tags": {}
          },
          "private": "bnVsbA==",
          "dependencies": [
            "module.eu-west-3.module.resourcegroup.random_string.rand"
          ]
        }
      ]
    },
    {
      "module": "module.eu-west-3.module.resourcegroup",
      "mode": "managed",
      "type": "random_string",
      "name": "rand",
      "provider": "provider[\"registry.terraform.io/hashicorp/random\"]",
      "instances": [
        {
          "schema_version": 1,
          "attributes": {
            "id": "545j4bommr8kopa9bj5mzlu8",
            "keepers": null,
            "length": 24,
            "lower": true,
            "min_lower": 0,
            "min_numeric": 0,
            "min_special": 0,
            "min_upper": 0,
            "number": true,
            "override_special": null,
            "result": "545j4bommr8kopa9bj5mzlu8",
            "special": false,
            "upper": false
          },
          "private": "eyJzY2hlbWFfdmVyc2lvbiI6IjEifQ=="
        }
      ]
    },
    {
      "module": "module.eu-west-3.module.vault_servers",
      "mode": "data",
      "type": "aws_ami",
      "name": "hashistacc",
      "provider": "module.eu-west-3.provider[\"registry.terraform.io/hashicorp/aws\"]",
      "instances": [
        {
          "schema_version": 0,
          "attributes": {
            "architecture": "x86_64",
            "arn": "arn:aws:ec2:eu-west-3::image/ami-008eaf6ebe71245d0",
            "block_device_mappings": [
              {
                "device_name": "/dev/sda1",
                "ebs": {
                  "delete_on_termination": "true",
                  "encrypted": "false",
                  "iops": "0",
                  "snapshot_id": "snap-016e30e209118e349",
                  "volume_size": "8",
                  "volume_type": "gp2"
                },
                "no_device": "",
                "virtual_name": ""
              },
              {
                "device_name": "/dev/sdb",
                "ebs": {},
                "no_device": "",
                "virtual_name": "ephemeral0"
              },
              {
                "device_name": "/dev/sdc",
                "ebs": {},
                "no_device": "",
                "virtual_name": "ephemeral1"
              }
            ],
            "creation_date": "2020-11-16T16:05:49.000Z",
            "description": "Ubuntu 20.04 AMI that has Nomad, Consul and Vault installed",
            "executable_users": null,
            "filter": [
              {
                "name": "name",
                "values": [
                  "hashistacc-ubuntu20-*"
                ]
              }
            ],
            "hypervisor": "xen",
            "id": "ami-008eaf6ebe71245d0",
            "image_id": "ami-008eaf6ebe71245d0",
            "image_location": "837089879979/hashistacc-ubuntu20-1605542591",
            "image_owner_alias": null,
            "image_type": "machine",
            "kernel_id": null,
            "most_recent": true,
            "name": "hashistacc-ubuntu20-1605542591",
            "name_regex": null,
            "owner_id": "837089879979",
            "owners": [
              "837089879979"
            ],
            "platform": null,
            "product_codes": [],
            "public": false,
            "ramdisk_id": null,
            "root_device_name": "/dev/sda1",
            "root_device_type": "ebs",
            "root_snapshot_id": "snap-016e30e209118e349",
            "sriov_net_support": "simple",
            "state": "available",
            "state_reason": {
              "code": "UNSET",
              "message": "UNSET"
            },
            "tags": {},
            "virtualization_type": "hvm"
          }
        }
      ]
    },
    {
      "module": "module.eu-west-3.module.vault_servers",
      "mode": "data",
      "type": "aws_instances",
      "name": "instances",
      "provider": "module.eu-west-3.provider[\"registry.terraform.io/hashicorp/aws\"]",
      "instances": []
    },
    {
      "module": "module.eu-west-3.module.vault_servers",
      "mode": "data",
      "type": "aws_region",
      "name": "current",
      "provider": "module.eu-west-3.provider[\"registry.terraform.io/hashicorp/aws\"]",
      "instances": [
        {
          "schema_version": 0,
          "attributes": {
            "description": "Europe (Paris)",
            "endpoint": "ec2.eu-west-3.amazonaws.com",
            "id": "eu-west-3",
            "name": "eu-west-3"
          }
        }
      ]
    },
    {
      "module": "module.eu-west-3.module.vault_servers",
      "mode": "managed",
      "type": "aws_kms_key",
      "name": "vault",
      "provider": "module.eu-west-3.provider[\"registry.terraform.io/hashicorp/aws\"]",
      "instances": [
        {
          "schema_version": 0,
          "attributes": {
            "arn": "arn:aws:kms:eu-west-3:837089879979:key/fb97dc15-e206-4834-baa2-1a3a40175003",
            "customer_master_key_spec": "SYMMETRIC_DEFAULT",
            "deletion_window_in_days": 10,
            "description": "Vault unseal key",
            "enable_key_rotation": false,
            "id": "fb97dc15-e206-4834-baa2-1a3a40175003",
            "is_enabled": true,
            "key_id": "fb97dc15-e206-4834-baa2-1a3a40175003",
            "key_usage": "ENCRYPT_DECRYPT",
            "policy": "{\"Id\":\"key-default-1\",\"Statement\":[{\"Action\":\"kms:*\",\"Effect\":\"Allow\",\"Principal\":{\"AWS\":\"arn:aws:iam::837089879979:root\"},\"Resource\":\"*\",\"Sid\":\"Enable IAM User Permissions\"}],\"Version\":\"2012-10-17\"}",
            "tags": {}
          },
          "private": "bnVsbA=="
        }
      ]
    },
    {
      "module": "module.eu-west-3.module.vault_servers",
      "mode": "managed",
      "type": "aws_launch_template",
      "name": "server",
      "provider": "module.eu-west-3.provider[\"registry.terraform.io/hashicorp/aws\"]",
      "instances": [
        {
          "schema_version": 0,
          "attributes": {
            "arn": "arn:aws:ec2:eu-west-3:837089879979:launch-template/lt-03c1abb00d0292b13",
            "block_device_mappings": [],
            "capacity_reservation_specification": [],
            "cpu_options": [],
            "credit_specification": [],
            "default_version": 1,
            "description": "",
            "disable_api_termination": false,
            "ebs_optimized": "",
            "elastic_gpu_specifications": [],
            "elastic_inference_accelerator": [],
            "hibernation_options": [],
            "iam_instance_profile": [
              {
                "arn": "",
                "name": "terraform-20201116072354988200000012"
              }
            ],
            "id": "lt-03c1abb00d0292b13",
            "image_id": "ami-065fd8a2f8d3bba74",
            "instance_initiated_shutdown_behavior": "",
            "instance_market_options": [],
            "instance_type": "t4g.nano",
            "kernel_id": "",
            "key_name": "TMP-proj",
            "latest_version": 2,
            "license_specification": [],
            "metadata_options": [],
            "monitoring": [],
            "name": "terraform-545j4bommr8kop_Vserver_Ndisabled_Cclient20201116161237989600000004",
            "name_prefix": "terraform-545j4bommr8kop_Vserver_Ndisabled_Cclient",
            "network_interfaces": [
              {
                "associate_public_ip_address": "true",
                "delete_on_termination": "true",
                "description": "",
                "device_index": 0,
                "ipv4_address_count": 0,
                "ipv4_addresses": [],
                "ipv6_address_count": 0,
                "ipv6_addresses": [],
                "network_interface_id": "",
                "private_ip_address": "",
                "security_groups": [
                  "sg-0c9b76e789190e8ac"
                ],
                "subnet_id": ""
              }
            ],
            "placement": [],
            "ram_disk_id": "",
            "security_group_names": [],
            "tag_specifications": [],
            "tags": {
              "ResourceGroup": "terraform-545j4bommr8kop"
            },
            "update_default_version": null,
            "user_data": "IyEvdXNyL2Jpbi9lbnYgYmFzaApzZXQgLWUKCmZ1bmN0aW9uIGNvbmZpZ0NvbnN1bCgpIHsKICBzdWRvIG1rZGlyIC1wIC9tbnQvY29uc3VsCiAgc3VkbyBta2RpciAtcCAvZXRjL2NvbnN1bC5kCiAgc3VkbyB0ZWUgL2V0Yy9jb25zdWwuZC9jb25maWcuanNvbiA+IC9kZXYvbnVsbCA8PEVPRgogIHsKICAiZGF0YWNlbnRlciI6ImRjMSIsCiAgImJpbmRfYWRkciI6ICIwLjAuMC4wIiwKICAiYWR2ZXJ0aXNlX2FkZHIiOiAiJFBVQkxJQ19JUCIsCiAgImFkZHJlc3NlcyI6IHsKICAgICJodHRwIjogIjAuMC4wLjAiCiAgfSwKICAiZGF0YV9kaXIiOiAiL21udC9jb25zdWwiLAogICJkaXNhYmxlX3JlbW90ZV9leGVjIjogdHJ1ZSwKICAiZGlzYWJsZV91cGRhdGVfY2hlY2siOiB0cnVlLAogICJsZWF2ZV9vbl90ZXJtaW5hdGUiOiB0cnVlLAogICJyZXRyeV9qb2luIjogWyAicHJvdmlkZXI9YXdzIHRhZ19rZXk9UmVzb3VyY2VHcm91cCB0YWdfdmFsdWU9dGVycmFmb3JtLTU0NWo0Ym9tbXI4a29wIiBdLAogICJzZXJ2ZXIiOiBmYWxzZSwKICAiZW5jcnlwdCI6ICI1S1pvS0pLQUhPdXUzWjlvVzNYMUJBPT0iLAogICJhdXRvX2VuY3J5cHQiOiB7CiAgICAidGxzIjogdHJ1ZQogIH0sCiAgImNhX2ZpbGUiOiAiL21udC9jb25zdWwvY2VydHMvY2EuY3J0IiwKICAidmVyaWZ5X2luY29taW5nIjogZmFsc2UsCiAgInZlcmlmeV9vdXRnb2luZyI6IHRydWUsCiAgInBvcnRzIjogewogICAgImdycGMiOiA4NTAyCiAgfQp9CkVPRgp9CgpmdW5jdGlvbiBjb25maWdOb21hZCgpIHsKICBzdWRvIG1rZGlyIC1wIC9tbnQvbm9tYWQKICBzdWRvIG1rZGlyIC1wIC9ldGMvbm9tYWQuZAogIHN1ZG8gdGVlIC9ldGMvbm9tYWQuZC9jb25maWcuaGNsID4gL2Rldi9udWxsIDw8RU9GCiAgCkVPRgp9CgpmdW5jdGlvbiBpbnN0YWxsQ2xvdWR3YXRjaE5vbWFkTWV0cmljcygpIHsKICBzdWRvIHRlZSAvb3B0L2Nsb3Vkd2F0Y2gtbm9tYWQtbWV0cmljcy5weSA+IC9kZXYvbnVsbCA8PCJFT0YiCiMhL3Vzci9iaW4vZW52IHB5dGhvbjMKCmltcG9ydCBjb2xsZWN0aW9ucwppbXBvcnQgZGF0ZXRpbWUKaW1wb3J0IHNjaGVkCmltcG9ydCB0aW1lCmltcG9ydCBwcHJpbnQKaW1wb3J0IG5vbWFkCmltcG9ydCBib3RvMwoKY2xpZW50X2Nsb3Vkd2F0Y2ggPSBib3RvMy5jbGllbnQoJ2Nsb3Vkd2F0Y2gnLCByZWdpb25fbmFtZT0nZXUtd2VzdC0zJykKY2xpZW50X25vbWFkID0gbm9tYWQuTm9tYWQoKQpzdW1tYXJ5X3N0YXR1cyA9IGZyb3plbnNldChbJ1F1ZXVlZCcsICdTdGFydGluZycsICdSdW5uaW5nJywgJ0ZhaWxlZCcsICdDb21wbGV0ZScsICdMb3N0J10pCgpkZWYgcHV0X21ldHJpY3Mobm93KToKICAgIGpvYnMgPSBjbGllbnRfbm9tYWQuam9icy5nZXRfam9icygpCiAgICBzdW1tID0gY29sbGVjdGlvbnMuQ291bnRlcih7czogMCBmb3IgcyBpbiBzdW1tYXJ5X3N0YXR1c30pCiAgICBmb3IgaiBpbiBqb2JzOgogICAgICAgIHN1bW0udXBkYXRlKGxpc3QoalsiSm9iU3VtbWFyeSJdWyJTdW1tYXJ5Il0udmFsdWVzKCkpWzBdKQoKICAgIG1ldHJpY19kYXRhID0gWwogICAgICAgIHsKICAgICAgICAgICAgJ01ldHJpY05hbWUnOiAnSm9iIHN1bW1hcnknLAogICAgICAgICAgICAnVGltZXN0YW1wJzogbm93LAogICAgICAgICAgICAnVmFsdWUnOiBjb3VudCwKICAgICAgICAgICAgJ1VuaXQnOiAnQ291bnQnLAogICAgICAgICAgICAnRGltZW5zaW9ucyc6IFsKICAgICAgICAgICAgICAgIHsgJ05hbWUnOiAnU3RhdHVzJywgJ1ZhbHVlJzogc3RhdHVzIH0sCiAgICAgICAgICAgIF0sCiAgICAgICAgfQogICAgICAgIGZvciBzdGF0dXMsIGNvdW50IGluIHN1bW0uaXRlbXMoKQogICAgXQogICAgcHByaW50LnBwcmludChtZXRyaWNfZGF0YSkKICAgIGNsaWVudF9jbG91ZHdhdGNoLnB1dF9tZXRyaWNfZGF0YSgKICAgICAgICBOYW1lc3BhY2U9J05vbWFkJywKICAgICAgICBNZXRyaWNEYXRhPW1ldHJpY19kYXRhLAogICAgKQogICAgZW50ZXJfbmV4dChzLCBwdXRfbWV0cmljcykKCmRlZiBlbnRlcl9uZXh0KHMsIGZ1bmN0aW9uKToKICAgIG5vdyA9IGRhdGV0aW1lLmRhdGV0aW1lLnV0Y25vdygpCiAgICBub3dfbmV4dCA9IG5vdy5yZXBsYWNlKCkgKyBkYXRldGltZS50aW1lZGVsdGEoc2Vjb25kcz01KQogICAgcy5lbnRlcmFicygKICAgICAgICB0aW1lPW5vd19uZXh0LnRpbWVzdGFtcCgpLAogICAgICAgIHByaW9yaXR5PTEsCiAgICAgICAgYWN0aW9uPWZ1bmN0aW9uLAogICAgICAgIGFyZ3VtZW50PShub3dfbmV4dCwpLAogICAgKQoKaWYgX19uYW1lX18gPT0gJ19fbWFpbl9fJzoKICAgIHMgPSBzY2hlZC5zY2hlZHVsZXIobGFtYmRhOiBkYXRldGltZS5kYXRldGltZS51dGNub3coKS50aW1lc3RhbXAoKSwgdGltZS5zbGVlcCkKICAgIGVudGVyX25leHQocywgcHV0X21ldHJpY3MpCiAgICBwdXRfbWV0cmljcwogICAgd2hpbGUgVHJ1ZToKICAgICAgICBzLnJ1bigpCkVPRgoKICBzdWRvIHRlZSAvZXRjL3N5c3RlbWQvc3lzdGVtL2Nsb3Vkd2F0Y2gtbm9tYWQtbWV0cmljcy5zZXJ2aWNlID4gL2Rldi9udWxsIDw8IkVPRiIKW1VuaXRdCkRlc2NyaXB0aW9uPUNsb3Vkd2F0Y2ggTm9tYWQgTWV0cmljcwpXYW50cz1uZXR3b3JrLW9ubGluZS50YXJnZXQKQWZ0ZXI9bmV0d29yay1vbmxpbmUudGFyZ2V0CldhbnRzPW5vbWFkLnNlcnZpY2UKQWZ0ZXI9bm9tYWQuc2VydmljZQoKW1NlcnZpY2VdCkV4ZWNSZWxvYWQ9L2Jpbi9raWxsIC1IVVAgJE1BSU5QSUQKRXhlY1N0YXJ0PS9iaW4vYmFzaCAtYyAiZXhwb3J0IE5PTUFEX1RPS0VOPSQkKGV4cG9ydCBWQVVMVF9BRERSPWh0dHA6Ly8xMjcuMC4wLjE6ODIwMCAmJiB2YXVsdCBrdiBnZXQgLWZpZWxkPXZhbHVlIGFjbHRva2VuL2Jvb3RzdHJhcCk7L29wdC9jbG91ZHdhdGNoLW5vbWFkLW1ldHJpY3MucHkiCktpbGxNb2RlPXByb2Nlc3MKS2lsbFNpZ25hbD1TSUdJTlQKTGltaXROT0ZJTEU9aW5maW5pdHkKTGltaXROUFJPQz1pbmZpbml0eQpSZXN0YXJ0PW9uLWZhaWx1cmUKUmVzdGFydFNlYz02MApTdGFydExpbWl0SW50ZXJ2YWxTZWM9NjAKU3RhcnRMaW1pdEJ1cnN0PTEKCltJbnN0YWxsXQpXYW50ZWRCeT1tdWx0aS11c2VyLnRhcmdldApFT0YKCiAgc3VkbyBjaG1vZCAreCAvb3B0L2Nsb3Vkd2F0Y2gtbm9tYWQtbWV0cmljcy5weQp9CgpmdW5jdGlvbiBjb25maWdWYXVsdCgpIHsKICBlY2hvICJDcmVhdGluZyBWYXVsdCB1c2VyLi4uIgogIHN1ZG8gZ3JvdXBhZGQgdmF1bHQgJiYgdXNlcmFkZCAtciAtZyB2YXVsdCAtZCAvdXNyL2xvY2FsL3ZhdWx0IC1tIC1zIC9zYmluL25vbG9naW4gLWMgIlZhdWx0IHVzZXIiIHZhdWx0IAoKICBzdWRvIG1rZGlyIC1wIC9tbnQvdmF1bHQKICBzdWRvIG1rZGlyIC1wIC9ldGMvdmF1bHQuZAogIHN1ZG8gbWtkaXIgLXAgL2V0Yy92YXVsdC5kL3BsdWdpbnMKCiAgY2QgL3RtcCAmJiBjdXJsIC1MIC1vIHZhdWx0LXNlY3JldHMtZ2VuLnRneiBodHRwczovL2dpdGh1Yi5jb20vc2V0aHZhcmdvL3ZhdWx0LXNlY3JldHMtZ2VuL3JlbGVhc2VzL2Rvd25sb2FkL3YwLjAuNi92YXVsdC1zZWNyZXRzLWdlbl8wLjAuNl9saW51eF9hbWQ2NC50Z3oKICBzdWRvIHRhciAteHpmIHZhdWx0LXNlY3JldHMtZ2VuLnRneiAmJiBzdWRvIG12IHZhdWx0LXNlY3JldHMtZ2VuIC9ldGMvdmF1bHQuZC9wbHVnaW5zLyAmJiBzdWRvIGNobW9kICt4IC9ldGMvdmF1bHQuZC9wbHVnaW5zL3ZhdWx0LXNlY3JldHMtZ2VuIAogIHN1ZG8gc2V0Y2FwIGNhcF9pcGNfbG9jaz0rZXAgL2V0Yy92YXVsdC5kL3BsdWdpbnMvdmF1bHQtc2VjcmV0cy1nZW4KCiAgc3VkbyB0ZWUgL2V0Yy92YXVsdC5kL3ZhdWx0X3NlcnZlci5oY2wgPiAvZGV2L251bGwgPDxFT0YKICBsaXN0ZW5lciAidGNwIiB7CiAgYWRkcmVzcyAgICAgICAgICA9ICIwLjAuMC4wOjgyMDAiCiAgY2x1c3Rlcl9hZGRyZXNzICA9ICIkUFVCTElDX0lQOjgyMDEiCiAgdGxzX2Rpc2FibGUgICAgICA9ICJ0cnVlIgp9CgpzdG9yYWdlICJmaWxlIiB7CiAgcGF0aCA9ICIvbW50L3ZhdWx0L2RhdGEiCn0KCmFwaV9hZGRyID0gImh0dHA6Ly8kUFVCTElDX0lQOjgyMDAiCmNsdXN0ZXJfYWRkciA9ICJodHRwczovLyRQVUJMSUNfSVA6ODIwMSIKdWkgPSB0cnVlCnBsdWdpbl9kaXJlY3RvcnkgPSAiL2V0Yy92YXVsdC5kL3BsdWdpbnMiCgpzZWFsICJhd3NrbXMiIHsKICByZWdpb24gPSAiZXUtd2VzdC0zIgogIGttc19rZXlfaWQgPSAiZmI5N2RjMTUtZTIwNi00ODM0LWJhYTItMWEzYTQwMTc1MDAzIgp9CgoKRU9GCgogIHN1ZG8gdGVlIC9ldGMvc3lzdGVtZC9zeXN0ZW0vdmF1bHQuc2VydmljZSA+IC9kZXYvbnVsbCA8PCJFT0YiCltVbml0XQpEZXNjcmlwdGlvbj1WYXVsdCBzZXJ2ZXIKUmVxdWlyZXM9bmV0d29yay1vbmxpbmUudGFyZ2V0CkFmdGVyPW5ldHdvcmstb25saW5lLnRhcmdldAoKW1NlcnZpY2VdClJlc3RhcnQ9b24tZmFpbHVyZQpSZXN0YXJ0U2VjPTQycwpQSURGaWxlPS92YXIvcnVuL3ZhdWx0L3ZhdWx0LnBpZApFeGVjU3RhcnQ9L3Vzci9sb2NhbC9iaW4vdmF1bHQgc2VydmVyIC1jb25maWc9L2V0Yy92YXVsdC5kL3ZhdWx0X3NlcnZlci5oY2wgLWxvZy1sZXZlbD1kZWJ1ZwpFeGVjUmVsb2FkPS9iaW4va2lsbCAtSFVQICRNQUlOUElECktpbGxNb2RlPXByb2Nlc3MKS2lsbFNpZ25hbD1TSUdURVJNCkxpbWl0TUVNTE9DSz1pbmZpbml0eQpVc2VyPXZhdWx0Ckdyb3VwPXZhdWx0CgpbSW5zdGFsbF0KV2FudGVkQnk9bXVsdGktdXNlci50YXJnZXQKRU9GCn0KCmZ1bmN0aW9uIHNldFNlY3JldHNHZW5QbHVnaW4oKSB7CiAgZXhwb3J0IFNIQTI1Nj0kKHNoYXN1bSAtYSAyNTYgIi9ldGMvdmF1bHQuZC9wbHVnaW5zL3ZhdWx0LXNlY3JldHMtZ2VuIiB8IGN1dCAtZCcgJyAtZjEpCiAgdmF1bHQgcGx1Z2luIHJlZ2lzdGVyIC1zaGEyNTY9IiR7U0hBMjU2fSIgLWNvbW1hbmQ9InZhdWx0LXNlY3JldHMtZ2VuIiBzZWNyZXQgc2VjcmV0cy1nZW4KICB2YXVsdCBzZWNyZXRzIGVuYWJsZSAtcGF0aD0iZ2VuIiAtcGx1Z2luLW5hbWU9InNlY3JldHMtZ2VuIiBwbHVnaW4KfQoKZnVuY3Rpb24gY3JlYXRlVGVtcGxhdGVzKCkgewogIHRvdWNoIC90bXAvJDEKICB0b3VjaCAvdG1wLyQyIAogIHN1ZG8gbWtkaXIgLXAgL21udC8kMS90ZW1wbGF0ZXMKICBzdWRvIG1rZGlyIC1wIC9tbnQvJDEvY2VydHMKICBzdWRvIHRlZSAvbW50LyQxL3RlbXBsYXRlcy9hZ2VudC5jcnQudHBsID4gL2Rldi9udWxsIDw8RU9GCnt7IHdpdGggc2VjcmV0ICIkMS1pbnRlcm1lZGlhdGUtcGtpL2lzc3VlLyQxLWNsdXN0ZXIiICJjb21tb25fbmFtZT0kMiIgInR0bD0yNGgiICJhbHRfbmFtZXM9bG9jYWxob3N0IiAiaXBfc2Fucz0kUFVCTElDX0lQLDEyNy4wLjAuMSJ9fQp7eyAuRGF0YS5jZXJ0aWZpY2F0ZSB9fQp7eyBlbmQgfX0KRU9GCiAgc3VkbyB0ZWUgL21udC8kMS90ZW1wbGF0ZXMvYWdlbnQua2V5LnRwbCA+IC9kZXYvbnVsbCA8PEVPRgp7eyB3aXRoIHNlY3JldCAiJDEtaW50ZXJtZWRpYXRlLXBraS9pc3N1ZS8kMS1jbHVzdGVyIiAiY29tbW9uX25hbWU9JDIiICJ0dGw9MjRoIiAiYWx0X25hbWVzPWxvY2FsaG9zdCIgImlwX3NhbnM9JFBVQkxJQ19JUCwxMjcuMC4wLjEifX0Ke3sgLkRhdGEucHJpdmF0ZV9rZXkgfX0Ke3sgZW5kIH19CkVPRgogIHN1ZG8gdGVlIC9tbnQvJDEvdGVtcGxhdGVzL2NhLmNydC50cGwgPiAvZGV2L251bGwgPDxFT0YKe3sgd2l0aCBzZWNyZXQgIiQxLWludGVybWVkaWF0ZS1wa2kvaXNzdWUvJDEtY2x1c3RlciIgImNvbW1vbl9uYW1lPSQyIiAidHRsPTI0aCJ9fQp7eyAuRGF0YS5pc3N1aW5nX2NhIH19Cnt7IGVuZCB9fQpFT0YKICBzdWRvIHRlZSAvbW50LyQxL3RlbXBsYXRlcy9jbGkuY3J0LnRwbCA+IC9kZXYvbnVsbCA8PEVPRgp7eyB3aXRoIHNlY3JldCAiJDEtaW50ZXJtZWRpYXRlLXBraS9pc3N1ZS8kMS1jbHVzdGVyIiAidHRsPTI0aCIgfX0Ke3sgLkRhdGEuY2VydGlmaWNhdGUgfX0Ke3sgZW5kIH19CkVPRgogIHN1ZG8gdGVlIC9tbnQvJDEvdGVtcGxhdGVzL2NsaS5rZXkudHBsID4gL2Rldi9udWxsIDw8RU9GCnt7IHdpdGggc2VjcmV0ICIkMS1pbnRlcm1lZGlhdGUtcGtpL2lzc3VlLyQxLWNsdXN0ZXIiICJ0dGw9MjRoIiB9fQp7eyAuRGF0YS5wcml2YXRlX2tleSB9fQp7eyBlbmQgfX0KRU9GCn0KCmZ1bmN0aW9uIHNldFBLSSgpIHsKICB2YXVsdCBsb2dpbiAkKGNhdCAvbW50L3ZhdWx0L3ZhdWx0LnRva2VuKQogIHZhdWx0IHNlY3JldHMgZW5hYmxlIC1wYXRoPSQxLXJvb3QtcGtpIHBraQogIHZhdWx0IHNlY3JldHMgdHVuZSAtbWF4LWxlYXNlLXR0bD04NzYwMGggJDEtcm9vdC1wa2kKICB2YXVsdCB3cml0ZSAtZmllbGQ9Y2VydGlmaWNhdGUgJDEtcm9vdC1wa2kvcm9vdC9nZW5lcmF0ZS9pbnRlcm5hbCBcCiAgICAgIGNvbW1vbl9uYW1lPSIkMiIgdHRsPTg3NjAwaCA+IENBX2NlcnQuY3J0CiAgdmF1bHQgc2VjcmV0cyBlbmFibGUgLXBhdGg9JDEtaW50ZXJtZWRpYXRlLXBraSBwa2kKICB2YXVsdCBzZWNyZXRzIHR1bmUgLW1heC1sZWFzZS10dGw9NDM4MDBoICQxLWludGVybWVkaWF0ZS1wa2kKICB2YXVsdCB3cml0ZSAtZm9ybWF0PWpzb24gJDEtaW50ZXJtZWRpYXRlLXBraS9pbnRlcm1lZGlhdGUvZ2VuZXJhdGUvaW50ZXJuYWwgXAogICAgICBjb21tb25fbmFtZT0iJDIgSW50ZXJtZWRpYXRlIEF1dGhvcml0eSIgXAogICAgICB0dGw9IjQzODAwaCIgfCBqcSAtciAnLmRhdGEuY3NyJyA+ICQxLWludGVybWVkaWF0ZS1wa2kuY3NyCiAgdmF1bHQgd3JpdGUgLWZvcm1hdD1qc29uICQxLXJvb3QtcGtpL3Jvb3Qvc2lnbi1pbnRlcm1lZGlhdGUgXAogICAgICBjc3I9QCQxLWludGVybWVkaWF0ZS1wa2kuY3NyIGZvcm1hdD1wZW1fYnVuZGxlIFwKICAgICAgdHRsPSI0MzgwMGgiIHwganEgLXIgJy5kYXRhLmNlcnRpZmljYXRlJyA+ICQxLWludGVybWVkaWF0ZS5jZXJ0LnBlbQogIHZhdWx0IHdyaXRlICQxLWludGVybWVkaWF0ZS1wa2kvaW50ZXJtZWRpYXRlL3NldC1zaWduZWQgY2VydGlmaWNhdGU9QCQxLWludGVybWVkaWF0ZS5jZXJ0LnBlbQogIHZhdWx0IHdyaXRlICQxLWludGVybWVkaWF0ZS1wa2kvcm9sZXMvJDEtY2x1c3RlciBhbGxvd2VkX2RvbWFpbnM9JDIgXAogICAgICBhbGxvd19zdWJkb21haW5zPXRydWUgbWF4X3R0bD04NjQwMHMgcmVxdWlyZV9jbj1mYWxzZSBnZW5lcmF0ZV9sZWFzZT10cnVlCiAgc3VkbyBta2RpciAtcCAvbW50L3ZhdWx0L3BvbGljaWVzCiAgc3VkbyB0ZWUgL21udC92YXVsdC9wb2xpY2llcy8kMS10bHMtcG9saWN5LmhjbCA+IC9kZXYvbnVsbCA8PEVPRgpwYXRoICIkMS1pbnRlcm1lZGlhdGUtcGtpL2lzc3VlLyQxLWNsdXN0ZXIiIHsKICBjYXBhYmlsaXRpZXMgPSBbInVwZGF0ZSJdCn0KRU9GCiAgdmF1bHQgcG9saWN5IHdyaXRlICQxLXRscy1wb2xpY3kgL21udC92YXVsdC9wb2xpY2llcy8kMS10bHMtcG9saWN5LmhjbAp9CgpmdW5jdGlvbiBjb25maWd1cmVBcHBSb2xlRW5naW5lVmF1bHQoKSB7CiAgdmF1bHQgd3JpdGUgYXV0aC9hcHByb2xlL3JvbGUvJDEgdG9rZW5fbnVtX3VzZXM9MTAgdG9rZW5fdHRsPTIwbSB0b2tlbl9tYXhfdHRsPTMwbSB0b2tlbl9wb2xpY2llcz0kNAogIHZhdWx0IHdyaXRlIGF1dGgvYXBwcm9sZS9yb2xlLyQxL3JvbGUtaWQgcm9sZV9pZD0kMgogIHZhdWx0IHdyaXRlIGF1dGgvYXBwcm9sZS9yb2xlLyQxL2N1c3RvbS1zZWNyZXQtaWQgc2VjcmV0X2lkPSQzCn0KCmZ1bmN0aW9uIHNldE5vbWFkVmF1bHRJbnRlZ3JhdGlvbigpIHsKICBzdWRvIGN1cmwgaHR0cHM6Ly9ub21hZHByb2plY3QuaW8vZGF0YS92YXVsdC9ub21hZC1zZXJ2ZXItcG9saWN5LmhjbCAtc0xvIC9tbnQvdmF1bHQvcG9saWNpZXMvbm9tYWQtc2VydmVyLXBvbGljeS5oY2wKICBzdWRvIGN1cmwgaHR0cHM6Ly9ub21hZHByb2plY3QuaW8vZGF0YS92YXVsdC9ub21hZC1jbHVzdGVyLXJvbGUuanNvbiAtc0xvIC9tbnQvdmF1bHQvcG9saWNpZXMvbm9tYWQtY2x1c3Rlci1yb2xlLmpzb24KICBzdWRvIHRlZSAtYSAvbW50L3ZhdWx0L3BvbGljaWVzL25vbWFkLXNlcnZlci1wb2xpY3kuaGNsID4gL2Rldi9udWxsIDw8IkVPRiIKcGF0aCAiYWNsdG9rZW4vKiIKewogIGNhcGFiaWxpdGllcyA9IFsiY3JlYXRlIiwgInJlYWQiLCAidXBkYXRlIl0KfQpFT0YKICB2YXVsdCBwb2xpY3kgd3JpdGUgbm9tYWQtc2VydmVyIC9tbnQvdmF1bHQvcG9saWNpZXMvbm9tYWQtc2VydmVyLXBvbGljeS5oY2wKICB2YXVsdCB3cml0ZSAvYXV0aC90b2tlbi9yb2xlcy9ub21hZC1jbHVzdGVyIEAvbW50L3ZhdWx0L3BvbGljaWVzL25vbWFkLWNsdXN0ZXItcm9sZS5qc29uCiAgc3VkbyB0ZWUgL21udC92YXVsdC9wb2xpY2llcy9ub21hZC1jbHVzdGVyLmhjbCA+IC9kZXYvbnVsbCA8PCJFT0YiCnBhdGggInNlY3JldC8qIgp7CiAgY2FwYWJpbGl0aWVzID0gWyJyZWFkIl0KfQoKcGF0aCAiZ2VuL3Bhc3N3b3JkIgp7CiAgY2FwYWJpbGl0aWVzID0gWyJ1cGRhdGUiXQp9CkVPRgogIHZhdWx0IHBvbGljeSB3cml0ZSBub21hZC1jbHVzdGVyIC9tbnQvdmF1bHQvcG9saWNpZXMvbm9tYWQtY2x1c3Rlci5oY2wKICB2YXVsdCB3cml0ZSBhdXRoL2FwcHJvbGUvcm9sZS9ub21hZC1zZXJ2ZXIgdG9rZW5fcG9saWNpZXM9Im5vbWFkLXRscy1wb2xpY3ksY29uc3VsLXRscy1wb2xpY3ksbm9tYWQtc2VydmVyIgp9CgplY2hvICJHcmFiYmluZyBJUHMuLi4iClBSSVZBVEVfSVA9JChjdXJsIGh0dHA6Ly8xNjkuMjU0LjE2OS4yNTQvbGF0ZXN0L21ldGEtZGF0YS9sb2NhbC1pcHY0KQpQVUJMSUNfSVA9JChjdXJsIGh0dHA6Ly8xNjkuMjU0LjE2OS4yNTQvbGF0ZXN0L21ldGEtZGF0YS9wdWJsaWMtaXB2NCkKCmlmIFtbICBjbGllbnQgIT0gImRpc2FibGVkIiBdXTsgdGhlbgogIGNvbmZpZ0NvbnN1bAogIGNyZWF0ZVRlbXBsYXRlcyAiY29uc3VsIiAiY2xpZW50LnNlcnZpY2UuY29uc3VsIgogIGlmIFtbIGNsaWVudCA9PSAic2VydmVyIiBdXTsgdGhlbgogICAgc3VkbyB0ZWUgL21udC9jb25zdWwvcmVmcmVzaHRva2VuLnNoID4gL2Rldi9udWxsIDw8IkVPRiIKanEgLS1hcmcgdG9rZW4gJChzdWRvIGNhdCAvZXRjL3ZhdWx0LmQvc2luaykgJy5jb25uZWN0LmNhX2NvbmZpZy50b2tlbiA9ICR0b2tlbicgL2V0Yy9jb25zdWwuZC9jb25maWcuanNvbiA+IC90bXAvdG1wLmpzb24gJiYgbXYgL3RtcC90bXAuanNvbiAvZXRjL2NvbnN1bC5kL2NvbmZpZy5qc29uCkVPRgogICAgc3VkbyBjaG1vZCAreCAvbW50L2NvbnN1bC9yZWZyZXNodG9rZW4uc2gKICAgIChzdWRvIGNyb250YWIgLWwgMj4vZGV2L251bGw7IGVjaG8gIiovNSAqICogKiAqIC9tbnQvY29uc3VsL3JlZnJlc2h0b2tlbi5zaCIpIHwgc3VkbyBjcm9udGFiIC0KICBmaQpmaQoKaWYgW1sgIGRpc2FibGVkICE9ICJkaXNhYmxlZCIgXV07IHRoZW4KICBjb25maWdOb21hZAogIGNyZWF0ZVRlbXBsYXRlcyAibm9tYWQiICJkaXNhYmxlZC5nbG9iYWwubm9tYWQiCiAgaWYgW1sgZGlzYWJsZWQgPT0gInNlcnZlciIgXV07IHRoZW4KICAgIGluc3RhbGxDbG91ZHdhdGNoTm9tYWRNZXRyaWNzICAKICBmaQpmaQoKaWYgW1sgIHNlcnZlciAhPSAiZGlzYWJsZWQiIF1dOyB0aGVuCiAgY29uZmlnVmF1bHQKICBpZiBbWyBzZXJ2ZXIgPT0gImFnZW50IiBdXTsgdGhlbgogICAgaWYgW1sgY2xpZW50ID09ICJzZXJ2ZXIiIF1dOyB0aGVuCiAgICAgIGVjaG8gImIzNTNmZTBhLTJiMDYtM2Q5ZS03YjYxLTI0MTBhY2ZkZDE5NiIgPiAvbW50L3ZhdWx0L3JvbGVfaWQKICAgICAgZWNobyAiYjM1M2ZlMGEtMmIwNi0zZDllLTdiNjEtMjQxMGFjZmRkMTk2IiA+IC9tbnQvdmF1bHQvc2VjcmV0X2lkCiAgICBlbGlmIFtbIGRpc2FibGVkID09ICJzZXJ2ZXIiIF1dOyB0aGVuCiAgICAgIGVjaG8gImEwZjRiZTllLTdmZGUtZjcxNi1mZDEwLTI5MGQ5NzE4NzM2NCIgPiAvbW50L3ZhdWx0L3JvbGVfaWQKICAgICAgZWNobyAiZGIyZDFmMWYtMjYxZi1hOTFlLWM3ZjgtOWIyNjA3M2U3MTJhIiA+IC9tbnQvdmF1bHQvc2VjcmV0X2lkCiAgICBlbHNlCiAgICAgIGVjaG8gImU1YTY1ODc3LTI3NDctNWUzZi03ZWVkLTJlZjE4N2ZlYTkyNSIgPiAvbW50L3ZhdWx0L3JvbGVfaWQKICAgICAgZWNobyAiNmI0YWUyNjUtOTA1OC0yNzc3LWZiNzItMDA3MWU4ZDZjNjYxIiA+IC9tbnQvdmF1bHQvc2VjcmV0X2lkCiAgICBmaQogICAgc3VkbyBjaG93biB2YXVsdDpyb290IC9tbnQvY29uc3VsL2NlcnRzCiAgICBpZiBbWyBkaXNhYmxlZCAhPSAiZGlzYWJsZWQiIF1dOyB0aGVuCiAgICAgIHN1ZG8gY2hvd24gdmF1bHQ6cm9vdCAvbW50L25vbWFkL2NlcnRzCiAgICBmaQogIGZpCmZpCgplY2hvICJTdGFydGluZyBzZXJ2aWNlcy4uLiIKCnN1ZG8gc3lzdGVtY3RsIGRhZW1vbi1yZWxvYWQKICAKaWYgW1sgIHNlcnZlciAhPSAiZGlzYWJsZWQiIF1dOyB0aGVuCiAgc3VkbyBjaG93biAtUiB2YXVsdDp2YXVsdCAvZXRjL3ZhdWx0LmQKICBzdWRvIGNobW9kIC1SIDA3NTUgL2V0Yy92YXVsdC5kLwogIHN1ZG8gY2hvd24gLVIgdmF1bHQ6dmF1bHQgL21udC92YXVsdAogIHN1ZG8gY2htb2QgLVIgMDc1NSAvbW50L3ZhdWx0CiAgc3VkbyBzeXN0ZW1jdGwgZW5hYmxlIHZhdWx0LnNlcnZpY2UKICBpZiBbWyBzZXJ2ZXIgPT0gInNlcnZlciIgXV07IHRoZW4KICAgIHN1ZG8gc3lzdGVtY3RsIHN0YXJ0IHZhdWx0LnNlcnZpY2UKICAgIHNsZWVwIDEwCiAgICBleHBvcnQgVkFVTFRfQUREUj1odHRwOi8vMTI3LjAuMC4xOjgyMDAKICAgIHZhdWx0IG9wZXJhdG9yIGluaXQgLXJlY292ZXJ5LXNoYXJlcz0xIC1yZWNvdmVyeS10aHJlc2hvbGQ9MSB8IGdyZXAgVG9rZW4gfCBjdXQgLWQnICcgLWYgNCB8IHN1ZG8gdGVlIC9tbnQvdmF1bHQvdmF1bHQudG9rZW4KICAgIHZhdWx0IGxvZ2luICQoY2F0IC9tbnQvdmF1bHQvdmF1bHQudG9rZW4pCiAgICB2YXVsdCBhdXRoIGVuYWJsZSBhcHByb2xlCiAgICBzZXRQS0kgIm5vbWFkIiAiZ2xvYmFsLm5vbWFkIgogICAgc2V0UEtJICJjb25zdWwiICJzZXJ2aWNlLmNvbnN1bCIKICAgIGNvbmZpZ3VyZUFwcFJvbGVFbmdpbmVWYXVsdCAibm9tYWQtc2VydmVyIiAiYTBmNGJlOWUtN2ZkZS1mNzE2LWZkMTAtMjkwZDk3MTg3MzY0IiAiZGIyZDFmMWYtMjYxZi1hOTFlLWM3ZjgtOWIyNjA3M2U3MTJhIiAiY29uc3VsLXRscy1wb2xpY3ksbm9tYWQtdGxzLXBvbGljeSIKICAgIGNvbmZpZ3VyZUFwcFJvbGVFbmdpbmVWYXVsdCAibm9tYWQtY2x1c3RlciIgImU1YTY1ODc3LTI3NDctNWUzZi03ZWVkLTJlZjE4N2ZlYTkyNSIgIjZiNGFlMjY1LTkwNTgtMjc3Ny1mYjcyLTAwNzFlOGQ2YzY2MSIgImNvbnN1bC10bHMtcG9saWN5LG5vbWFkLXRscy1wb2xpY3kiCiAgICBjb25maWd1cmVBcHBSb2xlRW5naW5lVmF1bHQgImNvbnN1bCIgImIzNTNmZTBhLTJiMDYtM2Q5ZS03YjYxLTI0MTBhY2ZkZDE5NiIgImIzNTNmZTBhLTJiMDYtM2Q5ZS03YjYxLTI0MTBhY2ZkZDE5NiIgImNvbnN1bC10bHMtcG9saWN5IgogICAgc2V0U2VjcmV0c0dlblBsdWdpbgogICAgc2V0Tm9tYWRWYXVsdEludGVncmF0aW9uCiAgICB2YXVsdCBzZWNyZXRzIGVuYWJsZSAtdmVyc2lvbj0yIC1wYXRoPXNlY3JldCBrdgogICAgdmF1bHQgc2VjcmV0cyBlbmFibGUgLXZlcnNpb249MiAtcGF0aD1hY2x0b2tlbiBrdgogIGVsc2UKICAgIHNsZWVwIDMwCiAgICBzdWRvIHN5c3RlbWN0bCBzdGFydCB2YXVsdC5zZXJ2aWNlCiAgICBleHBvcnQgVkFVTFRfVE9LRU49JChjYXQgL2V0Yy92YXVsdC5kL3NpbmspCiAgZmkKZmkKCmlmIFtbICBjbGllbnQgIT0gImRpc2FibGVkIiBdXTsgdGhlbgogIHNsZWVwIDMwCiMgIHN1ZG8gL21udC9jb25zdWwvcmVmcmVzaHRva2VuLnNoCiAgc3VkbyBzeXN0ZW1jdGwgZW5hYmxlIGNvbnN1bC5zZXJ2aWNlCiAgc3VkbyBzeXN0ZW1jdGwgc3RhcnQgY29uc3VsLnNlcnZpY2UKICBpZiBbWyBjbGllbnQgPT0gInNlcnZlciIgXV07IHRoZW4KICAgIHNsZWVwIDEwCiAgICBjdXJsIGh0dHA6Ly8xMjcuMC4wLjE6ODUwMC92MS9xdWVyeSBcCiAgICAgIC0tcmVxdWVzdCBQT1NUIFwKICAgICAgLS1kYXRhIFwKJ3sKICAiTmFtZSI6ICIiLAogICJUZW1wbGF0ZSI6IHsKICAgICJUeXBlIjogIm5hbWVfcHJlZml4X21hdGNoIgogIH0sCiAgIlNlcnZpY2UiOiB7CiAgICAiU2VydmljZSI6ICIke25hbWUuZnVsbH0iLAogICAgIkZhaWxvdmVyIjogewogICAgICAiTmVhcmVzdE4iOiAyCiAgICB9CiAgfQp9JwogIGZpICAKZmkKCmlmIFtbICBkaXNhYmxlZCAhPSAiZGlzYWJsZWQiIF1dOyB0aGVuCiAgc3VkbyBzeXN0ZW1jdGwgZW5hYmxlIG5vbWFkLnNlcnZpY2UKICBzdWRvIHN5c3RlbWN0bCBzdGFydCBub21hZC5zZXJ2aWNlCiAgaWYgW1sgZGlzYWJsZWQgPT0gInNlcnZlciIgXV07IHRoZW4KICAgIHN1ZG8gc3lzdGVtY3RsIGVuYWJsZSBjbG91ZHdhdGNoLW5vbWFkLW1ldHJpY3Muc2VydmljZQogICAgc3VkbyBzeXN0ZW1jdGwgc3RhcnQgY2xvdWR3YXRjaC1ub21hZC1tZXRyaWNzLnNlcnZpY2UKICAgIHNsZWVwIDgwCiAgICBBQ0xfVE9LRU49JChub21hZCBhY2wgYm9vdHN0cmFwIHwgZ3JlcCAiU2VjcmV0IiB8IHRyIC1zICcgJyB8IGN1dCAtZCcgJyAtZiA0IHwgc3VkbyB0ZWUgL21udC9ub21hZC9hY2wudG9rZW4pCiAgICBpZiBbWyAhIC16ICIkQUNMX1RPS0VOIiBdXTsgdGhlbiBleHBvcnQgVkFVTFRfQUREUj1odHRwOi8vMTI3LjAuMC4xOjgyMDAgJiYgdmF1bHQga3YgcHV0IGFjbHRva2VuL2Jvb3RzdHJhcCB2YWx1ZT0iJEFDTF9UT0tFTiI7IGZpCiAgZWxzZQogICAgc3VkbyBzeXN0ZW1jdGwgZW5hYmxlIGF1dG9zaHV0ZG93bi5zZXJ2aWNlCiAgICBzdWRvIHN5c3RlbWN0bCBzdGFydCBhdXRvc2h1dGRvd24uc2VydmljZQogIGZpCmZp",
            "vpc_security_group_ids": []
          },
          "private": "bnVsbA==",
          "dependencies": [
            "module.eu-west-3.module.loadbalancing.aws_lb.consul_lb",
            "module.eu-west-3.module.loadbalancing.aws_lb.fabio_lb",
            "module.eu-west-3.module.loadbalancing.aws_lb.nomad_lb",
            "module.eu-west-3.module.loadbalancing.aws_lb.vault_lb",
            "module.eu-west-3.module.networking.module.consul_lb_sg.aws_security_group.security_group",
            "module.eu-west-3.module.networking.module.consul_server_sg.aws_security_group.security_group",
            "module.eu-west-3.module.networking.module.fabio_lb_sg.aws_security_group.security_group",
            "module.eu-west-3.module.networking.module.nomad_client_sg.aws_security_group.security_group",
            "module.eu-west-3.module.networking.module.nomad_lb_sg.aws_security_group.security_group",
            "module.eu-west-3.module.networking.module.nomad_server_sg.aws_security_group.security_group",
            "module.eu-west-3.module.networking.module.vault_lb_sg.aws_security_group.security_group",
            "module.eu-west-3.module.networking.module.vault_server_sg.aws_security_group.security_group",
            "module.eu-west-3.module.resourcegroup.random_string.rand",
            "module.eu-west-3.module.vault_servers.aws_kms_key.vault",
            "module.eu-west-3.module.vault_servers.data.aws_region.current",
            "module.eu-west-3.module.vault_servers.module.ami.data.external.ami",
            "module.eu-west-3.module.vault_servers.module.iam_instance_profile.aws_iam_instance_profile.iam_instance_profile",
            "module.eu-west-3.module.vault_servers.module.iam_instance_profile_vault_server.aws_iam_instance_profile.iam_instance_profile",
            "random_id.encrypt_id",
            "random_uuid.role_id_consul",
            "random_uuid.role_id_nomad_cluster",
            "random_uuid.role_id_nomad_server",
            "random_uuid.secret_id_nomad_cluster",
            "random_uuid.secret_id_nomad_server"
          ]
        }
      ]
    },
    {
      "module": "module.eu-west-3.module.vault_servers.module.ami",
      "mode": "data",
      "type": "external",
      "name": "ami",
      "provider": "provider[\"registry.terraform.io/hashicorp/external\"]",
      "instances": [
        {
          "schema_version": 0,
          "attributes": {
            "id": "-",
            "program": [
              "/bin/bash",
              "-c",
              "#!/bin/bash\n\ntee /tmp/packer-config.json \u003e /dev/null \u003c\u003cEOF\n  {\n  \"min_packer_version\": \"0.12.0\",\n  \"variables\": {\n    \"aws_region\": \"eu-west-3\",\n    \"nomad_version\": \"n/a\",\n    \"consul_version\": \"1.8.5\",\n    \"vault_version\": \"\"\n  },\n  \"builders\": [\n    {\n      \"name\": \"ubuntu20-ami\",\n      \"ami_name\": \"hashistacc-ubuntu20-{{timestamp}}\",\n      \"ami_description\": \"Ubuntu 20.04 AMI that has Nomad, Consul and Vault installed\",\n      \"instance_type\": \"t2.micro\",\n      \"region\": \"{{user \\`aws_region\\`}}\",\n      \"ami_regions\": [\"{{user \\`aws_region\\`}}\"],\n      \"type\": \"amazon-ebs\",\n      \"source_ami_filter\": {\n       \"filters\": {\n         \"virtualization-type\": \"hvm\",\n         \"architecture\": \"x86_64\",\n         \"name\": \"ubuntu/images/hvm-ssd/ubuntu-focal-20.04-amd64-server-*\",\n         \"block-device-mapping.volume-type\": \"gp2\",\n         \"root-device-type\": \"ebs\"\n       },\n       \"owners\": [\n         \"099720109477\"\n       ],\n       \"most_recent\": true\n      },\n      \"ssh_username\": \"ubuntu\"\n    }\n  ],\n  \"provisioners\": [\n    {\n      \"type\": \"shell\",\n      \"script\": \"/opt/my-project/hashistacc/templates/packer/shutdown-apt-services.sh\"\n    },\n    {\n      \"type\": \"shell\",\n      \"environment_vars\": [\n        \"NOMAD_VERSION={{user \\`nomad_version\\`}}\",\n        \"CONSUL_VERSION={{user \\`consul_version\\`}}\",\n        \"VAULT_VERSION={{user \\`vault_version\\`}}\"\n      ],\n      \"script\": \"/opt/my-project/hashistacc/templates/packer/setup.sh\"\n    },\n    {\n      \"type\": \"shell\",\n      \"inline\": [\n        \"sudo systemctl enable apt-daily.timer\",\n        \"sudo systemctl enable apt-daily-upgrade.timer\"\n        ]\n    }\n  ]\n}\n\nEOF\n\nAMI_ID=$(packer build /tmp/packer-config.json | grep eu-west-3 | grep ami- | cut -d ' ' -f 2)\njq -n --arg id \"$AMI_ID\" '{\"ami_id\":$id}'"
            ],
            "query": null,
            "result": {
              "ami_id": "ami-065fd8a2f8d3bba74"
            },
            "working_dir": null
          }
        }
      ]
    },
    {
      "module": "module.eu-west-3.module.vault_servers.module.iam_instance_profile",
      "mode": "data",
      "type": "aws_iam_policy_document",
      "name": "iam_policy_document",
      "provider": "module.eu-west-3.provider[\"registry.terraform.io/hashicorp/aws\"]",
      "instances": [
        {
          "schema_version": 0,
          "attributes": {
            "id": "674507034",
            "json": "{\n  \"Version\": \"2012-10-17\",\n  \"Statement\": [\n    {\n      \"Sid\": \"\",\n      \"Effect\": \"Allow\",\n      \"Action\": [\n        \"logs:*\",\n        \"ec2:DescribeInstances\",\n        \"cloudwatch:PutMetricData\"\n      ],\n      \"Resource\": \"*\"\n    }\n  ]\n}",
            "override_json": null,
            "policy_id": null,
            "source_json": null,
            "statement": [
              {
                "actions": [
                  "cloudwatch:PutMetricData",
                  "ec2:DescribeInstances",
                  "logs:*"
                ],
                "condition": [],
                "effect": "Allow",
                "not_actions": [],
                "not_principals": [],
                "not_resources": [],
                "principals": [],
                "resources": [
                  "*"
                ],
                "sid": ""
              }
            ],
            "version": "2012-10-17"
          }
        }
      ]
    },
    {
      "module": "module.eu-west-3.module.vault_servers.module.iam_instance_profile",
      "mode": "managed",
      "type": "aws_iam_instance_profile",
      "name": "iam_instance_profile",
      "provider": "module.eu-west-3.provider[\"registry.terraform.io/hashicorp/aws\"]",
      "instances": [
        {
          "schema_version": 0,
          "attributes": {
            "arn": "arn:aws:iam::837089879979:instance-profile/terraform-20201116072356483800000016",
            "create_date": "2020-11-16T07:23:57Z",
            "id": "terraform-20201116072356483800000016",
            "name": "terraform-20201116072356483800000016",
            "name_prefix": null,
            "path": "/",
            "role": "terraform-20201116072351190900000007",
            "unique_id": "AIPA4FZTR46VWTCK7OH7A"
          },
          "private": "bnVsbA==",
          "dependencies": [
            "module.eu-west-3.module.vault_servers.module.iam_instance_profile.aws_iam_role.iam_role"
          ]
        }
      ]
    },
    {
      "module": "module.eu-west-3.module.vault_servers.module.iam_instance_profile",
      "mode": "managed",
      "type": "aws_iam_role",
      "name": "iam_role",
      "provider": "module.eu-west-3.provider[\"registry.terraform.io/hashicorp/aws\"]",
      "instances": [
        {
          "schema_version": 0,
          "attributes": {
            "arn": "arn:aws:iam::837089879979:role/terraform-20201116072351190900000007",
            "assume_role_policy": "{\"Version\":\"2012-10-17\",\"Statement\":[{\"Effect\":\"Allow\",\"Principal\":{\"Service\":\"ec2.amazonaws.com\"},\"Action\":\"sts:AssumeRole\"}]}",
            "create_date": "2020-11-16T07:23:52Z",
            "description": "",
            "force_detach_policies": false,
            "id": "terraform-20201116072351190900000007",
            "max_session_duration": 3600,
            "name": "terraform-20201116072351190900000007",
            "name_prefix": null,
            "path": "/",
            "permissions_boundary": null,
            "tags": {},
            "unique_id": "AROA4FZTR46VU6QYWWEIG"
          },
          "private": "bnVsbA=="
        }
      ]
    },
    {
      "module": "module.eu-west-3.module.vault_servers.module.iam_instance_profile",
      "mode": "managed",
      "type": "aws_iam_role_policy",
      "name": "iam_role_policy",
      "provider": "module.eu-west-3.provider[\"registry.terraform.io/hashicorp/aws\"]",
      "instances": [
        {
          "schema_version": 0,
          "attributes": {
            "id": "terraform-20201116072351190900000007:terraform-20201116072355915400000015",
            "name": "terraform-20201116072355915400000015",
            "name_prefix": null,
            "policy": "{\n  \"Version\": \"2012-10-17\",\n  \"Statement\": [\n    {\n      \"Sid\": \"\",\n      \"Effect\": \"Allow\",\n      \"Action\": [\n        \"logs:*\",\n        \"ec2:DescribeInstances\",\n        \"cloudwatch:PutMetricData\"\n      ],\n      \"Resource\": \"*\"\n    }\n  ]\n}",
            "role": "terraform-20201116072351190900000007"
          },
          "private": "bnVsbA==",
          "dependencies": [
            "module.eu-west-3.module.vault_servers.module.iam_instance_profile.aws_iam_role.iam_role",
            "module.eu-west-3.module.vault_servers.module.iam_instance_profile.data.aws_iam_policy_document.iam_policy_document"
          ]
        }
      ]
    },
    {
      "module": "module.eu-west-3.module.vault_servers.module.iam_instance_profile_vault_server",
      "mode": "data",
      "type": "aws_iam_policy_document",
      "name": "iam_policy_document",
      "provider": "module.eu-west-3.provider[\"registry.terraform.io/hashicorp/aws\"]",
      "instances": [
        {
          "schema_version": 0,
          "attributes": {
            "id": "1203239955",
            "json": "{\n  \"Version\": \"2012-10-17\",\n  \"Statement\": [\n    {\n      \"Sid\": \"\",\n      \"Effect\": \"Allow\",\n      \"Action\": [\n        \"logs:*\",\n        \"kms:Encrypt\",\n        \"kms:DescribeKey\",\n        \"kms:Decrypt\",\n        \"ec2:DescribeInstances\"\n      ],\n      \"Resource\": \"*\"\n    }\n  ]\n}",
            "override_json": null,
            "policy_id": null,
            "source_json": null,
            "statement": [
              {
                "actions": [
                  "ec2:DescribeInstances",
                  "kms:Decrypt",
                  "kms:DescribeKey",
                  "kms:Encrypt",
                  "logs:*"
                ],
                "condition": [],
                "effect": "Allow",
                "not_actions": [],
                "not_principals": [],
                "not_resources": [],
                "principals": [],
                "resources": [
                  "*"
                ],
                "sid": ""
              }
            ],
            "version": "2012-10-17"
          }
        }
      ]
    },
    {
      "module": "module.eu-west-3.module.vault_servers.module.iam_instance_profile_vault_server",
      "mode": "managed",
      "type": "aws_iam_instance_profile",
      "name": "iam_instance_profile",
      "provider": "module.eu-west-3.provider[\"registry.terraform.io/hashicorp/aws\"]",
      "instances": [
        {
          "schema_version": 0,
          "attributes": {
            "arn": "arn:aws:iam::837089879979:instance-profile/terraform-20201116072354988200000012",
            "create_date": "2020-11-16T07:23:55Z",
            "id": "terraform-20201116072354988200000012",
            "name": "terraform-20201116072354988200000012",
            "name_prefix": null,
            "path": "/",
            "role": "terraform-20201116072348911100000005",
            "unique_id": "AIPA4FZTR46VXQFKYA63S"
          },
          "private": "bnVsbA==",
          "dependencies": [
            "module.eu-west-3.module.vault_servers.module.iam_instance_profile_vault_server.aws_iam_role.iam_role"
          ]
        }
      ]
    },
    {
      "module": "module.eu-west-3.module.vault_servers.module.iam_instance_profile_vault_server",
      "mode": "managed",
      "type": "aws_iam_role",
      "name": "iam_role",
      "provider": "module.eu-west-3.provider[\"registry.terraform.io/hashicorp/aws\"]",
      "instances": [
        {
          "schema_version": 0,
          "attributes": {
            "arn": "arn:aws:iam::837089879979:role/terraform-20201116072348911100000005",
            "assume_role_policy": "{\"Version\":\"2012-10-17\",\"Statement\":[{\"Effect\":\"Allow\",\"Principal\":{\"Service\":\"ec2.amazonaws.com\"},\"Action\":\"sts:AssumeRole\"}]}",
            "create_date": "2020-11-16T07:23:50Z",
            "description": "",
            "force_detach_policies": false,
            "id": "terraform-20201116072348911100000005",
            "max_session_duration": 3600,
            "name": "terraform-20201116072348911100000005",
            "name_prefix": null,
            "path": "/",
            "permissions_boundary": null,
            "tags": {},
            "unique_id": "AROA4FZTR46VRJXVYB7UJ"
          },
          "private": "bnVsbA=="
        }
      ]
    },
    {
      "module": "module.eu-west-3.module.vault_servers.module.iam_instance_profile_vault_server",
      "mode": "managed",
      "type": "aws_iam_role_policy",
      "name": "iam_role_policy",
      "provider": "module.eu-west-3.provider[\"registry.terraform.io/hashicorp/aws\"]",
      "instances": [
        {
          "schema_version": 0,
          "attributes": {
            "id": "terraform-20201116072348911100000005:terraform-20201116072354818400000011",
            "name": "terraform-20201116072354818400000011",
            "name_prefix": null,
            "policy": "{\n  \"Version\": \"2012-10-17\",\n  \"Statement\": [\n    {\n      \"Sid\": \"\",\n      \"Effect\": \"Allow\",\n      \"Action\": [\n        \"logs:*\",\n        \"kms:Encrypt\",\n        \"kms:DescribeKey\",\n        \"kms:Decrypt\",\n        \"ec2:DescribeInstances\"\n      ],\n      \"Resource\": \"*\"\n    }\n  ]\n}",
            "role": "terraform-20201116072348911100000005"
          },
          "private": "bnVsbA==",
          "dependencies": [
            "module.eu-west-3.module.vault_servers.module.iam_instance_profile_vault_server.aws_iam_role.iam_role",
            "module.eu-west-3.module.vault_servers.module.iam_instance_profile_vault_server.data.aws_iam_policy_document.iam_policy_document"
          ]
        }
      ]
    }
  ]
}
